{
  "version": 4,
  "terraform_version": "1.14.8",
  "serial": 364,
  "lineage": "acccfb74-40b4-1c27-fc04-f8886d2360a2",
  "outputs": {
    "argocd_helm_name": {
      "value": "argocd",
      "type": "string"
    },
    "argocd_namespace": {
      "value": "argocd",
      "type": "string"
    },
    "namespace_name": {
      "value": "terraform-demo",
      "type": "string"
    },
    "nginx_deployment_name": {
      "value": "nginx-deployment",
      "type": "string"
    }
  },
  "resources": [
    {
      "module": "module.argocd",
      "mode": "managed",
      "type": "helm_release",
      "name": "argocd",
      "provider": "provider[\"registry.terraform.io/hashicorp/helm\"]",
      "instances": [
        {
          "schema_version": 2,
          "attributes": {
            "atomic": false,
            "chart": "argo-cd",
            "cleanup_on_fail": false,
            "create_namespace": false,
            "dependency_update": false,
            "description": null,
            "devel": null,
            "disable_crd_hooks": false,
            "disable_openapi_validation": false,
            "disable_webhooks": false,
            "force_update": false,
            "id": "argocd",
            "keyring": null,
            "lint": false,
            "manifest": null,
            "max_history": 0,
            "metadata": {
              "app_version": "v3.1.1",
              "chart": "argo-cd",
              "first_deployed": 1784436865,
              "last_deployed": 1784436865,
              "name": "argocd",
              "namespace": "argocd",
              "notes": "\nIn order to access the server UI you have the following options:\n\n1. kubectl port-forward service/argocd-server -n argocd 8080:443\n\n    and then open the browser on http://localhost:8080 and accept the certificate\n\n2. enable ingress in the values file `server.ingress.enabled` and either\n      - Add the annotation for ssl passthrough: https://argo-cd.readthedocs.io/en/stable/operator-manual/ingress/#option-1-ssl-passthrough\n      - Set the `configs.params.\"server.insecure\"` in the values file and terminate SSL at your ingress: https://argo-cd.readthedocs.io/en/stable/operator-manual/ingress/#option-2-multiple-ingress-objects-and-hosts\n\n\nAfter reaching the UI the first time you can login with username: admin and the random password generated during the installation. You can find the password by running:\n\nkubectl -n argocd get secret argocd-initial-admin-secret -o jsonpath=\"{.data.password}\" | base64 -d\n\n(You should delete the initial secret afterwards as suggested by the Getting Started Guide: https://argo-cd.readthedocs.io/en/stable/getting_started/#4-login-using-the-cli)\n",
              "revision": 1,
              "values": "{\"server\":{\"service\":{\"nodePort\":30080,\"type\":\"NodePort\"}}}",
              "version": "8.3.1"
            },
            "name": "argocd",
            "namespace": "argocd",
            "pass_credentials": false,
            "postrender": null,
            "recreate_pods": false,
            "render_subchart_notes": true,
            "replace": false,
            "repository": "https://argoproj.github.io/argo-helm",
            "repository_ca_file": null,
            "repository_cert_file": null,
            "repository_key_file": null,
            "repository_password": null,
            "repository_username": null,
            "reset_values": false,
            "reuse_values": false,
            "set": null,
            "set_list": null,
            "set_sensitive": null,
            "set_wo": null,
            "set_wo_revision": null,
            "skip_crds": false,
            "status": "deployed",
            "timeout": 300,
            "values": [
              "\"server\":\n  \"service\":\n    \"nodePort\": 30080\n    \"type\": \"NodePort\"\n"
            ],
            "verify": false,
            "version": "8.3.1",
            "wait": true,
            "wait_for_jobs": false
          },
          "sensitive_attributes": [
            [
              {
                "type": "get_attr",
                "value": "repository_password"
              }
            ]
          ],
          "identity_schema_version": 0,
          "identity": {
            "namespace": "argocd",
            "release_name": "argocd"
          },
          "dependencies": [
            "module.argocd.kubernetes_namespace.argocd"
          ]
        }
      ]
    },
    {
      "module": "module.argocd",
      "mode": "managed",
      "type": "kubernetes_namespace",
      "name": "argocd",
      "provider": "provider[\"registry.terraform.io/hashicorp/kubernetes\"]",
      "instances": [
        {
          "schema_version": 0,
          "attributes": {
            "id": "argocd",
            "metadata": [
              {
                "annotations": {
                  "cattle.io/status": "{\"Conditions\":[{\"Type\":\"ResourceQuotaInit\",\"Status\":\"True\",\"Message\":\"\",\"LastUpdateTime\":\"2026-08-02T08:54:36Z\"}]}",
                  "lifecycle.cattle.io/create.namespace-auth": "true"
                },
                "generate_name": "",
                "generation": 0,
                "labels": {},
                "name": "argocd",
                "resource_version": "12281101",
                "uid": "e58c2125-f890-4b2e-9264-07e66a70c2a0"
              }
            ],
            "timeouts": null,
            "wait_for_default_service_account": false
          },
          "sensitive_attributes": [],
          "identity_schema_version": 1,
          "identity": {
            "api_version": "v1",
            "kind": "Namespace",
            "name": "argocd"
          },
          "private": "eyJlMmJmYjczMC1lY2FhLTExZTYtOGY4OC0zNDM2M2JjN2M0YzAiOnsiZGVsZXRlIjozMDAwMDAwMDAwMDB9fQ=="
        }
      ]
    },
    {
      "module": "module.goldpinger",
      "mode": "managed",
      "type": "kubernetes_cluster_role_binding_v1",
      "name": "goldpinger",
      "provider": "provider[\"registry.terraform.io/hashicorp/kubernetes\"]",
      "instances": [
        {
          "schema_version": 0,
          "attributes": {
            "id": "goldpinger",
            "metadata": [
              {
                "annotations": {},
                "generate_name": "",
                "generation": 0,
                "labels": {},
                "name": "goldpinger",
                "resource_version": "12083819",
                "uid": "37e6cf0f-c6b4-4602-8f6e-88a5bc7c5961"
              }
            ],
            "role_ref": [
              {
                "api_group": "rbac.authorization.k8s.io",
                "kind": "ClusterRole",
                "name": "goldpinger"
              }
            ],
            "subject": [
              {
                "api_group": "",
                "kind": "ServiceAccount",
                "name": "goldpinger",
                "namespace": "goldpinger"
              }
            ]
          },
          "sensitive_attributes": [],
          "identity_schema_version": 1,
          "identity": {
            "api_version": "rbac.authorization.k8s.io/v1",
            "kind": "ClusterRoleBinding",
            "name": "goldpinger"
          },
          "private": "bnVsbA==",
          "dependencies": [
            "module.goldpinger.kubernetes_cluster_role_v1.goldpinger",
            "module.goldpinger.kubernetes_namespace_v1.goldpinger",
            "module.goldpinger.kubernetes_service_account_v1.goldpinger"
          ]
        }
      ]
    },
    {
      "module": "module.goldpinger",
      "mode": "managed",
      "type": "kubernetes_cluster_role_v1",
      "name": "goldpinger",
      "provider": "provider[\"registry.terraform.io/hashicorp/kubernetes\"]",
      "instances": [
        {
          "schema_version": 0,
          "attributes": {
            "aggregation_rule": [],
            "id": "goldpinger",
            "metadata": [
              {
                "annotations": {},
                "generate_name": "",
                "generation": 0,
                "labels": {},
                "name": "goldpinger",
                "resource_version": "12083801",
                "uid": "feb6ca24-f50f-4c71-a2ea-d3b94e8be92d"
              }
            ],
            "rule": [
              {
                "api_groups": [
                  ""
                ],
                "non_resource_urls": [],
                "resource_names": [],
                "resources": [
                  "pods",
                  "nodes",
                  "services",
                  "endpoints"
                ],
                "verbs": [
                  "get",
                  "list",
                  "watch"
                ]
              }
            ]
          },
          "sensitive_attributes": [],
          "identity_schema_version": 1,
          "identity": {
            "api_version": "rbac.authorization.k8s.io/v1",
            "kind": "ClusterRole",
            "name": "goldpinger"
          },
          "private": "bnVsbA=="
        }
      ]
    },
    {
      "module": "module.goldpinger",
      "mode": "managed",
      "type": "kubernetes_daemon_set_v1",
      "name": "goldpinger",
      "provider": "provider[\"registry.terraform.io/hashicorp/kubernetes\"]",
      "instances": [
        {
          "schema_version": 1,
          "attributes": {
            "id": "goldpinger/goldpinger",
            "metadata": [
              {
                "annotations": {
                  "field.cattle.io/publicEndpoints": "[{\"addresses\":[\"2601:840:4001:c780:be24:11ff:fe51:e202\"],\"port\":31078,\"protocol\":\"TCP\",\"serviceName\":\"goldpinger:goldpinger\",\"allNodes\":true}]"
                },
                "generate_name": "",
                "generation": 1,
                "labels": {
                  "app": "goldpinger"
                },
                "name": "goldpinger",
                "namespace": "goldpinger",
                "resource_version": "12281116",
                "uid": "3fdee5e3-fbc1-46a9-a8b3-e068ae015f34"
              }
            ],
            "spec": [
              {
                "min_ready_seconds": 0,
                "revision_history_limit": 10,
                "selector": [
                  {
                    "match_expressions": [],
                    "match_labels": {
                      "app": "goldpinger"
                    }
                  }
                ],
                "strategy": [
                  {
                    "rolling_update": [
                      {
                        "max_surge": "0",
                        "max_unavailable": "1"
                      }
                    ],
                    "type": "RollingUpdate"
                  }
                ],
                "template": [
                  {
                    "metadata": [
                      {
                        "annotations": {},
                        "generate_name": "",
                        "generation": 0,
                        "labels": {
                          "app": "goldpinger"
                        },
                        "name": "",
                        "namespace": "",
                        "resource_version": "",
                        "uid": ""
                      }
                    ],
                    "spec": [
                      {
                        "active_deadline_seconds": 0,
                        "affinity": [],
                        "automount_service_account_token": true,
                        "container": [
                          {
                            "args": [
                              "--host=0.0.0.0",
                              "--port=8080"
                            ],
                            "command": [],
                            "env": [
                              {
                                "name": "POD_IP",
                                "value": "",
                                "value_from": [
                                  {
                                    "config_map_key_ref": [],
                                    "field_ref": [
                                      {
                                        "api_version": "v1",
                                        "field_path": "status.podIP"
                                      }
                                    ],
                                    "resource_field_ref": [],
                                    "secret_key_ref": []
                                  }
                                ]
                              },
                              {
                                "name": "POD_NAME",
                                "value": "",
                                "value_from": [
                                  {
                                    "config_map_key_ref": [],
                                    "field_ref": [
                                      {
                                        "api_version": "v1",
                                        "field_path": "metadata.name"
                                      }
                                    ],
                                    "resource_field_ref": [],
                                    "secret_key_ref": []
                                  }
                                ]
                              }
                            ],
                            "env_from": [],
                            "image": "bloomberg/goldpinger:3.11.2",
                            "image_pull_policy": "IfNotPresent",
                            "lifecycle": [],
                            "liveness_probe": [
                              {
                                "exec": [],
                                "failure_threshold": 3,
                                "grpc": [],
                                "http_get": [
                                  {
                                    "host": "",
                                    "http_header": [],
                                    "path": "/healthz",
                                    "port": "8080",
                                    "scheme": "HTTP"
                                  }
                                ],
                                "initial_delay_seconds": 15,
                                "period_seconds": 20,
                                "success_threshold": 1,
                                "tcp_socket": [],
                                "timeout_seconds": 1
                              }
                            ],
                            "name": "goldpinger",
                            "port": [
                              {
                                "container_port": 8080,
                                "host_ip": "",
                                "host_port": 0,
                                "name": "http",
                                "protocol": "TCP"
                              }
                            ],
                            "readiness_probe": [
                              {
                                "exec": [],
                                "failure_threshold": 3,
                                "grpc": [],
                                "http_get": [
                                  {
                                    "host": "",
                                    "http_header": [],
                                    "path": "/healthz",
                                    "port": "8080",
                                    "scheme": "HTTP"
                                  }
                                ],
                                "initial_delay_seconds": 5,
                                "period_seconds": 10,
                                "success_threshold": 1,
                                "tcp_socket": [],
                                "timeout_seconds": 1
                              }
                            ],
                            "resources": [
                              {
                                "limits": {
                                  "cpu": "250m",
                                  "memory": "256Mi"
                                },
                                "requests": {
                                  "cpu": "50m",
                                  "memory": "64Mi"
                                }
                              }
                            ],
                            "security_context": [],
                            "startup_probe": [],
                            "stdin": false,
                            "stdin_once": false,
                            "termination_message_path": "/dev/termination-log",
                            "termination_message_policy": "File",
                            "tty": false,
                            "volume_device": [],
                            "volume_mount": [],
                            "working_dir": ""
                          }
                        ],
                        "dns_config": [],
                        "dns_policy": "ClusterFirst",
                        "enable_service_links": true,
                        "host_aliases": [],
                        "host_ipc": false,
                        "host_network": false,
                        "host_pid": false,
                        "hostname": "",
                        "image_pull_secrets": [],
                        "init_container": [],
                        "node_name": "",
                        "node_selector": {},
                        "os": [],
                        "priority_class_name": "",
                        "readiness_gate": [],
                        "restart_policy": "Always",
                        "runtime_class_name": "",
                        "scheduler_name": "default-scheduler",
                        "security_context": [],
                        "service_account_name": "goldpinger",
                        "share_process_namespace": false,
                        "subdomain": "",
                        "termination_grace_period_seconds": 30,
                        "toleration": [
                          {
                            "effect": "NoSchedule",
                            "key": "node-role.kubernetes.io/control-plane",
                            "operator": "Equal",
                            "toleration_seconds": "",
                            "value": ""
                          },
                          {
                            "effect": "NoSchedule",
                            "key": "node-role.kubernetes.io/master",
                            "operator": "Equal",
                            "toleration_seconds": "",
                            "value": ""
                          }
                        ],
                        "topology_spread_constraint": [],
                        "volume": []
                      }
                    ]
                  }
                ]
              }
            ],
            "timeouts": null,
            "wait_for_rollout": true
          },
          "sensitive_attributes": [],
          "identity_schema_version": 1,
          "identity": {
            "api_version": "apps/v1",
            "kind": "DaemonSet",
            "name": "goldpinger",
            "namespace": "goldpinger"
          },
          "private": "eyJlMmJmYjczMC1lY2FhLTExZTYtOGY4OC0zNDM2M2JjN2M0YzAiOnsiY3JlYXRlIjo2MDAwMDAwMDAwMDAsImRlbGV0ZSI6NjAwMDAwMDAwMDAwLCJ1cGRhdGUiOjYwMDAwMDAwMDAwMH0sInNjaGVtYV92ZXJzaW9uIjoiMSJ9",
          "dependencies": [
            "module.goldpinger.kubernetes_cluster_role_binding_v1.goldpinger",
            "module.goldpinger.kubernetes_cluster_role_v1.goldpinger",
            "module.goldpinger.kubernetes_namespace_v1.goldpinger",
            "module.goldpinger.kubernetes_service_account_v1.goldpinger"
          ]
        }
      ]
    },
    {
      "module": "module.goldpinger",
      "mode": "managed",
      "type": "kubernetes_manifest",
      "name": "goldpinger_service_monitor",
      "provider": "provider[\"registry.terraform.io/hashicorp/kubernetes\"]",
      "instances": [
        {
          "schema_version": 1,
          "attributes": {
            "computed_fields": null,
            "field_manager": [],
            "manifest": {
              "value": {
                "apiVersion": "monitoring.coreos.com/v1",
                "kind": "ServiceMonitor",
                "metadata": {
                  "labels": {
                    "release": "rancher-monitoring"
                  },
                  "name": "goldpinger",
                  "namespace": "goldpinger"
                },
                "spec": {
                  "endpoints": [
                    {
                      "interval": "30s",
                      "path": "/metrics",
                      "port": "http"
                    }
                  ],
                  "namespaceSelector": {
                    "matchNames": [
                      "goldpinger"
                    ]
                  },
                  "selector": {
                    "matchLabels": {
                      "app": "goldpinger"
                    }
                  }
                }
              },
              "type": [
                "object",
                {
                  "apiVersion": "string",
                  "kind": "string",
                  "metadata": [
                    "object",
                    {
                      "labels": [
                        "object",
                        {
                          "release": "string"
                        }
                      ],
                      "name": "string",
                      "namespace": "string"
                    }
                  ],
                  "spec": [
                    "object",
                    {
                      "endpoints": [
                        "tuple",
                        [
                          [
                            "object",
                            {
                              "interval": "string",
                              "path": "string",
                              "port": "string"
                            }
                          ]
                        ]
                      ],
                      "namespaceSelector": [
                        "object",
                        {
                          "matchNames": [
                            "tuple",
                            [
                              "string"
                            ]
                          ]
                        }
                      ],
                      "selector": [
                        "object",
                        {
                          "matchLabels": [
                            "object",
                            {
                              "app": "string"
                            }
                          ]
                        }
                      ]
                    }
                  ]
                }
              ]
            },
            "object": {
              "value": {
                "apiVersion": "monitoring.coreos.com/v1",
                "kind": "ServiceMonitor",
                "metadata": {
                  "annotations": null,
                  "creationTimestamp": null,
                  "deletionGracePeriodSeconds": null,
                  "deletionTimestamp": null,
                  "finalizers": null,
                  "generateName": null,
                  "generation": null,
                  "labels": {
                    "release": "rancher-monitoring"
                  },
                  "managedFields": null,
                  "name": "goldpinger",
                  "namespace": "goldpinger",
                  "ownerReferences": null,
                  "resourceVersion": null,
                  "selfLink": null,
                  "uid": null
                },
                "spec": {
                  "attachMetadata": {
                    "node": null
                  },
                  "bodySizeLimit": null,
                  "convertClassicHistogramsToNHCB": null,
                  "endpoints": [
                    {
                      "authorization": {
                        "credentials": {
                          "key": null,
                          "name": null,
                          "optional": null
                        },
                        "type": null
                      },
                      "basicAuth": {
                        "password": {
                          "key": null,
                          "name": null,
                          "optional": null
                        },
                        "username": {
                          "key": null,
                          "name": null,
                          "optional": null
                        }
                      },
                      "bearerTokenFile": null,
                      "bearerTokenSecret": {
                        "key": null,
                        "name": null,
                        "optional": null
                      },
                      "enableHttp2": null,
                      "filterRunning": null,
                      "followRedirects": null,
                      "honorLabels": null,
                      "honorTimestamps": null,
                      "interval": "30s",
                      "metricRelabelings": null,
                      "noProxy": null,
                      "oauth2": {
                        "clientId": {
                          "configMap": {
                            "key": null,
                            "name": null,
                            "optional": null
                          },
                          "secret": {
                            "key": null,
                            "name": null,
                            "optional": null
                          }
                        },
                        "clientSecret": {
                          "key": null,
                          "name": null,
                          "optional": null
                        },
                        "endpointParams": null,
                        "noProxy": null,
                        "proxyConnectHeader": null,
                        "proxyFromEnvironment": null,
                        "proxyUrl": null,
                        "scopes": null,
                        "tlsConfig": {
                          "ca": {
                            "configMap": {
                              "key": null,
                              "name": null,
                              "optional": null
                            },
                            "secret": {
                              "key": null,
                              "name": null,
                              "optional": null
                            }
                          },
                          "cert": {
                            "configMap": {
                              "key": null,
                              "name": null,
                              "optional": null
                            },
                            "secret": {
                              "key": null,
                              "name": null,
                              "optional": null
                            }
                          },
                          "insecureSkipVerify": null,
                          "keySecret": {
                            "key": null,
                            "name": null,
                            "optional": null
                          },
                          "maxVersion": null,
                          "minVersion": null,
                          "serverName": null
                        },
                        "tokenUrl": null
                      },
                      "params": null,
                      "path": "/metrics",
                      "port": "http",
                      "proxyConnectHeader": null,
                      "proxyFromEnvironment": null,
                      "proxyUrl": null,
                      "relabelings": null,
                      "scheme": null,
                      "scrapeTimeout": null,
                      "targetPort": null,
                      "tlsConfig": {
                        "ca": {
                          "configMap": {
                            "key": null,
                            "name": null,
                            "optional": null
                          },
                          "secret": {
                            "key": null,
                            "name": null,
                            "optional": null
                          }
                        },
                        "caFile": null,
                        "cert": {
                          "configMap": {
                            "key": null,
                            "name": null,
                            "optional": null
                          },
                          "secret": {
                            "key": null,
                            "name": null,
                            "optional": null
                          }
                        },
                        "certFile": null,
                        "insecureSkipVerify": null,
                        "keyFile": null,
                        "keySecret": {
                          "key": null,
                          "name": null,
                          "optional": null
                        },
                        "maxVersion": null,
                        "minVersion": null,
                        "serverName": null
                      },
                      "trackTimestampsStaleness": null
                    }
                  ],
                  "fallbackScrapeProtocol": null,
                  "jobLabel": null,
                  "keepDroppedTargets": null,
                  "labelLimit": null,
                  "labelNameLengthLimit": null,
                  "labelValueLengthLimit": null,
                  "namespaceSelector": {
                    "any": null,
                    "matchNames": [
                      "goldpinger"
                    ]
                  },
                  "nativeHistogramBucketLimit": null,
                  "nativeHistogramMinBucketFactor": null,
                  "podTargetLabels": null,
                  "sampleLimit": null,
                  "scrapeClass": null,
                  "scrapeClassicHistograms": null,
                  "scrapeProtocols": null,
                  "selector": {
                    "matchExpressions": null,
                    "matchLabels": {
                      "app": "goldpinger"
                    }
                  },
                  "selectorMechanism": null,
                  "serviceDiscoveryRole": null,
                  "targetLabels": null,
                  "targetLimit": null
                }
              },
              "type": [
                "object",
                {
                  "apiVersion": "string",
                  "kind": "string",
                  "metadata": [
                    "object",
                    {
                      "annotations": [
                        "map",
                        "string"
                      ],
                      "creationTimestamp": "string",
                      "deletionGracePeriodSeconds": "number",
                      "deletionTimestamp": "string",
                      "finalizers": [
                        "list",
                        "string"
                      ],
                      "generateName": "string",
                      "generation": "number",
                      "labels": [
                        "map",
                        "string"
                      ],
                      "managedFields": [
                        "tuple",
                        [
                          [
                            "object",
                            {
                              "apiVersion": "string",
                              "fieldsType": "string",
                              "fieldsV1": "dynamic",
                              "manager": "string",
                              "operation": "string",
                              "subresource": "string",
                              "time": "string"
                            }
                          ]
                        ]
                      ],
                      "name": "string",
                      "namespace": "string",
                      "ownerReferences": [
                        "list",
                        [
                          "object",
                          {
                            "apiVersion": "string",
                            "blockOwnerDeletion": "bool",
                            "controller": "bool",
                            "kind": "string",
                            "name": "string",
                            "uid": "string"
                          }
                        ]
                      ],
                      "resourceVersion": "string",
                      "selfLink": "string",
                      "uid": "string"
                    }
                  ],
                  "spec": [
                    "object",
                    {
                      "attachMetadata": [
                        "object",
                        {
                          "node": "bool"
                        }
                      ],
                      "bodySizeLimit": "string",
                      "convertClassicHistogramsToNHCB": "bool",
                      "endpoints": [
                        "list",
                        [
                          "object",
                          {
                            "authorization": [
                              "object",
                              {
                                "credentials": [
                                  "object",
                                  {
                                    "key": "string",
                                    "name": "string",
                                    "optional": "bool"
                                  }
                                ],
                                "type": "string"
                              }
                            ],
                            "basicAuth": [
                              "object",
                              {
                                "password": [
                                  "object",
                                  {
                                    "key": "string",
                                    "name": "string",
                                    "optional": "bool"
                                  }
                                ],
                                "username": [
                                  "object",
                                  {
                                    "key": "string",
                                    "name": "string",
                                    "optional": "bool"
                                  }
                                ]
                              }
                            ],
                            "bearerTokenFile": "string",
                            "bearerTokenSecret": [
                              "object",
                              {
                                "key": "string",
                                "name": "string",
                                "optional": "bool"
                              }
                            ],
                            "enableHttp2": "bool",
                            "filterRunning": "bool",
                            "followRedirects": "bool",
                            "honorLabels": "bool",
                            "honorTimestamps": "bool",
                            "interval": "string",
                            "metricRelabelings": [
                              "list",
                              [
                                "object",
                                {
                                  "action": "string",
                                  "modulus": "number",
                                  "regex": "string",
                                  "replacement": "string",
                                  "separator": "string",
                                  "sourceLabels": [
                                    "list",
                                    "string"
                                  ],
                                  "targetLabel": "string"
                                }
                              ]
                            ],
                            "noProxy": "string",
                            "oauth2": [
                              "object",
                              {
                                "clientId": [
                                  "object",
                                  {
                                    "configMap": [
                                      "object",
                                      {
                                        "key": "string",
                                        "name": "string",
                                        "optional": "bool"
                                      }
                                    ],
                                    "secret": [
                                      "object",
                                      {
                                        "key": "string",
                                        "name": "string",
                                        "optional": "bool"
                                      }
                                    ]
                                  }
                                ],
                                "clientSecret": [
                                  "object",
                                  {
                                    "key": "string",
                                    "name": "string",
                                    "optional": "bool"
                                  }
                                ],
                                "endpointParams": [
                                  "map",
                                  "string"
                                ],
                                "noProxy": "string",
                                "proxyConnectHeader": [
                                  "map",
                                  [
                                    "list",
                                    [
                                      "object",
                                      {
                                        "key": "string",
                                        "name": "string",
                                        "optional": "bool"
                                      }
                                    ]
                                  ]
                                ],
                                "proxyFromEnvironment": "bool",
                                "proxyUrl": "string",
                                "scopes": [
                                  "list",
                                  "string"
                                ],
                                "tlsConfig": [
                                  "object",
                                  {
                                    "ca": [
                                      "object",
                                      {
                                        "configMap": [
                                          "object",
                                          {
                                            "key": "string",
                                            "name": "string",
                                            "optional": "bool"
                                          }
                                        ],
                                        "secret": [
                                          "object",
                                          {
                                            "key": "string",
                                            "name": "string",
                                            "optional": "bool"
                                          }
                                        ]
                                      }
                                    ],
                                    "cert": [
                                      "object",
                                      {
                                        "configMap": [
                                          "object",
                                          {
                                            "key": "string",
                                            "name": "string",
                                            "optional": "bool"
                                          }
                                        ],
                                        "secret": [
                                          "object",
                                          {
                                            "key": "string",
                                            "name": "string",
                                            "optional": "bool"
                                          }
                                        ]
                                      }
                                    ],
                                    "insecureSkipVerify": "bool",
                                    "keySecret": [
                                      "object",
                                      {
                                        "key": "string",
                                        "name": "string",
                                        "optional": "bool"
                                      }
                                    ],
                                    "maxVersion": "string",
                                    "minVersion": "string",
                                    "serverName": "string"
                                  }
                                ],
                                "tokenUrl": "string"
                              }
                            ],
                            "params": [
                              "map",
                              [
                                "list",
                                "string"
                              ]
                            ],
                            "path": "string",
                            "port": "string",
                            "proxyConnectHeader": [
                              "map",
                              [
                                "list",
                                [
                                  "object",
                                  {
                                    "key": "string",
                                    "name": "string",
                                    "optional": "bool"
                                  }
                                ]
                              ]
                            ],
                            "proxyFromEnvironment": "bool",
                            "proxyUrl": "string",
                            "relabelings": [
                              "list",
                              [
                                "object",
                                {
                                  "action": "string",
                                  "modulus": "number",
                                  "regex": "string",
                                  "replacement": "string",
                                  "separator": "string",
                                  "sourceLabels": [
                                    "list",
                                    "string"
                                  ],
                                  "targetLabel": "string"
                                }
                              ]
                            ],
                            "scheme": "string",
                            "scrapeTimeout": "string",
                            "targetPort": "string",
                            "tlsConfig": [
                              "object",
                              {
                                "ca": [
                                  "object",
                                  {
                                    "configMap": [
                                      "object",
                                      {
                                        "key": "string",
                                        "name": "string",
                                        "optional": "bool"
                                      }
                                    ],
                                    "secret": [
                                      "object",
                                      {
                                        "key": "string",
                                        "name": "string",
                                        "optional": "bool"
                                      }
                                    ]
                                  }
                                ],
                                "caFile": "string",
                                "cert": [
                                  "object",
                                  {
                                    "configMap": [
                                      "object",
                                      {
                                        "key": "string",
                                        "name": "string",
                                        "optional": "bool"
                                      }
                                    ],
                                    "secret": [
                                      "object",
                                      {
                                        "key": "string",
                                        "name": "string",
                                        "optional": "bool"
                                      }
                                    ]
                                  }
                                ],
                                "certFile": "string",
                                "insecureSkipVerify": "bool",
                                "keyFile": "string",
                                "keySecret": [
                                  "object",
                                  {
                                    "key": "string",
                                    "name": "string",
                                    "optional": "bool"
                                  }
                                ],
                                "maxVersion": "string",
                                "minVersion": "string",
                                "serverName": "string"
                              }
                            ],
                            "trackTimestampsStaleness": "bool"
                          }
                        ]
                      ],
                      "fallbackScrapeProtocol": "string",
                      "jobLabel": "string",
                      "keepDroppedTargets": "number",
                      "labelLimit": "number",
                      "labelNameLengthLimit": "number",
                      "labelValueLengthLimit": "number",
                      "namespaceSelector": [
                        "object",
                        {
                          "any": "bool",
                          "matchNames": [
                            "list",
                            "string"
                          ]
                        }
                      ],
                      "nativeHistogramBucketLimit": "number",
                      "nativeHistogramMinBucketFactor": "string",
                      "podTargetLabels": [
                        "list",
                        "string"
                      ],
                      "sampleLimit": "number",
                      "scrapeClass": "string",
                      "scrapeClassicHistograms": "bool",
                      "scrapeProtocols": [
                        "list",
                        "string"
                      ],
                      "selector": [
                        "object",
                        {
                          "matchExpressions": [
                            "list",
                            [
                              "object",
                              {
                                "key": "string",
                                "operator": "string",
                                "values": [
                                  "list",
                                  "string"
                                ]
                              }
                            ]
                          ],
                          "matchLabels": [
                            "map",
                            "string"
                          ]
                        }
                      ],
                      "selectorMechanism": "string",
                      "serviceDiscoveryRole": "string",
                      "targetLabels": [
                        "list",
                        "string"
                      ],
                      "targetLimit": "number"
                    }
                  ]
                }
              ]
            },
            "timeouts": [],
            "wait": [],
            "wait_for": null
          },
          "sensitive_attributes": [],
          "identity_schema_version": 1,
          "identity": {
            "api_version": "monitoring.coreos.com/v1",
            "kind": "ServiceMonitor",
            "name": "goldpinger",
            "namespace": "goldpinger"
          },
          "dependencies": [
            "module.goldpinger.kubernetes_cluster_role_binding_v1.goldpinger",
            "module.goldpinger.kubernetes_cluster_role_v1.goldpinger",
            "module.goldpinger.kubernetes_daemon_set_v1.goldpinger",
            "module.goldpinger.kubernetes_namespace_v1.goldpinger",
            "module.goldpinger.kubernetes_service_account_v1.goldpinger",
            "module.goldpinger.kubernetes_service_v1.goldpinger"
          ]
        }
      ]
    },
    {
      "module": "module.goldpinger",
      "mode": "managed",
      "type": "kubernetes_namespace_v1",
      "name": "goldpinger",
      "provider": "provider[\"registry.terraform.io/hashicorp/kubernetes\"]",
      "instances": [
        {
          "schema_version": 0,
          "attributes": {
            "id": "goldpinger",
            "metadata": [
              {
                "annotations": {
                  "cattle.io/status": "{\"Conditions\":[{\"Type\":\"ResourceQuotaInit\",\"Status\":\"True\",\"Message\":\"\",\"LastUpdateTime\":\"2026-08-02T08:54:36Z\"}]}",
                  "lifecycle.cattle.io/create.namespace-auth": "true"
                },
                "generate_name": "",
                "generation": 0,
                "labels": {},
                "name": "goldpinger",
                "resource_version": "12281092",
                "uid": "804de374-3439-42a4-b91d-97da513930a0"
              }
            ],
            "timeouts": null,
            "wait_for_default_service_account": false
          },
          "sensitive_attributes": [],
          "identity_schema_version": 1,
          "identity": {
            "api_version": "v1",
            "kind": "Namespace",
            "name": "goldpinger"
          },
          "private": "eyJlMmJmYjczMC1lY2FhLTExZTYtOGY4OC0zNDM2M2JjN2M0YzAiOnsiZGVsZXRlIjozMDAwMDAwMDAwMDB9fQ=="
        }
      ]
    },
    {
      "module": "module.goldpinger",
      "mode": "managed",
      "type": "kubernetes_service_account_v1",
      "name": "goldpinger",
      "provider": "provider[\"registry.terraform.io/hashicorp/kubernetes\"]",
      "instances": [
        {
          "schema_version": 0,
          "attributes": {
            "automount_service_account_token": true,
            "default_secret_name": "",
            "id": "goldpinger/goldpinger",
            "image_pull_secret": [],
            "metadata": [
              {
                "annotations": {},
                "generate_name": "",
                "generation": 0,
                "labels": {},
                "name": "goldpinger",
                "namespace": "goldpinger",
                "resource_version": "12083818",
                "uid": "d279393c-fbdf-4a70-bc37-dd25c7fd81ec"
              }
            ],
            "secret": [],
            "timeouts": null
          },
          "sensitive_attributes": [],
          "identity_schema_version": 1,
          "identity": {
            "api_version": "v1",
            "kind": "ServiceAccount",
            "name": "goldpinger",
            "namespace": "goldpinger"
          },
          "private": "eyJlMmJmYjczMC1lY2FhLTExZTYtOGY4OC0zNDM2M2JjN2M0YzAiOnsiY3JlYXRlIjozMDAwMDAwMDAwMH19",
          "dependencies": [
            "module.goldpinger.kubernetes_namespace_v1.goldpinger"
          ]
        }
      ]
    },
    {
      "module": "module.goldpinger",
      "mode": "managed",
      "type": "kubernetes_service_v1",
      "name": "goldpinger",
      "provider": "provider[\"registry.terraform.io/hashicorp/kubernetes\"]",
      "instances": [
        {
          "schema_version": 1,
          "attributes": {
            "id": "goldpinger/goldpinger",
            "metadata": [
              {
                "annotations": {
                  "field.cattle.io/publicEndpoints": "[{\"addresses\":[\"2601:840:4001:c780:be24:11ff:fe51:e202\"],\"port\":31078,\"protocol\":\"TCP\",\"serviceName\":\"goldpinger:goldpinger\",\"allNodes\":true}]"
                },
                "generate_name": "",
                "generation": 0,
                "labels": {
                  "app": "goldpinger"
                },
                "name": "goldpinger",
                "namespace": "goldpinger",
                "resource_version": "12281122",
                "uid": "02945012-2c22-420f-81af-442e64c710be"
              }
            ],
            "spec": [
              {
                "allocate_load_balancer_node_ports": true,
                "cluster_ip": "10.43.249.24",
                "cluster_ips": [
                  "10.43.249.24"
                ],
                "external_ips": [],
                "external_name": "",
                "external_traffic_policy": "Cluster",
                "health_check_node_port": 0,
                "internal_traffic_policy": "Cluster",
                "ip_families": [
                  "IPv4"
                ],
                "ip_family_policy": "SingleStack",
                "load_balancer_class": "",
                "load_balancer_ip": "",
                "load_balancer_source_ranges": [],
                "port": [
                  {
                    "app_protocol": "",
                    "name": "http",
                    "node_port": 31078,
                    "port": 80,
                    "protocol": "TCP",
                    "target_port": "8080"
                  }
                ],
                "publish_not_ready_addresses": false,
                "selector": {
                  "app": "goldpinger"
                },
                "session_affinity": "None",
                "session_affinity_config": [],
                "type": "NodePort"
              }
            ],
            "status": [
              {
                "load_balancer": [
                  {
                    "ingress": []
                  }
                ]
              }
            ],
            "timeouts": null,
            "wait_for_load_balancer": true
          },
          "sensitive_attributes": [],
          "identity_schema_version": 1,
          "identity": {
            "api_version": "v1",
            "kind": "Service",
            "name": "goldpinger",
            "namespace": "goldpinger"
          },
          "private": "eyJlMmJmYjczMC1lY2FhLTExZTYtOGY4OC0zNDM2M2JjN2M0YzAiOnsiY3JlYXRlIjo2MDAwMDAwMDAwMDB9LCJzY2hlbWFfdmVyc2lvbiI6IjEifQ==",
          "dependencies": [
            "module.goldpinger.kubernetes_cluster_role_binding_v1.goldpinger",
            "module.goldpinger.kubernetes_cluster_role_v1.goldpinger",
            "module.goldpinger.kubernetes_daemon_set_v1.goldpinger",
            "module.goldpinger.kubernetes_namespace_v1.goldpinger",
            "module.goldpinger.kubernetes_service_account_v1.goldpinger"
          ]
        }
      ]
    },
    {
      "module": "module.homepage",
      "mode": "managed",
      "type": "helm_release",
      "name": "homepage",
      "provider": "provider[\"registry.terraform.io/hashicorp/helm\"]",
      "instances": [
        {
          "schema_version": 2,
          "attributes": {
            "atomic": false,
            "chart": "homepage",
            "cleanup_on_fail": false,
            "create_namespace": true,
            "dependency_update": false,
            "description": null,
            "devel": null,
            "disable_crd_hooks": false,
            "disable_openapi_validation": false,
            "disable_webhooks": false,
            "force_update": false,
            "id": "homepage",
            "keyring": null,
            "lint": false,
            "manifest": null,
            "max_history": 0,
            "metadata": {
              "app_version": "v1.2.0",
              "chart": "homepage",
              "first_deployed": 1785654880,
              "last_deployed": 1785654880,
              "name": "homepage",
              "namespace": "homepage",
              "notes": "",
              "revision": 1,
              "values": "{}",
              "version": "2.1.0"
            },
            "name": "homepage",
            "namespace": "homepage",
            "pass_credentials": false,
            "postrender": null,
            "recreate_pods": false,
            "render_subchart_notes": true,
            "replace": false,
            "repository": "https://jameswynn.github.io/helm-charts",
            "repository_ca_file": null,
            "repository_cert_file": null,
            "repository_key_file": null,
            "repository_password": null,
            "repository_username": null,
            "reset_values": false,
            "reuse_values": false,
            "set": null,
            "set_list": null,
            "set_sensitive": null,
            "set_wo": null,
            "set_wo_revision": null,
            "skip_crds": false,
            "status": "deployed",
            "timeout": 600,
            "values": null,
            "verify": false,
            "version": "2.1.0",
            "wait": true,
            "wait_for_jobs": false
          },
          "sensitive_attributes": [
            [
              {
                "type": "get_attr",
                "value": "repository_password"
              }
            ]
          ],
          "identity_schema_version": 0,
          "identity": {
            "namespace": "homepage",
            "release_name": "homepage"
          }
        }
      ]
    },
    {
      "module": "module.infra",
      "mode": "managed",
      "type": "kubernetes_deployment",
      "name": "nginx",
      "provider": "provider[\"registry.terraform.io/hashicorp/kubernetes\"]",
      "instances": [
        {
          "schema_version": 1,
          "attributes": {
            "id": "terraform-demo/nginx-deployment",
            "metadata": [
              {
                "annotations": {},
                "generate_name": "",
                "generation": 1,
                "labels": {
                  "app": "nginx"
                },
                "name": "nginx-deployment",
                "namespace": "terraform-demo",
                "resource_version": "12253321",
                "uid": "bcc9009d-6532-41d7-b7da-aa2cdfaea2ad"
              }
            ],
            "spec": [
              {
                "min_ready_seconds": 0,
                "paused": false,
                "progress_deadline_seconds": 600,
                "replicas": "2",
                "revision_history_limit": 10,
                "selector": [
                  {
                    "match_expressions": [],
                    "match_labels": {
                      "app": "nginx"
                    }
                  }
                ],
                "strategy": [
                  {
                    "rolling_update": [
                      {
                        "max_surge": "25%",
                        "max_unavailable": "25%"
                      }
                    ],
                    "type": "RollingUpdate"
                  }
                ],
                "template": [
                  {
                    "metadata": [
                      {
                        "annotations": {},
                        "generate_name": "",
                        "generation": 0,
                        "labels": {
                          "app": "nginx"
                        },
                        "name": "",
                        "namespace": "",
                        "resource_version": "",
                        "uid": ""
                      }
                    ],
                    "spec": [
                      {
                        "active_deadline_seconds": 0,
                        "affinity": [],
                        "automount_service_account_token": true,
                        "container": [
                          {
                            "args": [],
                            "command": [],
                            "env": [],
                            "env_from": [],
                            "image": "nginx:1.25",
                            "image_pull_policy": "IfNotPresent",
                            "lifecycle": [],
                            "liveness_probe": [],
                            "name": "nginx",
                            "port": [
                              {
                                "container_port": 80,
                                "host_ip": "",
                                "host_port": 0,
                                "name": "",
                                "protocol": "TCP"
                              }
                            ],
                            "readiness_probe": [],
                            "resources": [
                              {
                                "limits": {},
                                "requests": {}
                              }
                            ],
                            "security_context": [],
                            "startup_probe": [],
                            "stdin": false,
                            "stdin_once": false,
                            "termination_message_path": "/dev/termination-log",
                            "termination_message_policy": "File",
                            "tty": false,
                            "volume_device": [],
                            "volume_mount": [],
                            "working_dir": ""
                          }
                        ],
                        "dns_config": [],
                        "dns_policy": "ClusterFirst",
                        "enable_service_links": true,
                        "host_aliases": [],
                        "host_ipc": false,
                        "host_network": false,
                        "host_pid": false,
                        "hostname": "",
                        "image_pull_secrets": [],
                        "init_container": [],
                        "node_name": "",
                        "node_selector": {},
                        "os": [],
                        "priority_class_name": "",
                        "readiness_gate": [],
                        "restart_policy": "Always",
                        "runtime_class_name": "",
                        "scheduler_name": "default-scheduler",
                        "security_context": [],
                        "service_account_name": "",
                        "share_process_namespace": false,
                        "subdomain": "",
                        "termination_grace_period_seconds": 30,
                        "toleration": [],
                        "topology_spread_constraint": [],
                        "volume": []
                      }
                    ]
                  }
                ]
              }
            ],
            "timeouts": null,
            "wait_for_rollout": true
          },
          "sensitive_attributes": [],
          "identity_schema_version": 1,
          "identity": {
            "api_version": "apps/v1",
            "kind": "Deployment",
            "name": "nginx-deployment",
            "namespace": "terraform-demo"
          },
          "private": "eyJlMmJmYjczMC1lY2FhLTExZTYtOGY4OC0zNDM2M2JjN2M0YzAiOnsiY3JlYXRlIjo2MDAwMDAwMDAwMDAsImRlbGV0ZSI6NjAwMDAwMDAwMDAwLCJ1cGRhdGUiOjYwMDAwMDAwMDAwMH0sInNjaGVtYV92ZXJzaW9uIjoiMSJ9",
          "dependencies": [
            "module.infra.kubernetes_namespace.example"
          ]
        }
      ]
    },
    {
      "module": "module.infra",
      "mode": "managed",
      "type": "kubernetes_namespace",
      "name": "example",
      "provider": "provider[\"registry.terraform.io/hashicorp/kubernetes\"]",
      "instances": [
        {
          "schema_version": 0,
          "attributes": {
            "id": "terraform-demo",
            "metadata": [
              {
                "annotations": {
                  "cattle.io/status": "{\"Conditions\":[{\"Type\":\"ResourceQuotaInit\",\"Status\":\"True\",\"Message\":\"\",\"LastUpdateTime\":\"2026-08-02T08:54:36Z\"}]}",
                  "lifecycle.cattle.io/create.namespace-auth": "true"
                },
                "generate_name": "",
                "generation": 0,
                "labels": {},
                "name": "terraform-demo",
                "resource_version": "12281093",
                "uid": "7fb79506-dc9c-4407-8086-02d95fd81a81"
              }
            ],
            "timeouts": null,
            "wait_for_default_service_account": false
          },
          "sensitive_attributes": [],
          "identity_schema_version": 1,
          "identity": {
            "api_version": "v1",
            "kind": "Namespace",
            "name": "terraform-demo"
          },
          "private": "eyJlMmJmYjczMC1lY2FhLTExZTYtOGY4OC0zNDM2M2JjN2M0YzAiOnsiZGVsZXRlIjozMDAwMDAwMDAwMDB9fQ=="
        }
      ]
    },
    {
      "module": "module.jellyfin",
      "mode": "managed",
      "type": "kubernetes_deployment_v1",
      "name": "jellyfin",
      "provider": "provider[\"registry.terraform.io/hashicorp/kubernetes\"]",
      "instances": [
        {
          "schema_version": 1,
          "attributes": {
            "id": "jellyfin/jellyfin",
            "metadata": [
              {
                "annotations": {
                  "field.cattle.io/publicEndpoints": "[{\"addresses\":[\"2601:840:4001:c780:be24:11ff:fe51:e202\"],\"port\":30096,\"protocol\":\"TCP\",\"serviceName\":\"jellyfin:jellyfin\",\"allNodes\":true}]"
                },
                "generate_name": "",
                "generation": 55,
                "labels": {
                  "app": "jellyfin"
                },
                "name": "jellyfin",
                "namespace": "jellyfin",
                "resource_version": "12281117",
                "uid": "9b326c4b-d04d-410b-b63c-a5e288631240"
              }
            ],
            "spec": [
              {
                "min_ready_seconds": 0,
                "paused": false,
                "progress_deadline_seconds": 600,
                "replicas": "1",
                "revision_history_limit": 10,
                "selector": [
                  {
                    "match_expressions": [],
                    "match_labels": {
                      "app": "jellyfin"
                    }
                  }
                ],
                "strategy": [
                  {
                    "rolling_update": [
                      {
                        "max_surge": "25%",
                        "max_unavailable": "25%"
                      }
                    ],
                    "type": "RollingUpdate"
                  }
                ],
                "template": [
                  {
                    "metadata": [
                      {
                        "annotations": {},
                        "generate_name": "",
                        "generation": 0,
                        "labels": {
                          "app": "jellyfin"
                        },
                        "name": "",
                        "namespace": "",
                        "resource_version": "",
                        "uid": ""
                      }
                    ],
                    "spec": [
                      {
                        "active_deadline_seconds": 0,
                        "affinity": [],
                        "automount_service_account_token": true,
                        "container": [
                          {
                            "args": [],
                            "command": [],
                            "env": [
                              {
                                "name": "JELLYFIN_PublishedServerUrl",
                                "value": "http://localhost:8096",
                                "value_from": []
                              }
                            ],
                            "env_from": [],
                            "image": "jellyfin/jellyfin:latest",
                            "image_pull_policy": "IfNotPresent",
                            "lifecycle": [],
                            "liveness_probe": [],
                            "name": "jellyfin",
                            "port": [
                              {
                                "container_port": 8096,
                                "host_ip": "",
                                "host_port": 0,
                                "name": "http",
                                "protocol": "TCP"
                              }
                            ],
                            "readiness_probe": [],
                            "resources": [
                              {
                                "limits": {
                                  "cpu": "4",
                                  "memory": "16Gi",
                                  "nvidia.com/gpu": "1"
                                },
                                "requests": {
                                  "cpu": "250m",
                                  "memory": "512Mi",
                                  "nvidia.com/gpu": "1"
                                }
                              }
                            ],
                            "security_context": [],
                            "startup_probe": [],
                            "stdin": false,
                            "stdin_once": false,
                            "termination_message_path": "/dev/termination-log",
                            "termination_message_policy": "File",
                            "tty": false,
                            "volume_device": [],
                            "volume_mount": [
                              {
                                "mount_path": "/config",
                                "mount_propagation": "None",
                                "name": "jellyfin-data",
                                "read_only": false,
                                "sub_path": "config",
                                "sub_path_expr": ""
                              },
                              {
                                "mount_path": "/media",
                                "mount_propagation": "None",
                                "name": "jellyfin-data",
                                "read_only": true,
                                "sub_path": "media",
                                "sub_path_expr": ""
                              }
                            ],
                            "working_dir": ""
                          }
                        ],
                        "dns_config": [],
                        "dns_policy": "ClusterFirst",
                        "enable_service_links": true,
                        "host_aliases": [],
                        "host_ipc": false,
                        "host_network": false,
                        "host_pid": false,
                        "hostname": "",
                        "image_pull_secrets": [],
                        "init_container": [],
                        "node_name": "",
                        "node_selector": {
                          "kubernetes.io/hostname": "rancher-gpu1"
                        },
                        "os": [],
                        "priority_class_name": "",
                        "readiness_gate": [],
                        "restart_policy": "Always",
                        "runtime_class_name": "",
                        "scheduler_name": "default-scheduler",
                        "security_context": [
                          {
                            "fs_group": "1000",
                            "fs_group_change_policy": "",
                            "run_as_group": "",
                            "run_as_non_root": false,
                            "run_as_user": "",
                            "se_linux_options": [],
                            "seccomp_profile": [],
                            "supplemental_groups": [],
                            "sysctl": [],
                            "windows_options": []
                          }
                        ],
                        "service_account_name": "",
                        "share_process_namespace": false,
                        "subdomain": "",
                        "termination_grace_period_seconds": 30,
                        "toleration": [],
                        "topology_spread_constraint": [],
                        "volume": [
                          {
                            "aws_elastic_block_store": [],
                            "azure_disk": [],
                            "azure_file": [],
                            "ceph_fs": [],
                            "cinder": [],
                            "config_map": [],
                            "csi": [],
                            "downward_api": [],
                            "empty_dir": [],
                            "ephemeral": [],
                            "fc": [],
                            "flex_volume": [],
                            "flocker": [],
                            "gce_persistent_disk": [],
                            "git_repo": [],
                            "glusterfs": [],
                            "host_path": [],
                            "iscsi": [],
                            "local": [],
                            "name": "jellyfin-data",
                            "nfs": [],
                            "persistent_volume_claim": [
                              {
                                "claim_name": "jellyfin-data",
                                "read_only": false
                              }
                            ],
                            "photon_persistent_disk": [],
                            "projected": [],
                            "quobyte": [],
                            "rbd": [],
                            "secret": [],
                            "vsphere_volume": []
                          }
                        ]
                      }
                    ]
                  }
                ]
              }
            ],
            "timeouts": null,
            "wait_for_rollout": true
          },
          "sensitive_attributes": [],
          "identity_schema_version": 1,
          "identity": {
            "api_version": "apps/v1",
            "kind": "Deployment",
            "name": "jellyfin",
            "namespace": "jellyfin"
          },
          "private": "eyJlMmJmYjczMC1lY2FhLTExZTYtOGY4OC0zNDM2M2JjN2M0YzAiOnsiY3JlYXRlIjo2MDAwMDAwMDAwMDAsImRlbGV0ZSI6NjAwMDAwMDAwMDAwLCJ1cGRhdGUiOjYwMDAwMDAwMDAwMH0sInNjaGVtYV92ZXJzaW9uIjoiMSJ9",
          "dependencies": [
            "module.jellyfin.kubernetes_namespace_v1.jellyfin",
            "module.jellyfin.kubernetes_persistent_volume_claim_v1.jellyfin",
            "module.jellyfin.kubernetes_persistent_volume_v1.jellyfin",
            "module.jellyfin.kubernetes_storage_class_v1.jellyfin_nfs"
          ]
        }
      ]
    },
    {
      "module": "module.jellyfin",
      "mode": "managed",
      "type": "kubernetes_namespace_v1",
      "name": "jellyfin",
      "provider": "provider[\"registry.terraform.io/hashicorp/kubernetes\"]",
      "instances": [
        {
          "schema_version": 0,
          "attributes": {
            "id": "jellyfin",
            "metadata": [
              {
                "annotations": {
                  "cattle.io/status": "{\"Conditions\":[{\"Type\":\"ResourceQuotaInit\",\"Status\":\"True\",\"Message\":\"\",\"LastUpdateTime\":\"2026-08-02T08:54:36Z\"}]}"
                },
                "generate_name": "",
                "generation": 0,
                "labels": {},
                "name": "jellyfin",
                "resource_version": "12281097",
                "uid": "677f1003-c232-4ed1-a40c-61f55920b0c8"
              }
            ],
            "timeouts": null,
            "wait_for_default_service_account": false
          },
          "sensitive_attributes": [],
          "identity_schema_version": 1,
          "identity": {
            "api_version": "v1",
            "kind": "Namespace",
            "name": "jellyfin"
          },
          "private": "eyJlMmJmYjczMC1lY2FhLTExZTYtOGY4OC0zNDM2M2JjN2M0YzAiOnsiZGVsZXRlIjozMDAwMDAwMDAwMDB9fQ=="
        }
      ]
    },
    {
      "module": "module.jellyfin",
      "mode": "managed",
      "type": "kubernetes_persistent_volume_claim_v1",
      "name": "jellyfin",
      "provider": "provider[\"registry.terraform.io/hashicorp/kubernetes\"]",
      "instances": [
        {
          "schema_version": 0,
          "attributes": {
            "id": "jellyfin/jellyfin-data",
            "metadata": [
              {
                "annotations": {},
                "generate_name": "",
                "generation": 0,
                "labels": {},
                "name": "jellyfin-data",
                "namespace": "jellyfin",
                "resource_version": "808763",
                "uid": "495f5300-cbd4-44e7-95c4-d27eba723c05"
              }
            ],
            "spec": [
              {
                "access_modes": [
                  "ReadWriteMany"
                ],
                "resources": [
                  {
                    "limits": {},
                    "requests": {
                      "storage": "1Ti"
                    }
                  }
                ],
                "selector": [],
                "storage_class_name": "jellyfin-nfs",
                "volume_mode": "Filesystem",
                "volume_name": "jellyfin-data-pv"
              }
            ],
            "timeouts": null,
            "wait_until_bound": true
          },
          "sensitive_attributes": [],
          "identity_schema_version": 0,
          "private": "eyJlMmJmYjczMC1lY2FhLTExZTYtOGY4OC0zNDM2M2JjN2M0YzAiOnsiY3JlYXRlIjozMDAwMDAwMDAwMDB9fQ==",
          "dependencies": [
            "module.jellyfin.kubernetes_namespace_v1.jellyfin",
            "module.jellyfin.kubernetes_persistent_volume_v1.jellyfin",
            "module.jellyfin.kubernetes_storage_class_v1.jellyfin_nfs"
          ]
        }
      ]
    },
    {
      "module": "module.jellyfin",
      "mode": "managed",
      "type": "kubernetes_persistent_volume_v1",
      "name": "jellyfin",
      "provider": "provider[\"registry.terraform.io/hashicorp/kubernetes\"]",
      "instances": [
        {
          "schema_version": 0,
          "attributes": {
            "id": "jellyfin-data-pv",
            "metadata": [
              {
                "annotations": {},
                "generation": 0,
                "labels": {},
                "name": "jellyfin-data-pv",
                "resource_version": "808686",
                "uid": "5dcf412b-dc8e-4daf-b6f1-3ba4f84529d1"
              }
            ],
            "spec": [
              {
                "access_modes": [
                  "ReadWriteMany"
                ],
                "capacity": {
                  "storage": "1Ti"
                },
                "claim_ref": [
                  {
                    "name": "jellyfin-data",
                    "namespace": "jellyfin"
                  }
                ],
                "mount_options": [
                  "hard",
                  "nfsvers=4.1"
                ],
                "node_affinity": [],
                "persistent_volume_reclaim_policy": "Retain",
                "persistent_volume_source": [
                  {
                    "aws_elastic_block_store": [],
                    "azure_disk": [],
                    "azure_file": [],
                    "ceph_fs": [],
                    "cinder": [],
                    "csi": [
                      {
                        "controller_expand_secret_ref": [],
                        "controller_publish_secret_ref": [],
                        "driver": "nfs.csi.k8s.io",
                        "fs_type": "",
                        "node_publish_secret_ref": [],
                        "node_stage_secret_ref": [],
                        "read_only": false,
                        "volume_attributes": {
                          "server": "10.0.0.9",
                          "share": "/Volume2/Labdata/jellyfin"
                        },
                        "volume_handle": "jellyfin-data"
                      }
                    ],
                    "fc": [],
                    "flex_volume": [],
                    "flocker": [],
                    "gce_persistent_disk": [],
                    "glusterfs": [],
                    "host_path": [],
                    "iscsi": [],
                    "local": [],
                    "nfs": [],
                    "photon_persistent_disk": [],
                    "quobyte": [],
                    "rbd": [],
                    "vsphere_volume": []
                  }
                ],
                "storage_class_name": "jellyfin-nfs",
                "volume_mode": "Filesystem"
              }
            ],
            "timeouts": null
          },
          "sensitive_attributes": [],
          "identity_schema_version": 0,
          "private": "eyJlMmJmYjczMC1lY2FhLTExZTYtOGY4OC0zNDM2M2JjN2M0YzAiOnsiY3JlYXRlIjozMDAwMDAwMDAwMDB9fQ==",
          "dependencies": [
            "module.jellyfin.kubernetes_storage_class_v1.jellyfin_nfs"
          ]
        }
      ]
    },
    {
      "module": "module.jellyfin",
      "mode": "managed",
      "type": "kubernetes_service_v1",
      "name": "jellyfin",
      "provider": "provider[\"registry.terraform.io/hashicorp/kubernetes\"]",
      "instances": [
        {
          "schema_version": 1,
          "attributes": {
            "id": "jellyfin/jellyfin",
            "metadata": [
              {
                "annotations": {
                  "field.cattle.io/publicEndpoints": "[{\"addresses\":[\"2601:840:4001:c780:be24:11ff:fe51:e202\"],\"port\":30096,\"protocol\":\"TCP\",\"serviceName\":\"jellyfin:jellyfin\",\"allNodes\":true}]"
                },
                "generate_name": "",
                "generation": 0,
                "labels": {},
                "name": "jellyfin",
                "namespace": "jellyfin",
                "resource_version": "12281121",
                "uid": "699294ef-512a-4e29-a81b-85041145f2b1"
              }
            ],
            "spec": [
              {
                "allocate_load_balancer_node_ports": true,
                "cluster_ip": "10.43.152.195",
                "cluster_ips": [
                  "10.43.152.195"
                ],
                "external_ips": [],
                "external_name": "",
                "external_traffic_policy": "Cluster",
                "health_check_node_port": 0,
                "internal_traffic_policy": "Cluster",
                "ip_families": [
                  "IPv4"
                ],
                "ip_family_policy": "SingleStack",
                "load_balancer_class": "",
                "load_balancer_ip": "",
                "load_balancer_source_ranges": [],
                "port": [
                  {
                    "app_protocol": "",
                    "name": "http",
                    "node_port": 30096,
                    "port": 8096,
                    "protocol": "TCP",
                    "target_port": "8096"
                  }
                ],
                "publish_not_ready_addresses": false,
                "selector": {
                  "app": "jellyfin"
                },
                "session_affinity": "None",
                "session_affinity_config": [],
                "type": "NodePort"
              }
            ],
            "status": [
              {
                "load_balancer": [
                  {
                    "ingress": []
                  }
                ]
              }
            ],
            "timeouts": null,
            "wait_for_load_balancer": true
          },
          "sensitive_attributes": [],
          "identity_schema_version": 1,
          "identity": {
            "api_version": "v1",
            "kind": "Service",
            "name": "jellyfin",
            "namespace": "jellyfin"
          },
          "private": "eyJlMmJmYjczMC1lY2FhLTExZTYtOGY4OC0zNDM2M2JjN2M0YzAiOnsiY3JlYXRlIjo2MDAwMDAwMDAwMDB9LCJzY2hlbWFfdmVyc2lvbiI6IjEifQ==",
          "dependencies": [
            "module.jellyfin.kubernetes_deployment_v1.jellyfin",
            "module.jellyfin.kubernetes_namespace_v1.jellyfin",
            "module.jellyfin.kubernetes_persistent_volume_claim_v1.jellyfin",
            "module.jellyfin.kubernetes_persistent_volume_v1.jellyfin",
            "module.jellyfin.kubernetes_storage_class_v1.jellyfin_nfs"
          ]
        }
      ]
    },
    {
      "module": "module.jellyfin",
      "mode": "managed",
      "type": "kubernetes_storage_class_v1",
      "name": "jellyfin_nfs",
      "provider": "provider[\"registry.terraform.io/hashicorp/kubernetes\"]",
      "instances": [
        {
          "schema_version": 0,
          "attributes": {
            "allow_volume_expansion": true,
            "allowed_topologies": [],
            "id": "jellyfin-nfs",
            "metadata": [
              {
                "annotations": {},
                "generate_name": "",
                "generation": 0,
                "labels": {},
                "name": "jellyfin-nfs",
                "resource_version": "808667",
                "uid": "c5a141c7-c36f-4b50-a9c4-09148915b289"
              }
            ],
            "mount_options": [
              "hard",
              "nfsvers=4.1"
            ],
            "parameters": {
              "server": "10.0.0.9",
              "share": "/Volume2/Labdata/jellyfin"
            },
            "reclaim_policy": "Retain",
            "storage_provisioner": "nfs.csi.k8s.io",
            "volume_binding_mode": "Immediate"
          },
          "sensitive_attributes": [],
          "identity_schema_version": 0,
          "private": "bnVsbA=="
        }
      ]
    },
    {
      "module": "module.kubevirt",
      "mode": "managed",
      "type": "kubernetes_manifest",
      "name": "kubevirt_cr",
      "provider": "provider[\"registry.terraform.io/hashicorp/kubernetes\"]",
      "instances": [
        {
          "schema_version": 1,
          "attributes": {
            "computed_fields": null,
            "field_manager": [],
            "manifest": {
              "value": {
                "apiVersion": "kubevirt.io/v1",
                "kind": "KubeVirt",
                "metadata": {
                  "name": "kubevirt",
                  "namespace": "kubevirt"
                },
                "spec": {
                  "certificateRotateStrategy": {},
                  "configuration": {
                    "developerConfiguration": {
                      "featureGates": []
                    }
                  },
                  "customizeComponents": {},
                  "imagePullPolicy": "IfNotPresent",
                  "workloadUpdateStrategy": {}
                }
              },
              "type": [
                "object",
                {
                  "apiVersion": "string",
                  "kind": "string",
                  "metadata": [
                    "object",
                    {
                      "name": "string",
                      "namespace": "string"
                    }
                  ],
                  "spec": [
                    "object",
                    {
                      "certificateRotateStrategy": [
                        "object",
                        {}
                      ],
                      "configuration": [
                        "object",
                        {
                          "developerConfiguration": [
                            "object",
                            {
                              "featureGates": [
                                "tuple",
                                []
                              ]
                            }
                          ]
                        }
                      ],
                      "customizeComponents": [
                        "object",
                        {}
                      ],
                      "imagePullPolicy": "string",
                      "workloadUpdateStrategy": [
                        "object",
                        {}
                      ]
                    }
                  ]
                }
              ]
            },
            "object": {
              "value": {
                "apiVersion": "kubevirt.io/v1",
                "kind": "KubeVirt",
                "metadata": {
                  "annotations": {
                    "kubevirt.io/latest-observed-api-version": "v1",
                    "kubevirt.io/storage-observed-api-version": "v1"
                  },
                  "creationTimestamp": null,
                  "deletionGracePeriodSeconds": null,
                  "deletionTimestamp": null,
                  "finalizers": [
                    "foregroundDeleteKubeVirt"
                  ],
                  "generateName": null,
                  "generation": null,
                  "labels": null,
                  "managedFields": null,
                  "name": "kubevirt",
                  "namespace": "kubevirt",
                  "ownerReferences": null,
                  "resourceVersion": null,
                  "selfLink": null,
                  "uid": null
                },
                "spec": {
                  "certificateRotateStrategy": {
                    "selfSigned": {
                      "ca": {
                        "duration": null,
                        "renewBefore": null
                      },
                      "caOverlapInterval": null,
                      "caRotateInterval": null,
                      "certRotateInterval": null,
                      "server": {
                        "duration": null,
                        "renewBefore": null
                      }
                    }
                  },
                  "configuration": {
                    "additionalGuestMemoryOverheadRatio": null,
                    "apiConfiguration": {
                      "restClient": {
                        "rateLimiter": {
                          "tokenBucketRateLimiter": {
                            "burst": null,
                            "qps": null
                          }
                        }
                      }
                    },
                    "architectureConfiguration": {
                      "amd64": {
                        "emulatedMachines": null,
                        "machineType": null,
                        "ovmfPath": null
                      },
                      "arm64": {
                        "emulatedMachines": null,
                        "machineType": null,
                        "ovmfPath": null
                      },
                      "defaultArchitecture": null,
                      "ppc64le": {
                        "emulatedMachines": null,
                        "machineType": null,
                        "ovmfPath": null
                      }
                    },
                    "autoCPULimitNamespaceLabelSelector": {
                      "matchExpressions": null,
                      "matchLabels": null
                    },
                    "commonInstancetypesDeployment": {
                      "enabled": null
                    },
                    "controllerConfiguration": {
                      "restClient": {
                        "rateLimiter": {
                          "tokenBucketRateLimiter": {
                            "burst": null,
                            "qps": null
                          }
                        }
                      }
                    },
                    "cpuModel": null,
                    "cpuRequest": null,
                    "defaultRuntimeClass": null,
                    "developerConfiguration": {
                      "clusterProfiler": null,
                      "cpuAllocationRatio": null,
                      "diskVerification": {
                        "memoryLimit": null
                      },
                      "featureGates": [],
                      "logVerbosity": {
                        "nodeVerbosity": null,
                        "virtAPI": null,
                        "virtController": null,
                        "virtHandler": null,
                        "virtLauncher": null,
                        "virtOperator": null,
                        "virtSynchronizationController": null
                      },
                      "memoryOvercommit": null,
                      "minimumClusterTSCFrequency": null,
                      "minimumReservePVCBytes": null,
                      "nodeSelectors": null,
                      "pvcTolerateLessSpaceUpToPercent": null,
                      "useEmulation": null
                    },
                    "emulatedMachines": null,
                    "evictionStrategy": null,
                    "handlerConfiguration": {
                      "restClient": {
                        "rateLimiter": {
                          "tokenBucketRateLimiter": {
                            "burst": null,
                            "qps": null
                          }
                        }
                      }
                    },
                    "imagePullPolicy": null,
                    "instancetype": {
                      "referencePolicy": null
                    },
                    "ksmConfiguration": {
                      "nodeLabelSelector": {
                        "matchExpressions": null,
                        "matchLabels": null
                      }
                    },
                    "liveUpdateConfiguration": {
                      "maxCpuSockets": null,
                      "maxGuest": null,
                      "maxHotplugRatio": null
                    },
                    "machineType": null,
                    "mediatedDevicesConfiguration": {
                      "mediatedDeviceTypes": null,
                      "mediatedDevicesTypes": null,
                      "nodeMediatedDeviceTypes": null
                    },
                    "memBalloonStatsPeriod": null,
                    "migrations": {
                      "allowAutoConverge": null,
                      "allowPostCopy": null,
                      "allowWorkloadDisruption": null,
                      "bandwidthPerMigration": null,
                      "completionTimeoutPerGiB": null,
                      "disableTLS": null,
                      "matchSELinuxLevelOnMigration": null,
                      "network": null,
                      "nodeDrainTaintKey": null,
                      "parallelMigrationsPerCluster": null,
                      "parallelOutboundMigrationsPerNode": null,
                      "progressTimeout": null,
                      "unsafeMigrationOverride": null
                    },
                    "minCPUModel": null,
                    "network": {
                      "binding": null,
                      "defaultNetworkInterface": null,
                      "permitBridgeInterfaceOnPodNetwork": null,
                      "permitSlirpInterface": null
                    },
                    "obsoleteCPUModels": null,
                    "ovmfPath": null,
                    "permittedHostDevices": {
                      "mediatedDevices": null,
                      "pciHostDevices": null,
                      "usb": null
                    },
                    "seccompConfiguration": {
                      "virtualMachineInstanceProfile": {
                        "customProfile": {
                          "localhostProfile": null,
                          "runtimeDefaultProfile": null
                        }
                      }
                    },
                    "selinuxLauncherType": null,
                    "smbios": {
                      "family": null,
                      "manufacturer": null,
                      "product": null,
                      "sku": null,
                      "version": null
                    },
                    "supportContainerResources": null,
                    "supportedGuestAgentVersions": null,
                    "tlsConfiguration": {
                      "ciphers": null,
                      "minTLSVersion": null
                    },
                    "virtualMachineInstancesPerNode": null,
                    "virtualMachineOptions": {
                      "disableFreePageReporting": null,
                      "disableSerialConsoleLog": null
                    },
                    "vmRolloutStrategy": null,
                    "vmStateStorageClass": null,
                    "webhookConfiguration": {
                      "restClient": {
                        "rateLimiter": {
                          "tokenBucketRateLimiter": {
                            "burst": null,
                            "qps": null
                          }
                        }
                      }
                    }
                  },
                  "customizeComponents": {
                    "flags": {
                      "api": null,
                      "controller": null,
                      "handler": null
                    },
                    "patches": null
                  },
                  "imagePullPolicy": "IfNotPresent",
                  "imagePullSecrets": null,
                  "imageRegistry": null,
                  "imageTag": null,
                  "infra": {
                    "nodePlacement": {
                      "affinity": {
                        "nodeAffinity": {
                          "preferredDuringSchedulingIgnoredDuringExecution": null,
                          "requiredDuringSchedulingIgnoredDuringExecution": {
                            "nodeSelectorTerms": null
                          }
                        },
                        "podAffinity": {
                          "preferredDuringSchedulingIgnoredDuringExecution": null,
                          "requiredDuringSchedulingIgnoredDuringExecution": null
                        },
                        "podAntiAffinity": {
                          "preferredDuringSchedulingIgnoredDuringExecution": null,
                          "requiredDuringSchedulingIgnoredDuringExecution": null
                        }
                      },
                      "nodeSelector": null,
                      "tolerations": null
                    },
                    "replicas": null
                  },
                  "monitorAccount": null,
                  "monitorNamespace": null,
                  "productComponent": null,
                  "productName": null,
                  "productVersion": null,
                  "serviceMonitorNamespace": null,
                  "synchronizationPort": null,
                  "uninstallStrategy": null,
                  "workloadUpdateStrategy": {
                    "batchEvictionInterval": null,
                    "batchEvictionSize": null,
                    "workloadUpdateMethods": null
                  },
                  "workloads": {
                    "nodePlacement": {
                      "affinity": {
                        "nodeAffinity": {
                          "preferredDuringSchedulingIgnoredDuringExecution": null,
                          "requiredDuringSchedulingIgnoredDuringExecution": {
                            "nodeSelectorTerms": null
                          }
                        },
                        "podAffinity": {
                          "preferredDuringSchedulingIgnoredDuringExecution": null,
                          "requiredDuringSchedulingIgnoredDuringExecution": null
                        },
                        "podAntiAffinity": {
                          "preferredDuringSchedulingIgnoredDuringExecution": null,
                          "requiredDuringSchedulingIgnoredDuringExecution": null
                        }
                      },
                      "nodeSelector": null,
                      "tolerations": null
                    },
                    "replicas": null
                  }
                }
              },
              "type": [
                "object",
                {
                  "apiVersion": "string",
                  "kind": "string",
                  "metadata": [
                    "object",
                    {
                      "annotations": [
                        "map",
                        "string"
                      ],
                      "creationTimestamp": "string",
                      "deletionGracePeriodSeconds": "number",
                      "deletionTimestamp": "string",
                      "finalizers": [
                        "list",
                        "string"
                      ],
                      "generateName": "string",
                      "generation": "number",
                      "labels": [
                        "map",
                        "string"
                      ],
                      "managedFields": [
                        "tuple",
                        [
                          [
                            "object",
                            {
                              "apiVersion": "string",
                              "fieldsType": "string",
                              "fieldsV1": "dynamic",
                              "manager": "string",
                              "operation": "string",
                              "subresource": "string",
                              "time": "string"
                            }
                          ]
                        ]
                      ],
                      "name": "string",
                      "namespace": "string",
                      "ownerReferences": [
                        "list",
                        [
                          "object",
                          {
                            "apiVersion": "string",
                            "blockOwnerDeletion": "bool",
                            "controller": "bool",
                            "kind": "string",
                            "name": "string",
                            "uid": "string"
                          }
                        ]
                      ],
                      "resourceVersion": "string",
                      "selfLink": "string",
                      "uid": "string"
                    }
                  ],
                  "spec": [
                    "object",
                    {
                      "certificateRotateStrategy": [
                        "object",
                        {
                          "selfSigned": [
                            "object",
                            {
                              "ca": [
                                "object",
                                {
                                  "duration": "string",
                                  "renewBefore": "string"
                                }
                              ],
                              "caOverlapInterval": "string",
                              "caRotateInterval": "string",
                              "certRotateInterval": "string",
                              "server": [
                                "object",
                                {
                                  "duration": "string",
                                  "renewBefore": "string"
                                }
                              ]
                            }
                          ]
                        }
                      ],
                      "configuration": [
                        "object",
                        {
                          "additionalGuestMemoryOverheadRatio": "string",
                          "apiConfiguration": [
                            "object",
                            {
                              "restClient": [
                                "object",
                                {
                                  "rateLimiter": [
                                    "object",
                                    {
                                      "tokenBucketRateLimiter": [
                                        "object",
                                        {
                                          "burst": "number",
                                          "qps": "number"
                                        }
                                      ]
                                    }
                                  ]
                                }
                              ]
                            }
                          ],
                          "architectureConfiguration": [
                            "object",
                            {
                              "amd64": [
                                "object",
                                {
                                  "emulatedMachines": [
                                    "list",
                                    "string"
                                  ],
                                  "machineType": "string",
                                  "ovmfPath": "string"
                                }
                              ],
                              "arm64": [
                                "object",
                                {
                                  "emulatedMachines": [
                                    "list",
                                    "string"
                                  ],
                                  "machineType": "string",
                                  "ovmfPath": "string"
                                }
                              ],
                              "defaultArchitecture": "string",
                              "ppc64le": [
                                "object",
                                {
                                  "emulatedMachines": [
                                    "list",
                                    "string"
                                  ],
                                  "machineType": "string",
                                  "ovmfPath": "string"
                                }
                              ]
                            }
                          ],
                          "autoCPULimitNamespaceLabelSelector": [
                            "object",
                            {
                              "matchExpressions": [
                                "list",
                                [
                                  "object",
                                  {
                                    "key": "string",
                                    "operator": "string",
                                    "values": [
                                      "list",
                                      "string"
                                    ]
                                  }
                                ]
                              ],
                              "matchLabels": [
                                "map",
                                "string"
                              ]
                            }
                          ],
                          "commonInstancetypesDeployment": [
                            "object",
                            {
                              "enabled": "bool"
                            }
                          ],
                          "controllerConfiguration": [
                            "object",
                            {
                              "restClient": [
                                "object",
                                {
                                  "rateLimiter": [
                                    "object",
                                    {
                                      "tokenBucketRateLimiter": [
                                        "object",
                                        {
                                          "burst": "number",
                                          "qps": "number"
                                        }
                                      ]
                                    }
                                  ]
                                }
                              ]
                            }
                          ],
                          "cpuModel": "string",
                          "cpuRequest": "string",
                          "defaultRuntimeClass": "string",
                          "developerConfiguration": [
                            "object",
                            {
                              "clusterProfiler": "bool",
                              "cpuAllocationRatio": "number",
                              "diskVerification": [
                                "object",
                                {
                                  "memoryLimit": "string"
                                }
                              ],
                              "featureGates": [
                                "list",
                                "string"
                              ],
                              "logVerbosity": [
                                "object",
                                {
                                  "nodeVerbosity": [
                                    "map",
                                    "number"
                                  ],
                                  "virtAPI": "number",
                                  "virtController": "number",
                                  "virtHandler": "number",
                                  "virtLauncher": "number",
                                  "virtOperator": "number",
                                  "virtSynchronizationController": "number"
                                }
                              ],
                              "memoryOvercommit": "number",
                              "minimumClusterTSCFrequency": "number",
                              "minimumReservePVCBytes": "number",
                              "nodeSelectors": [
                                "map",
                                "string"
                              ],
                              "pvcTolerateLessSpaceUpToPercent": "number",
                              "useEmulation": "bool"
                            }
                          ],
                          "emulatedMachines": [
                            "list",
                            "string"
                          ],
                          "evictionStrategy": "string",
                          "handlerConfiguration": [
                            "object",
                            {
                              "restClient": [
                                "object",
                                {
                                  "rateLimiter": [
                                    "object",
                                    {
                                      "tokenBucketRateLimiter": [
                                        "object",
                                        {
                                          "burst": "number",
                                          "qps": "number"
                                        }
                                      ]
                                    }
                                  ]
                                }
                              ]
                            }
                          ],
                          "imagePullPolicy": "string",
                          "instancetype": [
                            "object",
                            {
                              "referencePolicy": "string"
                            }
                          ],
                          "ksmConfiguration": [
                            "object",
                            {
                              "nodeLabelSelector": [
                                "object",
                                {
                                  "matchExpressions": [
                                    "list",
                                    [
                                      "object",
                                      {
                                        "key": "string",
                                        "operator": "string",
                                        "values": [
                                          "list",
                                          "string"
                                        ]
                                      }
                                    ]
                                  ],
                                  "matchLabels": [
                                    "map",
                                    "string"
                                  ]
                                }
                              ]
                            }
                          ],
                          "liveUpdateConfiguration": [
                            "object",
                            {
                              "maxCpuSockets": "number",
                              "maxGuest": "string",
                              "maxHotplugRatio": "number"
                            }
                          ],
                          "machineType": "string",
                          "mediatedDevicesConfiguration": [
                            "object",
                            {
                              "mediatedDeviceTypes": [
                                "list",
                                "string"
                              ],
                              "mediatedDevicesTypes": [
                                "list",
                                "string"
                              ],
                              "nodeMediatedDeviceTypes": [
                                "list",
                                [
                                  "object",
                                  {
                                    "mediatedDeviceTypes": [
                                      "list",
                                      "string"
                                    ],
                                    "mediatedDevicesTypes": [
                                      "list",
                                      "string"
                                    ],
                                    "nodeSelector": [
                                      "map",
                                      "string"
                                    ]
                                  }
                                ]
                              ]
                            }
                          ],
                          "memBalloonStatsPeriod": "number",
                          "migrations": [
                            "object",
                            {
                              "allowAutoConverge": "bool",
                              "allowPostCopy": "bool",
                              "allowWorkloadDisruption": "bool",
                              "bandwidthPerMigration": "string",
                              "completionTimeoutPerGiB": "number",
                              "disableTLS": "bool",
                              "matchSELinuxLevelOnMigration": "bool",
                              "network": "string",
                              "nodeDrainTaintKey": "string",
                              "parallelMigrationsPerCluster": "number",
                              "parallelOutboundMigrationsPerNode": "number",
                              "progressTimeout": "number",
                              "unsafeMigrationOverride": "bool"
                            }
                          ],
                          "minCPUModel": "string",
                          "network": [
                            "object",
                            {
                              "binding": [
                                "map",
                                [
                                  "object",
                                  {
                                    "computeResourceOverhead": [
                                      "object",
                                      {
                                        "limits": [
                                          "map",
                                          "string"
                                        ],
                                        "requests": [
                                          "map",
                                          "string"
                                        ]
                                      }
                                    ],
                                    "domainAttachmentType": "string",
                                    "downwardAPI": "string",
                                    "migration": [
                                      "object",
                                      {
                                        "method": "string"
                                      }
                                    ],
                                    "networkAttachmentDefinition": "string",
                                    "sidecarImage": "string"
                                  }
                                ]
                              ],
                              "defaultNetworkInterface": "string",
                              "permitBridgeInterfaceOnPodNetwork": "bool",
                              "permitSlirpInterface": "bool"
                            }
                          ],
                          "obsoleteCPUModels": [
                            "map",
                            "bool"
                          ],
                          "ovmfPath": "string",
                          "permittedHostDevices": [
                            "object",
                            {
                              "mediatedDevices": [
                                "list",
                                [
                                  "object",
                                  {
                                    "externalResourceProvider": "bool",
                                    "mdevNameSelector": "string",
                                    "resourceName": "string"
                                  }
                                ]
                              ],
                              "pciHostDevices": [
                                "list",
                                [
                                  "object",
                                  {
                                    "externalResourceProvider": "bool",
                                    "pciVendorSelector": "string",
                                    "resourceName": "string"
                                  }
                                ]
                              ],
                              "usb": [
                                "list",
                                [
                                  "object",
                                  {
                                    "externalResourceProvider": "bool",
                                    "resourceName": "string",
                                    "selectors": [
                                      "list",
                                      [
                                        "object",
                                        {
                                          "product": "string",
                                          "vendor": "string"
                                        }
                                      ]
                                    ]
                                  }
                                ]
                              ]
                            }
                          ],
                          "seccompConfiguration": [
                            "object",
                            {
                              "virtualMachineInstanceProfile": [
                                "object",
                                {
                                  "customProfile": [
                                    "object",
                                    {
                                      "localhostProfile": "string",
                                      "runtimeDefaultProfile": "bool"
                                    }
                                  ]
                                }
                              ]
                            }
                          ],
                          "selinuxLauncherType": "string",
                          "smbios": [
                            "object",
                            {
                              "family": "string",
                              "manufacturer": "string",
                              "product": "string",
                              "sku": "string",
                              "version": "string"
                            }
                          ],
                          "supportContainerResources": [
                            "list",
                            [
                              "object",
                              {
                                "resources": [
                                  "object",
                                  {
                                    "limits": [
                                      "map",
                                      "string"
                                    ],
                                    "requests": [
                                      "map",
                                      "string"
                                    ]
                                  }
                                ],
                                "type": "string"
                              }
                            ]
                          ],
                          "supportedGuestAgentVersions": [
                            "list",
                            "string"
                          ],
                          "tlsConfiguration": [
                            "object",
                            {
                              "ciphers": [
                                "list",
                                "string"
                              ],
                              "minTLSVersion": "string"
                            }
                          ],
                          "virtualMachineInstancesPerNode": "number",
                          "virtualMachineOptions": [
                            "object",
                            {
                              "disableFreePageReporting": "dynamic",
                              "disableSerialConsoleLog": "dynamic"
                            }
                          ],
                          "vmRolloutStrategy": "string",
                          "vmStateStorageClass": "string",
                          "webhookConfiguration": [
                            "object",
                            {
                              "restClient": [
                                "object",
                                {
                                  "rateLimiter": [
                                    "object",
                                    {
                                      "tokenBucketRateLimiter": [
                                        "object",
                                        {
                                          "burst": "number",
                                          "qps": "number"
                                        }
                                      ]
                                    }
                                  ]
                                }
                              ]
                            }
                          ]
                        }
                      ],
                      "customizeComponents": [
                        "object",
                        {
                          "flags": [
                            "object",
                            {
                              "api": [
                                "map",
                                "string"
                              ],
                              "controller": [
                                "map",
                                "string"
                              ],
                              "handler": [
                                "map",
                                "string"
                              ]
                            }
                          ],
                          "patches": [
                            "list",
                            [
                              "object",
                              {
                                "patch": "string",
                                "resourceName": "string",
                                "resourceType": "string",
                                "type": "string"
                              }
                            ]
                          ]
                        }
                      ],
                      "imagePullPolicy": "string",
                      "imagePullSecrets": [
                        "list",
                        [
                          "object",
                          {
                            "name": "string"
                          }
                        ]
                      ],
                      "imageRegistry": "string",
                      "imageTag": "string",
                      "infra": [
                        "object",
                        {
                          "nodePlacement": [
                            "object",
                            {
                              "affinity": [
                                "object",
                                {
                                  "nodeAffinity": [
                                    "object",
                                    {
                                      "preferredDuringSchedulingIgnoredDuringExecution": [
                                        "list",
                                        [
                                          "object",
                                          {
                                            "preference": [
                                              "object",
                                              {
                                                "matchExpressions": [
                                                  "list",
                                                  [
                                                    "object",
                                                    {
                                                      "key": "string",
                                                      "operator": "string",
                                                      "values": [
                                                        "list",
                                                        "string"
                                                      ]
                                                    }
                                                  ]
                                                ],
                                                "matchFields": [
                                                  "list",
                                                  [
                                                    "object",
                                                    {
                                                      "key": "string",
                                                      "operator": "string",
                                                      "values": [
                                                        "list",
                                                        "string"
                                                      ]
                                                    }
                                                  ]
                                                ]
                                              }
                                            ],
                                            "weight": "number"
                                          }
                                        ]
                                      ],
                                      "requiredDuringSchedulingIgnoredDuringExecution": [
                                        "object",
                                        {
                                          "nodeSelectorTerms": [
                                            "list",
                                            [
                                              "object",
                                              {
                                                "matchExpressions": [
                                                  "list",
                                                  [
                                                    "object",
                                                    {
                                                      "key": "string",
                                                      "operator": "string",
                                                      "values": [
                                                        "list",
                                                        "string"
                                                      ]
                                                    }
                                                  ]
                                                ],
                                                "matchFields": [
                                                  "list",
                                                  [
                                                    "object",
                                                    {
                                                      "key": "string",
                                                      "operator": "string",
                                                      "values": [
                                                        "list",
                                                        "string"
                                                      ]
                                                    }
                                                  ]
                                                ]
                                              }
                                            ]
                                          ]
                                        }
                                      ]
                                    }
                                  ],
                                  "podAffinity": [
                                    "object",
                                    {
                                      "preferredDuringSchedulingIgnoredDuringExecution": [
                                        "list",
                                        [
                                          "object",
                                          {
                                            "podAffinityTerm": [
                                              "object",
                                              {
                                                "labelSelector": [
                                                  "object",
                                                  {
                                                    "matchExpressions": [
                                                      "list",
                                                      [
                                                        "object",
                                                        {
                                                          "key": "string",
                                                          "operator": "string",
                                                          "values": [
                                                            "list",
                                                            "string"
                                                          ]
                                                        }
                                                      ]
                                                    ],
                                                    "matchLabels": [
                                                      "map",
                                                      "string"
                                                    ]
                                                  }
                                                ],
                                                "matchLabelKeys": [
                                                  "list",
                                                  "string"
                                                ],
                                                "mismatchLabelKeys": [
                                                  "list",
                                                  "string"
                                                ],
                                                "namespaceSelector": [
                                                  "object",
                                                  {
                                                    "matchExpressions": [
                                                      "list",
                                                      [
                                                        "object",
                                                        {
                                                          "key": "string",
                                                          "operator": "string",
                                                          "values": [
                                                            "list",
                                                            "string"
                                                          ]
                                                        }
                                                      ]
                                                    ],
                                                    "matchLabels": [
                                                      "map",
                                                      "string"
                                                    ]
                                                  }
                                                ],
                                                "namespaces": [
                                                  "list",
                                                  "string"
                                                ],
                                                "topologyKey": "string"
                                              }
                                            ],
                                            "weight": "number"
                                          }
                                        ]
                                      ],
                                      "requiredDuringSchedulingIgnoredDuringExecution": [
                                        "list",
                                        [
                                          "object",
                                          {
                                            "labelSelector": [
                                              "object",
                                              {
                                                "matchExpressions": [
                                                  "list",
                                                  [
                                                    "object",
                                                    {
                                                      "key": "string",
                                                      "operator": "string",
                                                      "values": [
                                                        "list",
                                                        "string"
                                                      ]
                                                    }
                                                  ]
                                                ],
                                                "matchLabels": [
                                                  "map",
                                                  "string"
                                                ]
                                              }
                                            ],
                                            "matchLabelKeys": [
                                              "list",
                                              "string"
                                            ],
                                            "mismatchLabelKeys": [
                                              "list",
                                              "string"
                                            ],
                                            "namespaceSelector": [
                                              "object",
                                              {
                                                "matchExpressions": [
                                                  "list",
                                                  [
                                                    "object",
                                                    {
                                                      "key": "string",
                                                      "operator": "string",
                                                      "values": [
                                                        "list",
                                                        "string"
                                                      ]
                                                    }
                                                  ]
                                                ],
                                                "matchLabels": [
                                                  "map",
                                                  "string"
                                                ]
                                              }
                                            ],
                                            "namespaces": [
                                              "list",
                                              "string"
                                            ],
                                            "topologyKey": "string"
                                          }
                                        ]
                                      ]
                                    }
                                  ],
                                  "podAntiAffinity": [
                                    "object",
                                    {
                                      "preferredDuringSchedulingIgnoredDuringExecution": [
                                        "list",
                                        [
                                          "object",
                                          {
                                            "podAffinityTerm": [
                                              "object",
                                              {
                                                "labelSelector": [
                                                  "object",
                                                  {
                                                    "matchExpressions": [
                                                      "list",
                                                      [
                                                        "object",
                                                        {
                                                          "key": "string",
                                                          "operator": "string",
                                                          "values": [
                                                            "list",
                                                            "string"
                                                          ]
                                                        }
                                                      ]
                                                    ],
                                                    "matchLabels": [
                                                      "map",
                                                      "string"
                                                    ]
                                                  }
                                                ],
                                                "matchLabelKeys": [
                                                  "list",
                                                  "string"
                                                ],
                                                "mismatchLabelKeys": [
                                                  "list",
                                                  "string"
                                                ],
                                                "namespaceSelector": [
                                                  "object",
                                                  {
                                                    "matchExpressions": [
                                                      "list",
                                                      [
                                                        "object",
                                                        {
                                                          "key": "string",
                                                          "operator": "string",
                                                          "values": [
                                                            "list",
                                                            "string"
                                                          ]
                                                        }
                                                      ]
                                                    ],
                                                    "matchLabels": [
                                                      "map",
                                                      "string"
                                                    ]
                                                  }
                                                ],
                                                "namespaces": [
                                                  "list",
                                                  "string"
                                                ],
                                                "topologyKey": "string"
                                              }
                                            ],
                                            "weight": "number"
                                          }
                                        ]
                                      ],
                                      "requiredDuringSchedulingIgnoredDuringExecution": [
                                        "list",
                                        [
                                          "object",
                                          {
                                            "labelSelector": [
                                              "object",
                                              {
                                                "matchExpressions": [
                                                  "list",
                                                  [
                                                    "object",
                                                    {
                                                      "key": "string",
                                                      "operator": "string",
                                                      "values": [
                                                        "list",
                                                        "string"
                                                      ]
                                                    }
                                                  ]
                                                ],
                                                "matchLabels": [
                                                  "map",
                                                  "string"
                                                ]
                                              }
                                            ],
                                            "matchLabelKeys": [
                                              "list",
                                              "string"
                                            ],
                                            "mismatchLabelKeys": [
                                              "list",
                                              "string"
                                            ],
                                            "namespaceSelector": [
                                              "object",
                                              {
                                                "matchExpressions": [
                                                  "list",
                                                  [
                                                    "object",
                                                    {
                                                      "key": "string",
                                                      "operator": "string",
                                                      "values": [
                                                        "list",
                                                        "string"
                                                      ]
                                                    }
                                                  ]
                                                ],
                                                "matchLabels": [
                                                  "map",
                                                  "string"
                                                ]
                                              }
                                            ],
                                            "namespaces": [
                                              "list",
                                              "string"
                                            ],
                                            "topologyKey": "string"
                                          }
                                        ]
                                      ]
                                    }
                                  ]
                                }
                              ],
                              "nodeSelector": [
                                "map",
                                "string"
                              ],
                              "tolerations": [
                                "list",
                                [
                                  "object",
                                  {
                                    "effect": "string",
                                    "key": "string",
                                    "operator": "string",
                                    "tolerationSeconds": "number",
                                    "value": "string"
                                  }
                                ]
                              ]
                            }
                          ],
                          "replicas": "number"
                        }
                      ],
                      "monitorAccount": "string",
                      "monitorNamespace": "string",
                      "productComponent": "string",
                      "productName": "string",
                      "productVersion": "string",
                      "serviceMonitorNamespace": "string",
                      "synchronizationPort": "string",
                      "uninstallStrategy": "string",
                      "workloadUpdateStrategy": [
                        "object",
                        {
                          "batchEvictionInterval": "string",
                          "batchEvictionSize": "number",
                          "workloadUpdateMethods": [
                            "list",
                            "string"
                          ]
                        }
                      ],
                      "workloads": [
                        "object",
                        {
                          "nodePlacement": [
                            "object",
                            {
                              "affinity": [
                                "object",
                                {
                                  "nodeAffinity": [
                                    "object",
                                    {
                                      "preferredDuringSchedulingIgnoredDuringExecution": [
                                        "list",
                                        [
                                          "object",
                                          {
                                            "preference": [
                                              "object",
                                              {
                                                "matchExpressions": [
                                                  "list",
                                                  [
                                                    "object",
                                                    {
                                                      "key": "string",
                                                      "operator": "string",
                                                      "values": [
                                                        "list",
                                                        "string"
                                                      ]
                                                    }
                                                  ]
                                                ],
                                                "matchFields": [
                                                  "list",
                                                  [
                                                    "object",
                                                    {
                                                      "key": "string",
                                                      "operator": "string",
                                                      "values": [
                                                        "list",
                                                        "string"
                                                      ]
                                                    }
                                                  ]
                                                ]
                                              }
                                            ],
                                            "weight": "number"
                                          }
                                        ]
                                      ],
                                      "requiredDuringSchedulingIgnoredDuringExecution": [
                                        "object",
                                        {
                                          "nodeSelectorTerms": [
                                            "list",
                                            [
                                              "object",
                                              {
                                                "matchExpressions": [
                                                  "list",
                                                  [
                                                    "object",
                                                    {
                                                      "key": "string",
                                                      "operator": "string",
                                                      "values": [
                                                        "list",
                                                        "string"
                                                      ]
                                                    }
                                                  ]
                                                ],
                                                "matchFields": [
                                                  "list",
                                                  [
                                                    "object",
                                                    {
                                                      "key": "string",
                                                      "operator": "string",
                                                      "values": [
                                                        "list",
                                                        "string"
                                                      ]
                                                    }
                                                  ]
                                                ]
                                              }
                                            ]
                                          ]
                                        }
                                      ]
                                    }
                                  ],
                                  "podAffinity": [
                                    "object",
                                    {
                                      "preferredDuringSchedulingIgnoredDuringExecution": [
                                        "list",
                                        [
                                          "object",
                                          {
                                            "podAffinityTerm": [
                                              "object",
                                              {
                                                "labelSelector": [
                                                  "object",
                                                  {
                                                    "matchExpressions": [
                                                      "list",
                                                      [
                                                        "object",
                                                        {
                                                          "key": "string",
                                                          "operator": "string",
                                                          "values": [
                                                            "list",
                                                            "string"
                                                          ]
                                                        }
                                                      ]
                                                    ],
                                                    "matchLabels": [
                                                      "map",
                                                      "string"
                                                    ]
                                                  }
                                                ],
                                                "matchLabelKeys": [
                                                  "list",
                                                  "string"
                                                ],
                                                "mismatchLabelKeys": [
                                                  "list",
                                                  "string"
                                                ],
                                                "namespaceSelector": [
                                                  "object",
                                                  {
                                                    "matchExpressions": [
                                                      "list",
                                                      [
                                                        "object",
                                                        {
                                                          "key": "string",
                                                          "operator": "string",
                                                          "values": [
                                                            "list",
                                                            "string"
                                                          ]
                                                        }
                                                      ]
                                                    ],
                                                    "matchLabels": [
                                                      "map",
                                                      "string"
                                                    ]
                                                  }
                                                ],
                                                "namespaces": [
                                                  "list",
                                                  "string"
                                                ],
                                                "topologyKey": "string"
                                              }
                                            ],
                                            "weight": "number"
                                          }
                                        ]
                                      ],
                                      "requiredDuringSchedulingIgnoredDuringExecution": [
                                        "list",
                                        [
                                          "object",
                                          {
                                            "labelSelector": [
                                              "object",
                                              {
                                                "matchExpressions": [
                                                  "list",
                                                  [
                                                    "object",
                                                    {
                                                      "key": "string",
                                                      "operator": "string",
                                                      "values": [
                                                        "list",
                                                        "string"
                                                      ]
                                                    }
                                                  ]
                                                ],
                                                "matchLabels": [
                                                  "map",
                                                  "string"
                                                ]
                                              }
                                            ],
                                            "matchLabelKeys": [
                                              "list",
                                              "string"
                                            ],
                                            "mismatchLabelKeys": [
                                              "list",
                                              "string"
                                            ],
                                            "namespaceSelector": [
                                              "object",
                                              {
                                                "matchExpressions": [
                                                  "list",
                                                  [
                                                    "object",
                                                    {
                                                      "key": "string",
                                                      "operator": "string",
                                                      "values": [
                                                        "list",
                                                        "string"
                                                      ]
                                                    }
                                                  ]
                                                ],
                                                "matchLabels": [
                                                  "map",
                                                  "string"
                                                ]
                                              }
                                            ],
                                            "namespaces": [
                                              "list",
                                              "string"
                                            ],
                                            "topologyKey": "string"
                                          }
                                        ]
                                      ]
                                    }
                                  ],
                                  "podAntiAffinity": [
                                    "object",
                                    {
                                      "preferredDuringSchedulingIgnoredDuringExecution": [
                                        "list",
                                        [
                                          "object",
                                          {
                                            "podAffinityTerm": [
                                              "object",
                                              {
                                                "labelSelector": [
                                                  "object",
                                                  {
                                                    "matchExpressions": [
                                                      "list",
                                                      [
                                                        "object",
                                                        {
                                                          "key": "string",
                                                          "operator": "string",
                                                          "values": [
                                                            "list",
                                                            "string"
                                                          ]
                                                        }
                                                      ]
                                                    ],
                                                    "matchLabels": [
                                                      "map",
                                                      "string"
                                                    ]
                                                  }
                                                ],
                                                "matchLabelKeys": [
                                                  "list",
                                                  "string"
                                                ],
                                                "mismatchLabelKeys": [
                                                  "list",
                                                  "string"
                                                ],
                                                "namespaceSelector": [
                                                  "object",
                                                  {
                                                    "matchExpressions": [
                                                      "list",
                                                      [
                                                        "object",
                                                        {
                                                          "key": "string",
                                                          "operator": "string",
                                                          "values": [
                                                            "list",
                                                            "string"
                                                          ]
                                                        }
                                                      ]
                                                    ],
                                                    "matchLabels": [
                                                      "map",
                                                      "string"
                                                    ]
                                                  }
                                                ],
                                                "namespaces": [
                                                  "list",
                                                  "string"
                                                ],
                                                "topologyKey": "string"
                                              }
                                            ],
                                            "weight": "number"
                                          }
                                        ]
                                      ],
                                      "requiredDuringSchedulingIgnoredDuringExecution": [
                                        "list",
                                        [
                                          "object",
                                          {
                                            "labelSelector": [
                                              "object",
                                              {
                                                "matchExpressions": [
                                                  "list",
                                                  [
                                                    "object",
                                                    {
                                                      "key": "string",
                                                      "operator": "string",
                                                      "values": [
                                                        "list",
                                                        "string"
                                                      ]
                                                    }
                                                  ]
                                                ],
                                                "matchLabels": [
                                                  "map",
                                                  "string"
                                                ]
                                              }
                                            ],
                                            "matchLabelKeys": [
                                              "list",
                                              "string"
                                            ],
                                            "mismatchLabelKeys": [
                                              "list",
                                              "string"
                                            ],
                                            "namespaceSelector": [
                                              "object",
                                              {
                                                "matchExpressions": [
                                                  "list",
                                                  [
                                                    "object",
                                                    {
                                                      "key": "string",
                                                      "operator": "string",
                                                      "values": [
                                                        "list",
                                                        "string"
                                                      ]
                                                    }
                                                  ]
                                                ],
                                                "matchLabels": [
                                                  "map",
                                                  "string"
                                                ]
                                              }
                                            ],
                                            "namespaces": [
                                              "list",
                                              "string"
                                            ],
                                            "topologyKey": "string"
                                          }
                                        ]
                                      ]
                                    }
                                  ]
                                }
                              ],
                              "nodeSelector": [
                                "map",
                                "string"
                              ],
                              "tolerations": [
                                "list",
                                [
                                  "object",
                                  {
                                    "effect": "string",
                                    "key": "string",
                                    "operator": "string",
                                    "tolerationSeconds": "number",
                                    "value": "string"
                                  }
                                ]
                              ]
                            }
                          ],
                          "replicas": "number"
                        }
                      ]
                    }
                  ]
                }
              ]
            },
            "timeouts": [],
            "wait": [],
            "wait_for": null
          },
          "sensitive_attributes": [],
          "identity_schema_version": 1,
          "identity": {
            "api_version": "kubevirt.io/v1",
            "kind": "KubeVirt",
            "name": "kubevirt",
            "namespace": "kubevirt"
          },
          "dependencies": [
            "module.kubevirt.kubernetes_namespace.kubevirt",
            "module.kubevirt.kubernetes_service_account.kubevirt_operator"
          ]
        }
      ]
    },
    {
      "module": "module.kubevirt",
      "mode": "managed",
      "type": "kubernetes_manifest",
      "name": "kubevirt_operator_clusterrolebinding",
      "provider": "provider[\"registry.terraform.io/hashicorp/kubernetes\"]",
      "instances": [
        {
          "schema_version": 1,
          "attributes": {
            "computed_fields": null,
            "field_manager": [],
            "manifest": {
              "value": {
                "apiVersion": "rbac.authorization.k8s.io/v1",
                "kind": "ClusterRoleBinding",
                "metadata": {
                  "name": "kubevirt-operator"
                },
                "roleRef": {
                  "apiGroup": "rbac.authorization.k8s.io",
                  "kind": "ClusterRole",
                  "name": "kubevirt-operator"
                },
                "subjects": [
                  {
                    "kind": "ServiceAccount",
                    "name": "kubevirt-operator",
                    "namespace": "kubevirt"
                  }
                ]
              },
              "type": [
                "object",
                {
                  "apiVersion": "string",
                  "kind": "string",
                  "metadata": [
                    "object",
                    {
                      "name": "string"
                    }
                  ],
                  "roleRef": [
                    "object",
                    {
                      "apiGroup": "string",
                      "kind": "string",
                      "name": "string"
                    }
                  ],
                  "subjects": [
                    "tuple",
                    [
                      [
                        "object",
                        {
                          "kind": "string",
                          "name": "string",
                          "namespace": "string"
                        }
                      ]
                    ]
                  ]
                }
              ]
            },
            "object": {
              "value": {
                "apiVersion": "rbac.authorization.k8s.io/v1",
                "kind": "ClusterRoleBinding",
                "metadata": {
                  "annotations": null,
                  "creationTimestamp": null,
                  "deletionGracePeriodSeconds": null,
                  "deletionTimestamp": null,
                  "finalizers": null,
                  "generateName": null,
                  "generation": null,
                  "labels": {
                    "kubevirt.io": ""
                  },
                  "managedFields": null,
                  "name": "kubevirt-operator",
                  "namespace": null,
                  "ownerReferences": null,
                  "resourceVersion": null,
                  "selfLink": null,
                  "uid": null
                },
                "roleRef": {
                  "apiGroup": "rbac.authorization.k8s.io",
                  "kind": "ClusterRole",
                  "name": "kubevirt-operator"
                },
                "subjects": [
                  {
                    "apiGroup": null,
                    "kind": "ServiceAccount",
                    "name": "kubevirt-operator",
                    "namespace": "kubevirt"
                  }
                ]
              },
              "type": [
                "object",
                {
                  "apiVersion": "string",
                  "kind": "string",
                  "metadata": [
                    "object",
                    {
                      "annotations": [
                        "map",
                        "string"
                      ],
                      "creationTimestamp": "string",
                      "deletionGracePeriodSeconds": "number",
                      "deletionTimestamp": "string",
                      "finalizers": [
                        "list",
                        "string"
                      ],
                      "generateName": "string",
                      "generation": "number",
                      "labels": [
                        "map",
                        "string"
                      ],
                      "managedFields": [
                        "tuple",
                        [
                          [
                            "object",
                            {
                              "apiVersion": "string",
                              "fieldsType": "string",
                              "fieldsV1": "dynamic",
                              "manager": "string",
                              "operation": "string",
                              "subresource": "string",
                              "time": "string"
                            }
                          ]
                        ]
                      ],
                      "name": "string",
                      "namespace": "string",
                      "ownerReferences": [
                        "list",
                        [
                          "object",
                          {
                            "apiVersion": "string",
                            "blockOwnerDeletion": "bool",
                            "controller": "bool",
                            "kind": "string",
                            "name": "string",
                            "uid": "string"
                          }
                        ]
                      ],
                      "resourceVersion": "string",
                      "selfLink": "string",
                      "uid": "string"
                    }
                  ],
                  "roleRef": [
                    "object",
                    {
                      "apiGroup": "string",
                      "kind": "string",
                      "name": "string"
                    }
                  ],
                  "subjects": [
                    "list",
                    [
                      "object",
                      {
                        "apiGroup": "string",
                        "kind": "string",
                        "name": "string",
                        "namespace": "string"
                      }
                    ]
                  ]
                }
              ]
            },
            "timeouts": [],
            "wait": [],
            "wait_for": null
          },
          "sensitive_attributes": [],
          "identity_schema_version": 1,
          "identity": {
            "api_version": "rbac.authorization.k8s.io/v1",
            "kind": "ClusterRoleBinding",
            "name": "kubevirt-operator",
            "namespace": ""
          },
          "dependencies": [
            "module.kubevirt.kubernetes_namespace.kubevirt",
            "module.kubevirt.kubernetes_service_account.kubevirt_operator"
          ]
        }
      ]
    },
    {
      "module": "module.kubevirt",
      "mode": "managed",
      "type": "kubernetes_manifest",
      "name": "kubevirt_operator_rolebinding",
      "provider": "provider[\"registry.terraform.io/hashicorp/kubernetes\"]",
      "instances": [
        {
          "schema_version": 1,
          "attributes": {
            "computed_fields": null,
            "field_manager": [],
            "manifest": {
              "value": {
                "apiVersion": "rbac.authorization.k8s.io/v1",
                "kind": "RoleBinding",
                "metadata": {
                  "name": "kubevirt-operator",
                  "namespace": "kubevirt"
                },
                "roleRef": {
                  "apiGroup": "rbac.authorization.k8s.io",
                  "kind": "Role",
                  "name": "kubevirt-operator"
                },
                "subjects": [
                  {
                    "kind": "ServiceAccount",
                    "name": "kubevirt-operator",
                    "namespace": "kubevirt"
                  }
                ]
              },
              "type": [
                "object",
                {
                  "apiVersion": "string",
                  "kind": "string",
                  "metadata": [
                    "object",
                    {
                      "name": "string",
                      "namespace": "string"
                    }
                  ],
                  "roleRef": [
                    "object",
                    {
                      "apiGroup": "string",
                      "kind": "string",
                      "name": "string"
                    }
                  ],
                  "subjects": [
                    "tuple",
                    [
                      [
                        "object",
                        {
                          "kind": "string",
                          "name": "string",
                          "namespace": "string"
                        }
                      ]
                    ]
                  ]
                }
              ]
            },
            "object": {
              "value": {
                "apiVersion": "rbac.authorization.k8s.io/v1",
                "kind": "RoleBinding",
                "metadata": {
                  "annotations": null,
                  "creationTimestamp": null,
                  "deletionGracePeriodSeconds": null,
                  "deletionTimestamp": null,
                  "finalizers": null,
                  "generateName": null,
                  "generation": null,
                  "labels": null,
                  "managedFields": null,
                  "name": "kubevirt-operator",
                  "namespace": "kubevirt",
                  "ownerReferences": null,
                  "resourceVersion": null,
                  "selfLink": null,
                  "uid": null
                },
                "roleRef": {
                  "apiGroup": "rbac.authorization.k8s.io",
                  "kind": "Role",
                  "name": "kubevirt-operator"
                },
                "subjects": [
                  {
                    "apiGroup": null,
                    "kind": "ServiceAccount",
                    "name": "kubevirt-operator",
                    "namespace": "kubevirt"
                  }
                ]
              },
              "type": [
                "object",
                {
                  "apiVersion": "string",
                  "kind": "string",
                  "metadata": [
                    "object",
                    {
                      "annotations": [
                        "map",
                        "string"
                      ],
                      "creationTimestamp": "string",
                      "deletionGracePeriodSeconds": "number",
                      "deletionTimestamp": "string",
                      "finalizers": [
                        "list",
                        "string"
                      ],
                      "generateName": "string",
                      "generation": "number",
                      "labels": [
                        "map",
                        "string"
                      ],
                      "managedFields": [
                        "tuple",
                        [
                          [
                            "object",
                            {
                              "apiVersion": "string",
                              "fieldsType": "string",
                              "fieldsV1": "dynamic",
                              "manager": "string",
                              "operation": "string",
                              "subresource": "string",
                              "time": "string"
                            }
                          ]
                        ]
                      ],
                      "name": "string",
                      "namespace": "string",
                      "ownerReferences": [
                        "list",
                        [
                          "object",
                          {
                            "apiVersion": "string",
                            "blockOwnerDeletion": "bool",
                            "controller": "bool",
                            "kind": "string",
                            "name": "string",
                            "uid": "string"
                          }
                        ]
                      ],
                      "resourceVersion": "string",
                      "selfLink": "string",
                      "uid": "string"
                    }
                  ],
                  "roleRef": [
                    "object",
                    {
                      "apiGroup": "string",
                      "kind": "string",
                      "name": "string"
                    }
                  ],
                  "subjects": [
                    "list",
                    [
                      "object",
                      {
                        "apiGroup": "string",
                        "kind": "string",
                        "name": "string",
                        "namespace": "string"
                      }
                    ]
                  ]
                }
              ]
            },
            "timeouts": [],
            "wait": [],
            "wait_for": null
          },
          "sensitive_attributes": [],
          "identity_schema_version": 1,
          "identity": {
            "api_version": "rbac.authorization.k8s.io/v1",
            "kind": "RoleBinding",
            "name": "kubevirt-operator",
            "namespace": "kubevirt"
          },
          "dependencies": [
            "module.kubevirt.kubernetes_namespace.kubevirt",
            "module.kubevirt.kubernetes_service_account.kubevirt_operator"
          ]
        }
      ]
    },
    {
      "module": "module.kubevirt",
      "mode": "managed",
      "type": "kubernetes_namespace",
      "name": "kubevirt",
      "provider": "provider[\"registry.terraform.io/hashicorp/kubernetes\"]",
      "instances": [
        {
          "schema_version": 0,
          "attributes": {
            "id": "kubevirt",
            "metadata": [
              {
                "annotations": {
                  "cattle.io/status": "{\"Conditions\":[{\"Type\":\"ResourceQuotaInit\",\"Status\":\"True\",\"Message\":\"\",\"LastUpdateTime\":\"2026-08-02T08:54:36Z\"}]}",
                  "lifecycle.cattle.io/create.namespace-auth": "true"
                },
                "generate_name": "",
                "generation": 0,
                "labels": {},
                "name": "kubevirt",
                "resource_version": "12281099",
                "uid": "cfec1af0-6821-4102-b753-30dee23713a7"
              }
            ],
            "timeouts": null,
            "wait_for_default_service_account": false
          },
          "sensitive_attributes": [],
          "identity_schema_version": 1,
          "identity": {
            "api_version": "v1",
            "kind": "Namespace",
            "name": "kubevirt"
          },
          "private": "eyJlMmJmYjczMC1lY2FhLTExZTYtOGY4OC0zNDM2M2JjN2M0YzAiOnsiZGVsZXRlIjozMDAwMDAwMDAwMDB9fQ=="
        }
      ]
    },
    {
      "module": "module.kubevirt",
      "mode": "managed",
      "type": "kubernetes_service_account",
      "name": "kubevirt_operator",
      "provider": "provider[\"registry.terraform.io/hashicorp/kubernetes\"]",
      "instances": [
        {
          "schema_version": 0,
          "attributes": {
            "automount_service_account_token": true,
            "default_secret_name": "",
            "id": "kubevirt/kubevirt-operator",
            "image_pull_secret": [],
            "metadata": [
              {
                "annotations": {},
                "generate_name": "",
                "generation": 0,
                "labels": {},
                "name": "kubevirt-operator",
                "namespace": "kubevirt",
                "resource_version": "12232231",
                "uid": "882c9ef4-42af-4bb1-b77e-4e977b2b26a2"
              }
            ],
            "secret": [],
            "timeouts": null
          },
          "sensitive_attributes": [],
          "identity_schema_version": 1,
          "identity": {
            "api_version": "v1",
            "kind": "ServiceAccount",
            "name": "kubevirt-operator",
            "namespace": "kubevirt"
          },
          "private": "eyJlMmJmYjczMC1lY2FhLTExZTYtOGY4OC0zNDM2M2JjN2M0YzAiOnsiY3JlYXRlIjozMDAwMDAwMDAwMH19",
          "dependencies": [
            "module.kubevirt.kubernetes_namespace.kubevirt"
          ]
        }
      ]
    },
    {
      "module": "module.kubevirt_manager",
      "mode": "managed",
      "type": "kubernetes_manifest",
      "name": "kubevirt_manager",
      "provider": "provider[\"registry.terraform.io/hashicorp/kubernetes\"]",
      "instances": [
        {
          "index_key": "ClusterRole-kubevirt-manager",
          "schema_version": 1,
          "attributes": {
            "computed_fields": null,
            "field_manager": [],
            "manifest": {
              "value": {
                "apiVersion": "rbac.authorization.k8s.io/v1",
                "kind": "ClusterRole",
                "metadata": {
                  "name": "kubevirt-manager"
                },
                "rules": [
                  {
                    "apiGroups": [
                      ""
                    ],
                    "resources": [
                      "nodes",
                      "namespaces",
                      "pods"
                    ],
                    "verbs": [
                      "get",
                      "list"
                    ]
                  },
                  {
                    "apiGroups": [
                      ""
                    ],
                    "resources": [
                      "pods/log"
                    ],
                    "verbs": [
                      "get",
                      "list"
                    ]
                  },
                  {
                    "apiGroups": [
                      ""
                    ],
                    "resources": [
                      "customresourcedefinitions"
                    ],
                    "verbs": [
                      "get",
                      "list"
                    ]
                  },
                  {
                    "apiGroups": [
                      "networking.k8s.io"
                    ],
                    "resources": [
                      "networkpolicies"
                    ],
                    "verbs": [
                      "*"
                    ]
                  },
                  {
                    "apiGroups": [
                      ""
                    ],
                    "resources": [
                      "persistentvolumeclaims",
                      "persistentvolumes",
                      "services",
                      "secrets",
                      "serviceaccounts",
                      "configmaps"
                    ],
                    "verbs": [
                      "*"
                    ]
                  },
                  {
                    "apiGroups": [
                      "apps"
                    ],
                    "resources": [
                      "deployments"
                    ],
                    "verbs": [
                      "*"
                    ]
                  },
                  {
                    "apiGroups": [
                      "rbac.authorization.k8s.io"
                    ],
                    "resources": [
                      "role",
                      "clusterrole"
                    ],
                    "verbs": [
                      "get",
                      "list"
                    ]
                  },
                  {
                    "apiGroups": [
                      "rbac.authorization.k8s.io"
                    ],
                    "resources": [
                      "rolebindings",
                      "clusterrolebindings"
                    ],
                    "verbs": [
                      "*"
                    ]
                  },
                  {
                    "apiGroups": [
                      "storage.k8s.io"
                    ],
                    "resources": [
                      "storageclasses"
                    ],
                    "verbs": [
                      "get",
                      "list"
                    ]
                  },
                  {
                    "apiGroups": [
                      "apiextensions.k8s.io"
                    ],
                    "resources": [
                      "customresourcedefinitions"
                    ],
                    "verbs": [
                      "get",
                      "list"
                    ]
                  },
                  {
                    "apiGroups": [
                      "k8s.cni.cncf.io"
                    ],
                    "resources": [
                      "network-attachment-definitions"
                    ],
                    "verbs": [
                      "get",
                      "list"
                    ]
                  },
                  {
                    "apiGroups": [
                      "kubevirt.io"
                    ],
                    "resources": [
                      "virtualmachines",
                      "virtualmachineinstances",
                      "virtualmachineinstancemigrations"
                    ],
                    "verbs": [
                      "*"
                    ]
                  },
                  {
                    "apiGroups": [
                      "subresources.kubevirt.io"
                    ],
                    "resources": [
                      "*"
                    ],
                    "verbs": [
                      "get",
                      "list",
                      "update",
                      "patch"
                    ]
                  },
                  {
                    "apiGroups": [
                      "instancetype.kubevirt.io"
                    ],
                    "resources": [
                      "*"
                    ],
                    "verbs": [
                      "*"
                    ]
                  },
                  {
                    "apiGroups": [
                      "cdi.kubevirt.io"
                    ],
                    "resources": [
                      "*"
                    ],
                    "verbs": [
                      "*"
                    ]
                  },
                  {
                    "apiGroups": [
                      "pool.kubevirt.io"
                    ],
                    "resources": [
                      "*"
                    ],
                    "verbs": [
                      "*"
                    ]
                  },
                  {
                    "apiGroups": [
                      "scheduling.k8s.io"
                    ],
                    "resources": [
                      "priorityclasses"
                    ],
                    "verbs": [
                      "get",
                      "list"
                    ]
                  },
                  {
                    "apiGroups": [
                      "autoscaling"
                    ],
                    "resources": [
                      "horizontalpodautoscalers"
                    ],
                    "verbs": [
                      "*"
                    ]
                  },
                  {
                    "apiGroups": [
                      "cluster.x-k8s.io"
                    ],
                    "resources": [
                      "clusters",
                      "machinedeployments"
                    ],
                    "verbs": [
                      "*"
                    ]
                  },
                  {
                    "apiGroups": [
                      "controlplane.cluster.x-k8s.io"
                    ],
                    "resources": [
                      "kubeadmcontrolplanes"
                    ],
                    "verbs": [
                      "*"
                    ]
                  },
                  {
                    "apiGroups": [
                      "infrastructure.cluster.x-k8s.io"
                    ],
                    "resources": [
                      "kubevirtmachinetemplates",
                      "kubevirtclusters"
                    ],
                    "verbs": [
                      "*"
                    ]
                  },
                  {
                    "apiGroups": [
                      "bootstrap.cluster.x-k8s.io"
                    ],
                    "resources": [
                      "kubeadmconfigtemplates"
                    ],
                    "verbs": [
                      "*"
                    ]
                  },
                  {
                    "apiGroups": [
                      "addons.cluster.x-k8s.io"
                    ],
                    "resources": [
                      "clusterresourcesets"
                    ],
                    "verbs": [
                      "*"
                    ]
                  },
                  {
                    "apiGroups": [
                      "kubevirt-manager.io"
                    ],
                    "resources": [
                      "images"
                    ],
                    "verbs": [
                      "*"
                    ]
                  },
                  {
                    "apiGroups": [
                      "snapshot.kubevirt.io"
                    ],
                    "resources": [
                      "virtualmachinesnapshots",
                      "virtualmachinesnapshotcontents",
                      "virtualmachinerestores"
                    ],
                    "verbs": [
                      "get",
                      "list",
                      "watch",
                      "create",
                      "delete"
                    ]
                  }
                ]
              },
              "type": [
                "object",
                {
                  "apiVersion": "string",
                  "kind": "string",
                  "metadata": [
                    "object",
                    {
                      "name": "string"
                    }
                  ],
                  "rules": [
                    "tuple",
                    [
                      [
                        "object",
                        {
                          "apiGroups": [
                            "tuple",
                            [
                              "string"
                            ]
                          ],
                          "resources": [
                            "tuple",
                            [
                              "string",
                              "string",
                              "string"
                            ]
                          ],
                          "verbs": [
                            "tuple",
                            [
                              "string",
                              "string"
                            ]
                          ]
                        }
                      ],
                      [
                        "object",
                        {
                          "apiGroups": [
                            "tuple",
                            [
                              "string"
                            ]
                          ],
                          "resources": [
                            "tuple",
                            [
                              "string"
                            ]
                          ],
                          "verbs": [
                            "tuple",
                            [
                              "string",
                              "string"
                            ]
                          ]
                        }
                      ],
                      [
                        "object",
                        {
                          "apiGroups": [
                            "tuple",
                            [
                              "string"
                            ]
                          ],
                          "resources": [
                            "tuple",
                            [
                              "string"
                            ]
                          ],
                          "verbs": [
                            "tuple",
                            [
                              "string",
                              "string"
                            ]
                          ]
                        }
                      ],
                      [
                        "object",
                        {
                          "apiGroups": [
                            "tuple",
                            [
                              "string"
                            ]
                          ],
                          "resources": [
                            "tuple",
                            [
                              "string"
                            ]
                          ],
                          "verbs": [
                            "tuple",
                            [
                              "string"
                            ]
                          ]
                        }
                      ],
                      [
                        "object",
                        {
                          "apiGroups": [
                            "tuple",
                            [
                              "string"
                            ]
                          ],
                          "resources": [
                            "tuple",
                            [
                              "string",
                              "string",
                              "string",
                              "string",
                              "string",
                              "string"
                            ]
                          ],
                          "verbs": [
                            "tuple",
                            [
                              "string"
                            ]
                          ]
                        }
                      ],
                      [
                        "object",
                        {
                          "apiGroups": [
                            "tuple",
                            [
                              "string"
                            ]
                          ],
                          "resources": [
                            "tuple",
                            [
                              "string"
                            ]
                          ],
                          "verbs": [
                            "tuple",
                            [
                              "string"
                            ]
                          ]
                        }
                      ],
                      [
                        "object",
                        {
                          "apiGroups": [
                            "tuple",
                            [
                              "string"
                            ]
                          ],
                          "resources": [
                            "tuple",
                            [
                              "string",
                              "string"
                            ]
                          ],
                          "verbs": [
                            "tuple",
                            [
                              "string",
                              "string"
                            ]
                          ]
                        }
                      ],
                      [
                        "object",
                        {
                          "apiGroups": [
                            "tuple",
                            [
                              "string"
                            ]
                          ],
                          "resources": [
                            "tuple",
                            [
                              "string",
                              "string"
                            ]
                          ],
                          "verbs": [
                            "tuple",
                            [
                              "string"
                            ]
                          ]
                        }
                      ],
                      [
                        "object",
                        {
                          "apiGroups": [
                            "tuple",
                            [
                              "string"
                            ]
                          ],
                          "resources": [
                            "tuple",
                            [
                              "string"
                            ]
                          ],
                          "verbs": [
                            "tuple",
                            [
                              "string",
                              "string"
                            ]
                          ]
                        }
                      ],
                      [
                        "object",
                        {
                          "apiGroups": [
                            "tuple",
                            [
                              "string"
                            ]
                          ],
                          "resources": [
                            "tuple",
                            [
                              "string"
                            ]
                          ],
                          "verbs": [
                            "tuple",
                            [
                              "string",
                              "string"
                            ]
                          ]
                        }
                      ],
                      [
                        "object",
                        {
                          "apiGroups": [
                            "tuple",
                            [
                              "string"
                            ]
                          ],
                          "resources": [
                            "tuple",
                            [
                              "string"
                            ]
                          ],
                          "verbs": [
                            "tuple",
                            [
                              "string",
                              "string"
                            ]
                          ]
                        }
                      ],
                      [
                        "object",
                        {
                          "apiGroups": [
                            "tuple",
                            [
                              "string"
                            ]
                          ],
                          "resources": [
                            "tuple",
                            [
                              "string",
                              "string",
                              "string"
                            ]
                          ],
                          "verbs": [
                            "tuple",
                            [
                              "string"
                            ]
                          ]
                        }
                      ],
                      [
                        "object",
                        {
                          "apiGroups": [
                            "tuple",
                            [
                              "string"
                            ]
                          ],
                          "resources": [
                            "tuple",
                            [
                              "string"
                            ]
                          ],
                          "verbs": [
                            "tuple",
                            [
                              "string",
                              "string",
                              "string",
                              "string"
                            ]
                          ]
                        }
                      ],
                      [
                        "object",
                        {
                          "apiGroups": [
                            "tuple",
                            [
                              "string"
                            ]
                          ],
                          "resources": [
                            "tuple",
                            [
                              "string"
                            ]
                          ],
                          "verbs": [
                            "tuple",
                            [
                              "string"
                            ]
                          ]
                        }
                      ],
                      [
                        "object",
                        {
                          "apiGroups": [
                            "tuple",
                            [
                              "string"
                            ]
                          ],
                          "resources": [
                            "tuple",
                            [
                              "string"
                            ]
                          ],
                          "verbs": [
                            "tuple",
                            [
                              "string"
                            ]
                          ]
                        }
                      ],
                      [
                        "object",
                        {
                          "apiGroups": [
                            "tuple",
                            [
                              "string"
                            ]
                          ],
                          "resources": [
                            "tuple",
                            [
                              "string"
                            ]
                          ],
                          "verbs": [
                            "tuple",
                            [
                              "string"
                            ]
                          ]
                        }
                      ],
                      [
                        "object",
                        {
                          "apiGroups": [
                            "tuple",
                            [
                              "string"
                            ]
                          ],
                          "resources": [
                            "tuple",
                            [
                              "string"
                            ]
                          ],
                          "verbs": [
                            "tuple",
                            [
                              "string",
                              "string"
                            ]
                          ]
                        }
                      ],
                      [
                        "object",
                        {
                          "apiGroups": [
                            "tuple",
                            [
                              "string"
                            ]
                          ],
                          "resources": [
                            "tuple",
                            [
                              "string"
                            ]
                          ],
                          "verbs": [
                            "tuple",
                            [
                              "string"
                            ]
                          ]
                        }
                      ],
                      [
                        "object",
                        {
                          "apiGroups": [
                            "tuple",
                            [
                              "string"
                            ]
                          ],
                          "resources": [
                            "tuple",
                            [
                              "string",
                              "string"
                            ]
                          ],
                          "verbs": [
                            "tuple",
                            [
                              "string"
                            ]
                          ]
                        }
                      ],
                      [
                        "object",
                        {
                          "apiGroups": [
                            "tuple",
                            [
                              "string"
                            ]
                          ],
                          "resources": [
                            "tuple",
                            [
                              "string"
                            ]
                          ],
                          "verbs": [
                            "tuple",
                            [
                              "string"
                            ]
                          ]
                        }
                      ],
                      [
                        "object",
                        {
                          "apiGroups": [
                            "tuple",
                            [
                              "string"
                            ]
                          ],
                          "resources": [
                            "tuple",
                            [
                              "string",
                              "string"
                            ]
                          ],
                          "verbs": [
                            "tuple",
                            [
                              "string"
                            ]
                          ]
                        }
                      ],
                      [
                        "object",
                        {
                          "apiGroups": [
                            "tuple",
                            [
                              "string"
                            ]
                          ],
                          "resources": [
                            "tuple",
                            [
                              "string"
                            ]
                          ],
                          "verbs": [
                            "tuple",
                            [
                              "string"
                            ]
                          ]
                        }
                      ],
                      [
                        "object",
                        {
                          "apiGroups": [
                            "tuple",
                            [
                              "string"
                            ]
                          ],
                          "resources": [
                            "tuple",
                            [
                              "string"
                            ]
                          ],
                          "verbs": [
                            "tuple",
                            [
                              "string"
                            ]
                          ]
                        }
                      ],
                      [
                        "object",
                        {
                          "apiGroups": [
                            "tuple",
                            [
                              "string"
                            ]
                          ],
                          "resources": [
                            "tuple",
                            [
                              "string"
                            ]
                          ],
                          "verbs": [
                            "tuple",
                            [
                              "string"
                            ]
                          ]
                        }
                      ],
                      [
                        "object",
                        {
                          "apiGroups": [
                            "tuple",
                            [
                              "string"
                            ]
                          ],
                          "resources": [
                            "tuple",
                            [
                              "string",
                              "string",
                              "string"
                            ]
                          ],
                          "verbs": [
                            "tuple",
                            [
                              "string",
                              "string",
                              "string",
                              "string",
                              "string"
                            ]
                          ]
                        }
                      ]
                    ]
                  ]
                }
              ]
            },
            "object": {
              "value": {
                "aggregationRule": {
                  "clusterRoleSelectors": null
                },
                "apiVersion": "rbac.authorization.k8s.io/v1",
                "kind": "ClusterRole",
                "metadata": {
                  "annotations": null,
                  "creationTimestamp": null,
                  "deletionGracePeriodSeconds": null,
                  "deletionTimestamp": null,
                  "finalizers": null,
                  "generateName": null,
                  "generation": null,
                  "labels": null,
                  "managedFields": null,
                  "name": "kubevirt-manager",
                  "namespace": null,
                  "ownerReferences": null,
                  "resourceVersion": null,
                  "selfLink": null,
                  "uid": null
                },
                "rules": [
                  {
                    "apiGroups": [
                      ""
                    ],
                    "nonResourceURLs": null,
                    "resourceNames": null,
                    "resources": [
                      "nodes",
                      "namespaces",
                      "pods"
                    ],
                    "verbs": [
                      "get",
                      "list"
                    ]
                  },
                  {
                    "apiGroups": [
                      ""
                    ],
                    "nonResourceURLs": null,
                    "resourceNames": null,
                    "resources": [
                      "pods/log"
                    ],
                    "verbs": [
                      "get",
                      "list"
                    ]
                  },
                  {
                    "apiGroups": [
                      ""
                    ],
                    "nonResourceURLs": null,
                    "resourceNames": null,
                    "resources": [
                      "customresourcedefinitions"
                    ],
                    "verbs": [
                      "get",
                      "list"
                    ]
                  },
                  {
                    "apiGroups": [
                      "networking.k8s.io"
                    ],
                    "nonResourceURLs": null,
                    "resourceNames": null,
                    "resources": [
                      "networkpolicies"
                    ],
                    "verbs": [
                      "*"
                    ]
                  },
                  {
                    "apiGroups": [
                      ""
                    ],
                    "nonResourceURLs": null,
                    "resourceNames": null,
                    "resources": [
                      "persistentvolumeclaims",
                      "persistentvolumes",
                      "services",
                      "secrets",
                      "serviceaccounts",
                      "configmaps"
                    ],
                    "verbs": [
                      "*"
                    ]
                  },
                  {
                    "apiGroups": [
                      "apps"
                    ],
                    "nonResourceURLs": null,
                    "resourceNames": null,
                    "resources": [
                      "deployments"
                    ],
                    "verbs": [
                      "*"
                    ]
                  },
                  {
                    "apiGroups": [
                      "rbac.authorization.k8s.io"
                    ],
                    "nonResourceURLs": null,
                    "resourceNames": null,
                    "resources": [
                      "role",
                      "clusterrole"
                    ],
                    "verbs": [
                      "get",
                      "list"
                    ]
                  },
                  {
                    "apiGroups": [
                      "rbac.authorization.k8s.io"
                    ],
                    "nonResourceURLs": null,
                    "resourceNames": null,
                    "resources": [
                      "rolebindings",
                      "clusterrolebindings"
                    ],
                    "verbs": [
                      "*"
                    ]
                  },
                  {
                    "apiGroups": [
                      "storage.k8s.io"
                    ],
                    "nonResourceURLs": null,
                    "resourceNames": null,
                    "resources": [
                      "storageclasses"
                    ],
                    "verbs": [
                      "get",
                      "list"
                    ]
                  },
                  {
                    "apiGroups": [
                      "apiextensions.k8s.io"
                    ],
                    "nonResourceURLs": null,
                    "resourceNames": null,
                    "resources": [
                      "customresourcedefinitions"
                    ],
                    "verbs": [
                      "get",
                      "list"
                    ]
                  },
                  {
                    "apiGroups": [
                      "k8s.cni.cncf.io"
                    ],
                    "nonResourceURLs": null,
                    "resourceNames": null,
                    "resources": [
                      "network-attachment-definitions"
                    ],
                    "verbs": [
                      "get",
                      "list"
                    ]
                  },
                  {
                    "apiGroups": [
                      "kubevirt.io"
                    ],
                    "nonResourceURLs": null,
                    "resourceNames": null,
                    "resources": [
                      "virtualmachines",
                      "virtualmachineinstances",
                      "virtualmachineinstancemigrations"
                    ],
                    "verbs": [
                      "*"
                    ]
                  },
                  {
                    "apiGroups": [
                      "subresources.kubevirt.io"
                    ],
                    "nonResourceURLs": null,
                    "resourceNames": null,
                    "resources": [
                      "*"
                    ],
                    "verbs": [
                      "get",
                      "list",
                      "update",
                      "patch"
                    ]
                  },
                  {
                    "apiGroups": [
                      "instancetype.kubevirt.io"
                    ],
                    "nonResourceURLs": null,
                    "resourceNames": null,
                    "resources": [
                      "*"
                    ],
                    "verbs": [
                      "*"
                    ]
                  },
                  {
                    "apiGroups": [
                      "cdi.kubevirt.io"
                    ],
                    "nonResourceURLs": null,
                    "resourceNames": null,
                    "resources": [
                      "*"
                    ],
                    "verbs": [
                      "*"
                    ]
                  },
                  {
                    "apiGroups": [
                      "pool.kubevirt.io"
                    ],
                    "nonResourceURLs": null,
                    "resourceNames": null,
                    "resources": [
                      "*"
                    ],
                    "verbs": [
                      "*"
                    ]
                  },
                  {
                    "apiGroups": [
                      "scheduling.k8s.io"
                    ],
                    "nonResourceURLs": null,
                    "resourceNames": null,
                    "resources": [
                      "priorityclasses"
                    ],
                    "verbs": [
                      "get",
                      "list"
                    ]
                  },
                  {
                    "apiGroups": [
                      "autoscaling"
                    ],
                    "nonResourceURLs": null,
                    "resourceNames": null,
                    "resources": [
                      "horizontalpodautoscalers"
                    ],
                    "verbs": [
                      "*"
                    ]
                  },
                  {
                    "apiGroups": [
                      "cluster.x-k8s.io"
                    ],
                    "nonResourceURLs": null,
                    "resourceNames": null,
                    "resources": [
                      "clusters",
                      "machinedeployments"
                    ],
                    "verbs": [
                      "*"
                    ]
                  },
                  {
                    "apiGroups": [
                      "controlplane.cluster.x-k8s.io"
                    ],
                    "nonResourceURLs": null,
                    "resourceNames": null,
                    "resources": [
                      "kubeadmcontrolplanes"
                    ],
                    "verbs": [
                      "*"
                    ]
                  },
                  {
                    "apiGroups": [
                      "infrastructure.cluster.x-k8s.io"
                    ],
                    "nonResourceURLs": null,
                    "resourceNames": null,
                    "resources": [
                      "kubevirtmachinetemplates",
                      "kubevirtclusters"
                    ],
                    "verbs": [
                      "*"
                    ]
                  },
                  {
                    "apiGroups": [
                      "bootstrap.cluster.x-k8s.io"
                    ],
                    "nonResourceURLs": null,
                    "resourceNames": null,
                    "resources": [
                      "kubeadmconfigtemplates"
                    ],
                    "verbs": [
                      "*"
                    ]
                  },
                  {
                    "apiGroups": [
                      "addons.cluster.x-k8s.io"
                    ],
                    "nonResourceURLs": null,
                    "resourceNames": null,
                    "resources": [
                      "clusterresourcesets"
                    ],
                    "verbs": [
                      "*"
                    ]
                  },
                  {
                    "apiGroups": [
                      "kubevirt-manager.io"
                    ],
                    "nonResourceURLs": null,
                    "resourceNames": null,
                    "resources": [
                      "images"
                    ],
                    "verbs": [
                      "*"
                    ]
                  },
                  {
                    "apiGroups": [
                      "snapshot.kubevirt.io"
                    ],
                    "nonResourceURLs": null,
                    "resourceNames": null,
                    "resources": [
                      "virtualmachinesnapshots",
                      "virtualmachinesnapshotcontents",
                      "virtualmachinerestores"
                    ],
                    "verbs": [
                      "get",
                      "list",
                      "watch",
                      "create",
                      "delete"
                    ]
                  }
                ]
              },
              "type": [
                "object",
                {
                  "aggregationRule": [
                    "object",
                    {
                      "clusterRoleSelectors": [
                        "list",
                        [
                          "object",
                          {
                            "matchExpressions": [
                              "list",
                              [
                                "object",
                                {
                                  "key": "string",
                                  "operator": "string",
                                  "values": [
                                    "list",
                                    "string"
                                  ]
                                }
                              ]
                            ],
                            "matchLabels": [
                              "map",
                              "string"
                            ]
                          }
                        ]
                      ]
                    }
                  ],
                  "apiVersion": "string",
                  "kind": "string",
                  "metadata": [
                    "object",
                    {
                      "annotations": [
                        "map",
                        "string"
                      ],
                      "creationTimestamp": "string",
                      "deletionGracePeriodSeconds": "number",
                      "deletionTimestamp": "string",
                      "finalizers": [
                        "list",
                        "string"
                      ],
                      "generateName": "string",
                      "generation": "number",
                      "labels": [
                        "map",
                        "string"
                      ],
                      "managedFields": [
                        "tuple",
                        [
                          [
                            "object",
                            {
                              "apiVersion": "string",
                              "fieldsType": "string",
                              "fieldsV1": "dynamic",
                              "manager": "string",
                              "operation": "string",
                              "subresource": "string",
                              "time": "string"
                            }
                          ]
                        ]
                      ],
                      "name": "string",
                      "namespace": "string",
                      "ownerReferences": [
                        "list",
                        [
                          "object",
                          {
                            "apiVersion": "string",
                            "blockOwnerDeletion": "bool",
                            "controller": "bool",
                            "kind": "string",
                            "name": "string",
                            "uid": "string"
                          }
                        ]
                      ],
                      "resourceVersion": "string",
                      "selfLink": "string",
                      "uid": "string"
                    }
                  ],
                  "rules": [
                    "list",
                    [
                      "object",
                      {
                        "apiGroups": [
                          "list",
                          "string"
                        ],
                        "nonResourceURLs": [
                          "list",
                          "string"
                        ],
                        "resourceNames": [
                          "list",
                          "string"
                        ],
                        "resources": [
                          "list",
                          "string"
                        ],
                        "verbs": [
                          "list",
                          "string"
                        ]
                      }
                    ]
                  ]
                }
              ]
            },
            "timeouts": [],
            "wait": [],
            "wait_for": null
          },
          "sensitive_attributes": [],
          "identity_schema_version": 1,
          "identity": {
            "api_version": "rbac.authorization.k8s.io/v1",
            "kind": "ClusterRole",
            "name": "kubevirt-manager",
            "namespace": ""
          },
          "dependencies": [
            "module.kubevirt_manager.kubernetes_namespace.kubevirt_manager"
          ]
        },
        {
          "index_key": "ClusterRole-kubevirt-manager-cas-management",
          "schema_version": 1,
          "attributes": {
            "computed_fields": null,
            "field_manager": [],
            "manifest": {
              "value": {
                "apiVersion": "rbac.authorization.k8s.io/v1",
                "kind": "ClusterRole",
                "metadata": {
                  "name": "kubevirt-manager-cas-management"
                },
                "rules": [
                  {
                    "apiGroups": [
                      "cluster.x-k8s.io"
                    ],
                    "resources": [
                      "machinedeployments",
                      "machinedeployments/scale",
                      "machines",
                      "machinesets",
                      "machinepools"
                    ],
                    "verbs": [
                      "get",
                      "list",
                      "watch",
                      "update"
                    ]
                  },
                  {
                    "apiGroups": [
                      "infrastructure.cluster.x-k8s.io"
                    ],
                    "resources": [
                      "kubevirtcluster",
                      "kubevirtmachinetemplate",
                      "kubevirtmachinetemplates"
                    ],
                    "verbs": [
                      "get",
                      "list",
                      "watch",
                      "update"
                    ]
                  }
                ]
              },
              "type": [
                "object",
                {
                  "apiVersion": "string",
                  "kind": "string",
                  "metadata": [
                    "object",
                    {
                      "name": "string"
                    }
                  ],
                  "rules": [
                    "tuple",
                    [
                      [
                        "object",
                        {
                          "apiGroups": [
                            "tuple",
                            [
                              "string"
                            ]
                          ],
                          "resources": [
                            "tuple",
                            [
                              "string",
                              "string",
                              "string",
                              "string",
                              "string"
                            ]
                          ],
                          "verbs": [
                            "tuple",
                            [
                              "string",
                              "string",
                              "string",
                              "string"
                            ]
                          ]
                        }
                      ],
                      [
                        "object",
                        {
                          "apiGroups": [
                            "tuple",
                            [
                              "string"
                            ]
                          ],
                          "resources": [
                            "tuple",
                            [
                              "string",
                              "string",
                              "string"
                            ]
                          ],
                          "verbs": [
                            "tuple",
                            [
                              "string",
                              "string",
                              "string",
                              "string"
                            ]
                          ]
                        }
                      ]
                    ]
                  ]
                }
              ]
            },
            "object": {
              "value": {
                "aggregationRule": {
                  "clusterRoleSelectors": null
                },
                "apiVersion": "rbac.authorization.k8s.io/v1",
                "kind": "ClusterRole",
                "metadata": {
                  "annotations": null,
                  "creationTimestamp": null,
                  "deletionGracePeriodSeconds": null,
                  "deletionTimestamp": null,
                  "finalizers": null,
                  "generateName": null,
                  "generation": null,
                  "labels": null,
                  "managedFields": null,
                  "name": "kubevirt-manager-cas-management",
                  "namespace": null,
                  "ownerReferences": null,
                  "resourceVersion": null,
                  "selfLink": null,
                  "uid": null
                },
                "rules": [
                  {
                    "apiGroups": [
                      "cluster.x-k8s.io"
                    ],
                    "nonResourceURLs": null,
                    "resourceNames": null,
                    "resources": [
                      "machinedeployments",
                      "machinedeployments/scale",
                      "machines",
                      "machinesets",
                      "machinepools"
                    ],
                    "verbs": [
                      "get",
                      "list",
                      "watch",
                      "update"
                    ]
                  },
                  {
                    "apiGroups": [
                      "infrastructure.cluster.x-k8s.io"
                    ],
                    "nonResourceURLs": null,
                    "resourceNames": null,
                    "resources": [
                      "kubevirtcluster",
                      "kubevirtmachinetemplate",
                      "kubevirtmachinetemplates"
                    ],
                    "verbs": [
                      "get",
                      "list",
                      "watch",
                      "update"
                    ]
                  }
                ]
              },
              "type": [
                "object",
                {
                  "aggregationRule": [
                    "object",
                    {
                      "clusterRoleSelectors": [
                        "list",
                        [
                          "object",
                          {
                            "matchExpressions": [
                              "list",
                              [
                                "object",
                                {
                                  "key": "string",
                                  "operator": "string",
                                  "values": [
                                    "list",
                                    "string"
                                  ]
                                }
                              ]
                            ],
                            "matchLabels": [
                              "map",
                              "string"
                            ]
                          }
                        ]
                      ]
                    }
                  ],
                  "apiVersion": "string",
                  "kind": "string",
                  "metadata": [
                    "object",
                    {
                      "annotations": [
                        "map",
                        "string"
                      ],
                      "creationTimestamp": "string",
                      "deletionGracePeriodSeconds": "number",
                      "deletionTimestamp": "string",
                      "finalizers": [
                        "list",
                        "string"
                      ],
                      "generateName": "string",
                      "generation": "number",
                      "labels": [
                        "map",
                        "string"
                      ],
                      "managedFields": [
                        "tuple",
                        [
                          [
                            "object",
                            {
                              "apiVersion": "string",
                              "fieldsType": "string",
                              "fieldsV1": "dynamic",
                              "manager": "string",
                              "operation": "string",
                              "subresource": "string",
                              "time": "string"
                            }
                          ]
                        ]
                      ],
                      "name": "string",
                      "namespace": "string",
                      "ownerReferences": [
                        "list",
                        [
                          "object",
                          {
                            "apiVersion": "string",
                            "blockOwnerDeletion": "bool",
                            "controller": "bool",
                            "kind": "string",
                            "name": "string",
                            "uid": "string"
                          }
                        ]
                      ],
                      "resourceVersion": "string",
                      "selfLink": "string",
                      "uid": "string"
                    }
                  ],
                  "rules": [
                    "list",
                    [
                      "object",
                      {
                        "apiGroups": [
                          "list",
                          "string"
                        ],
                        "nonResourceURLs": [
                          "list",
                          "string"
                        ],
                        "resourceNames": [
                          "list",
                          "string"
                        ],
                        "resources": [
                          "list",
                          "string"
                        ],
                        "verbs": [
                          "list",
                          "string"
                        ]
                      }
                    ]
                  ]
                }
              ]
            },
            "timeouts": [],
            "wait": [],
            "wait_for": null
          },
          "sensitive_attributes": [],
          "identity_schema_version": 1,
          "identity": {
            "api_version": "rbac.authorization.k8s.io/v1",
            "kind": "ClusterRole",
            "name": "kubevirt-manager-cas-management",
            "namespace": ""
          },
          "dependencies": [
            "module.kubevirt_manager.kubernetes_namespace.kubevirt_manager"
          ]
        },
        {
          "index_key": "ClusterRole-kubevirt-manager-cas-workload",
          "schema_version": 1,
          "attributes": {
            "computed_fields": null,
            "field_manager": [],
            "manifest": {
              "value": {
                "apiVersion": "rbac.authorization.k8s.io/v1",
                "kind": "ClusterRole",
                "metadata": {
                  "name": "kubevirt-manager-cas-workload"
                },
                "rules": [
                  {
                    "apiGroups": [
                      ""
                    ],
                    "resources": [
                      "namespaces",
                      "persistentvolumeclaims",
                      "persistentvolumes",
                      "pods",
                      "replicationcontrollers",
                      "services",
                      "secrets"
                    ],
                    "verbs": [
                      "get",
                      "list",
                      "watch"
                    ]
                  },
                  {
                    "apiGroups": [
                      ""
                    ],
                    "resources": [
                      "nodes"
                    ],
                    "verbs": [
                      "get",
                      "list",
                      "watch",
                      "update"
                    ]
                  },
                  {
                    "apiGroups": [
                      ""
                    ],
                    "resources": [
                      "pods/eviction"
                    ],
                    "verbs": [
                      "create"
                    ]
                  },
                  {
                    "apiGroups": [
                      "policy"
                    ],
                    "resources": [
                      "poddisruptionbudgets"
                    ],
                    "verbs": [
                      "list",
                      "watch"
                    ]
                  },
                  {
                    "apiGroups": [
                      "storage.k8s.io"
                    ],
                    "resources": [
                      "csinodes",
                      "storageclasses",
                      "csidrivers",
                      "csistoragecapacities"
                    ],
                    "verbs": [
                      "get",
                      "list",
                      "watch"
                    ]
                  },
                  {
                    "apiGroups": [
                      "batch"
                    ],
                    "resources": [
                      "jobs"
                    ],
                    "verbs": [
                      "list",
                      "watch"
                    ]
                  },
                  {
                    "apiGroups": [
                      "apps"
                    ],
                    "resources": [
                      "daemonsets",
                      "replicasets",
                      "statefulsets"
                    ],
                    "verbs": [
                      "list",
                      "watch"
                    ]
                  },
                  {
                    "apiGroups": [
                      ""
                    ],
                    "resources": [
                      "events"
                    ],
                    "verbs": [
                      "create",
                      "patch"
                    ]
                  },
                  {
                    "apiGroups": [
                      ""
                    ],
                    "resources": [
                      "configmaps"
                    ],
                    "verbs": [
                      "create",
                      "delete",
                      "get",
                      "update"
                    ]
                  },
                  {
                    "apiGroups": [
                      "coordination.k8s.io"
                    ],
                    "resources": [
                      "leases"
                    ],
                    "verbs": [
                      "create",
                      "get",
                      "update"
                    ]
                  }
                ]
              },
              "type": [
                "object",
                {
                  "apiVersion": "string",
                  "kind": "string",
                  "metadata": [
                    "object",
                    {
                      "name": "string"
                    }
                  ],
                  "rules": [
                    "tuple",
                    [
                      [
                        "object",
                        {
                          "apiGroups": [
                            "tuple",
                            [
                              "string"
                            ]
                          ],
                          "resources": [
                            "tuple",
                            [
                              "string",
                              "string",
                              "string",
                              "string",
                              "string",
                              "string",
                              "string"
                            ]
                          ],
                          "verbs": [
                            "tuple",
                            [
                              "string",
                              "string",
                              "string"
                            ]
                          ]
                        }
                      ],
                      [
                        "object",
                        {
                          "apiGroups": [
                            "tuple",
                            [
                              "string"
                            ]
                          ],
                          "resources": [
                            "tuple",
                            [
                              "string"
                            ]
                          ],
                          "verbs": [
                            "tuple",
                            [
                              "string",
                              "string",
                              "string",
                              "string"
                            ]
                          ]
                        }
                      ],
                      [
                        "object",
                        {
                          "apiGroups": [
                            "tuple",
                            [
                              "string"
                            ]
                          ],
                          "resources": [
                            "tuple",
                            [
                              "string"
                            ]
                          ],
                          "verbs": [
                            "tuple",
                            [
                              "string"
                            ]
                          ]
                        }
                      ],
                      [
                        "object",
                        {
                          "apiGroups": [
                            "tuple",
                            [
                              "string"
                            ]
                          ],
                          "resources": [
                            "tuple",
                            [
                              "string"
                            ]
                          ],
                          "verbs": [
                            "tuple",
                            [
                              "string",
                              "string"
                            ]
                          ]
                        }
                      ],
                      [
                        "object",
                        {
                          "apiGroups": [
                            "tuple",
                            [
                              "string"
                            ]
                          ],
                          "resources": [
                            "tuple",
                            [
                              "string",
                              "string",
                              "string",
                              "string"
                            ]
                          ],
                          "verbs": [
                            "tuple",
                            [
                              "string",
                              "string",
                              "string"
                            ]
                          ]
                        }
                      ],
                      [
                        "object",
                        {
                          "apiGroups": [
                            "tuple",
                            [
                              "string"
                            ]
                          ],
                          "resources": [
                            "tuple",
                            [
                              "string"
                            ]
                          ],
                          "verbs": [
                            "tuple",
                            [
                              "string",
                              "string"
                            ]
                          ]
                        }
                      ],
                      [
                        "object",
                        {
                          "apiGroups": [
                            "tuple",
                            [
                              "string"
                            ]
                          ],
                          "resources": [
                            "tuple",
                            [
                              "string",
                              "string",
                              "string"
                            ]
                          ],
                          "verbs": [
                            "tuple",
                            [
                              "string",
                              "string"
                            ]
                          ]
                        }
                      ],
                      [
                        "object",
                        {
                          "apiGroups": [
                            "tuple",
                            [
                              "string"
                            ]
                          ],
                          "resources": [
                            "tuple",
                            [
                              "string"
                            ]
                          ],
                          "verbs": [
                            "tuple",
                            [
                              "string",
                              "string"
                            ]
                          ]
                        }
                      ],
                      [
                        "object",
                        {
                          "apiGroups": [
                            "tuple",
                            [
                              "string"
                            ]
                          ],
                          "resources": [
                            "tuple",
                            [
                              "string"
                            ]
                          ],
                          "verbs": [
                            "tuple",
                            [
                              "string",
                              "string",
                              "string",
                              "string"
                            ]
                          ]
                        }
                      ],
                      [
                        "object",
                        {
                          "apiGroups": [
                            "tuple",
                            [
                              "string"
                            ]
                          ],
                          "resources": [
                            "tuple",
                            [
                              "string"
                            ]
                          ],
                          "verbs": [
                            "tuple",
                            [
                              "string",
                              "string",
                              "string"
                            ]
                          ]
                        }
                      ]
                    ]
                  ]
                }
              ]
            },
            "object": {
              "value": {
                "aggregationRule": {
                  "clusterRoleSelectors": null
                },
                "apiVersion": "rbac.authorization.k8s.io/v1",
                "kind": "ClusterRole",
                "metadata": {
                  "annotations": null,
                  "creationTimestamp": null,
                  "deletionGracePeriodSeconds": null,
                  "deletionTimestamp": null,
                  "finalizers": null,
                  "generateName": null,
                  "generation": null,
                  "labels": null,
                  "managedFields": null,
                  "name": "kubevirt-manager-cas-workload",
                  "namespace": null,
                  "ownerReferences": null,
                  "resourceVersion": null,
                  "selfLink": null,
                  "uid": null
                },
                "rules": [
                  {
                    "apiGroups": [
                      ""
                    ],
                    "nonResourceURLs": null,
                    "resourceNames": null,
                    "resources": [
                      "namespaces",
                      "persistentvolumeclaims",
                      "persistentvolumes",
                      "pods",
                      "replicationcontrollers",
                      "services",
                      "secrets"
                    ],
                    "verbs": [
                      "get",
                      "list",
                      "watch"
                    ]
                  },
                  {
                    "apiGroups": [
                      ""
                    ],
                    "nonResourceURLs": null,
                    "resourceNames": null,
                    "resources": [
                      "nodes"
                    ],
                    "verbs": [
                      "get",
                      "list",
                      "watch",
                      "update"
                    ]
                  },
                  {
                    "apiGroups": [
                      ""
                    ],
                    "nonResourceURLs": null,
                    "resourceNames": null,
                    "resources": [
                      "pods/eviction"
                    ],
                    "verbs": [
                      "create"
                    ]
                  },
                  {
                    "apiGroups": [
                      "policy"
                    ],
                    "nonResourceURLs": null,
                    "resourceNames": null,
                    "resources": [
                      "poddisruptionbudgets"
                    ],
                    "verbs": [
                      "list",
                      "watch"
                    ]
                  },
                  {
                    "apiGroups": [
                      "storage.k8s.io"
                    ],
                    "nonResourceURLs": null,
                    "resourceNames": null,
                    "resources": [
                      "csinodes",
                      "storageclasses",
                      "csidrivers",
                      "csistoragecapacities"
                    ],
                    "verbs": [
                      "get",
                      "list",
                      "watch"
                    ]
                  },
                  {
                    "apiGroups": [
                      "batch"
                    ],
                    "nonResourceURLs": null,
                    "resourceNames": null,
                    "resources": [
                      "jobs"
                    ],
                    "verbs": [
                      "list",
                      "watch"
                    ]
                  },
                  {
                    "apiGroups": [
                      "apps"
                    ],
                    "nonResourceURLs": null,
                    "resourceNames": null,
                    "resources": [
                      "daemonsets",
                      "replicasets",
                      "statefulsets"
                    ],
                    "verbs": [
                      "list",
                      "watch"
                    ]
                  },
                  {
                    "apiGroups": [
                      ""
                    ],
                    "nonResourceURLs": null,
                    "resourceNames": null,
                    "resources": [
                      "events"
                    ],
                    "verbs": [
                      "create",
                      "patch"
                    ]
                  },
                  {
                    "apiGroups": [
                      ""
                    ],
                    "nonResourceURLs": null,
                    "resourceNames": null,
                    "resources": [
                      "configmaps"
                    ],
                    "verbs": [
                      "create",
                      "delete",
                      "get",
                      "update"
                    ]
                  },
                  {
                    "apiGroups": [
                      "coordination.k8s.io"
                    ],
                    "nonResourceURLs": null,
                    "resourceNames": null,
                    "resources": [
                      "leases"
                    ],
                    "verbs": [
                      "create",
                      "get",
                      "update"
                    ]
                  }
                ]
              },
              "type": [
                "object",
                {
                  "aggregationRule": [
                    "object",
                    {
                      "clusterRoleSelectors": [
                        "list",
                        [
                          "object",
                          {
                            "matchExpressions": [
                              "list",
                              [
                                "object",
                                {
                                  "key": "string",
                                  "operator": "string",
                                  "values": [
                                    "list",
                                    "string"
                                  ]
                                }
                              ]
                            ],
                            "matchLabels": [
                              "map",
                              "string"
                            ]
                          }
                        ]
                      ]
                    }
                  ],
                  "apiVersion": "string",
                  "kind": "string",
                  "metadata": [
                    "object",
                    {
                      "annotations": [
                        "map",
                        "string"
                      ],
                      "creationTimestamp": "string",
                      "deletionGracePeriodSeconds": "number",
                      "deletionTimestamp": "string",
                      "finalizers": [
                        "list",
                        "string"
                      ],
                      "generateName": "string",
                      "generation": "number",
                      "labels": [
                        "map",
                        "string"
                      ],
                      "managedFields": [
                        "tuple",
                        [
                          [
                            "object",
                            {
                              "apiVersion": "string",
                              "fieldsType": "string",
                              "fieldsV1": "dynamic",
                              "manager": "string",
                              "operation": "string",
                              "subresource": "string",
                              "time": "string"
                            }
                          ]
                        ]
                      ],
                      "name": "string",
                      "namespace": "string",
                      "ownerReferences": [
                        "list",
                        [
                          "object",
                          {
                            "apiVersion": "string",
                            "blockOwnerDeletion": "bool",
                            "controller": "bool",
                            "kind": "string",
                            "name": "string",
                            "uid": "string"
                          }
                        ]
                      ],
                      "resourceVersion": "string",
                      "selfLink": "string",
                      "uid": "string"
                    }
                  ],
                  "rules": [
                    "list",
                    [
                      "object",
                      {
                        "apiGroups": [
                          "list",
                          "string"
                        ],
                        "nonResourceURLs": [
                          "list",
                          "string"
                        ],
                        "resourceNames": [
                          "list",
                          "string"
                        ],
                        "resources": [
                          "list",
                          "string"
                        ],
                        "verbs": [
                          "list",
                          "string"
                        ]
                      }
                    ]
                  ]
                }
              ]
            },
            "timeouts": [],
            "wait": [],
            "wait_for": null
          },
          "sensitive_attributes": [],
          "identity_schema_version": 1,
          "identity": {
            "api_version": "rbac.authorization.k8s.io/v1",
            "kind": "ClusterRole",
            "name": "kubevirt-manager-cas-workload",
            "namespace": ""
          },
          "dependencies": [
            "module.kubevirt_manager.kubernetes_namespace.kubevirt_manager"
          ]
        },
        {
          "index_key": "ClusterRole-kubevirt-manager-kccm",
          "schema_version": 1,
          "attributes": {
            "computed_fields": null,
            "field_manager": [],
            "manifest": {
              "value": {
                "apiVersion": "rbac.authorization.k8s.io/v1",
                "kind": "ClusterRole",
                "metadata": {
                  "name": "kubevirt-manager-kccm"
                },
                "rules": [
                  {
                    "apiGroups": [
                      "kubevirt.io"
                    ],
                    "resources": [
                      "virtualmachines"
                    ],
                    "verbs": [
                      "get",
                      "list",
                      "watch"
                    ]
                  },
                  {
                    "apiGroups": [
                      "kubevirt.io"
                    ],
                    "resources": [
                      "virtualmachineinstances"
                    ],
                    "verbs": [
                      "get",
                      "list",
                      "watch",
                      "update"
                    ]
                  },
                  {
                    "apiGroups": [
                      ""
                    ],
                    "resources": [
                      "pods"
                    ],
                    "verbs": [
                      "get",
                      "list",
                      "watch"
                    ]
                  },
                  {
                    "apiGroups": [
                      ""
                    ],
                    "resources": [
                      "services"
                    ],
                    "verbs": [
                      "*"
                    ]
                  }
                ]
              },
              "type": [
                "object",
                {
                  "apiVersion": "string",
                  "kind": "string",
                  "metadata": [
                    "object",
                    {
                      "name": "string"
                    }
                  ],
                  "rules": [
                    "tuple",
                    [
                      [
                        "object",
                        {
                          "apiGroups": [
                            "tuple",
                            [
                              "string"
                            ]
                          ],
                          "resources": [
                            "tuple",
                            [
                              "string"
                            ]
                          ],
                          "verbs": [
                            "tuple",
                            [
                              "string",
                              "string",
                              "string"
                            ]
                          ]
                        }
                      ],
                      [
                        "object",
                        {
                          "apiGroups": [
                            "tuple",
                            [
                              "string"
                            ]
                          ],
                          "resources": [
                            "tuple",
                            [
                              "string"
                            ]
                          ],
                          "verbs": [
                            "tuple",
                            [
                              "string",
                              "string",
                              "string",
                              "string"
                            ]
                          ]
                        }
                      ],
                      [
                        "object",
                        {
                          "apiGroups": [
                            "tuple",
                            [
                              "string"
                            ]
                          ],
                          "resources": [
                            "tuple",
                            [
                              "string"
                            ]
                          ],
                          "verbs": [
                            "tuple",
                            [
                              "string",
                              "string",
                              "string"
                            ]
                          ]
                        }
                      ],
                      [
                        "object",
                        {
                          "apiGroups": [
                            "tuple",
                            [
                              "string"
                            ]
                          ],
                          "resources": [
                            "tuple",
                            [
                              "string"
                            ]
                          ],
                          "verbs": [
                            "tuple",
                            [
                              "string"
                            ]
                          ]
                        }
                      ]
                    ]
                  ]
                }
              ]
            },
            "object": {
              "value": {
                "aggregationRule": {
                  "clusterRoleSelectors": null
                },
                "apiVersion": "rbac.authorization.k8s.io/v1",
                "kind": "ClusterRole",
                "metadata": {
                  "annotations": null,
                  "creationTimestamp": null,
                  "deletionGracePeriodSeconds": null,
                  "deletionTimestamp": null,
                  "finalizers": null,
                  "generateName": null,
                  "generation": null,
                  "labels": null,
                  "managedFields": null,
                  "name": "kubevirt-manager-kccm",
                  "namespace": null,
                  "ownerReferences": null,
                  "resourceVersion": null,
                  "selfLink": null,
                  "uid": null
                },
                "rules": [
                  {
                    "apiGroups": [
                      "kubevirt.io"
                    ],
                    "nonResourceURLs": null,
                    "resourceNames": null,
                    "resources": [
                      "virtualmachines"
                    ],
                    "verbs": [
                      "get",
                      "list",
                      "watch"
                    ]
                  },
                  {
                    "apiGroups": [
                      "kubevirt.io"
                    ],
                    "nonResourceURLs": null,
                    "resourceNames": null,
                    "resources": [
                      "virtualmachineinstances"
                    ],
                    "verbs": [
                      "get",
                      "list",
                      "watch",
                      "update"
                    ]
                  },
                  {
                    "apiGroups": [
                      ""
                    ],
                    "nonResourceURLs": null,
                    "resourceNames": null,
                    "resources": [
                      "pods"
                    ],
                    "verbs": [
                      "get",
                      "list",
                      "watch"
                    ]
                  },
                  {
                    "apiGroups": [
                      ""
                    ],
                    "nonResourceURLs": null,
                    "resourceNames": null,
                    "resources": [
                      "services"
                    ],
                    "verbs": [
                      "*"
                    ]
                  }
                ]
              },
              "type": [
                "object",
                {
                  "aggregationRule": [
                    "object",
                    {
                      "clusterRoleSelectors": [
                        "list",
                        [
                          "object",
                          {
                            "matchExpressions": [
                              "list",
                              [
                                "object",
                                {
                                  "key": "string",
                                  "operator": "string",
                                  "values": [
                                    "list",
                                    "string"
                                  ]
                                }
                              ]
                            ],
                            "matchLabels": [
                              "map",
                              "string"
                            ]
                          }
                        ]
                      ]
                    }
                  ],
                  "apiVersion": "string",
                  "kind": "string",
                  "metadata": [
                    "object",
                    {
                      "annotations": [
                        "map",
                        "string"
                      ],
                      "creationTimestamp": "string",
                      "deletionGracePeriodSeconds": "number",
                      "deletionTimestamp": "string",
                      "finalizers": [
                        "list",
                        "string"
                      ],
                      "generateName": "string",
                      "generation": "number",
                      "labels": [
                        "map",
                        "string"
                      ],
                      "managedFields": [
                        "tuple",
                        [
                          [
                            "object",
                            {
                              "apiVersion": "string",
                              "fieldsType": "string",
                              "fieldsV1": "dynamic",
                              "manager": "string",
                              "operation": "string",
                              "subresource": "string",
                              "time": "string"
                            }
                          ]
                        ]
                      ],
                      "name": "string",
                      "namespace": "string",
                      "ownerReferences": [
                        "list",
                        [
                          "object",
                          {
                            "apiVersion": "string",
                            "blockOwnerDeletion": "bool",
                            "controller": "bool",
                            "kind": "string",
                            "name": "string",
                            "uid": "string"
                          }
                        ]
                      ],
                      "resourceVersion": "string",
                      "selfLink": "string",
                      "uid": "string"
                    }
                  ],
                  "rules": [
                    "list",
                    [
                      "object",
                      {
                        "apiGroups": [
                          "list",
                          "string"
                        ],
                        "nonResourceURLs": [
                          "list",
                          "string"
                        ],
                        "resourceNames": [
                          "list",
                          "string"
                        ],
                        "resources": [
                          "list",
                          "string"
                        ],
                        "verbs": [
                          "list",
                          "string"
                        ]
                      }
                    ]
                  ]
                }
              ]
            },
            "timeouts": [],
            "wait": [],
            "wait_for": null
          },
          "sensitive_attributes": [],
          "identity_schema_version": 1,
          "identity": {
            "api_version": "rbac.authorization.k8s.io/v1",
            "kind": "ClusterRole",
            "name": "kubevirt-manager-kccm",
            "namespace": ""
          },
          "dependencies": [
            "module.kubevirt_manager.kubernetes_namespace.kubevirt_manager"
          ]
        },
        {
          "index_key": "ClusterRoleBinding-kubevirt-manager",
          "schema_version": 1,
          "attributes": {
            "computed_fields": null,
            "field_manager": [],
            "manifest": {
              "value": {
                "apiVersion": "rbac.authorization.k8s.io/v1",
                "kind": "ClusterRoleBinding",
                "metadata": {
                  "labels": {
                    "app": "kubevirt-manager",
                    "kubevirt-manager.io/version": "nightly"
                  },
                  "name": "kubevirt-manager"
                },
                "roleRef": {
                  "apiGroup": "rbac.authorization.k8s.io",
                  "kind": "ClusterRole",
                  "name": "kubevirt-manager"
                },
                "subjects": [
                  {
                    "kind": "ServiceAccount",
                    "name": "kubevirt-manager",
                    "namespace": "kubevirt-manager"
                  }
                ]
              },
              "type": [
                "object",
                {
                  "apiVersion": "string",
                  "kind": "string",
                  "metadata": [
                    "object",
                    {
                      "labels": [
                        "object",
                        {
                          "app": "string",
                          "kubevirt-manager.io/version": "string"
                        }
                      ],
                      "name": "string"
                    }
                  ],
                  "roleRef": [
                    "object",
                    {
                      "apiGroup": "string",
                      "kind": "string",
                      "name": "string"
                    }
                  ],
                  "subjects": [
                    "tuple",
                    [
                      [
                        "object",
                        {
                          "kind": "string",
                          "name": "string",
                          "namespace": "string"
                        }
                      ]
                    ]
                  ]
                }
              ]
            },
            "object": {
              "value": {
                "apiVersion": "rbac.authorization.k8s.io/v1",
                "kind": "ClusterRoleBinding",
                "metadata": {
                  "annotations": null,
                  "creationTimestamp": null,
                  "deletionGracePeriodSeconds": null,
                  "deletionTimestamp": null,
                  "finalizers": null,
                  "generateName": null,
                  "generation": null,
                  "labels": {
                    "app": "kubevirt-manager",
                    "kubevirt-manager.io/version": "nightly"
                  },
                  "managedFields": null,
                  "name": "kubevirt-manager",
                  "namespace": null,
                  "ownerReferences": null,
                  "resourceVersion": null,
                  "selfLink": null,
                  "uid": null
                },
                "roleRef": {
                  "apiGroup": "rbac.authorization.k8s.io",
                  "kind": "ClusterRole",
                  "name": "kubevirt-manager"
                },
                "subjects": [
                  {
                    "apiGroup": null,
                    "kind": "ServiceAccount",
                    "name": "kubevirt-manager",
                    "namespace": "kubevirt-manager"
                  }
                ]
              },
              "type": [
                "object",
                {
                  "apiVersion": "string",
                  "kind": "string",
                  "metadata": [
                    "object",
                    {
                      "annotations": [
                        "map",
                        "string"
                      ],
                      "creationTimestamp": "string",
                      "deletionGracePeriodSeconds": "number",
                      "deletionTimestamp": "string",
                      "finalizers": [
                        "list",
                        "string"
                      ],
                      "generateName": "string",
                      "generation": "number",
                      "labels": [
                        "map",
                        "string"
                      ],
                      "managedFields": [
                        "tuple",
                        [
                          [
                            "object",
                            {
                              "apiVersion": "string",
                              "fieldsType": "string",
                              "fieldsV1": "dynamic",
                              "manager": "string",
                              "operation": "string",
                              "subresource": "string",
                              "time": "string"
                            }
                          ]
                        ]
                      ],
                      "name": "string",
                      "namespace": "string",
                      "ownerReferences": [
                        "list",
                        [
                          "object",
                          {
                            "apiVersion": "string",
                            "blockOwnerDeletion": "bool",
                            "controller": "bool",
                            "kind": "string",
                            "name": "string",
                            "uid": "string"
                          }
                        ]
                      ],
                      "resourceVersion": "string",
                      "selfLink": "string",
                      "uid": "string"
                    }
                  ],
                  "roleRef": [
                    "object",
                    {
                      "apiGroup": "string",
                      "kind": "string",
                      "name": "string"
                    }
                  ],
                  "subjects": [
                    "list",
                    [
                      "object",
                      {
                        "apiGroup": "string",
                        "kind": "string",
                        "name": "string",
                        "namespace": "string"
                      }
                    ]
                  ]
                }
              ]
            },
            "timeouts": [],
            "wait": [],
            "wait_for": null
          },
          "sensitive_attributes": [],
          "identity_schema_version": 1,
          "identity": {
            "api_version": "rbac.authorization.k8s.io/v1",
            "kind": "ClusterRoleBinding",
            "name": "kubevirt-manager",
            "namespace": ""
          },
          "dependencies": [
            "module.kubevirt_manager.kubernetes_namespace.kubevirt_manager"
          ]
        },
        {
          "index_key": "ClusterRoleBinding-kubevirt-manager-cas-management",
          "schema_version": 1,
          "attributes": {
            "computed_fields": null,
            "field_manager": [],
            "manifest": {
              "value": {
                "apiVersion": "rbac.authorization.k8s.io/v1",
                "kind": "ClusterRoleBinding",
                "metadata": {
                  "labels": {
                    "app": "kubevirt-manager",
                    "kubevirt-manager.io/version": "nightly"
                  },
                  "name": "kubevirt-manager-cas-management"
                },
                "roleRef": {
                  "apiGroup": "rbac.authorization.k8s.io",
                  "kind": "ClusterRole",
                  "name": "kubevirt-manager-cas-management"
                },
                "subjects": [
                  {
                    "kind": "ServiceAccount",
                    "name": "kubevirt-manager",
                    "namespace": "kubevirt-manager"
                  }
                ]
              },
              "type": [
                "object",
                {
                  "apiVersion": "string",
                  "kind": "string",
                  "metadata": [
                    "object",
                    {
                      "labels": [
                        "object",
                        {
                          "app": "string",
                          "kubevirt-manager.io/version": "string"
                        }
                      ],
                      "name": "string"
                    }
                  ],
                  "roleRef": [
                    "object",
                    {
                      "apiGroup": "string",
                      "kind": "string",
                      "name": "string"
                    }
                  ],
                  "subjects": [
                    "tuple",
                    [
                      [
                        "object",
                        {
                          "kind": "string",
                          "name": "string",
                          "namespace": "string"
                        }
                      ]
                    ]
                  ]
                }
              ]
            },
            "object": {
              "value": {
                "apiVersion": "rbac.authorization.k8s.io/v1",
                "kind": "ClusterRoleBinding",
                "metadata": {
                  "annotations": null,
                  "creationTimestamp": null,
                  "deletionGracePeriodSeconds": null,
                  "deletionTimestamp": null,
                  "finalizers": null,
                  "generateName": null,
                  "generation": null,
                  "labels": {
                    "app": "kubevirt-manager",
                    "kubevirt-manager.io/version": "nightly"
                  },
                  "managedFields": null,
                  "name": "kubevirt-manager-cas-management",
                  "namespace": null,
                  "ownerReferences": null,
                  "resourceVersion": null,
                  "selfLink": null,
                  "uid": null
                },
                "roleRef": {
                  "apiGroup": "rbac.authorization.k8s.io",
                  "kind": "ClusterRole",
                  "name": "kubevirt-manager-cas-management"
                },
                "subjects": [
                  {
                    "apiGroup": null,
                    "kind": "ServiceAccount",
                    "name": "kubevirt-manager",
                    "namespace": "kubevirt-manager"
                  }
                ]
              },
              "type": [
                "object",
                {
                  "apiVersion": "string",
                  "kind": "string",
                  "metadata": [
                    "object",
                    {
                      "annotations": [
                        "map",
                        "string"
                      ],
                      "creationTimestamp": "string",
                      "deletionGracePeriodSeconds": "number",
                      "deletionTimestamp": "string",
                      "finalizers": [
                        "list",
                        "string"
                      ],
                      "generateName": "string",
                      "generation": "number",
                      "labels": [
                        "map",
                        "string"
                      ],
                      "managedFields": [
                        "tuple",
                        [
                          [
                            "object",
                            {
                              "apiVersion": "string",
                              "fieldsType": "string",
                              "fieldsV1": "dynamic",
                              "manager": "string",
                              "operation": "string",
                              "subresource": "string",
                              "time": "string"
                            }
                          ]
                        ]
                      ],
                      "name": "string",
                      "namespace": "string",
                      "ownerReferences": [
                        "list",
                        [
                          "object",
                          {
                            "apiVersion": "string",
                            "blockOwnerDeletion": "bool",
                            "controller": "bool",
                            "kind": "string",
                            "name": "string",
                            "uid": "string"
                          }
                        ]
                      ],
                      "resourceVersion": "string",
                      "selfLink": "string",
                      "uid": "string"
                    }
                  ],
                  "roleRef": [
                    "object",
                    {
                      "apiGroup": "string",
                      "kind": "string",
                      "name": "string"
                    }
                  ],
                  "subjects": [
                    "list",
                    [
                      "object",
                      {
                        "apiGroup": "string",
                        "kind": "string",
                        "name": "string",
                        "namespace": "string"
                      }
                    ]
                  ]
                }
              ]
            },
            "timeouts": [],
            "wait": [],
            "wait_for": null
          },
          "sensitive_attributes": [],
          "identity_schema_version": 1,
          "identity": {
            "api_version": "rbac.authorization.k8s.io/v1",
            "kind": "ClusterRoleBinding",
            "name": "kubevirt-manager-cas-management",
            "namespace": ""
          },
          "dependencies": [
            "module.kubevirt_manager.kubernetes_namespace.kubevirt_manager"
          ]
        },
        {
          "index_key": "ClusterRoleBinding-kubevirt-manager-cas-workload",
          "schema_version": 1,
          "attributes": {
            "computed_fields": null,
            "field_manager": [],
            "manifest": {
              "value": {
                "apiVersion": "rbac.authorization.k8s.io/v1",
                "kind": "ClusterRoleBinding",
                "metadata": {
                  "labels": {
                    "app": "kubevirt-manager",
                    "kubevirt-manager.io/version": "nightly"
                  },
                  "name": "kubevirt-manager-cas-workload"
                },
                "roleRef": {
                  "apiGroup": "rbac.authorization.k8s.io",
                  "kind": "ClusterRole",
                  "name": "kubevirt-manager-cas-workload"
                },
                "subjects": [
                  {
                    "kind": "ServiceAccount",
                    "name": "kubevirt-manager",
                    "namespace": "kubevirt-manager"
                  }
                ]
              },
              "type": [
                "object",
                {
                  "apiVersion": "string",
                  "kind": "string",
                  "metadata": [
                    "object",
                    {
                      "labels": [
                        "object",
                        {
                          "app": "string",
                          "kubevirt-manager.io/version": "string"
                        }
                      ],
                      "name": "string"
                    }
                  ],
                  "roleRef": [
                    "object",
                    {
                      "apiGroup": "string",
                      "kind": "string",
                      "name": "string"
                    }
                  ],
                  "subjects": [
                    "tuple",
                    [
                      [
                        "object",
                        {
                          "kind": "string",
                          "name": "string",
                          "namespace": "string"
                        }
                      ]
                    ]
                  ]
                }
              ]
            },
            "object": {
              "value": {
                "apiVersion": "rbac.authorization.k8s.io/v1",
                "kind": "ClusterRoleBinding",
                "metadata": {
                  "annotations": null,
                  "creationTimestamp": null,
                  "deletionGracePeriodSeconds": null,
                  "deletionTimestamp": null,
                  "finalizers": null,
                  "generateName": null,
                  "generation": null,
                  "labels": {
                    "app": "kubevirt-manager",
                    "kubevirt-manager.io/version": "nightly"
                  },
                  "managedFields": null,
                  "name": "kubevirt-manager-cas-workload",
                  "namespace": null,
                  "ownerReferences": null,
                  "resourceVersion": null,
                  "selfLink": null,
                  "uid": null
                },
                "roleRef": {
                  "apiGroup": "rbac.authorization.k8s.io",
                  "kind": "ClusterRole",
                  "name": "kubevirt-manager-cas-workload"
                },
                "subjects": [
                  {
                    "apiGroup": null,
                    "kind": "ServiceAccount",
                    "name": "kubevirt-manager",
                    "namespace": "kubevirt-manager"
                  }
                ]
              },
              "type": [
                "object",
                {
                  "apiVersion": "string",
                  "kind": "string",
                  "metadata": [
                    "object",
                    {
                      "annotations": [
                        "map",
                        "string"
                      ],
                      "creationTimestamp": "string",
                      "deletionGracePeriodSeconds": "number",
                      "deletionTimestamp": "string",
                      "finalizers": [
                        "list",
                        "string"
                      ],
                      "generateName": "string",
                      "generation": "number",
                      "labels": [
                        "map",
                        "string"
                      ],
                      "managedFields": [
                        "tuple",
                        [
                          [
                            "object",
                            {
                              "apiVersion": "string",
                              "fieldsType": "string",
                              "fieldsV1": "dynamic",
                              "manager": "string",
                              "operation": "string",
                              "subresource": "string",
                              "time": "string"
                            }
                          ]
                        ]
                      ],
                      "name": "string",
                      "namespace": "string",
                      "ownerReferences": [
                        "list",
                        [
                          "object",
                          {
                            "apiVersion": "string",
                            "blockOwnerDeletion": "bool",
                            "controller": "bool",
                            "kind": "string",
                            "name": "string",
                            "uid": "string"
                          }
                        ]
                      ],
                      "resourceVersion": "string",
                      "selfLink": "string",
                      "uid": "string"
                    }
                  ],
                  "roleRef": [
                    "object",
                    {
                      "apiGroup": "string",
                      "kind": "string",
                      "name": "string"
                    }
                  ],
                  "subjects": [
                    "list",
                    [
                      "object",
                      {
                        "apiGroup": "string",
                        "kind": "string",
                        "name": "string",
                        "namespace": "string"
                      }
                    ]
                  ]
                }
              ]
            },
            "timeouts": [],
            "wait": [],
            "wait_for": null
          },
          "sensitive_attributes": [],
          "identity_schema_version": 1,
          "identity": {
            "api_version": "rbac.authorization.k8s.io/v1",
            "kind": "ClusterRoleBinding",
            "name": "kubevirt-manager-cas-workload",
            "namespace": ""
          },
          "dependencies": [
            "module.kubevirt_manager.kubernetes_namespace.kubevirt_manager"
          ]
        },
        {
          "index_key": "ClusterRoleBinding-kubevirt-manager-kccm",
          "schema_version": 1,
          "attributes": {
            "computed_fields": null,
            "field_manager": [],
            "manifest": {
              "value": {
                "apiVersion": "rbac.authorization.k8s.io/v1",
                "kind": "ClusterRoleBinding",
                "metadata": {
                  "labels": {
                    "app": "kubevirt-manager",
                    "kubevirt-manager.io/version": "nightly"
                  },
                  "name": "kubevirt-manager-kccm"
                },
                "roleRef": {
                  "apiGroup": "rbac.authorization.k8s.io",
                  "kind": "ClusterRole",
                  "name": "kubevirt-manager-kccm"
                },
                "subjects": [
                  {
                    "kind": "ServiceAccount",
                    "name": "kubevirt-manager",
                    "namespace": "kubevirt-manager"
                  }
                ]
              },
              "type": [
                "object",
                {
                  "apiVersion": "string",
                  "kind": "string",
                  "metadata": [
                    "object",
                    {
                      "labels": [
                        "object",
                        {
                          "app": "string",
                          "kubevirt-manager.io/version": "string"
                        }
                      ],
                      "name": "string"
                    }
                  ],
                  "roleRef": [
                    "object",
                    {
                      "apiGroup": "string",
                      "kind": "string",
                      "name": "string"
                    }
                  ],
                  "subjects": [
                    "tuple",
                    [
                      [
                        "object",
                        {
                          "kind": "string",
                          "name": "string",
                          "namespace": "string"
                        }
                      ]
                    ]
                  ]
                }
              ]
            },
            "object": {
              "value": {
                "apiVersion": "rbac.authorization.k8s.io/v1",
                "kind": "ClusterRoleBinding",
                "metadata": {
                  "annotations": null,
                  "creationTimestamp": null,
                  "deletionGracePeriodSeconds": null,
                  "deletionTimestamp": null,
                  "finalizers": null,
                  "generateName": null,
                  "generation": null,
                  "labels": {
                    "app": "kubevirt-manager",
                    "kubevirt-manager.io/version": "nightly"
                  },
                  "managedFields": null,
                  "name": "kubevirt-manager-kccm",
                  "namespace": null,
                  "ownerReferences": null,
                  "resourceVersion": null,
                  "selfLink": null,
                  "uid": null
                },
                "roleRef": {
                  "apiGroup": "rbac.authorization.k8s.io",
                  "kind": "ClusterRole",
                  "name": "kubevirt-manager-kccm"
                },
                "subjects": [
                  {
                    "apiGroup": null,
                    "kind": "ServiceAccount",
                    "name": "kubevirt-manager",
                    "namespace": "kubevirt-manager"
                  }
                ]
              },
              "type": [
                "object",
                {
                  "apiVersion": "string",
                  "kind": "string",
                  "metadata": [
                    "object",
                    {
                      "annotations": [
                        "map",
                        "string"
                      ],
                      "creationTimestamp": "string",
                      "deletionGracePeriodSeconds": "number",
                      "deletionTimestamp": "string",
                      "finalizers": [
                        "list",
                        "string"
                      ],
                      "generateName": "string",
                      "generation": "number",
                      "labels": [
                        "map",
                        "string"
                      ],
                      "managedFields": [
                        "tuple",
                        [
                          [
                            "object",
                            {
                              "apiVersion": "string",
                              "fieldsType": "string",
                              "fieldsV1": "dynamic",
                              "manager": "string",
                              "operation": "string",
                              "subresource": "string",
                              "time": "string"
                            }
                          ]
                        ]
                      ],
                      "name": "string",
                      "namespace": "string",
                      "ownerReferences": [
                        "list",
                        [
                          "object",
                          {
                            "apiVersion": "string",
                            "blockOwnerDeletion": "bool",
                            "controller": "bool",
                            "kind": "string",
                            "name": "string",
                            "uid": "string"
                          }
                        ]
                      ],
                      "resourceVersion": "string",
                      "selfLink": "string",
                      "uid": "string"
                    }
                  ],
                  "roleRef": [
                    "object",
                    {
                      "apiGroup": "string",
                      "kind": "string",
                      "name": "string"
                    }
                  ],
                  "subjects": [
                    "list",
                    [
                      "object",
                      {
                        "apiGroup": "string",
                        "kind": "string",
                        "name": "string",
                        "namespace": "string"
                      }
                    ]
                  ]
                }
              ]
            },
            "timeouts": [],
            "wait": [],
            "wait_for": null
          },
          "sensitive_attributes": [],
          "identity_schema_version": 1,
          "identity": {
            "api_version": "rbac.authorization.k8s.io/v1",
            "kind": "ClusterRoleBinding",
            "name": "kubevirt-manager-kccm",
            "namespace": ""
          },
          "dependencies": [
            "module.kubevirt_manager.kubernetes_namespace.kubevirt_manager"
          ]
        },
        {
          "index_key": "CustomResourceDefinition-images.kubevirt-manager.io",
          "schema_version": 1,
          "attributes": {
            "computed_fields": null,
            "field_manager": [],
            "manifest": {
              "value": {
                "apiVersion": "apiextensions.k8s.io/v1",
                "kind": "CustomResourceDefinition",
                "metadata": {
                  "name": "images.kubevirt-manager.io"
                },
                "spec": {
                  "group": "kubevirt-manager.io",
                  "names": {
                    "kind": "Image",
                    "plural": "images",
                    "shortNames": [
                      "img"
                    ],
                    "singular": "image"
                  },
                  "scope": "Namespaced",
                  "versions": [
                    {
                      "additionalPrinterColumns": [
                        {
                          "jsonPath": ".spec.type",
                          "name": "Type",
                          "type": "string"
                        },
                        {
                          "jsonPath": ".metadata.creationTimestamp",
                          "name": "Age",
                          "type": "date"
                        }
                      ],
                      "name": "v1",
                      "schema": {
                        "openAPIV3Schema": {
                          "properties": {
                            "spec": {
                              "oneOf": [
                                {
                                  "required": [
                                    "http"
                                  ]
                                },
                                {
                                  "required": [
                                    "registry"
                                  ]
                                },
                                {
                                  "required": [
                                    "s3"
                                  ]
                                },
                                {
                                  "required": [
                                    "gcs"
                                  ]
                                },
                                {
                                  "required": [
                                    "pvc"
                                  ]
                                }
                              ],
                              "properties": {
                                "credentials": {
                                  "type": "string"
                                },
                                "gcs": {
                                  "properties": {
                                    "url": {
                                      "type": "string"
                                    }
                                  },
                                  "type": "object"
                                },
                                "http": {
                                  "properties": {
                                    "url": {
                                      "type": "string"
                                    }
                                  },
                                  "type": "object"
                                },
                                "pvc": {
                                  "properties": {
                                    "name": {
                                      "type": "string"
                                    },
                                    "namespace": {
                                      "type": "string"
                                    }
                                  },
                                  "type": "object"
                                },
                                "readableDescription": {
                                  "type": "string"
                                },
                                "readableName": {
                                  "type": "string"
                                },
                                "registry": {
                                  "properties": {
                                    "url": {
                                      "type": "string"
                                    }
                                  },
                                  "type": "object"
                                },
                                "s3": {
                                  "properties": {
                                    "url": {
                                      "type": "string"
                                    }
                                  },
                                  "type": "object"
                                },
                                "type": {
                                  "type": "string"
                                }
                              },
                              "required": [
                                "type",
                                "readableName"
                              ],
                              "type": "object",
                              "x-kubernetes-validations": [
                                {
                                  "message": "spec.type should be: http, registry, s3, gcs, pvc",
                                  "rule": "self.type.matches('^(http)|(gcs)|(s3)|(registry)|(pvc)$')"
                                }
                              ]
                            }
                          },
                          "type": "object"
                        }
                      },
                      "served": true,
                      "storage": true
                    }
                  ]
                }
              },
              "type": [
                "object",
                {
                  "apiVersion": "string",
                  "kind": "string",
                  "metadata": [
                    "object",
                    {
                      "name": "string"
                    }
                  ],
                  "spec": [
                    "object",
                    {
                      "group": "string",
                      "names": [
                        "object",
                        {
                          "kind": "string",
                          "plural": "string",
                          "shortNames": [
                            "tuple",
                            [
                              "string"
                            ]
                          ],
                          "singular": "string"
                        }
                      ],
                      "scope": "string",
                      "versions": [
                        "tuple",
                        [
                          [
                            "object",
                            {
                              "additionalPrinterColumns": [
                                "tuple",
                                [
                                  [
                                    "object",
                                    {
                                      "jsonPath": "string",
                                      "name": "string",
                                      "type": "string"
                                    }
                                  ],
                                  [
                                    "object",
                                    {
                                      "jsonPath": "string",
                                      "name": "string",
                                      "type": "string"
                                    }
                                  ]
                                ]
                              ],
                              "name": "string",
                              "schema": [
                                "object",
                                {
                                  "openAPIV3Schema": [
                                    "object",
                                    {
                                      "properties": [
                                        "object",
                                        {
                                          "spec": [
                                            "object",
                                            {
                                              "oneOf": [
                                                "tuple",
                                                [
                                                  [
                                                    "object",
                                                    {
                                                      "required": [
                                                        "tuple",
                                                        [
                                                          "string"
                                                        ]
                                                      ]
                                                    }
                                                  ],
                                                  [
                                                    "object",
                                                    {
                                                      "required": [
                                                        "tuple",
                                                        [
                                                          "string"
                                                        ]
                                                      ]
                                                    }
                                                  ],
                                                  [
                                                    "object",
                                                    {
                                                      "required": [
                                                        "tuple",
                                                        [
                                                          "string"
                                                        ]
                                                      ]
                                                    }
                                                  ],
                                                  [
                                                    "object",
                                                    {
                                                      "required": [
                                                        "tuple",
                                                        [
                                                          "string"
                                                        ]
                                                      ]
                                                    }
                                                  ],
                                                  [
                                                    "object",
                                                    {
                                                      "required": [
                                                        "tuple",
                                                        [
                                                          "string"
                                                        ]
                                                      ]
                                                    }
                                                  ]
                                                ]
                                              ],
                                              "properties": [
                                                "object",
                                                {
                                                  "credentials": [
                                                    "object",
                                                    {
                                                      "type": "string"
                                                    }
                                                  ],
                                                  "gcs": [
                                                    "object",
                                                    {
                                                      "properties": [
                                                        "object",
                                                        {
                                                          "url": [
                                                            "object",
                                                            {
                                                              "type": "string"
                                                            }
                                                          ]
                                                        }
                                                      ],
                                                      "type": "string"
                                                    }
                                                  ],
                                                  "http": [
                                                    "object",
                                                    {
                                                      "properties": [
                                                        "object",
                                                        {
                                                          "url": [
                                                            "object",
                                                            {
                                                              "type": "string"
                                                            }
                                                          ]
                                                        }
                                                      ],
                                                      "type": "string"
                                                    }
                                                  ],
                                                  "pvc": [
                                                    "object",
                                                    {
                                                      "properties": [
                                                        "object",
                                                        {
                                                          "name": [
                                                            "object",
                                                            {
                                                              "type": "string"
                                                            }
                                                          ],
                                                          "namespace": [
                                                            "object",
                                                            {
                                                              "type": "string"
                                                            }
                                                          ]
                                                        }
                                                      ],
                                                      "type": "string"
                                                    }
                                                  ],
                                                  "readableDescription": [
                                                    "object",
                                                    {
                                                      "type": "string"
                                                    }
                                                  ],
                                                  "readableName": [
                                                    "object",
                                                    {
                                                      "type": "string"
                                                    }
                                                  ],
                                                  "registry": [
                                                    "object",
                                                    {
                                                      "properties": [
                                                        "object",
                                                        {
                                                          "url": [
                                                            "object",
                                                            {
                                                              "type": "string"
                                                            }
                                                          ]
                                                        }
                                                      ],
                                                      "type": "string"
                                                    }
                                                  ],
                                                  "s3": [
                                                    "object",
                                                    {
                                                      "properties": [
                                                        "object",
                                                        {
                                                          "url": [
                                                            "object",
                                                            {
                                                              "type": "string"
                                                            }
                                                          ]
                                                        }
                                                      ],
                                                      "type": "string"
                                                    }
                                                  ],
                                                  "type": [
                                                    "object",
                                                    {
                                                      "type": "string"
                                                    }
                                                  ]
                                                }
                                              ],
                                              "required": [
                                                "tuple",
                                                [
                                                  "string",
                                                  "string"
                                                ]
                                              ],
                                              "type": "string",
                                              "x-kubernetes-validations": [
                                                "tuple",
                                                [
                                                  [
                                                    "object",
                                                    {
                                                      "message": "string",
                                                      "rule": "string"
                                                    }
                                                  ]
                                                ]
                                              ]
                                            }
                                          ]
                                        }
                                      ],
                                      "type": "string"
                                    }
                                  ]
                                }
                              ],
                              "served": "bool",
                              "storage": "bool"
                            }
                          ]
                        ]
                      ]
                    }
                  ]
                }
              ]
            },
            "object": {
              "value": {
                "apiVersion": "apiextensions.k8s.io/v1",
                "kind": "CustomResourceDefinition",
                "metadata": {
                  "annotations": null,
                  "creationTimestamp": null,
                  "deletionGracePeriodSeconds": null,
                  "deletionTimestamp": null,
                  "finalizers": null,
                  "generateName": null,
                  "generation": null,
                  "labels": null,
                  "managedFields": null,
                  "name": "images.kubevirt-manager.io",
                  "namespace": null,
                  "ownerReferences": null,
                  "resourceVersion": null,
                  "selfLink": null,
                  "uid": null
                },
                "spec": {
                  "conversion": {
                    "strategy": "None",
                    "webhook": {
                      "clientConfig": {
                        "caBundle": null,
                        "service": {
                          "name": null,
                          "namespace": null,
                          "path": null,
                          "port": null
                        },
                        "url": null
                      },
                      "conversionReviewVersions": null
                    }
                  },
                  "group": "kubevirt-manager.io",
                  "names": {
                    "categories": null,
                    "kind": "Image",
                    "listKind": "ImageList",
                    "plural": "images",
                    "shortNames": [
                      "img"
                    ],
                    "singular": "image"
                  },
                  "preserveUnknownFields": null,
                  "scope": "Namespaced",
                  "versions": [
                    {
                      "additionalPrinterColumns": [
                        {
                          "description": null,
                          "format": null,
                          "jsonPath": ".spec.type",
                          "name": "Type",
                          "priority": null,
                          "type": "string"
                        },
                        {
                          "description": null,
                          "format": null,
                          "jsonPath": ".metadata.creationTimestamp",
                          "name": "Age",
                          "priority": null,
                          "type": "date"
                        }
                      ],
                      "deprecated": null,
                      "deprecationWarning": null,
                      "name": "v1",
                      "schema": {
                        "openAPIV3Schema": {
                          "properties": {
                            "spec": {
                              "oneOf": [
                                {
                                  "required": [
                                    "http"
                                  ]
                                },
                                {
                                  "required": [
                                    "registry"
                                  ]
                                },
                                {
                                  "required": [
                                    "s3"
                                  ]
                                },
                                {
                                  "required": [
                                    "gcs"
                                  ]
                                },
                                {
                                  "required": [
                                    "pvc"
                                  ]
                                }
                              ],
                              "properties": {
                                "credentials": {
                                  "type": "string"
                                },
                                "gcs": {
                                  "properties": {
                                    "url": {
                                      "type": "string"
                                    }
                                  },
                                  "type": "object"
                                },
                                "http": {
                                  "properties": {
                                    "url": {
                                      "type": "string"
                                    }
                                  },
                                  "type": "object"
                                },
                                "pvc": {
                                  "properties": {
                                    "name": {
                                      "type": "string"
                                    },
                                    "namespace": {
                                      "type": "string"
                                    }
                                  },
                                  "type": "object"
                                },
                                "readableDescription": {
                                  "type": "string"
                                },
                                "readableName": {
                                  "type": "string"
                                },
                                "registry": {
                                  "properties": {
                                    "url": {
                                      "type": "string"
                                    }
                                  },
                                  "type": "object"
                                },
                                "s3": {
                                  "properties": {
                                    "url": {
                                      "type": "string"
                                    }
                                  },
                                  "type": "object"
                                },
                                "type": {
                                  "type": "string"
                                }
                              },
                              "required": [
                                "type",
                                "readableName"
                              ],
                              "type": "object",
                              "x-kubernetes-validations": [
                                {
                                  "message": "spec.type should be: http, registry, s3, gcs, pvc",
                                  "rule": "self.type.matches('^(http)|(gcs)|(s3)|(registry)|(pvc)$')"
                                }
                              ]
                            }
                          },
                          "type": "object"
                        }
                      },
                      "selectableFields": null,
                      "served": true,
                      "storage": true,
                      "subresources": {
                        "scale": {
                          "labelSelectorPath": null,
                          "specReplicasPath": null,
                          "statusReplicasPath": null
                        },
                        "status": null
                      }
                    }
                  ]
                }
              },
              "type": [
                "object",
                {
                  "apiVersion": "string",
                  "kind": "string",
                  "metadata": [
                    "object",
                    {
                      "annotations": [
                        "map",
                        "string"
                      ],
                      "creationTimestamp": "string",
                      "deletionGracePeriodSeconds": "number",
                      "deletionTimestamp": "string",
                      "finalizers": [
                        "list",
                        "string"
                      ],
                      "generateName": "string",
                      "generation": "number",
                      "labels": [
                        "map",
                        "string"
                      ],
                      "managedFields": [
                        "tuple",
                        [
                          [
                            "object",
                            {
                              "apiVersion": "string",
                              "fieldsType": "string",
                              "fieldsV1": "dynamic",
                              "manager": "string",
                              "operation": "string",
                              "subresource": "string",
                              "time": "string"
                            }
                          ]
                        ]
                      ],
                      "name": "string",
                      "namespace": "string",
                      "ownerReferences": [
                        "list",
                        [
                          "object",
                          {
                            "apiVersion": "string",
                            "blockOwnerDeletion": "bool",
                            "controller": "bool",
                            "kind": "string",
                            "name": "string",
                            "uid": "string"
                          }
                        ]
                      ],
                      "resourceVersion": "string",
                      "selfLink": "string",
                      "uid": "string"
                    }
                  ],
                  "spec": [
                    "object",
                    {
                      "conversion": [
                        "object",
                        {
                          "strategy": "string",
                          "webhook": [
                            "object",
                            {
                              "clientConfig": [
                                "object",
                                {
                                  "caBundle": "string",
                                  "service": [
                                    "object",
                                    {
                                      "name": "string",
                                      "namespace": "string",
                                      "path": "string",
                                      "port": "number"
                                    }
                                  ],
                                  "url": "string"
                                }
                              ],
                              "conversionReviewVersions": [
                                "list",
                                "string"
                              ]
                            }
                          ]
                        }
                      ],
                      "group": "string",
                      "names": [
                        "object",
                        {
                          "categories": [
                            "list",
                            "string"
                          ],
                          "kind": "string",
                          "listKind": "string",
                          "plural": "string",
                          "shortNames": [
                            "list",
                            "string"
                          ],
                          "singular": "string"
                        }
                      ],
                      "preserveUnknownFields": "bool",
                      "scope": "string",
                      "versions": [
                        "tuple",
                        [
                          [
                            "object",
                            {
                              "additionalPrinterColumns": [
                                "list",
                                [
                                  "object",
                                  {
                                    "description": "string",
                                    "format": "string",
                                    "jsonPath": "string",
                                    "name": "string",
                                    "priority": "number",
                                    "type": "string"
                                  }
                                ]
                              ],
                              "deprecated": "bool",
                              "deprecationWarning": "string",
                              "name": "string",
                              "schema": [
                                "object",
                                {
                                  "openAPIV3Schema": [
                                    "object",
                                    {
                                      "properties": [
                                        "object",
                                        {
                                          "spec": [
                                            "object",
                                            {
                                              "oneOf": [
                                                "tuple",
                                                [
                                                  [
                                                    "object",
                                                    {
                                                      "required": [
                                                        "tuple",
                                                        [
                                                          "string"
                                                        ]
                                                      ]
                                                    }
                                                  ],
                                                  [
                                                    "object",
                                                    {
                                                      "required": [
                                                        "tuple",
                                                        [
                                                          "string"
                                                        ]
                                                      ]
                                                    }
                                                  ],
                                                  [
                                                    "object",
                                                    {
                                                      "required": [
                                                        "tuple",
                                                        [
                                                          "string"
                                                        ]
                                                      ]
                                                    }
                                                  ],
                                                  [
                                                    "object",
                                                    {
                                                      "required": [
                                                        "tuple",
                                                        [
                                                          "string"
                                                        ]
                                                      ]
                                                    }
                                                  ],
                                                  [
                                                    "object",
                                                    {
                                                      "required": [
                                                        "tuple",
                                                        [
                                                          "string"
                                                        ]
                                                      ]
                                                    }
                                                  ]
                                                ]
                                              ],
                                              "properties": [
                                                "object",
                                                {
                                                  "credentials": [
                                                    "object",
                                                    {
                                                      "type": "string"
                                                    }
                                                  ],
                                                  "gcs": [
                                                    "object",
                                                    {
                                                      "properties": [
                                                        "object",
                                                        {
                                                          "url": [
                                                            "object",
                                                            {
                                                              "type": "string"
                                                            }
                                                          ]
                                                        }
                                                      ],
                                                      "type": "string"
                                                    }
                                                  ],
                                                  "http": [
                                                    "object",
                                                    {
                                                      "properties": [
                                                        "object",
                                                        {
                                                          "url": [
                                                            "object",
                                                            {
                                                              "type": "string"
                                                            }
                                                          ]
                                                        }
                                                      ],
                                                      "type": "string"
                                                    }
                                                  ],
                                                  "pvc": [
                                                    "object",
                                                    {
                                                      "properties": [
                                                        "object",
                                                        {
                                                          "name": [
                                                            "object",
                                                            {
                                                              "type": "string"
                                                            }
                                                          ],
                                                          "namespace": [
                                                            "object",
                                                            {
                                                              "type": "string"
                                                            }
                                                          ]
                                                        }
                                                      ],
                                                      "type": "string"
                                                    }
                                                  ],
                                                  "readableDescription": [
                                                    "object",
                                                    {
                                                      "type": "string"
                                                    }
                                                  ],
                                                  "readableName": [
                                                    "object",
                                                    {
                                                      "type": "string"
                                                    }
                                                  ],
                                                  "registry": [
                                                    "object",
                                                    {
                                                      "properties": [
                                                        "object",
                                                        {
                                                          "url": [
                                                            "object",
                                                            {
                                                              "type": "string"
                                                            }
                                                          ]
                                                        }
                                                      ],
                                                      "type": "string"
                                                    }
                                                  ],
                                                  "s3": [
                                                    "object",
                                                    {
                                                      "properties": [
                                                        "object",
                                                        {
                                                          "url": [
                                                            "object",
                                                            {
                                                              "type": "string"
                                                            }
                                                          ]
                                                        }
                                                      ],
                                                      "type": "string"
                                                    }
                                                  ],
                                                  "type": [
                                                    "object",
                                                    {
                                                      "type": "string"
                                                    }
                                                  ]
                                                }
                                              ],
                                              "required": [
                                                "tuple",
                                                [
                                                  "string",
                                                  "string"
                                                ]
                                              ],
                                              "type": "string",
                                              "x-kubernetes-validations": [
                                                "tuple",
                                                [
                                                  [
                                                    "object",
                                                    {
                                                      "message": "string",
                                                      "rule": "string"
                                                    }
                                                  ]
                                                ]
                                              ]
                                            }
                                          ]
                                        }
                                      ],
                                      "type": "string"
                                    }
                                  ]
                                }
                              ],
                              "selectableFields": [
                                "list",
                                [
                                  "object",
                                  {
                                    "jsonPath": "string"
                                  }
                                ]
                              ],
                              "served": "bool",
                              "storage": "bool",
                              "subresources": [
                                "object",
                                {
                                  "scale": [
                                    "object",
                                    {
                                      "labelSelectorPath": "string",
                                      "specReplicasPath": "string",
                                      "statusReplicasPath": "string"
                                    }
                                  ],
                                  "status": "dynamic"
                                }
                              ]
                            }
                          ]
                        ]
                      ]
                    }
                  ]
                }
              ]
            },
            "timeouts": [],
            "wait": [],
            "wait_for": null
          },
          "sensitive_attributes": [],
          "identity_schema_version": 1,
          "identity": {
            "api_version": "apiextensions.k8s.io/v1",
            "kind": "CustomResourceDefinition",
            "name": "images.kubevirt-manager.io",
            "namespace": ""
          },
          "dependencies": [
            "module.kubevirt_manager.kubernetes_namespace.kubevirt_manager"
          ]
        },
        {
          "index_key": "Deployment-kubevirt-manager",
          "schema_version": 1,
          "attributes": {
            "computed_fields": null,
            "field_manager": [],
            "manifest": {
              "value": {
                "apiVersion": "apps/v1",
                "kind": "Deployment",
                "metadata": {
                  "labels": {
                    "app": "kubevirt-manager",
                    "kubevirt-manager.io/version": "nightly"
                  },
                  "name": "kubevirt-manager",
                  "namespace": "kubevirt-manager"
                },
                "spec": {
                  "replicas": 1,
                  "selector": {
                    "matchLabels": {
                      "app": "kubevirt-manager",
                      "kubevirt-manager.io/version": "nightly"
                    }
                  },
                  "strategy": {
                    "type": "Recreate"
                  },
                  "template": {
                    "metadata": {
                      "labels": {
                        "app": "kubevirt-manager",
                        "kubevirt-manager.io/version": "nightly"
                      }
                    },
                    "spec": {
                      "containers": [
                        {
                          "image": "kubevirtmanager/kubevirt-manager:nightly",
                          "imagePullPolicy": "IfNotPresent",
                          "name": "kubevirtmgr",
                          "ports": [
                            {
                              "containerPort": 8080,
                              "name": "http"
                            }
                          ],
                          "securityContext": {
                            "allowPrivilegeEscalation": false,
                            "readOnlyRootFilesystem": true,
                            "runAsGroup": 30000,
                            "runAsUser": 10000
                          },
                          "volumeMounts": [
                            {
                              "mountPath": "/var/cache/nginx",
                              "name": "cache-volume"
                            },
                            {
                              "mountPath": "/var/run",
                              "name": "run-volume"
                            },
                            {
                              "mountPath": "/etc/nginx/oauth.d/",
                              "name": "oauth-config"
                            },
                            {
                              "mountPath": "/etc/nginx/auth.d/",
                              "name": "auth-config"
                            },
                            {
                              "mountPath": "/etc/nginx/secret.d/",
                              "name": "auth-secret"
                            },
                            {
                              "mountPath": "/etc/nginx/location.d/",
                              "name": "prometheus-config"
                            }
                          ]
                        }
                      ],
                      "restartPolicy": "Always",
                      "serviceAccountName": "kubevirt-manager",
                      "volumes": [
                        {
                          "emptyDir": {},
                          "name": "cache-volume"
                        },
                        {
                          "emptyDir": {},
                          "name": "run-volume"
                        },
                        {
                          "configMap": {
                            "name": "oauth-config",
                            "optional": true
                          },
                          "name": "oauth-config"
                        },
                        {
                          "configMap": {
                            "name": "auth-config",
                            "optional": true
                          },
                          "name": "auth-config"
                        },
                        {
                          "name": "auth-secret",
                          "secret": {
                            "optional": true,
                            "secretName": "auth-secret"
                          }
                        },
                        {
                          "configMap": {
                            "name": "prometheus-config",
                            "optional": true
                          },
                          "name": "prometheus-config"
                        }
                      ]
                    }
                  }
                }
              },
              "type": [
                "object",
                {
                  "apiVersion": "string",
                  "kind": "string",
                  "metadata": [
                    "object",
                    {
                      "labels": [
                        "object",
                        {
                          "app": "string",
                          "kubevirt-manager.io/version": "string"
                        }
                      ],
                      "name": "string",
                      "namespace": "string"
                    }
                  ],
                  "spec": [
                    "object",
                    {
                      "replicas": "number",
                      "selector": [
                        "object",
                        {
                          "matchLabels": [
                            "object",
                            {
                              "app": "string",
                              "kubevirt-manager.io/version": "string"
                            }
                          ]
                        }
                      ],
                      "strategy": [
                        "object",
                        {
                          "type": "string"
                        }
                      ],
                      "template": [
                        "object",
                        {
                          "metadata": [
                            "object",
                            {
                              "labels": [
                                "object",
                                {
                                  "app": "string",
                                  "kubevirt-manager.io/version": "string"
                                }
                              ]
                            }
                          ],
                          "spec": [
                            "object",
                            {
                              "containers": [
                                "tuple",
                                [
                                  [
                                    "object",
                                    {
                                      "image": "string",
                                      "imagePullPolicy": "string",
                                      "name": "string",
                                      "ports": [
                                        "tuple",
                                        [
                                          [
                                            "object",
                                            {
                                              "containerPort": "number",
                                              "name": "string"
                                            }
                                          ]
                                        ]
                                      ],
                                      "securityContext": [
                                        "object",
                                        {
                                          "allowPrivilegeEscalation": "bool",
                                          "readOnlyRootFilesystem": "bool",
                                          "runAsGroup": "number",
                                          "runAsUser": "number"
                                        }
                                      ],
                                      "volumeMounts": [
                                        "tuple",
                                        [
                                          [
                                            "object",
                                            {
                                              "mountPath": "string",
                                              "name": "string"
                                            }
                                          ],
                                          [
                                            "object",
                                            {
                                              "mountPath": "string",
                                              "name": "string"
                                            }
                                          ],
                                          [
                                            "object",
                                            {
                                              "mountPath": "string",
                                              "name": "string"
                                            }
                                          ],
                                          [
                                            "object",
                                            {
                                              "mountPath": "string",
                                              "name": "string"
                                            }
                                          ],
                                          [
                                            "object",
                                            {
                                              "mountPath": "string",
                                              "name": "string"
                                            }
                                          ],
                                          [
                                            "object",
                                            {
                                              "mountPath": "string",
                                              "name": "string"
                                            }
                                          ]
                                        ]
                                      ]
                                    }
                                  ]
                                ]
                              ],
                              "restartPolicy": "string",
                              "serviceAccountName": "string",
                              "volumes": [
                                "tuple",
                                [
                                  [
                                    "object",
                                    {
                                      "emptyDir": [
                                        "object",
                                        {}
                                      ],
                                      "name": "string"
                                    }
                                  ],
                                  [
                                    "object",
                                    {
                                      "emptyDir": [
                                        "object",
                                        {}
                                      ],
                                      "name": "string"
                                    }
                                  ],
                                  [
                                    "object",
                                    {
                                      "configMap": [
                                        "object",
                                        {
                                          "name": "string",
                                          "optional": "bool"
                                        }
                                      ],
                                      "name": "string"
                                    }
                                  ],
                                  [
                                    "object",
                                    {
                                      "configMap": [
                                        "object",
                                        {
                                          "name": "string",
                                          "optional": "bool"
                                        }
                                      ],
                                      "name": "string"
                                    }
                                  ],
                                  [
                                    "object",
                                    {
                                      "name": "string",
                                      "secret": [
                                        "object",
                                        {
                                          "optional": "bool",
                                          "secretName": "string"
                                        }
                                      ]
                                    }
                                  ],
                                  [
                                    "object",
                                    {
                                      "configMap": [
                                        "object",
                                        {
                                          "name": "string",
                                          "optional": "bool"
                                        }
                                      ],
                                      "name": "string"
                                    }
                                  ]
                                ]
                              ]
                            }
                          ]
                        }
                      ]
                    }
                  ]
                }
              ]
            },
            "object": {
              "value": {
                "apiVersion": "apps/v1",
                "kind": "Deployment",
                "metadata": {
                  "annotations": {
                    "deployment.kubernetes.io/revision": "1"
                  },
                  "creationTimestamp": null,
                  "deletionGracePeriodSeconds": null,
                  "deletionTimestamp": null,
                  "finalizers": null,
                  "generateName": null,
                  "generation": null,
                  "labels": {
                    "app": "kubevirt-manager",
                    "kubevirt-manager.io/version": "nightly"
                  },
                  "managedFields": null,
                  "name": "kubevirt-manager",
                  "namespace": "kubevirt-manager",
                  "ownerReferences": null,
                  "resourceVersion": null,
                  "selfLink": null,
                  "uid": null
                },
                "spec": {
                  "minReadySeconds": null,
                  "paused": null,
                  "progressDeadlineSeconds": 600,
                  "replicas": 1,
                  "revisionHistoryLimit": 10,
                  "selector": {
                    "matchExpressions": null,
                    "matchLabels": {
                      "app": "kubevirt-manager",
                      "kubevirt-manager.io/version": "nightly"
                    }
                  },
                  "strategy": {
                    "rollingUpdate": {
                      "maxSurge": null,
                      "maxUnavailable": null
                    },
                    "type": "Recreate"
                  },
                  "template": {
                    "metadata": {
                      "annotations": null,
                      "creationTimestamp": null,
                      "deletionGracePeriodSeconds": null,
                      "deletionTimestamp": null,
                      "finalizers": null,
                      "generateName": null,
                      "generation": null,
                      "labels": {
                        "app": "kubevirt-manager",
                        "kubevirt-manager.io/version": "nightly"
                      },
                      "managedFields": null,
                      "name": null,
                      "namespace": null,
                      "ownerReferences": null,
                      "resourceVersion": null,
                      "selfLink": null,
                      "uid": null
                    },
                    "spec": {
                      "activeDeadlineSeconds": null,
                      "affinity": {
                        "nodeAffinity": {
                          "preferredDuringSchedulingIgnoredDuringExecution": null,
                          "requiredDuringSchedulingIgnoredDuringExecution": {
                            "nodeSelectorTerms": null
                          }
                        },
                        "podAffinity": {
                          "preferredDuringSchedulingIgnoredDuringExecution": null,
                          "requiredDuringSchedulingIgnoredDuringExecution": null
                        },
                        "podAntiAffinity": {
                          "preferredDuringSchedulingIgnoredDuringExecution": null,
                          "requiredDuringSchedulingIgnoredDuringExecution": null
                        }
                      },
                      "automountServiceAccountToken": null,
                      "containers": [
                        {
                          "args": null,
                          "command": null,
                          "env": null,
                          "envFrom": null,
                          "image": "kubevirtmanager/kubevirt-manager:nightly",
                          "imagePullPolicy": "IfNotPresent",
                          "lifecycle": {
                            "postStart": {
                              "exec": {
                                "command": null
                              },
                              "httpGet": {
                                "host": null,
                                "httpHeaders": null,
                                "path": null,
                                "port": null,
                                "scheme": null
                              },
                              "sleep": {
                                "seconds": null
                              },
                              "tcpSocket": {
                                "host": null,
                                "port": null
                              }
                            },
                            "preStop": {
                              "exec": {
                                "command": null
                              },
                              "httpGet": {
                                "host": null,
                                "httpHeaders": null,
                                "path": null,
                                "port": null,
                                "scheme": null
                              },
                              "sleep": {
                                "seconds": null
                              },
                              "tcpSocket": {
                                "host": null,
                                "port": null
                              }
                            },
                            "stopSignal": null
                          },
                          "livenessProbe": {
                            "exec": {
                              "command": null
                            },
                            "failureThreshold": null,
                            "grpc": {
                              "port": null,
                              "service": null
                            },
                            "httpGet": {
                              "host": null,
                              "httpHeaders": null,
                              "path": null,
                              "port": null,
                              "scheme": null
                            },
                            "initialDelaySeconds": null,
                            "periodSeconds": null,
                            "successThreshold": null,
                            "tcpSocket": {
                              "host": null,
                              "port": null
                            },
                            "terminationGracePeriodSeconds": null,
                            "timeoutSeconds": null
                          },
                          "name": "kubevirtmgr",
                          "ports": [
                            {
                              "containerPort": 8080,
                              "hostIP": null,
                              "hostPort": null,
                              "name": "http",
                              "protocol": "TCP"
                            }
                          ],
                          "readinessProbe": {
                            "exec": {
                              "command": null
                            },
                            "failureThreshold": null,
                            "grpc": {
                              "port": null,
                              "service": null
                            },
                            "httpGet": {
                              "host": null,
                              "httpHeaders": null,
                              "path": null,
                              "port": null,
                              "scheme": null
                            },
                            "initialDelaySeconds": null,
                            "periodSeconds": null,
                            "successThreshold": null,
                            "tcpSocket": {
                              "host": null,
                              "port": null
                            },
                            "terminationGracePeriodSeconds": null,
                            "timeoutSeconds": null
                          },
                          "resizePolicy": null,
                          "resources": {
                            "claims": null,
                            "limits": null,
                            "requests": null
                          },
                          "restartPolicy": null,
                          "restartPolicyRules": null,
                          "securityContext": {
                            "allowPrivilegeEscalation": false,
                            "appArmorProfile": {
                              "localhostProfile": null,
                              "type": null
                            },
                            "capabilities": {
                              "add": null,
                              "drop": null
                            },
                            "privileged": null,
                            "procMount": null,
                            "readOnlyRootFilesystem": true,
                            "runAsGroup": 30000,
                            "runAsNonRoot": null,
                            "runAsUser": 10000,
                            "seLinuxOptions": {
                              "level": null,
                              "role": null,
                              "type": null,
                              "user": null
                            },
                            "seccompProfile": {
                              "localhostProfile": null,
                              "type": null
                            },
                            "windowsOptions": {
                              "gmsaCredentialSpec": null,
                              "gmsaCredentialSpecName": null,
                              "hostProcess": null,
                              "runAsUserName": null
                            }
                          },
                          "startupProbe": {
                            "exec": {
                              "command": null
                            },
                            "failureThreshold": null,
                            "grpc": {
                              "port": null,
                              "service": null
                            },
                            "httpGet": {
                              "host": null,
                              "httpHeaders": null,
                              "path": null,
                              "port": null,
                              "scheme": null
                            },
                            "initialDelaySeconds": null,
                            "periodSeconds": null,
                            "successThreshold": null,
                            "tcpSocket": {
                              "host": null,
                              "port": null
                            },
                            "terminationGracePeriodSeconds": null,
                            "timeoutSeconds": null
                          },
                          "stdin": null,
                          "stdinOnce": null,
                          "terminationMessagePath": "/dev/termination-log",
                          "terminationMessagePolicy": "File",
                          "tty": null,
                          "volumeDevices": null,
                          "volumeMounts": [
                            {
                              "mountPath": "/var/cache/nginx",
                              "mountPropagation": null,
                              "name": "cache-volume",
                              "readOnly": null,
                              "recursiveReadOnly": null,
                              "subPath": null,
                              "subPathExpr": null
                            },
                            {
                              "mountPath": "/var/run",
                              "mountPropagation": null,
                              "name": "run-volume",
                              "readOnly": null,
                              "recursiveReadOnly": null,
                              "subPath": null,
                              "subPathExpr": null
                            },
                            {
                              "mountPath": "/etc/nginx/oauth.d/",
                              "mountPropagation": null,
                              "name": "oauth-config",
                              "readOnly": null,
                              "recursiveReadOnly": null,
                              "subPath": null,
                              "subPathExpr": null
                            },
                            {
                              "mountPath": "/etc/nginx/auth.d/",
                              "mountPropagation": null,
                              "name": "auth-config",
                              "readOnly": null,
                              "recursiveReadOnly": null,
                              "subPath": null,
                              "subPathExpr": null
                            },
                            {
                              "mountPath": "/etc/nginx/secret.d/",
                              "mountPropagation": null,
                              "name": "auth-secret",
                              "readOnly": null,
                              "recursiveReadOnly": null,
                              "subPath": null,
                              "subPathExpr": null
                            },
                            {
                              "mountPath": "/etc/nginx/location.d/",
                              "mountPropagation": null,
                              "name": "prometheus-config",
                              "readOnly": null,
                              "recursiveReadOnly": null,
                              "subPath": null,
                              "subPathExpr": null
                            }
                          ],
                          "workingDir": null
                        }
                      ],
                      "dnsConfig": {
                        "nameservers": null,
                        "options": null,
                        "searches": null
                      },
                      "dnsPolicy": "ClusterFirst",
                      "enableServiceLinks": null,
                      "ephemeralContainers": null,
                      "hostAliases": null,
                      "hostIPC": null,
                      "hostNetwork": null,
                      "hostPID": null,
                      "hostUsers": null,
                      "hostname": null,
                      "hostnameOverride": null,
                      "imagePullSecrets": null,
                      "initContainers": null,
                      "nodeName": null,
                      "nodeSelector": null,
                      "os": {
                        "name": null
                      },
                      "overhead": null,
                      "preemptionPolicy": null,
                      "priority": null,
                      "priorityClassName": null,
                      "readinessGates": null,
                      "resourceClaims": null,
                      "resources": {
                        "claims": null,
                        "limits": null,
                        "requests": null
                      },
                      "restartPolicy": "Always",
                      "runtimeClassName": null,
                      "schedulerName": "default-scheduler",
                      "schedulingGates": null,
                      "securityContext": {
                        "appArmorProfile": {
                          "localhostProfile": null,
                          "type": null
                        },
                        "fsGroup": null,
                        "fsGroupChangePolicy": null,
                        "runAsGroup": null,
                        "runAsNonRoot": null,
                        "runAsUser": null,
                        "seLinuxChangePolicy": null,
                        "seLinuxOptions": {
                          "level": null,
                          "role": null,
                          "type": null,
                          "user": null
                        },
                        "seccompProfile": {
                          "localhostProfile": null,
                          "type": null
                        },
                        "supplementalGroups": null,
                        "supplementalGroupsPolicy": null,
                        "sysctls": null,
                        "windowsOptions": {
                          "gmsaCredentialSpec": null,
                          "gmsaCredentialSpecName": null,
                          "hostProcess": null,
                          "runAsUserName": null
                        }
                      },
                      "serviceAccount": "kubevirt-manager",
                      "serviceAccountName": "kubevirt-manager",
                      "setHostnameAsFQDN": null,
                      "shareProcessNamespace": null,
                      "subdomain": null,
                      "terminationGracePeriodSeconds": 30,
                      "tolerations": null,
                      "topologySpreadConstraints": null,
                      "volumes": [
                        {
                          "awsElasticBlockStore": {
                            "fsType": null,
                            "partition": null,
                            "readOnly": null,
                            "volumeID": null
                          },
                          "azureDisk": {
                            "cachingMode": null,
                            "diskName": null,
                            "diskURI": null,
                            "fsType": null,
                            "kind": null,
                            "readOnly": null
                          },
                          "azureFile": {
                            "readOnly": null,
                            "secretName": null,
                            "shareName": null
                          },
                          "cephfs": {
                            "monitors": null,
                            "path": null,
                            "readOnly": null,
                            "secretFile": null,
                            "secretRef": {
                              "name": null
                            },
                            "user": null
                          },
                          "cinder": {
                            "fsType": null,
                            "readOnly": null,
                            "secretRef": {
                              "name": null
                            },
                            "volumeID": null
                          },
                          "configMap": {
                            "defaultMode": null,
                            "items": null,
                            "name": null,
                            "optional": null
                          },
                          "csi": {
                            "driver": null,
                            "fsType": null,
                            "nodePublishSecretRef": {
                              "name": null
                            },
                            "readOnly": null,
                            "volumeAttributes": null
                          },
                          "downwardAPI": {
                            "defaultMode": null,
                            "items": null
                          },
                          "emptyDir": {
                            "medium": null,
                            "sizeLimit": null
                          },
                          "ephemeral": {
                            "volumeClaimTemplate": {
                              "metadata": {
                                "annotations": null,
                                "creationTimestamp": null,
                                "deletionGracePeriodSeconds": null,
                                "deletionTimestamp": null,
                                "finalizers": null,
                                "generateName": null,
                                "generation": null,
                                "labels": null,
                                "managedFields": null,
                                "name": null,
                                "namespace": null,
                                "ownerReferences": null,
                                "resourceVersion": null,
                                "selfLink": null,
                                "uid": null
                              },
                              "spec": {
                                "accessModes": null,
                                "dataSource": {
                                  "apiGroup": null,
                                  "kind": null,
                                  "name": null
                                },
                                "dataSourceRef": {
                                  "apiGroup": null,
                                  "kind": null,
                                  "name": null,
                                  "namespace": null
                                },
                                "resources": {
                                  "limits": null,
                                  "requests": null
                                },
                                "selector": {
                                  "matchExpressions": null,
                                  "matchLabels": null
                                },
                                "storageClassName": null,
                                "volumeAttributesClassName": null,
                                "volumeMode": null,
                                "volumeName": null
                              }
                            }
                          },
                          "fc": {
                            "fsType": null,
                            "lun": null,
                            "readOnly": null,
                            "targetWWNs": null,
                            "wwids": null
                          },
                          "flexVolume": {
                            "driver": null,
                            "fsType": null,
                            "options": null,
                            "readOnly": null,
                            "secretRef": {
                              "name": null
                            }
                          },
                          "flocker": {
                            "datasetName": null,
                            "datasetUUID": null
                          },
                          "gcePersistentDisk": {
                            "fsType": null,
                            "partition": null,
                            "pdName": null,
                            "readOnly": null
                          },
                          "gitRepo": {
                            "directory": null,
                            "repository": null,
                            "revision": null
                          },
                          "glusterfs": {
                            "endpoints": null,
                            "path": null,
                            "readOnly": null
                          },
                          "hostPath": {
                            "path": null,
                            "type": null
                          },
                          "image": {
                            "pullPolicy": null,
                            "reference": null
                          },
                          "iscsi": {
                            "chapAuthDiscovery": null,
                            "chapAuthSession": null,
                            "fsType": null,
                            "initiatorName": null,
                            "iqn": null,
                            "iscsiInterface": null,
                            "lun": null,
                            "portals": null,
                            "readOnly": null,
                            "secretRef": {
                              "name": null
                            },
                            "targetPortal": null
                          },
                          "name": "cache-volume",
                          "nfs": {
                            "path": null,
                            "readOnly": null,
                            "server": null
                          },
                          "persistentVolumeClaim": {
                            "claimName": null,
                            "readOnly": null
                          },
                          "photonPersistentDisk": {
                            "fsType": null,
                            "pdID": null
                          },
                          "portworxVolume": {
                            "fsType": null,
                            "readOnly": null,
                            "volumeID": null
                          },
                          "projected": {
                            "defaultMode": null,
                            "sources": null
                          },
                          "quobyte": {
                            "group": null,
                            "readOnly": null,
                            "registry": null,
                            "tenant": null,
                            "user": null,
                            "volume": null
                          },
                          "rbd": {
                            "fsType": null,
                            "image": null,
                            "keyring": null,
                            "monitors": null,
                            "pool": null,
                            "readOnly": null,
                            "secretRef": {
                              "name": null
                            },
                            "user": null
                          },
                          "scaleIO": {
                            "fsType": null,
                            "gateway": null,
                            "protectionDomain": null,
                            "readOnly": null,
                            "secretRef": {
                              "name": null
                            },
                            "sslEnabled": null,
                            "storageMode": null,
                            "storagePool": null,
                            "system": null,
                            "volumeName": null
                          },
                          "secret": {
                            "defaultMode": null,
                            "items": null,
                            "optional": null,
                            "secretName": null
                          },
                          "storageos": {
                            "fsType": null,
                            "readOnly": null,
                            "secretRef": {
                              "name": null
                            },
                            "volumeName": null,
                            "volumeNamespace": null
                          },
                          "vsphereVolume": {
                            "fsType": null,
                            "storagePolicyID": null,
                            "storagePolicyName": null,
                            "volumePath": null
                          }
                        },
                        {
                          "awsElasticBlockStore": {
                            "fsType": null,
                            "partition": null,
                            "readOnly": null,
                            "volumeID": null
                          },
                          "azureDisk": {
                            "cachingMode": null,
                            "diskName": null,
                            "diskURI": null,
                            "fsType": null,
                            "kind": null,
                            "readOnly": null
                          },
                          "azureFile": {
                            "readOnly": null,
                            "secretName": null,
                            "shareName": null
                          },
                          "cephfs": {
                            "monitors": null,
                            "path": null,
                            "readOnly": null,
                            "secretFile": null,
                            "secretRef": {
                              "name": null
                            },
                            "user": null
                          },
                          "cinder": {
                            "fsType": null,
                            "readOnly": null,
                            "secretRef": {
                              "name": null
                            },
                            "volumeID": null
                          },
                          "configMap": {
                            "defaultMode": null,
                            "items": null,
                            "name": null,
                            "optional": null
                          },
                          "csi": {
                            "driver": null,
                            "fsType": null,
                            "nodePublishSecretRef": {
                              "name": null
                            },
                            "readOnly": null,
                            "volumeAttributes": null
                          },
                          "downwardAPI": {
                            "defaultMode": null,
                            "items": null
                          },
                          "emptyDir": {
                            "medium": null,
                            "sizeLimit": null
                          },
                          "ephemeral": {
                            "volumeClaimTemplate": {
                              "metadata": {
                                "annotations": null,
                                "creationTimestamp": null,
                                "deletionGracePeriodSeconds": null,
                                "deletionTimestamp": null,
                                "finalizers": null,
                                "generateName": null,
                                "generation": null,
                                "labels": null,
                                "managedFields": null,
                                "name": null,
                                "namespace": null,
                                "ownerReferences": null,
                                "resourceVersion": null,
                                "selfLink": null,
                                "uid": null
                              },
                              "spec": {
                                "accessModes": null,
                                "dataSource": {
                                  "apiGroup": null,
                                  "kind": null,
                                  "name": null
                                },
                                "dataSourceRef": {
                                  "apiGroup": null,
                                  "kind": null,
                                  "name": null,
                                  "namespace": null
                                },
                                "resources": {
                                  "limits": null,
                                  "requests": null
                                },
                                "selector": {
                                  "matchExpressions": null,
                                  "matchLabels": null
                                },
                                "storageClassName": null,
                                "volumeAttributesClassName": null,
                                "volumeMode": null,
                                "volumeName": null
                              }
                            }
                          },
                          "fc": {
                            "fsType": null,
                            "lun": null,
                            "readOnly": null,
                            "targetWWNs": null,
                            "wwids": null
                          },
                          "flexVolume": {
                            "driver": null,
                            "fsType": null,
                            "options": null,
                            "readOnly": null,
                            "secretRef": {
                              "name": null
                            }
                          },
                          "flocker": {
                            "datasetName": null,
                            "datasetUUID": null
                          },
                          "gcePersistentDisk": {
                            "fsType": null,
                            "partition": null,
                            "pdName": null,
                            "readOnly": null
                          },
                          "gitRepo": {
                            "directory": null,
                            "repository": null,
                            "revision": null
                          },
                          "glusterfs": {
                            "endpoints": null,
                            "path": null,
                            "readOnly": null
                          },
                          "hostPath": {
                            "path": null,
                            "type": null
                          },
                          "image": {
                            "pullPolicy": null,
                            "reference": null
                          },
                          "iscsi": {
                            "chapAuthDiscovery": null,
                            "chapAuthSession": null,
                            "fsType": null,
                            "initiatorName": null,
                            "iqn": null,
                            "iscsiInterface": null,
                            "lun": null,
                            "portals": null,
                            "readOnly": null,
                            "secretRef": {
                              "name": null
                            },
                            "targetPortal": null
                          },
                          "name": "run-volume",
                          "nfs": {
                            "path": null,
                            "readOnly": null,
                            "server": null
                          },
                          "persistentVolumeClaim": {
                            "claimName": null,
                            "readOnly": null
                          },
                          "photonPersistentDisk": {
                            "fsType": null,
                            "pdID": null
                          },
                          "portworxVolume": {
                            "fsType": null,
                            "readOnly": null,
                            "volumeID": null
                          },
                          "projected": {
                            "defaultMode": null,
                            "sources": null
                          },
                          "quobyte": {
                            "group": null,
                            "readOnly": null,
                            "registry": null,
                            "tenant": null,
                            "user": null,
                            "volume": null
                          },
                          "rbd": {
                            "fsType": null,
                            "image": null,
                            "keyring": null,
                            "monitors": null,
                            "pool": null,
                            "readOnly": null,
                            "secretRef": {
                              "name": null
                            },
                            "user": null
                          },
                          "scaleIO": {
                            "fsType": null,
                            "gateway": null,
                            "protectionDomain": null,
                            "readOnly": null,
                            "secretRef": {
                              "name": null
                            },
                            "sslEnabled": null,
                            "storageMode": null,
                            "storagePool": null,
                            "system": null,
                            "volumeName": null
                          },
                          "secret": {
                            "defaultMode": null,
                            "items": null,
                            "optional": null,
                            "secretName": null
                          },
                          "storageos": {
                            "fsType": null,
                            "readOnly": null,
                            "secretRef": {
                              "name": null
                            },
                            "volumeName": null,
                            "volumeNamespace": null
                          },
                          "vsphereVolume": {
                            "fsType": null,
                            "storagePolicyID": null,
                            "storagePolicyName": null,
                            "volumePath": null
                          }
                        },
                        {
                          "awsElasticBlockStore": {
                            "fsType": null,
                            "partition": null,
                            "readOnly": null,
                            "volumeID": null
                          },
                          "azureDisk": {
                            "cachingMode": null,
                            "diskName": null,
                            "diskURI": null,
                            "fsType": null,
                            "kind": null,
                            "readOnly": null
                          },
                          "azureFile": {
                            "readOnly": null,
                            "secretName": null,
                            "shareName": null
                          },
                          "cephfs": {
                            "monitors": null,
                            "path": null,
                            "readOnly": null,
                            "secretFile": null,
                            "secretRef": {
                              "name": null
                            },
                            "user": null
                          },
                          "cinder": {
                            "fsType": null,
                            "readOnly": null,
                            "secretRef": {
                              "name": null
                            },
                            "volumeID": null
                          },
                          "configMap": {
                            "defaultMode": 420,
                            "items": null,
                            "name": "oauth-config",
                            "optional": true
                          },
                          "csi": {
                            "driver": null,
                            "fsType": null,
                            "nodePublishSecretRef": {
                              "name": null
                            },
                            "readOnly": null,
                            "volumeAttributes": null
                          },
                          "downwardAPI": {
                            "defaultMode": null,
                            "items": null
                          },
                          "emptyDir": {
                            "medium": null,
                            "sizeLimit": null
                          },
                          "ephemeral": {
                            "volumeClaimTemplate": {
                              "metadata": {
                                "annotations": null,
                                "creationTimestamp": null,
                                "deletionGracePeriodSeconds": null,
                                "deletionTimestamp": null,
                                "finalizers": null,
                                "generateName": null,
                                "generation": null,
                                "labels": null,
                                "managedFields": null,
                                "name": null,
                                "namespace": null,
                                "ownerReferences": null,
                                "resourceVersion": null,
                                "selfLink": null,
                                "uid": null
                              },
                              "spec": {
                                "accessModes": null,
                                "dataSource": {
                                  "apiGroup": null,
                                  "kind": null,
                                  "name": null
                                },
                                "dataSourceRef": {
                                  "apiGroup": null,
                                  "kind": null,
                                  "name": null,
                                  "namespace": null
                                },
                                "resources": {
                                  "limits": null,
                                  "requests": null
                                },
                                "selector": {
                                  "matchExpressions": null,
                                  "matchLabels": null
                                },
                                "storageClassName": null,
                                "volumeAttributesClassName": null,
                                "volumeMode": null,
                                "volumeName": null
                              }
                            }
                          },
                          "fc": {
                            "fsType": null,
                            "lun": null,
                            "readOnly": null,
                            "targetWWNs": null,
                            "wwids": null
                          },
                          "flexVolume": {
                            "driver": null,
                            "fsType": null,
                            "options": null,
                            "readOnly": null,
                            "secretRef": {
                              "name": null
                            }
                          },
                          "flocker": {
                            "datasetName": null,
                            "datasetUUID": null
                          },
                          "gcePersistentDisk": {
                            "fsType": null,
                            "partition": null,
                            "pdName": null,
                            "readOnly": null
                          },
                          "gitRepo": {
                            "directory": null,
                            "repository": null,
                            "revision": null
                          },
                          "glusterfs": {
                            "endpoints": null,
                            "path": null,
                            "readOnly": null
                          },
                          "hostPath": {
                            "path": null,
                            "type": null
                          },
                          "image": {
                            "pullPolicy": null,
                            "reference": null
                          },
                          "iscsi": {
                            "chapAuthDiscovery": null,
                            "chapAuthSession": null,
                            "fsType": null,
                            "initiatorName": null,
                            "iqn": null,
                            "iscsiInterface": null,
                            "lun": null,
                            "portals": null,
                            "readOnly": null,
                            "secretRef": {
                              "name": null
                            },
                            "targetPortal": null
                          },
                          "name": "oauth-config",
                          "nfs": {
                            "path": null,
                            "readOnly": null,
                            "server": null
                          },
                          "persistentVolumeClaim": {
                            "claimName": null,
                            "readOnly": null
                          },
                          "photonPersistentDisk": {
                            "fsType": null,
                            "pdID": null
                          },
                          "portworxVolume": {
                            "fsType": null,
                            "readOnly": null,
                            "volumeID": null
                          },
                          "projected": {
                            "defaultMode": null,
                            "sources": null
                          },
                          "quobyte": {
                            "group": null,
                            "readOnly": null,
                            "registry": null,
                            "tenant": null,
                            "user": null,
                            "volume": null
                          },
                          "rbd": {
                            "fsType": null,
                            "image": null,
                            "keyring": null,
                            "monitors": null,
                            "pool": null,
                            "readOnly": null,
                            "secretRef": {
                              "name": null
                            },
                            "user": null
                          },
                          "scaleIO": {
                            "fsType": null,
                            "gateway": null,
                            "protectionDomain": null,
                            "readOnly": null,
                            "secretRef": {
                              "name": null
                            },
                            "sslEnabled": null,
                            "storageMode": null,
                            "storagePool": null,
                            "system": null,
                            "volumeName": null
                          },
                          "secret": {
                            "defaultMode": null,
                            "items": null,
                            "optional": null,
                            "secretName": null
                          },
                          "storageos": {
                            "fsType": null,
                            "readOnly": null,
                            "secretRef": {
                              "name": null
                            },
                            "volumeName": null,
                            "volumeNamespace": null
                          },
                          "vsphereVolume": {
                            "fsType": null,
                            "storagePolicyID": null,
                            "storagePolicyName": null,
                            "volumePath": null
                          }
                        },
                        {
                          "awsElasticBlockStore": {
                            "fsType": null,
                            "partition": null,
                            "readOnly": null,
                            "volumeID": null
                          },
                          "azureDisk": {
                            "cachingMode": null,
                            "diskName": null,
                            "diskURI": null,
                            "fsType": null,
                            "kind": null,
                            "readOnly": null
                          },
                          "azureFile": {
                            "readOnly": null,
                            "secretName": null,
                            "shareName": null
                          },
                          "cephfs": {
                            "monitors": null,
                            "path": null,
                            "readOnly": null,
                            "secretFile": null,
                            "secretRef": {
                              "name": null
                            },
                            "user": null
                          },
                          "cinder": {
                            "fsType": null,
                            "readOnly": null,
                            "secretRef": {
                              "name": null
                            },
                            "volumeID": null
                          },
                          "configMap": {
                            "defaultMode": 420,
                            "items": null,
                            "name": "auth-config",
                            "optional": true
                          },
                          "csi": {
                            "driver": null,
                            "fsType": null,
                            "nodePublishSecretRef": {
                              "name": null
                            },
                            "readOnly": null,
                            "volumeAttributes": null
                          },
                          "downwardAPI": {
                            "defaultMode": null,
                            "items": null
                          },
                          "emptyDir": {
                            "medium": null,
                            "sizeLimit": null
                          },
                          "ephemeral": {
                            "volumeClaimTemplate": {
                              "metadata": {
                                "annotations": null,
                                "creationTimestamp": null,
                                "deletionGracePeriodSeconds": null,
                                "deletionTimestamp": null,
                                "finalizers": null,
                                "generateName": null,
                                "generation": null,
                                "labels": null,
                                "managedFields": null,
                                "name": null,
                                "namespace": null,
                                "ownerReferences": null,
                                "resourceVersion": null,
                                "selfLink": null,
                                "uid": null
                              },
                              "spec": {
                                "accessModes": null,
                                "dataSource": {
                                  "apiGroup": null,
                                  "kind": null,
                                  "name": null
                                },
                                "dataSourceRef": {
                                  "apiGroup": null,
                                  "kind": null,
                                  "name": null,
                                  "namespace": null
                                },
                                "resources": {
                                  "limits": null,
                                  "requests": null
                                },
                                "selector": {
                                  "matchExpressions": null,
                                  "matchLabels": null
                                },
                                "storageClassName": null,
                                "volumeAttributesClassName": null,
                                "volumeMode": null,
                                "volumeName": null
                              }
                            }
                          },
                          "fc": {
                            "fsType": null,
                            "lun": null,
                            "readOnly": null,
                            "targetWWNs": null,
                            "wwids": null
                          },
                          "flexVolume": {
                            "driver": null,
                            "fsType": null,
                            "options": null,
                            "readOnly": null,
                            "secretRef": {
                              "name": null
                            }
                          },
                          "flocker": {
                            "datasetName": null,
                            "datasetUUID": null
                          },
                          "gcePersistentDisk": {
                            "fsType": null,
                            "partition": null,
                            "pdName": null,
                            "readOnly": null
                          },
                          "gitRepo": {
                            "directory": null,
                            "repository": null,
                            "revision": null
                          },
                          "glusterfs": {
                            "endpoints": null,
                            "path": null,
                            "readOnly": null
                          },
                          "hostPath": {
                            "path": null,
                            "type": null
                          },
                          "image": {
                            "pullPolicy": null,
                            "reference": null
                          },
                          "iscsi": {
                            "chapAuthDiscovery": null,
                            "chapAuthSession": null,
                            "fsType": null,
                            "initiatorName": null,
                            "iqn": null,
                            "iscsiInterface": null,
                            "lun": null,
                            "portals": null,
                            "readOnly": null,
                            "secretRef": {
                              "name": null
                            },
                            "targetPortal": null
                          },
                          "name": "auth-config",
                          "nfs": {
                            "path": null,
                            "readOnly": null,
                            "server": null
                          },
                          "persistentVolumeClaim": {
                            "claimName": null,
                            "readOnly": null
                          },
                          "photonPersistentDisk": {
                            "fsType": null,
                            "pdID": null
                          },
                          "portworxVolume": {
                            "fsType": null,
                            "readOnly": null,
                            "volumeID": null
                          },
                          "projected": {
                            "defaultMode": null,
                            "sources": null
                          },
                          "quobyte": {
                            "group": null,
                            "readOnly": null,
                            "registry": null,
                            "tenant": null,
                            "user": null,
                            "volume": null
                          },
                          "rbd": {
                            "fsType": null,
                            "image": null,
                            "keyring": null,
                            "monitors": null,
                            "pool": null,
                            "readOnly": null,
                            "secretRef": {
                              "name": null
                            },
                            "user": null
                          },
                          "scaleIO": {
                            "fsType": null,
                            "gateway": null,
                            "protectionDomain": null,
                            "readOnly": null,
                            "secretRef": {
                              "name": null
                            },
                            "sslEnabled": null,
                            "storageMode": null,
                            "storagePool": null,
                            "system": null,
                            "volumeName": null
                          },
                          "secret": {
                            "defaultMode": null,
                            "items": null,
                            "optional": null,
                            "secretName": null
                          },
                          "storageos": {
                            "fsType": null,
                            "readOnly": null,
                            "secretRef": {
                              "name": null
                            },
                            "volumeName": null,
                            "volumeNamespace": null
                          },
                          "vsphereVolume": {
                            "fsType": null,
                            "storagePolicyID": null,
                            "storagePolicyName": null,
                            "volumePath": null
                          }
                        },
                        {
                          "awsElasticBlockStore": {
                            "fsType": null,
                            "partition": null,
                            "readOnly": null,
                            "volumeID": null
                          },
                          "azureDisk": {
                            "cachingMode": null,
                            "diskName": null,
                            "diskURI": null,
                            "fsType": null,
                            "kind": null,
                            "readOnly": null
                          },
                          "azureFile": {
                            "readOnly": null,
                            "secretName": null,
                            "shareName": null
                          },
                          "cephfs": {
                            "monitors": null,
                            "path": null,
                            "readOnly": null,
                            "secretFile": null,
                            "secretRef": {
                              "name": null
                            },
                            "user": null
                          },
                          "cinder": {
                            "fsType": null,
                            "readOnly": null,
                            "secretRef": {
                              "name": null
                            },
                            "volumeID": null
                          },
                          "configMap": {
                            "defaultMode": null,
                            "items": null,
                            "name": null,
                            "optional": null
                          },
                          "csi": {
                            "driver": null,
                            "fsType": null,
                            "nodePublishSecretRef": {
                              "name": null
                            },
                            "readOnly": null,
                            "volumeAttributes": null
                          },
                          "downwardAPI": {
                            "defaultMode": null,
                            "items": null
                          },
                          "emptyDir": {
                            "medium": null,
                            "sizeLimit": null
                          },
                          "ephemeral": {
                            "volumeClaimTemplate": {
                              "metadata": {
                                "annotations": null,
                                "creationTimestamp": null,
                                "deletionGracePeriodSeconds": null,
                                "deletionTimestamp": null,
                                "finalizers": null,
                                "generateName": null,
                                "generation": null,
                                "labels": null,
                                "managedFields": null,
                                "name": null,
                                "namespace": null,
                                "ownerReferences": null,
                                "resourceVersion": null,
                                "selfLink": null,
                                "uid": null
                              },
                              "spec": {
                                "accessModes": null,
                                "dataSource": {
                                  "apiGroup": null,
                                  "kind": null,
                                  "name": null
                                },
                                "dataSourceRef": {
                                  "apiGroup": null,
                                  "kind": null,
                                  "name": null,
                                  "namespace": null
                                },
                                "resources": {
                                  "limits": null,
                                  "requests": null
                                },
                                "selector": {
                                  "matchExpressions": null,
                                  "matchLabels": null
                                },
                                "storageClassName": null,
                                "volumeAttributesClassName": null,
                                "volumeMode": null,
                                "volumeName": null
                              }
                            }
                          },
                          "fc": {
                            "fsType": null,
                            "lun": null,
                            "readOnly": null,
                            "targetWWNs": null,
                            "wwids": null
                          },
                          "flexVolume": {
                            "driver": null,
                            "fsType": null,
                            "options": null,
                            "readOnly": null,
                            "secretRef": {
                              "name": null
                            }
                          },
                          "flocker": {
                            "datasetName": null,
                            "datasetUUID": null
                          },
                          "gcePersistentDisk": {
                            "fsType": null,
                            "partition": null,
                            "pdName": null,
                            "readOnly": null
                          },
                          "gitRepo": {
                            "directory": null,
                            "repository": null,
                            "revision": null
                          },
                          "glusterfs": {
                            "endpoints": null,
                            "path": null,
                            "readOnly": null
                          },
                          "hostPath": {
                            "path": null,
                            "type": null
                          },
                          "image": {
                            "pullPolicy": null,
                            "reference": null
                          },
                          "iscsi": {
                            "chapAuthDiscovery": null,
                            "chapAuthSession": null,
                            "fsType": null,
                            "initiatorName": null,
                            "iqn": null,
                            "iscsiInterface": null,
                            "lun": null,
                            "portals": null,
                            "readOnly": null,
                            "secretRef": {
                              "name": null
                            },
                            "targetPortal": null
                          },
                          "name": "auth-secret",
                          "nfs": {
                            "path": null,
                            "readOnly": null,
                            "server": null
                          },
                          "persistentVolumeClaim": {
                            "claimName": null,
                            "readOnly": null
                          },
                          "photonPersistentDisk": {
                            "fsType": null,
                            "pdID": null
                          },
                          "portworxVolume": {
                            "fsType": null,
                            "readOnly": null,
                            "volumeID": null
                          },
                          "projected": {
                            "defaultMode": null,
                            "sources": null
                          },
                          "quobyte": {
                            "group": null,
                            "readOnly": null,
                            "registry": null,
                            "tenant": null,
                            "user": null,
                            "volume": null
                          },
                          "rbd": {
                            "fsType": null,
                            "image": null,
                            "keyring": null,
                            "monitors": null,
                            "pool": null,
                            "readOnly": null,
                            "secretRef": {
                              "name": null
                            },
                            "user": null
                          },
                          "scaleIO": {
                            "fsType": null,
                            "gateway": null,
                            "protectionDomain": null,
                            "readOnly": null,
                            "secretRef": {
                              "name": null
                            },
                            "sslEnabled": null,
                            "storageMode": null,
                            "storagePool": null,
                            "system": null,
                            "volumeName": null
                          },
                          "secret": {
                            "defaultMode": 420,
                            "items": null,
                            "optional": true,
                            "secretName": "auth-secret"
                          },
                          "storageos": {
                            "fsType": null,
                            "readOnly": null,
                            "secretRef": {
                              "name": null
                            },
                            "volumeName": null,
                            "volumeNamespace": null
                          },
                          "vsphereVolume": {
                            "fsType": null,
                            "storagePolicyID": null,
                            "storagePolicyName": null,
                            "volumePath": null
                          }
                        },
                        {
                          "awsElasticBlockStore": {
                            "fsType": null,
                            "partition": null,
                            "readOnly": null,
                            "volumeID": null
                          },
                          "azureDisk": {
                            "cachingMode": null,
                            "diskName": null,
                            "diskURI": null,
                            "fsType": null,
                            "kind": null,
                            "readOnly": null
                          },
                          "azureFile": {
                            "readOnly": null,
                            "secretName": null,
                            "shareName": null
                          },
                          "cephfs": {
                            "monitors": null,
                            "path": null,
                            "readOnly": null,
                            "secretFile": null,
                            "secretRef": {
                              "name": null
                            },
                            "user": null
                          },
                          "cinder": {
                            "fsType": null,
                            "readOnly": null,
                            "secretRef": {
                              "name": null
                            },
                            "volumeID": null
                          },
                          "configMap": {
                            "defaultMode": 420,
                            "items": null,
                            "name": "prometheus-config",
                            "optional": true
                          },
                          "csi": {
                            "driver": null,
                            "fsType": null,
                            "nodePublishSecretRef": {
                              "name": null
                            },
                            "readOnly": null,
                            "volumeAttributes": null
                          },
                          "downwardAPI": {
                            "defaultMode": null,
                            "items": null
                          },
                          "emptyDir": {
                            "medium": null,
                            "sizeLimit": null
                          },
                          "ephemeral": {
                            "volumeClaimTemplate": {
                              "metadata": {
                                "annotations": null,
                                "creationTimestamp": null,
                                "deletionGracePeriodSeconds": null,
                                "deletionTimestamp": null,
                                "finalizers": null,
                                "generateName": null,
                                "generation": null,
                                "labels": null,
                                "managedFields": null,
                                "name": null,
                                "namespace": null,
                                "ownerReferences": null,
                                "resourceVersion": null,
                                "selfLink": null,
                                "uid": null
                              },
                              "spec": {
                                "accessModes": null,
                                "dataSource": {
                                  "apiGroup": null,
                                  "kind": null,
                                  "name": null
                                },
                                "dataSourceRef": {
                                  "apiGroup": null,
                                  "kind": null,
                                  "name": null,
                                  "namespace": null
                                },
                                "resources": {
                                  "limits": null,
                                  "requests": null
                                },
                                "selector": {
                                  "matchExpressions": null,
                                  "matchLabels": null
                                },
                                "storageClassName": null,
                                "volumeAttributesClassName": null,
                                "volumeMode": null,
                                "volumeName": null
                              }
                            }
                          },
                          "fc": {
                            "fsType": null,
                            "lun": null,
                            "readOnly": null,
                            "targetWWNs": null,
                            "wwids": null
                          },
                          "flexVolume": {
                            "driver": null,
                            "fsType": null,
                            "options": null,
                            "readOnly": null,
                            "secretRef": {
                              "name": null
                            }
                          },
                          "flocker": {
                            "datasetName": null,
                            "datasetUUID": null
                          },
                          "gcePersistentDisk": {
                            "fsType": null,
                            "partition": null,
                            "pdName": null,
                            "readOnly": null
                          },
                          "gitRepo": {
                            "directory": null,
                            "repository": null,
                            "revision": null
                          },
                          "glusterfs": {
                            "endpoints": null,
                            "path": null,
                            "readOnly": null
                          },
                          "hostPath": {
                            "path": null,
                            "type": null
                          },
                          "image": {
                            "pullPolicy": null,
                            "reference": null
                          },
                          "iscsi": {
                            "chapAuthDiscovery": null,
                            "chapAuthSession": null,
                            "fsType": null,
                            "initiatorName": null,
                            "iqn": null,
                            "iscsiInterface": null,
                            "lun": null,
                            "portals": null,
                            "readOnly": null,
                            "secretRef": {
                              "name": null
                            },
                            "targetPortal": null
                          },
                          "name": "prometheus-config",
                          "nfs": {
                            "path": null,
                            "readOnly": null,
                            "server": null
                          },
                          "persistentVolumeClaim": {
                            "claimName": null,
                            "readOnly": null
                          },
                          "photonPersistentDisk": {
                            "fsType": null,
                            "pdID": null
                          },
                          "portworxVolume": {
                            "fsType": null,
                            "readOnly": null,
                            "volumeID": null
                          },
                          "projected": {
                            "defaultMode": null,
                            "sources": null
                          },
                          "quobyte": {
                            "group": null,
                            "readOnly": null,
                            "registry": null,
                            "tenant": null,
                            "user": null,
                            "volume": null
                          },
                          "rbd": {
                            "fsType": null,
                            "image": null,
                            "keyring": null,
                            "monitors": null,
                            "pool": null,
                            "readOnly": null,
                            "secretRef": {
                              "name": null
                            },
                            "user": null
                          },
                          "scaleIO": {
                            "fsType": null,
                            "gateway": null,
                            "protectionDomain": null,
                            "readOnly": null,
                            "secretRef": {
                              "name": null
                            },
                            "sslEnabled": null,
                            "storageMode": null,
                            "storagePool": null,
                            "system": null,
                            "volumeName": null
                          },
                          "secret": {
                            "defaultMode": null,
                            "items": null,
                            "optional": null,
                            "secretName": null
                          },
                          "storageos": {
                            "fsType": null,
                            "readOnly": null,
                            "secretRef": {
                              "name": null
                            },
                            "volumeName": null,
                            "volumeNamespace": null
                          },
                          "vsphereVolume": {
                            "fsType": null,
                            "storagePolicyID": null,
                            "storagePolicyName": null,
                            "volumePath": null
                          }
                        }
                      ],
                      "workloadRef": {
                        "name": null,
                        "podGroup": null,
                        "podGroupReplicaKey": null
                      }
                    }
                  }
                }
              },
              "type": [
                "object",
                {
                  "apiVersion": "string",
                  "kind": "string",
                  "metadata": [
                    "object",
                    {
                      "annotations": [
                        "map",
                        "string"
                      ],
                      "creationTimestamp": "string",
                      "deletionGracePeriodSeconds": "number",
                      "deletionTimestamp": "string",
                      "finalizers": [
                        "list",
                        "string"
                      ],
                      "generateName": "string",
                      "generation": "number",
                      "labels": [
                        "map",
                        "string"
                      ],
                      "managedFields": [
                        "tuple",
                        [
                          [
                            "object",
                            {
                              "apiVersion": "string",
                              "fieldsType": "string",
                              "fieldsV1": "dynamic",
                              "manager": "string",
                              "operation": "string",
                              "subresource": "string",
                              "time": "string"
                            }
                          ]
                        ]
                      ],
                      "name": "string",
                      "namespace": "string",
                      "ownerReferences": [
                        "list",
                        [
                          "object",
                          {
                            "apiVersion": "string",
                            "blockOwnerDeletion": "bool",
                            "controller": "bool",
                            "kind": "string",
                            "name": "string",
                            "uid": "string"
                          }
                        ]
                      ],
                      "resourceVersion": "string",
                      "selfLink": "string",
                      "uid": "string"
                    }
                  ],
                  "spec": [
                    "object",
                    {
                      "minReadySeconds": "number",
                      "paused": "bool",
                      "progressDeadlineSeconds": "number",
                      "replicas": "number",
                      "revisionHistoryLimit": "number",
                      "selector": [
                        "object",
                        {
                          "matchExpressions": [
                            "list",
                            [
                              "object",
                              {
                                "key": "string",
                                "operator": "string",
                                "values": [
                                  "list",
                                  "string"
                                ]
                              }
                            ]
                          ],
                          "matchLabels": [
                            "map",
                            "string"
                          ]
                        }
                      ],
                      "strategy": [
                        "object",
                        {
                          "rollingUpdate": [
                            "object",
                            {
                              "maxSurge": "string",
                              "maxUnavailable": "string"
                            }
                          ],
                          "type": "string"
                        }
                      ],
                      "template": [
                        "object",
                        {
                          "metadata": [
                            "object",
                            {
                              "annotations": [
                                "map",
                                "string"
                              ],
                              "creationTimestamp": "string",
                              "deletionGracePeriodSeconds": "number",
                              "deletionTimestamp": "string",
                              "finalizers": [
                                "list",
                                "string"
                              ],
                              "generateName": "string",
                              "generation": "number",
                              "labels": [
                                "map",
                                "string"
                              ],
                              "managedFields": [
                                "tuple",
                                [
                                  [
                                    "object",
                                    {
                                      "apiVersion": "string",
                                      "fieldsType": "string",
                                      "fieldsV1": "dynamic",
                                      "manager": "string",
                                      "operation": "string",
                                      "subresource": "string",
                                      "time": "string"
                                    }
                                  ]
                                ]
                              ],
                              "name": "string",
                              "namespace": "string",
                              "ownerReferences": [
                                "list",
                                [
                                  "object",
                                  {
                                    "apiVersion": "string",
                                    "blockOwnerDeletion": "bool",
                                    "controller": "bool",
                                    "kind": "string",
                                    "name": "string",
                                    "uid": "string"
                                  }
                                ]
                              ],
                              "resourceVersion": "string",
                              "selfLink": "string",
                              "uid": "string"
                            }
                          ],
                          "spec": [
                            "object",
                            {
                              "activeDeadlineSeconds": "number",
                              "affinity": [
                                "object",
                                {
                                  "nodeAffinity": [
                                    "object",
                                    {
                                      "preferredDuringSchedulingIgnoredDuringExecution": [
                                        "list",
                                        [
                                          "object",
                                          {
                                            "preference": [
                                              "object",
                                              {
                                                "matchExpressions": [
                                                  "list",
                                                  [
                                                    "object",
                                                    {
                                                      "key": "string",
                                                      "operator": "string",
                                                      "values": [
                                                        "list",
                                                        "string"
                                                      ]
                                                    }
                                                  ]
                                                ],
                                                "matchFields": [
                                                  "list",
                                                  [
                                                    "object",
                                                    {
                                                      "key": "string",
                                                      "operator": "string",
                                                      "values": [
                                                        "list",
                                                        "string"
                                                      ]
                                                    }
                                                  ]
                                                ]
                                              }
                                            ],
                                            "weight": "number"
                                          }
                                        ]
                                      ],
                                      "requiredDuringSchedulingIgnoredDuringExecution": [
                                        "object",
                                        {
                                          "nodeSelectorTerms": [
                                            "list",
                                            [
                                              "object",
                                              {
                                                "matchExpressions": [
                                                  "list",
                                                  [
                                                    "object",
                                                    {
                                                      "key": "string",
                                                      "operator": "string",
                                                      "values": [
                                                        "list",
                                                        "string"
                                                      ]
                                                    }
                                                  ]
                                                ],
                                                "matchFields": [
                                                  "list",
                                                  [
                                                    "object",
                                                    {
                                                      "key": "string",
                                                      "operator": "string",
                                                      "values": [
                                                        "list",
                                                        "string"
                                                      ]
                                                    }
                                                  ]
                                                ]
                                              }
                                            ]
                                          ]
                                        }
                                      ]
                                    }
                                  ],
                                  "podAffinity": [
                                    "object",
                                    {
                                      "preferredDuringSchedulingIgnoredDuringExecution": [
                                        "list",
                                        [
                                          "object",
                                          {
                                            "podAffinityTerm": [
                                              "object",
                                              {
                                                "labelSelector": [
                                                  "object",
                                                  {
                                                    "matchExpressions": [
                                                      "list",
                                                      [
                                                        "object",
                                                        {
                                                          "key": "string",
                                                          "operator": "string",
                                                          "values": [
                                                            "list",
                                                            "string"
                                                          ]
                                                        }
                                                      ]
                                                    ],
                                                    "matchLabels": [
                                                      "map",
                                                      "string"
                                                    ]
                                                  }
                                                ],
                                                "matchLabelKeys": [
                                                  "list",
                                                  "string"
                                                ],
                                                "mismatchLabelKeys": [
                                                  "list",
                                                  "string"
                                                ],
                                                "namespaceSelector": [
                                                  "object",
                                                  {
                                                    "matchExpressions": [
                                                      "list",
                                                      [
                                                        "object",
                                                        {
                                                          "key": "string",
                                                          "operator": "string",
                                                          "values": [
                                                            "list",
                                                            "string"
                                                          ]
                                                        }
                                                      ]
                                                    ],
                                                    "matchLabels": [
                                                      "map",
                                                      "string"
                                                    ]
                                                  }
                                                ],
                                                "namespaces": [
                                                  "list",
                                                  "string"
                                                ],
                                                "topologyKey": "string"
                                              }
                                            ],
                                            "weight": "number"
                                          }
                                        ]
                                      ],
                                      "requiredDuringSchedulingIgnoredDuringExecution": [
                                        "list",
                                        [
                                          "object",
                                          {
                                            "labelSelector": [
                                              "object",
                                              {
                                                "matchExpressions": [
                                                  "list",
                                                  [
                                                    "object",
                                                    {
                                                      "key": "string",
                                                      "operator": "string",
                                                      "values": [
                                                        "list",
                                                        "string"
                                                      ]
                                                    }
                                                  ]
                                                ],
                                                "matchLabels": [
                                                  "map",
                                                  "string"
                                                ]
                                              }
                                            ],
                                            "matchLabelKeys": [
                                              "list",
                                              "string"
                                            ],
                                            "mismatchLabelKeys": [
                                              "list",
                                              "string"
                                            ],
                                            "namespaceSelector": [
                                              "object",
                                              {
                                                "matchExpressions": [
                                                  "list",
                                                  [
                                                    "object",
                                                    {
                                                      "key": "string",
                                                      "operator": "string",
                                                      "values": [
                                                        "list",
                                                        "string"
                                                      ]
                                                    }
                                                  ]
                                                ],
                                                "matchLabels": [
                                                  "map",
                                                  "string"
                                                ]
                                              }
                                            ],
                                            "namespaces": [
                                              "list",
                                              "string"
                                            ],
                                            "topologyKey": "string"
                                          }
                                        ]
                                      ]
                                    }
                                  ],
                                  "podAntiAffinity": [
                                    "object",
                                    {
                                      "preferredDuringSchedulingIgnoredDuringExecution": [
                                        "list",
                                        [
                                          "object",
                                          {
                                            "podAffinityTerm": [
                                              "object",
                                              {
                                                "labelSelector": [
                                                  "object",
                                                  {
                                                    "matchExpressions": [
                                                      "list",
                                                      [
                                                        "object",
                                                        {
                                                          "key": "string",
                                                          "operator": "string",
                                                          "values": [
                                                            "list",
                                                            "string"
                                                          ]
                                                        }
                                                      ]
                                                    ],
                                                    "matchLabels": [
                                                      "map",
                                                      "string"
                                                    ]
                                                  }
                                                ],
                                                "matchLabelKeys": [
                                                  "list",
                                                  "string"
                                                ],
                                                "mismatchLabelKeys": [
                                                  "list",
                                                  "string"
                                                ],
                                                "namespaceSelector": [
                                                  "object",
                                                  {
                                                    "matchExpressions": [
                                                      "list",
                                                      [
                                                        "object",
                                                        {
                                                          "key": "string",
                                                          "operator": "string",
                                                          "values": [
                                                            "list",
                                                            "string"
                                                          ]
                                                        }
                                                      ]
                                                    ],
                                                    "matchLabels": [
                                                      "map",
                                                      "string"
                                                    ]
                                                  }
                                                ],
                                                "namespaces": [
                                                  "list",
                                                  "string"
                                                ],
                                                "topologyKey": "string"
                                              }
                                            ],
                                            "weight": "number"
                                          }
                                        ]
                                      ],
                                      "requiredDuringSchedulingIgnoredDuringExecution": [
                                        "list",
                                        [
                                          "object",
                                          {
                                            "labelSelector": [
                                              "object",
                                              {
                                                "matchExpressions": [
                                                  "list",
                                                  [
                                                    "object",
                                                    {
                                                      "key": "string",
                                                      "operator": "string",
                                                      "values": [
                                                        "list",
                                                        "string"
                                                      ]
                                                    }
                                                  ]
                                                ],
                                                "matchLabels": [
                                                  "map",
                                                  "string"
                                                ]
                                              }
                                            ],
                                            "matchLabelKeys": [
                                              "list",
                                              "string"
                                            ],
                                            "mismatchLabelKeys": [
                                              "list",
                                              "string"
                                            ],
                                            "namespaceSelector": [
                                              "object",
                                              {
                                                "matchExpressions": [
                                                  "list",
                                                  [
                                                    "object",
                                                    {
                                                      "key": "string",
                                                      "operator": "string",
                                                      "values": [
                                                        "list",
                                                        "string"
                                                      ]
                                                    }
                                                  ]
                                                ],
                                                "matchLabels": [
                                                  "map",
                                                  "string"
                                                ]
                                              }
                                            ],
                                            "namespaces": [
                                              "list",
                                              "string"
                                            ],
                                            "topologyKey": "string"
                                          }
                                        ]
                                      ]
                                    }
                                  ]
                                }
                              ],
                              "automountServiceAccountToken": "bool",
                              "containers": [
                                "list",
                                [
                                  "object",
                                  {
                                    "args": [
                                      "list",
                                      "string"
                                    ],
                                    "command": [
                                      "list",
                                      "string"
                                    ],
                                    "env": [
                                      "list",
                                      [
                                        "object",
                                        {
                                          "name": "string",
                                          "value": "string",
                                          "valueFrom": [
                                            "object",
                                            {
                                              "configMapKeyRef": [
                                                "object",
                                                {
                                                  "key": "string",
                                                  "name": "string",
                                                  "optional": "bool"
                                                }
                                              ],
                                              "fieldRef": [
                                                "object",
                                                {
                                                  "apiVersion": "string",
                                                  "fieldPath": "string"
                                                }
                                              ],
                                              "fileKeyRef": [
                                                "object",
                                                {
                                                  "key": "string",
                                                  "optional": "bool",
                                                  "path": "string",
                                                  "volumeName": "string"
                                                }
                                              ],
                                              "resourceFieldRef": [
                                                "object",
                                                {
                                                  "containerName": "string",
                                                  "divisor": "string",
                                                  "resource": "string"
                                                }
                                              ],
                                              "secretKeyRef": [
                                                "object",
                                                {
                                                  "key": "string",
                                                  "name": "string",
                                                  "optional": "bool"
                                                }
                                              ]
                                            }
                                          ]
                                        }
                                      ]
                                    ],
                                    "envFrom": [
                                      "list",
                                      [
                                        "object",
                                        {
                                          "configMapRef": [
                                            "object",
                                            {
                                              "name": "string",
                                              "optional": "bool"
                                            }
                                          ],
                                          "prefix": "string",
                                          "secretRef": [
                                            "object",
                                            {
                                              "name": "string",
                                              "optional": "bool"
                                            }
                                          ]
                                        }
                                      ]
                                    ],
                                    "image": "string",
                                    "imagePullPolicy": "string",
                                    "lifecycle": [
                                      "object",
                                      {
                                        "postStart": [
                                          "object",
                                          {
                                            "exec": [
                                              "object",
                                              {
                                                "command": [
                                                  "list",
                                                  "string"
                                                ]
                                              }
                                            ],
                                            "httpGet": [
                                              "object",
                                              {
                                                "host": "string",
                                                "httpHeaders": [
                                                  "list",
                                                  [
                                                    "object",
                                                    {
                                                      "name": "string",
                                                      "value": "string"
                                                    }
                                                  ]
                                                ],
                                                "path": "string",
                                                "port": "string",
                                                "scheme": "string"
                                              }
                                            ],
                                            "sleep": [
                                              "object",
                                              {
                                                "seconds": "number"
                                              }
                                            ],
                                            "tcpSocket": [
                                              "object",
                                              {
                                                "host": "string",
                                                "port": "string"
                                              }
                                            ]
                                          }
                                        ],
                                        "preStop": [
                                          "object",
                                          {
                                            "exec": [
                                              "object",
                                              {
                                                "command": [
                                                  "list",
                                                  "string"
                                                ]
                                              }
                                            ],
                                            "httpGet": [
                                              "object",
                                              {
                                                "host": "string",
                                                "httpHeaders": [
                                                  "list",
                                                  [
                                                    "object",
                                                    {
                                                      "name": "string",
                                                      "value": "string"
                                                    }
                                                  ]
                                                ],
                                                "path": "string",
                                                "port": "string",
                                                "scheme": "string"
                                              }
                                            ],
                                            "sleep": [
                                              "object",
                                              {
                                                "seconds": "number"
                                              }
                                            ],
                                            "tcpSocket": [
                                              "object",
                                              {
                                                "host": "string",
                                                "port": "string"
                                              }
                                            ]
                                          }
                                        ],
                                        "stopSignal": "string"
                                      }
                                    ],
                                    "livenessProbe": [
                                      "object",
                                      {
                                        "exec": [
                                          "object",
                                          {
                                            "command": [
                                              "list",
                                              "string"
                                            ]
                                          }
                                        ],
                                        "failureThreshold": "number",
                                        "grpc": [
                                          "object",
                                          {
                                            "port": "number",
                                            "service": "string"
                                          }
                                        ],
                                        "httpGet": [
                                          "object",
                                          {
                                            "host": "string",
                                            "httpHeaders": [
                                              "list",
                                              [
                                                "object",
                                                {
                                                  "name": "string",
                                                  "value": "string"
                                                }
                                              ]
                                            ],
                                            "path": "string",
                                            "port": "string",
                                            "scheme": "string"
                                          }
                                        ],
                                        "initialDelaySeconds": "number",
                                        "periodSeconds": "number",
                                        "successThreshold": "number",
                                        "tcpSocket": [
                                          "object",
                                          {
                                            "host": "string",
                                            "port": "string"
                                          }
                                        ],
                                        "terminationGracePeriodSeconds": "number",
                                        "timeoutSeconds": "number"
                                      }
                                    ],
                                    "name": "string",
                                    "ports": [
                                      "list",
                                      [
                                        "object",
                                        {
                                          "containerPort": "number",
                                          "hostIP": "string",
                                          "hostPort": "number",
                                          "name": "string",
                                          "protocol": "string"
                                        }
                                      ]
                                    ],
                                    "readinessProbe": [
                                      "object",
                                      {
                                        "exec": [
                                          "object",
                                          {
                                            "command": [
                                              "list",
                                              "string"
                                            ]
                                          }
                                        ],
                                        "failureThreshold": "number",
                                        "grpc": [
                                          "object",
                                          {
                                            "port": "number",
                                            "service": "string"
                                          }
                                        ],
                                        "httpGet": [
                                          "object",
                                          {
                                            "host": "string",
                                            "httpHeaders": [
                                              "list",
                                              [
                                                "object",
                                                {
                                                  "name": "string",
                                                  "value": "string"
                                                }
                                              ]
                                            ],
                                            "path": "string",
                                            "port": "string",
                                            "scheme": "string"
                                          }
                                        ],
                                        "initialDelaySeconds": "number",
                                        "periodSeconds": "number",
                                        "successThreshold": "number",
                                        "tcpSocket": [
                                          "object",
                                          {
                                            "host": "string",
                                            "port": "string"
                                          }
                                        ],
                                        "terminationGracePeriodSeconds": "number",
                                        "timeoutSeconds": "number"
                                      }
                                    ],
                                    "resizePolicy": [
                                      "list",
                                      [
                                        "object",
                                        {
                                          "resourceName": "string",
                                          "restartPolicy": "string"
                                        }
                                      ]
                                    ],
                                    "resources": [
                                      "object",
                                      {
                                        "claims": [
                                          "list",
                                          [
                                            "object",
                                            {
                                              "name": "string",
                                              "request": "string"
                                            }
                                          ]
                                        ],
                                        "limits": [
                                          "map",
                                          "string"
                                        ],
                                        "requests": [
                                          "map",
                                          "string"
                                        ]
                                      }
                                    ],
                                    "restartPolicy": "string",
                                    "restartPolicyRules": [
                                      "list",
                                      [
                                        "object",
                                        {
                                          "action": "string",
                                          "exitCodes": [
                                            "object",
                                            {
                                              "operator": "string",
                                              "values": [
                                                "list",
                                                "number"
                                              ]
                                            }
                                          ]
                                        }
                                      ]
                                    ],
                                    "securityContext": [
                                      "object",
                                      {
                                        "allowPrivilegeEscalation": "bool",
                                        "appArmorProfile": [
                                          "object",
                                          {
                                            "localhostProfile": "string",
                                            "type": "string"
                                          }
                                        ],
                                        "capabilities": [
                                          "object",
                                          {
                                            "add": [
                                              "list",
                                              "string"
                                            ],
                                            "drop": [
                                              "list",
                                              "string"
                                            ]
                                          }
                                        ],
                                        "privileged": "bool",
                                        "procMount": "string",
                                        "readOnlyRootFilesystem": "bool",
                                        "runAsGroup": "number",
                                        "runAsNonRoot": "bool",
                                        "runAsUser": "number",
                                        "seLinuxOptions": [
                                          "object",
                                          {
                                            "level": "string",
                                            "role": "string",
                                            "type": "string",
                                            "user": "string"
                                          }
                                        ],
                                        "seccompProfile": [
                                          "object",
                                          {
                                            "localhostProfile": "string",
                                            "type": "string"
                                          }
                                        ],
                                        "windowsOptions": [
                                          "object",
                                          {
                                            "gmsaCredentialSpec": "string",
                                            "gmsaCredentialSpecName": "string",
                                            "hostProcess": "bool",
                                            "runAsUserName": "string"
                                          }
                                        ]
                                      }
                                    ],
                                    "startupProbe": [
                                      "object",
                                      {
                                        "exec": [
                                          "object",
                                          {
                                            "command": [
                                              "list",
                                              "string"
                                            ]
                                          }
                                        ],
                                        "failureThreshold": "number",
                                        "grpc": [
                                          "object",
                                          {
                                            "port": "number",
                                            "service": "string"
                                          }
                                        ],
                                        "httpGet": [
                                          "object",
                                          {
                                            "host": "string",
                                            "httpHeaders": [
                                              "list",
                                              [
                                                "object",
                                                {
                                                  "name": "string",
                                                  "value": "string"
                                                }
                                              ]
                                            ],
                                            "path": "string",
                                            "port": "string",
                                            "scheme": "string"
                                          }
                                        ],
                                        "initialDelaySeconds": "number",
                                        "periodSeconds": "number",
                                        "successThreshold": "number",
                                        "tcpSocket": [
                                          "object",
                                          {
                                            "host": "string",
                                            "port": "string"
                                          }
                                        ],
                                        "terminationGracePeriodSeconds": "number",
                                        "timeoutSeconds": "number"
                                      }
                                    ],
                                    "stdin": "bool",
                                    "stdinOnce": "bool",
                                    "terminationMessagePath": "string",
                                    "terminationMessagePolicy": "string",
                                    "tty": "bool",
                                    "volumeDevices": [
                                      "list",
                                      [
                                        "object",
                                        {
                                          "devicePath": "string",
                                          "name": "string"
                                        }
                                      ]
                                    ],
                                    "volumeMounts": [
                                      "list",
                                      [
                                        "object",
                                        {
                                          "mountPath": "string",
                                          "mountPropagation": "string",
                                          "name": "string",
                                          "readOnly": "bool",
                                          "recursiveReadOnly": "string",
                                          "subPath": "string",
                                          "subPathExpr": "string"
                                        }
                                      ]
                                    ],
                                    "workingDir": "string"
                                  }
                                ]
                              ],
                              "dnsConfig": [
                                "object",
                                {
                                  "nameservers": [
                                    "list",
                                    "string"
                                  ],
                                  "options": [
                                    "list",
                                    [
                                      "object",
                                      {
                                        "name": "string",
                                        "value": "string"
                                      }
                                    ]
                                  ],
                                  "searches": [
                                    "list",
                                    "string"
                                  ]
                                }
                              ],
                              "dnsPolicy": "string",
                              "enableServiceLinks": "bool",
                              "ephemeralContainers": [
                                "list",
                                [
                                  "object",
                                  {
                                    "args": [
                                      "list",
                                      "string"
                                    ],
                                    "command": [
                                      "list",
                                      "string"
                                    ],
                                    "env": [
                                      "list",
                                      [
                                        "object",
                                        {
                                          "name": "string",
                                          "value": "string",
                                          "valueFrom": [
                                            "object",
                                            {
                                              "configMapKeyRef": [
                                                "object",
                                                {
                                                  "key": "string",
                                                  "name": "string",
                                                  "optional": "bool"
                                                }
                                              ],
                                              "fieldRef": [
                                                "object",
                                                {
                                                  "apiVersion": "string",
                                                  "fieldPath": "string"
                                                }
                                              ],
                                              "fileKeyRef": [
                                                "object",
                                                {
                                                  "key": "string",
                                                  "optional": "bool",
                                                  "path": "string",
                                                  "volumeName": "string"
                                                }
                                              ],
                                              "resourceFieldRef": [
                                                "object",
                                                {
                                                  "containerName": "string",
                                                  "divisor": "string",
                                                  "resource": "string"
                                                }
                                              ],
                                              "secretKeyRef": [
                                                "object",
                                                {
                                                  "key": "string",
                                                  "name": "string",
                                                  "optional": "bool"
                                                }
                                              ]
                                            }
                                          ]
                                        }
                                      ]
                                    ],
                                    "envFrom": [
                                      "list",
                                      [
                                        "object",
                                        {
                                          "configMapRef": [
                                            "object",
                                            {
                                              "name": "string",
                                              "optional": "bool"
                                            }
                                          ],
                                          "prefix": "string",
                                          "secretRef": [
                                            "object",
                                            {
                                              "name": "string",
                                              "optional": "bool"
                                            }
                                          ]
                                        }
                                      ]
                                    ],
                                    "image": "string",
                                    "imagePullPolicy": "string",
                                    "lifecycle": [
                                      "object",
                                      {
                                        "postStart": [
                                          "object",
                                          {
                                            "exec": [
                                              "object",
                                              {
                                                "command": [
                                                  "list",
                                                  "string"
                                                ]
                                              }
                                            ],
                                            "httpGet": [
                                              "object",
                                              {
                                                "host": "string",
                                                "httpHeaders": [
                                                  "list",
                                                  [
                                                    "object",
                                                    {
                                                      "name": "string",
                                                      "value": "string"
                                                    }
                                                  ]
                                                ],
                                                "path": "string",
                                                "port": "string",
                                                "scheme": "string"
                                              }
                                            ],
                                            "sleep": [
                                              "object",
                                              {
                                                "seconds": "number"
                                              }
                                            ],
                                            "tcpSocket": [
                                              "object",
                                              {
                                                "host": "string",
                                                "port": "string"
                                              }
                                            ]
                                          }
                                        ],
                                        "preStop": [
                                          "object",
                                          {
                                            "exec": [
                                              "object",
                                              {
                                                "command": [
                                                  "list",
                                                  "string"
                                                ]
                                              }
                                            ],
                                            "httpGet": [
                                              "object",
                                              {
                                                "host": "string",
                                                "httpHeaders": [
                                                  "list",
                                                  [
                                                    "object",
                                                    {
                                                      "name": "string",
                                                      "value": "string"
                                                    }
                                                  ]
                                                ],
                                                "path": "string",
                                                "port": "string",
                                                "scheme": "string"
                                              }
                                            ],
                                            "sleep": [
                                              "object",
                                              {
                                                "seconds": "number"
                                              }
                                            ],
                                            "tcpSocket": [
                                              "object",
                                              {
                                                "host": "string",
                                                "port": "string"
                                              }
                                            ]
                                          }
                                        ],
                                        "stopSignal": "string"
                                      }
                                    ],
                                    "livenessProbe": [
                                      "object",
                                      {
                                        "exec": [
                                          "object",
                                          {
                                            "command": [
                                              "list",
                                              "string"
                                            ]
                                          }
                                        ],
                                        "failureThreshold": "number",
                                        "grpc": [
                                          "object",
                                          {
                                            "port": "number",
                                            "service": "string"
                                          }
                                        ],
                                        "httpGet": [
                                          "object",
                                          {
                                            "host": "string",
                                            "httpHeaders": [
                                              "list",
                                              [
                                                "object",
                                                {
                                                  "name": "string",
                                                  "value": "string"
                                                }
                                              ]
                                            ],
                                            "path": "string",
                                            "port": "string",
                                            "scheme": "string"
                                          }
                                        ],
                                        "initialDelaySeconds": "number",
                                        "periodSeconds": "number",
                                        "successThreshold": "number",
                                        "tcpSocket": [
                                          "object",
                                          {
                                            "host": "string",
                                            "port": "string"
                                          }
                                        ],
                                        "terminationGracePeriodSeconds": "number",
                                        "timeoutSeconds": "number"
                                      }
                                    ],
                                    "name": "string",
                                    "ports": [
                                      "list",
                                      [
                                        "object",
                                        {
                                          "containerPort": "number",
                                          "hostIP": "string",
                                          "hostPort": "number",
                                          "name": "string",
                                          "protocol": "string"
                                        }
                                      ]
                                    ],
                                    "readinessProbe": [
                                      "object",
                                      {
                                        "exec": [
                                          "object",
                                          {
                                            "command": [
                                              "list",
                                              "string"
                                            ]
                                          }
                                        ],
                                        "failureThreshold": "number",
                                        "grpc": [
                                          "object",
                                          {
                                            "port": "number",
                                            "service": "string"
                                          }
                                        ],
                                        "httpGet": [
                                          "object",
                                          {
                                            "host": "string",
                                            "httpHeaders": [
                                              "list",
                                              [
                                                "object",
                                                {
                                                  "name": "string",
                                                  "value": "string"
                                                }
                                              ]
                                            ],
                                            "path": "string",
                                            "port": "string",
                                            "scheme": "string"
                                          }
                                        ],
                                        "initialDelaySeconds": "number",
                                        "periodSeconds": "number",
                                        "successThreshold": "number",
                                        "tcpSocket": [
                                          "object",
                                          {
                                            "host": "string",
                                            "port": "string"
                                          }
                                        ],
                                        "terminationGracePeriodSeconds": "number",
                                        "timeoutSeconds": "number"
                                      }
                                    ],
                                    "resizePolicy": [
                                      "list",
                                      [
                                        "object",
                                        {
                                          "resourceName": "string",
                                          "restartPolicy": "string"
                                        }
                                      ]
                                    ],
                                    "resources": [
                                      "object",
                                      {
                                        "claims": [
                                          "list",
                                          [
                                            "object",
                                            {
                                              "name": "string",
                                              "request": "string"
                                            }
                                          ]
                                        ],
                                        "limits": [
                                          "map",
                                          "string"
                                        ],
                                        "requests": [
                                          "map",
                                          "string"
                                        ]
                                      }
                                    ],
                                    "restartPolicy": "string",
                                    "restartPolicyRules": [
                                      "list",
                                      [
                                        "object",
                                        {
                                          "action": "string",
                                          "exitCodes": [
                                            "object",
                                            {
                                              "operator": "string",
                                              "values": [
                                                "list",
                                                "number"
                                              ]
                                            }
                                          ]
                                        }
                                      ]
                                    ],
                                    "securityContext": [
                                      "object",
                                      {
                                        "allowPrivilegeEscalation": "bool",
                                        "appArmorProfile": [
                                          "object",
                                          {
                                            "localhostProfile": "string",
                                            "type": "string"
                                          }
                                        ],
                                        "capabilities": [
                                          "object",
                                          {
                                            "add": [
                                              "list",
                                              "string"
                                            ],
                                            "drop": [
                                              "list",
                                              "string"
                                            ]
                                          }
                                        ],
                                        "privileged": "bool",
                                        "procMount": "string",
                                        "readOnlyRootFilesystem": "bool",
                                        "runAsGroup": "number",
                                        "runAsNonRoot": "bool",
                                        "runAsUser": "number",
                                        "seLinuxOptions": [
                                          "object",
                                          {
                                            "level": "string",
                                            "role": "string",
                                            "type": "string",
                                            "user": "string"
                                          }
                                        ],
                                        "seccompProfile": [
                                          "object",
                                          {
                                            "localhostProfile": "string",
                                            "type": "string"
                                          }
                                        ],
                                        "windowsOptions": [
                                          "object",
                                          {
                                            "gmsaCredentialSpec": "string",
                                            "gmsaCredentialSpecName": "string",
                                            "hostProcess": "bool",
                                            "runAsUserName": "string"
                                          }
                                        ]
                                      }
                                    ],
                                    "startupProbe": [
                                      "object",
                                      {
                                        "exec": [
                                          "object",
                                          {
                                            "command": [
                                              "list",
                                              "string"
                                            ]
                                          }
                                        ],
                                        "failureThreshold": "number",
                                        "grpc": [
                                          "object",
                                          {
                                            "port": "number",
                                            "service": "string"
                                          }
                                        ],
                                        "httpGet": [
                                          "object",
                                          {
                                            "host": "string",
                                            "httpHeaders": [
                                              "list",
                                              [
                                                "object",
                                                {
                                                  "name": "string",
                                                  "value": "string"
                                                }
                                              ]
                                            ],
                                            "path": "string",
                                            "port": "string",
                                            "scheme": "string"
                                          }
                                        ],
                                        "initialDelaySeconds": "number",
                                        "periodSeconds": "number",
                                        "successThreshold": "number",
                                        "tcpSocket": [
                                          "object",
                                          {
                                            "host": "string",
                                            "port": "string"
                                          }
                                        ],
                                        "terminationGracePeriodSeconds": "number",
                                        "timeoutSeconds": "number"
                                      }
                                    ],
                                    "stdin": "bool",
                                    "stdinOnce": "bool",
                                    "targetContainerName": "string",
                                    "terminationMessagePath": "string",
                                    "terminationMessagePolicy": "string",
                                    "tty": "bool",
                                    "volumeDevices": [
                                      "list",
                                      [
                                        "object",
                                        {
                                          "devicePath": "string",
                                          "name": "string"
                                        }
                                      ]
                                    ],
                                    "volumeMounts": [
                                      "list",
                                      [
                                        "object",
                                        {
                                          "mountPath": "string",
                                          "mountPropagation": "string",
                                          "name": "string",
                                          "readOnly": "bool",
                                          "recursiveReadOnly": "string",
                                          "subPath": "string",
                                          "subPathExpr": "string"
                                        }
                                      ]
                                    ],
                                    "workingDir": "string"
                                  }
                                ]
                              ],
                              "hostAliases": [
                                "list",
                                [
                                  "object",
                                  {
                                    "hostnames": [
                                      "list",
                                      "string"
                                    ],
                                    "ip": "string"
                                  }
                                ]
                              ],
                              "hostIPC": "bool",
                              "hostNetwork": "bool",
                              "hostPID": "bool",
                              "hostUsers": "bool",
                              "hostname": "string",
                              "hostnameOverride": "string",
                              "imagePullSecrets": [
                                "list",
                                [
                                  "object",
                                  {
                                    "name": "string"
                                  }
                                ]
                              ],
                              "initContainers": [
                                "list",
                                [
                                  "object",
                                  {
                                    "args": [
                                      "list",
                                      "string"
                                    ],
                                    "command": [
                                      "list",
                                      "string"
                                    ],
                                    "env": [
                                      "list",
                                      [
                                        "object",
                                        {
                                          "name": "string",
                                          "value": "string",
                                          "valueFrom": [
                                            "object",
                                            {
                                              "configMapKeyRef": [
                                                "object",
                                                {
                                                  "key": "string",
                                                  "name": "string",
                                                  "optional": "bool"
                                                }
                                              ],
                                              "fieldRef": [
                                                "object",
                                                {
                                                  "apiVersion": "string",
                                                  "fieldPath": "string"
                                                }
                                              ],
                                              "fileKeyRef": [
                                                "object",
                                                {
                                                  "key": "string",
                                                  "optional": "bool",
                                                  "path": "string",
                                                  "volumeName": "string"
                                                }
                                              ],
                                              "resourceFieldRef": [
                                                "object",
                                                {
                                                  "containerName": "string",
                                                  "divisor": "string",
                                                  "resource": "string"
                                                }
                                              ],
                                              "secretKeyRef": [
                                                "object",
                                                {
                                                  "key": "string",
                                                  "name": "string",
                                                  "optional": "bool"
                                                }
                                              ]
                                            }
                                          ]
                                        }
                                      ]
                                    ],
                                    "envFrom": [
                                      "list",
                                      [
                                        "object",
                                        {
                                          "configMapRef": [
                                            "object",
                                            {
                                              "name": "string",
                                              "optional": "bool"
                                            }
                                          ],
                                          "prefix": "string",
                                          "secretRef": [
                                            "object",
                                            {
                                              "name": "string",
                                              "optional": "bool"
                                            }
                                          ]
                                        }
                                      ]
                                    ],
                                    "image": "string",
                                    "imagePullPolicy": "string",
                                    "lifecycle": [
                                      "object",
                                      {
                                        "postStart": [
                                          "object",
                                          {
                                            "exec": [
                                              "object",
                                              {
                                                "command": [
                                                  "list",
                                                  "string"
                                                ]
                                              }
                                            ],
                                            "httpGet": [
                                              "object",
                                              {
                                                "host": "string",
                                                "httpHeaders": [
                                                  "list",
                                                  [
                                                    "object",
                                                    {
                                                      "name": "string",
                                                      "value": "string"
                                                    }
                                                  ]
                                                ],
                                                "path": "string",
                                                "port": "string",
                                                "scheme": "string"
                                              }
                                            ],
                                            "sleep": [
                                              "object",
                                              {
                                                "seconds": "number"
                                              }
                                            ],
                                            "tcpSocket": [
                                              "object",
                                              {
                                                "host": "string",
                                                "port": "string"
                                              }
                                            ]
                                          }
                                        ],
                                        "preStop": [
                                          "object",
                                          {
                                            "exec": [
                                              "object",
                                              {
                                                "command": [
                                                  "list",
                                                  "string"
                                                ]
                                              }
                                            ],
                                            "httpGet": [
                                              "object",
                                              {
                                                "host": "string",
                                                "httpHeaders": [
                                                  "list",
                                                  [
                                                    "object",
                                                    {
                                                      "name": "string",
                                                      "value": "string"
                                                    }
                                                  ]
                                                ],
                                                "path": "string",
                                                "port": "string",
                                                "scheme": "string"
                                              }
                                            ],
                                            "sleep": [
                                              "object",
                                              {
                                                "seconds": "number"
                                              }
                                            ],
                                            "tcpSocket": [
                                              "object",
                                              {
                                                "host": "string",
                                                "port": "string"
                                              }
                                            ]
                                          }
                                        ],
                                        "stopSignal": "string"
                                      }
                                    ],
                                    "livenessProbe": [
                                      "object",
                                      {
                                        "exec": [
                                          "object",
                                          {
                                            "command": [
                                              "list",
                                              "string"
                                            ]
                                          }
                                        ],
                                        "failureThreshold": "number",
                                        "grpc": [
                                          "object",
                                          {
                                            "port": "number",
                                            "service": "string"
                                          }
                                        ],
                                        "httpGet": [
                                          "object",
                                          {
                                            "host": "string",
                                            "httpHeaders": [
                                              "list",
                                              [
                                                "object",
                                                {
                                                  "name": "string",
                                                  "value": "string"
                                                }
                                              ]
                                            ],
                                            "path": "string",
                                            "port": "string",
                                            "scheme": "string"
                                          }
                                        ],
                                        "initialDelaySeconds": "number",
                                        "periodSeconds": "number",
                                        "successThreshold": "number",
                                        "tcpSocket": [
                                          "object",
                                          {
                                            "host": "string",
                                            "port": "string"
                                          }
                                        ],
                                        "terminationGracePeriodSeconds": "number",
                                        "timeoutSeconds": "number"
                                      }
                                    ],
                                    "name": "string",
                                    "ports": [
                                      "list",
                                      [
                                        "object",
                                        {
                                          "containerPort": "number",
                                          "hostIP": "string",
                                          "hostPort": "number",
                                          "name": "string",
                                          "protocol": "string"
                                        }
                                      ]
                                    ],
                                    "readinessProbe": [
                                      "object",
                                      {
                                        "exec": [
                                          "object",
                                          {
                                            "command": [
                                              "list",
                                              "string"
                                            ]
                                          }
                                        ],
                                        "failureThreshold": "number",
                                        "grpc": [
                                          "object",
                                          {
                                            "port": "number",
                                            "service": "string"
                                          }
                                        ],
                                        "httpGet": [
                                          "object",
                                          {
                                            "host": "string",
                                            "httpHeaders": [
                                              "list",
                                              [
                                                "object",
                                                {
                                                  "name": "string",
                                                  "value": "string"
                                                }
                                              ]
                                            ],
                                            "path": "string",
                                            "port": "string",
                                            "scheme": "string"
                                          }
                                        ],
                                        "initialDelaySeconds": "number",
                                        "periodSeconds": "number",
                                        "successThreshold": "number",
                                        "tcpSocket": [
                                          "object",
                                          {
                                            "host": "string",
                                            "port": "string"
                                          }
                                        ],
                                        "terminationGracePeriodSeconds": "number",
                                        "timeoutSeconds": "number"
                                      }
                                    ],
                                    "resizePolicy": [
                                      "list",
                                      [
                                        "object",
                                        {
                                          "resourceName": "string",
                                          "restartPolicy": "string"
                                        }
                                      ]
                                    ],
                                    "resources": [
                                      "object",
                                      {
                                        "claims": [
                                          "list",
                                          [
                                            "object",
                                            {
                                              "name": "string",
                                              "request": "string"
                                            }
                                          ]
                                        ],
                                        "limits": [
                                          "map",
                                          "string"
                                        ],
                                        "requests": [
                                          "map",
                                          "string"
                                        ]
                                      }
                                    ],
                                    "restartPolicy": "string",
                                    "restartPolicyRules": [
                                      "list",
                                      [
                                        "object",
                                        {
                                          "action": "string",
                                          "exitCodes": [
                                            "object",
                                            {
                                              "operator": "string",
                                              "values": [
                                                "list",
                                                "number"
                                              ]
                                            }
                                          ]
                                        }
                                      ]
                                    ],
                                    "securityContext": [
                                      "object",
                                      {
                                        "allowPrivilegeEscalation": "bool",
                                        "appArmorProfile": [
                                          "object",
                                          {
                                            "localhostProfile": "string",
                                            "type": "string"
                                          }
                                        ],
                                        "capabilities": [
                                          "object",
                                          {
                                            "add": [
                                              "list",
                                              "string"
                                            ],
                                            "drop": [
                                              "list",
                                              "string"
                                            ]
                                          }
                                        ],
                                        "privileged": "bool",
                                        "procMount": "string",
                                        "readOnlyRootFilesystem": "bool",
                                        "runAsGroup": "number",
                                        "runAsNonRoot": "bool",
                                        "runAsUser": "number",
                                        "seLinuxOptions": [
                                          "object",
                                          {
                                            "level": "string",
                                            "role": "string",
                                            "type": "string",
                                            "user": "string"
                                          }
                                        ],
                                        "seccompProfile": [
                                          "object",
                                          {
                                            "localhostProfile": "string",
                                            "type": "string"
                                          }
                                        ],
                                        "windowsOptions": [
                                          "object",
                                          {
                                            "gmsaCredentialSpec": "string",
                                            "gmsaCredentialSpecName": "string",
                                            "hostProcess": "bool",
                                            "runAsUserName": "string"
                                          }
                                        ]
                                      }
                                    ],
                                    "startupProbe": [
                                      "object",
                                      {
                                        "exec": [
                                          "object",
                                          {
                                            "command": [
                                              "list",
                                              "string"
                                            ]
                                          }
                                        ],
                                        "failureThreshold": "number",
                                        "grpc": [
                                          "object",
                                          {
                                            "port": "number",
                                            "service": "string"
                                          }
                                        ],
                                        "httpGet": [
                                          "object",
                                          {
                                            "host": "string",
                                            "httpHeaders": [
                                              "list",
                                              [
                                                "object",
                                                {
                                                  "name": "string",
                                                  "value": "string"
                                                }
                                              ]
                                            ],
                                            "path": "string",
                                            "port": "string",
                                            "scheme": "string"
                                          }
                                        ],
                                        "initialDelaySeconds": "number",
                                        "periodSeconds": "number",
                                        "successThreshold": "number",
                                        "tcpSocket": [
                                          "object",
                                          {
                                            "host": "string",
                                            "port": "string"
                                          }
                                        ],
                                        "terminationGracePeriodSeconds": "number",
                                        "timeoutSeconds": "number"
                                      }
                                    ],
                                    "stdin": "bool",
                                    "stdinOnce": "bool",
                                    "terminationMessagePath": "string",
                                    "terminationMessagePolicy": "string",
                                    "tty": "bool",
                                    "volumeDevices": [
                                      "list",
                                      [
                                        "object",
                                        {
                                          "devicePath": "string",
                                          "name": "string"
                                        }
                                      ]
                                    ],
                                    "volumeMounts": [
                                      "list",
                                      [
                                        "object",
                                        {
                                          "mountPath": "string",
                                          "mountPropagation": "string",
                                          "name": "string",
                                          "readOnly": "bool",
                                          "recursiveReadOnly": "string",
                                          "subPath": "string",
                                          "subPathExpr": "string"
                                        }
                                      ]
                                    ],
                                    "workingDir": "string"
                                  }
                                ]
                              ],
                              "nodeName": "string",
                              "nodeSelector": [
                                "map",
                                "string"
                              ],
                              "os": [
                                "object",
                                {
                                  "name": "string"
                                }
                              ],
                              "overhead": [
                                "map",
                                "string"
                              ],
                              "preemptionPolicy": "string",
                              "priority": "number",
                              "priorityClassName": "string",
                              "readinessGates": [
                                "list",
                                [
                                  "object",
                                  {
                                    "conditionType": "string"
                                  }
                                ]
                              ],
                              "resourceClaims": [
                                "list",
                                [
                                  "object",
                                  {
                                    "name": "string",
                                    "resourceClaimName": "string",
                                    "resourceClaimTemplateName": "string"
                                  }
                                ]
                              ],
                              "resources": [
                                "object",
                                {
                                  "claims": [
                                    "list",
                                    [
                                      "object",
                                      {
                                        "name": "string",
                                        "request": "string"
                                      }
                                    ]
                                  ],
                                  "limits": [
                                    "map",
                                    "string"
                                  ],
                                  "requests": [
                                    "map",
                                    "string"
                                  ]
                                }
                              ],
                              "restartPolicy": "string",
                              "runtimeClassName": "string",
                              "schedulerName": "string",
                              "schedulingGates": [
                                "list",
                                [
                                  "object",
                                  {
                                    "name": "string"
                                  }
                                ]
                              ],
                              "securityContext": [
                                "object",
                                {
                                  "appArmorProfile": [
                                    "object",
                                    {
                                      "localhostProfile": "string",
                                      "type": "string"
                                    }
                                  ],
                                  "fsGroup": "number",
                                  "fsGroupChangePolicy": "string",
                                  "runAsGroup": "number",
                                  "runAsNonRoot": "bool",
                                  "runAsUser": "number",
                                  "seLinuxChangePolicy": "string",
                                  "seLinuxOptions": [
                                    "object",
                                    {
                                      "level": "string",
                                      "role": "string",
                                      "type": "string",
                                      "user": "string"
                                    }
                                  ],
                                  "seccompProfile": [
                                    "object",
                                    {
                                      "localhostProfile": "string",
                                      "type": "string"
                                    }
                                  ],
                                  "supplementalGroups": [
                                    "list",
                                    "number"
                                  ],
                                  "supplementalGroupsPolicy": "string",
                                  "sysctls": [
                                    "list",
                                    [
                                      "object",
                                      {
                                        "name": "string",
                                        "value": "string"
                                      }
                                    ]
                                  ],
                                  "windowsOptions": [
                                    "object",
                                    {
                                      "gmsaCredentialSpec": "string",
                                      "gmsaCredentialSpecName": "string",
                                      "hostProcess": "bool",
                                      "runAsUserName": "string"
                                    }
                                  ]
                                }
                              ],
                              "serviceAccount": "string",
                              "serviceAccountName": "string",
                              "setHostnameAsFQDN": "bool",
                              "shareProcessNamespace": "bool",
                              "subdomain": "string",
                              "terminationGracePeriodSeconds": "number",
                              "tolerations": [
                                "list",
                                [
                                  "object",
                                  {
                                    "effect": "string",
                                    "key": "string",
                                    "operator": "string",
                                    "tolerationSeconds": "number",
                                    "value": "string"
                                  }
                                ]
                              ],
                              "topologySpreadConstraints": [
                                "list",
                                [
                                  "object",
                                  {
                                    "labelSelector": [
                                      "object",
                                      {
                                        "matchExpressions": [
                                          "list",
                                          [
                                            "object",
                                            {
                                              "key": "string",
                                              "operator": "string",
                                              "values": [
                                                "list",
                                                "string"
                                              ]
                                            }
                                          ]
                                        ],
                                        "matchLabels": [
                                          "map",
                                          "string"
                                        ]
                                      }
                                    ],
                                    "matchLabelKeys": [
                                      "list",
                                      "string"
                                    ],
                                    "maxSkew": "number",
                                    "minDomains": "number",
                                    "nodeAffinityPolicy": "string",
                                    "nodeTaintsPolicy": "string",
                                    "topologyKey": "string",
                                    "whenUnsatisfiable": "string"
                                  }
                                ]
                              ],
                              "volumes": [
                                "tuple",
                                [
                                  [
                                    "object",
                                    {
                                      "awsElasticBlockStore": [
                                        "object",
                                        {
                                          "fsType": "string",
                                          "partition": "number",
                                          "readOnly": "bool",
                                          "volumeID": "string"
                                        }
                                      ],
                                      "azureDisk": [
                                        "object",
                                        {
                                          "cachingMode": "string",
                                          "diskName": "string",
                                          "diskURI": "string",
                                          "fsType": "string",
                                          "kind": "string",
                                          "readOnly": "bool"
                                        }
                                      ],
                                      "azureFile": [
                                        "object",
                                        {
                                          "readOnly": "bool",
                                          "secretName": "string",
                                          "shareName": "string"
                                        }
                                      ],
                                      "cephfs": [
                                        "object",
                                        {
                                          "monitors": [
                                            "list",
                                            "string"
                                          ],
                                          "path": "string",
                                          "readOnly": "bool",
                                          "secretFile": "string",
                                          "secretRef": [
                                            "object",
                                            {
                                              "name": "string"
                                            }
                                          ],
                                          "user": "string"
                                        }
                                      ],
                                      "cinder": [
                                        "object",
                                        {
                                          "fsType": "string",
                                          "readOnly": "bool",
                                          "secretRef": [
                                            "object",
                                            {
                                              "name": "string"
                                            }
                                          ],
                                          "volumeID": "string"
                                        }
                                      ],
                                      "configMap": [
                                        "object",
                                        {
                                          "defaultMode": "number",
                                          "items": [
                                            "list",
                                            [
                                              "object",
                                              {
                                                "key": "string",
                                                "mode": "number",
                                                "path": "string"
                                              }
                                            ]
                                          ],
                                          "name": "string",
                                          "optional": "bool"
                                        }
                                      ],
                                      "csi": [
                                        "object",
                                        {
                                          "driver": "string",
                                          "fsType": "string",
                                          "nodePublishSecretRef": [
                                            "object",
                                            {
                                              "name": "string"
                                            }
                                          ],
                                          "readOnly": "bool",
                                          "volumeAttributes": [
                                            "map",
                                            "string"
                                          ]
                                        }
                                      ],
                                      "downwardAPI": [
                                        "object",
                                        {
                                          "defaultMode": "number",
                                          "items": [
                                            "list",
                                            [
                                              "object",
                                              {
                                                "fieldRef": [
                                                  "object",
                                                  {
                                                    "apiVersion": "string",
                                                    "fieldPath": "string"
                                                  }
                                                ],
                                                "mode": "number",
                                                "path": "string",
                                                "resourceFieldRef": [
                                                  "object",
                                                  {
                                                    "containerName": "string",
                                                    "divisor": "string",
                                                    "resource": "string"
                                                  }
                                                ]
                                              }
                                            ]
                                          ]
                                        }
                                      ],
                                      "emptyDir": [
                                        "object",
                                        {
                                          "medium": "string",
                                          "sizeLimit": "string"
                                        }
                                      ],
                                      "ephemeral": [
                                        "object",
                                        {
                                          "volumeClaimTemplate": [
                                            "object",
                                            {
                                              "metadata": [
                                                "object",
                                                {
                                                  "annotations": [
                                                    "map",
                                                    "string"
                                                  ],
                                                  "creationTimestamp": "string",
                                                  "deletionGracePeriodSeconds": "number",
                                                  "deletionTimestamp": "string",
                                                  "finalizers": [
                                                    "list",
                                                    "string"
                                                  ],
                                                  "generateName": "string",
                                                  "generation": "number",
                                                  "labels": [
                                                    "map",
                                                    "string"
                                                  ],
                                                  "managedFields": [
                                                    "tuple",
                                                    [
                                                      [
                                                        "object",
                                                        {
                                                          "apiVersion": "string",
                                                          "fieldsType": "string",
                                                          "fieldsV1": "dynamic",
                                                          "manager": "string",
                                                          "operation": "string",
                                                          "subresource": "string",
                                                          "time": "string"
                                                        }
                                                      ]
                                                    ]
                                                  ],
                                                  "name": "string",
                                                  "namespace": "string",
                                                  "ownerReferences": [
                                                    "list",
                                                    [
                                                      "object",
                                                      {
                                                        "apiVersion": "string",
                                                        "blockOwnerDeletion": "bool",
                                                        "controller": "bool",
                                                        "kind": "string",
                                                        "name": "string",
                                                        "uid": "string"
                                                      }
                                                    ]
                                                  ],
                                                  "resourceVersion": "string",
                                                  "selfLink": "string",
                                                  "uid": "string"
                                                }
                                              ],
                                              "spec": [
                                                "object",
                                                {
                                                  "accessModes": [
                                                    "list",
                                                    "string"
                                                  ],
                                                  "dataSource": [
                                                    "object",
                                                    {
                                                      "apiGroup": "string",
                                                      "kind": "string",
                                                      "name": "string"
                                                    }
                                                  ],
                                                  "dataSourceRef": [
                                                    "object",
                                                    {
                                                      "apiGroup": "string",
                                                      "kind": "string",
                                                      "name": "string",
                                                      "namespace": "string"
                                                    }
                                                  ],
                                                  "resources": [
                                                    "object",
                                                    {
                                                      "limits": [
                                                        "map",
                                                        "string"
                                                      ],
                                                      "requests": [
                                                        "map",
                                                        "string"
                                                      ]
                                                    }
                                                  ],
                                                  "selector": [
                                                    "object",
                                                    {
                                                      "matchExpressions": [
                                                        "list",
                                                        [
                                                          "object",
                                                          {
                                                            "key": "string",
                                                            "operator": "string",
                                                            "values": [
                                                              "list",
                                                              "string"
                                                            ]
                                                          }
                                                        ]
                                                      ],
                                                      "matchLabels": [
                                                        "map",
                                                        "string"
                                                      ]
                                                    }
                                                  ],
                                                  "storageClassName": "string",
                                                  "volumeAttributesClassName": "string",
                                                  "volumeMode": "string",
                                                  "volumeName": "string"
                                                }
                                              ]
                                            }
                                          ]
                                        }
                                      ],
                                      "fc": [
                                        "object",
                                        {
                                          "fsType": "string",
                                          "lun": "number",
                                          "readOnly": "bool",
                                          "targetWWNs": [
                                            "list",
                                            "string"
                                          ],
                                          "wwids": [
                                            "list",
                                            "string"
                                          ]
                                        }
                                      ],
                                      "flexVolume": [
                                        "object",
                                        {
                                          "driver": "string",
                                          "fsType": "string",
                                          "options": [
                                            "map",
                                            "string"
                                          ],
                                          "readOnly": "bool",
                                          "secretRef": [
                                            "object",
                                            {
                                              "name": "string"
                                            }
                                          ]
                                        }
                                      ],
                                      "flocker": [
                                        "object",
                                        {
                                          "datasetName": "string",
                                          "datasetUUID": "string"
                                        }
                                      ],
                                      "gcePersistentDisk": [
                                        "object",
                                        {
                                          "fsType": "string",
                                          "partition": "number",
                                          "pdName": "string",
                                          "readOnly": "bool"
                                        }
                                      ],
                                      "gitRepo": [
                                        "object",
                                        {
                                          "directory": "string",
                                          "repository": "string",
                                          "revision": "string"
                                        }
                                      ],
                                      "glusterfs": [
                                        "object",
                                        {
                                          "endpoints": "string",
                                          "path": "string",
                                          "readOnly": "bool"
                                        }
                                      ],
                                      "hostPath": [
                                        "object",
                                        {
                                          "path": "string",
                                          "type": "string"
                                        }
                                      ],
                                      "image": [
                                        "object",
                                        {
                                          "pullPolicy": "string",
                                          "reference": "string"
                                        }
                                      ],
                                      "iscsi": [
                                        "object",
                                        {
                                          "chapAuthDiscovery": "bool",
                                          "chapAuthSession": "bool",
                                          "fsType": "string",
                                          "initiatorName": "string",
                                          "iqn": "string",
                                          "iscsiInterface": "string",
                                          "lun": "number",
                                          "portals": [
                                            "list",
                                            "string"
                                          ],
                                          "readOnly": "bool",
                                          "secretRef": [
                                            "object",
                                            {
                                              "name": "string"
                                            }
                                          ],
                                          "targetPortal": "string"
                                        }
                                      ],
                                      "name": "string",
                                      "nfs": [
                                        "object",
                                        {
                                          "path": "string",
                                          "readOnly": "bool",
                                          "server": "string"
                                        }
                                      ],
                                      "persistentVolumeClaim": [
                                        "object",
                                        {
                                          "claimName": "string",
                                          "readOnly": "bool"
                                        }
                                      ],
                                      "photonPersistentDisk": [
                                        "object",
                                        {
                                          "fsType": "string",
                                          "pdID": "string"
                                        }
                                      ],
                                      "portworxVolume": [
                                        "object",
                                        {
                                          "fsType": "string",
                                          "readOnly": "bool",
                                          "volumeID": "string"
                                        }
                                      ],
                                      "projected": [
                                        "object",
                                        {
                                          "defaultMode": "number",
                                          "sources": [
                                            "list",
                                            [
                                              "object",
                                              {
                                                "clusterTrustBundle": [
                                                  "object",
                                                  {
                                                    "labelSelector": [
                                                      "object",
                                                      {
                                                        "matchExpressions": [
                                                          "list",
                                                          [
                                                            "object",
                                                            {
                                                              "key": "string",
                                                              "operator": "string",
                                                              "values": [
                                                                "list",
                                                                "string"
                                                              ]
                                                            }
                                                          ]
                                                        ],
                                                        "matchLabels": [
                                                          "map",
                                                          "string"
                                                        ]
                                                      }
                                                    ],
                                                    "name": "string",
                                                    "optional": "bool",
                                                    "path": "string",
                                                    "signerName": "string"
                                                  }
                                                ],
                                                "configMap": [
                                                  "object",
                                                  {
                                                    "items": [
                                                      "list",
                                                      [
                                                        "object",
                                                        {
                                                          "key": "string",
                                                          "mode": "number",
                                                          "path": "string"
                                                        }
                                                      ]
                                                    ],
                                                    "name": "string",
                                                    "optional": "bool"
                                                  }
                                                ],
                                                "downwardAPI": [
                                                  "object",
                                                  {
                                                    "items": [
                                                      "list",
                                                      [
                                                        "object",
                                                        {
                                                          "fieldRef": [
                                                            "object",
                                                            {
                                                              "apiVersion": "string",
                                                              "fieldPath": "string"
                                                            }
                                                          ],
                                                          "mode": "number",
                                                          "path": "string",
                                                          "resourceFieldRef": [
                                                            "object",
                                                            {
                                                              "containerName": "string",
                                                              "divisor": "string",
                                                              "resource": "string"
                                                            }
                                                          ]
                                                        }
                                                      ]
                                                    ]
                                                  }
                                                ],
                                                "podCertificate": [
                                                  "object",
                                                  {
                                                    "certificateChainPath": "string",
                                                    "credentialBundlePath": "string",
                                                    "keyPath": "string",
                                                    "keyType": "string",
                                                    "maxExpirationSeconds": "number",
                                                    "signerName": "string",
                                                    "userAnnotations": [
                                                      "map",
                                                      "string"
                                                    ]
                                                  }
                                                ],
                                                "secret": [
                                                  "object",
                                                  {
                                                    "items": [
                                                      "list",
                                                      [
                                                        "object",
                                                        {
                                                          "key": "string",
                                                          "mode": "number",
                                                          "path": "string"
                                                        }
                                                      ]
                                                    ],
                                                    "name": "string",
                                                    "optional": "bool"
                                                  }
                                                ],
                                                "serviceAccountToken": [
                                                  "object",
                                                  {
                                                    "audience": "string",
                                                    "expirationSeconds": "number",
                                                    "path": "string"
                                                  }
                                                ]
                                              }
                                            ]
                                          ]
                                        }
                                      ],
                                      "quobyte": [
                                        "object",
                                        {
                                          "group": "string",
                                          "readOnly": "bool",
                                          "registry": "string",
                                          "tenant": "string",
                                          "user": "string",
                                          "volume": "string"
                                        }
                                      ],
                                      "rbd": [
                                        "object",
                                        {
                                          "fsType": "string",
                                          "image": "string",
                                          "keyring": "string",
                                          "monitors": [
                                            "list",
                                            "string"
                                          ],
                                          "pool": "string",
                                          "readOnly": "bool",
                                          "secretRef": [
                                            "object",
                                            {
                                              "name": "string"
                                            }
                                          ],
                                          "user": "string"
                                        }
                                      ],
                                      "scaleIO": [
                                        "object",
                                        {
                                          "fsType": "string",
                                          "gateway": "string",
                                          "protectionDomain": "string",
                                          "readOnly": "bool",
                                          "secretRef": [
                                            "object",
                                            {
                                              "name": "string"
                                            }
                                          ],
                                          "sslEnabled": "bool",
                                          "storageMode": "string",
                                          "storagePool": "string",
                                          "system": "string",
                                          "volumeName": "string"
                                        }
                                      ],
                                      "secret": [
                                        "object",
                                        {
                                          "defaultMode": "number",
                                          "items": [
                                            "list",
                                            [
                                              "object",
                                              {
                                                "key": "string",
                                                "mode": "number",
                                                "path": "string"
                                              }
                                            ]
                                          ],
                                          "optional": "bool",
                                          "secretName": "string"
                                        }
                                      ],
                                      "storageos": [
                                        "object",
                                        {
                                          "fsType": "string",
                                          "readOnly": "bool",
                                          "secretRef": [
                                            "object",
                                            {
                                              "name": "string"
                                            }
                                          ],
                                          "volumeName": "string",
                                          "volumeNamespace": "string"
                                        }
                                      ],
                                      "vsphereVolume": [
                                        "object",
                                        {
                                          "fsType": "string",
                                          "storagePolicyID": "string",
                                          "storagePolicyName": "string",
                                          "volumePath": "string"
                                        }
                                      ]
                                    }
                                  ],
                                  [
                                    "object",
                                    {
                                      "awsElasticBlockStore": [
                                        "object",
                                        {
                                          "fsType": "string",
                                          "partition": "number",
                                          "readOnly": "bool",
                                          "volumeID": "string"
                                        }
                                      ],
                                      "azureDisk": [
                                        "object",
                                        {
                                          "cachingMode": "string",
                                          "diskName": "string",
                                          "diskURI": "string",
                                          "fsType": "string",
                                          "kind": "string",
                                          "readOnly": "bool"
                                        }
                                      ],
                                      "azureFile": [
                                        "object",
                                        {
                                          "readOnly": "bool",
                                          "secretName": "string",
                                          "shareName": "string"
                                        }
                                      ],
                                      "cephfs": [
                                        "object",
                                        {
                                          "monitors": [
                                            "list",
                                            "string"
                                          ],
                                          "path": "string",
                                          "readOnly": "bool",
                                          "secretFile": "string",
                                          "secretRef": [
                                            "object",
                                            {
                                              "name": "string"
                                            }
                                          ],
                                          "user": "string"
                                        }
                                      ],
                                      "cinder": [
                                        "object",
                                        {
                                          "fsType": "string",
                                          "readOnly": "bool",
                                          "secretRef": [
                                            "object",
                                            {
                                              "name": "string"
                                            }
                                          ],
                                          "volumeID": "string"
                                        }
                                      ],
                                      "configMap": [
                                        "object",
                                        {
                                          "defaultMode": "number",
                                          "items": [
                                            "list",
                                            [
                                              "object",
                                              {
                                                "key": "string",
                                                "mode": "number",
                                                "path": "string"
                                              }
                                            ]
                                          ],
                                          "name": "string",
                                          "optional": "bool"
                                        }
                                      ],
                                      "csi": [
                                        "object",
                                        {
                                          "driver": "string",
                                          "fsType": "string",
                                          "nodePublishSecretRef": [
                                            "object",
                                            {
                                              "name": "string"
                                            }
                                          ],
                                          "readOnly": "bool",
                                          "volumeAttributes": [
                                            "map",
                                            "string"
                                          ]
                                        }
                                      ],
                                      "downwardAPI": [
                                        "object",
                                        {
                                          "defaultMode": "number",
                                          "items": [
                                            "list",
                                            [
                                              "object",
                                              {
                                                "fieldRef": [
                                                  "object",
                                                  {
                                                    "apiVersion": "string",
                                                    "fieldPath": "string"
                                                  }
                                                ],
                                                "mode": "number",
                                                "path": "string",
                                                "resourceFieldRef": [
                                                  "object",
                                                  {
                                                    "containerName": "string",
                                                    "divisor": "string",
                                                    "resource": "string"
                                                  }
                                                ]
                                              }
                                            ]
                                          ]
                                        }
                                      ],
                                      "emptyDir": [
                                        "object",
                                        {
                                          "medium": "string",
                                          "sizeLimit": "string"
                                        }
                                      ],
                                      "ephemeral": [
                                        "object",
                                        {
                                          "volumeClaimTemplate": [
                                            "object",
                                            {
                                              "metadata": [
                                                "object",
                                                {
                                                  "annotations": [
                                                    "map",
                                                    "string"
                                                  ],
                                                  "creationTimestamp": "string",
                                                  "deletionGracePeriodSeconds": "number",
                                                  "deletionTimestamp": "string",
                                                  "finalizers": [
                                                    "list",
                                                    "string"
                                                  ],
                                                  "generateName": "string",
                                                  "generation": "number",
                                                  "labels": [
                                                    "map",
                                                    "string"
                                                  ],
                                                  "managedFields": [
                                                    "tuple",
                                                    [
                                                      [
                                                        "object",
                                                        {
                                                          "apiVersion": "string",
                                                          "fieldsType": "string",
                                                          "fieldsV1": "dynamic",
                                                          "manager": "string",
                                                          "operation": "string",
                                                          "subresource": "string",
                                                          "time": "string"
                                                        }
                                                      ]
                                                    ]
                                                  ],
                                                  "name": "string",
                                                  "namespace": "string",
                                                  "ownerReferences": [
                                                    "list",
                                                    [
                                                      "object",
                                                      {
                                                        "apiVersion": "string",
                                                        "blockOwnerDeletion": "bool",
                                                        "controller": "bool",
                                                        "kind": "string",
                                                        "name": "string",
                                                        "uid": "string"
                                                      }
                                                    ]
                                                  ],
                                                  "resourceVersion": "string",
                                                  "selfLink": "string",
                                                  "uid": "string"
                                                }
                                              ],
                                              "spec": [
                                                "object",
                                                {
                                                  "accessModes": [
                                                    "list",
                                                    "string"
                                                  ],
                                                  "dataSource": [
                                                    "object",
                                                    {
                                                      "apiGroup": "string",
                                                      "kind": "string",
                                                      "name": "string"
                                                    }
                                                  ],
                                                  "dataSourceRef": [
                                                    "object",
                                                    {
                                                      "apiGroup": "string",
                                                      "kind": "string",
                                                      "name": "string",
                                                      "namespace": "string"
                                                    }
                                                  ],
                                                  "resources": [
                                                    "object",
                                                    {
                                                      "limits": [
                                                        "map",
                                                        "string"
                                                      ],
                                                      "requests": [
                                                        "map",
                                                        "string"
                                                      ]
                                                    }
                                                  ],
                                                  "selector": [
                                                    "object",
                                                    {
                                                      "matchExpressions": [
                                                        "list",
                                                        [
                                                          "object",
                                                          {
                                                            "key": "string",
                                                            "operator": "string",
                                                            "values": [
                                                              "list",
                                                              "string"
                                                            ]
                                                          }
                                                        ]
                                                      ],
                                                      "matchLabels": [
                                                        "map",
                                                        "string"
                                                      ]
                                                    }
                                                  ],
                                                  "storageClassName": "string",
                                                  "volumeAttributesClassName": "string",
                                                  "volumeMode": "string",
                                                  "volumeName": "string"
                                                }
                                              ]
                                            }
                                          ]
                                        }
                                      ],
                                      "fc": [
                                        "object",
                                        {
                                          "fsType": "string",
                                          "lun": "number",
                                          "readOnly": "bool",
                                          "targetWWNs": [
                                            "list",
                                            "string"
                                          ],
                                          "wwids": [
                                            "list",
                                            "string"
                                          ]
                                        }
                                      ],
                                      "flexVolume": [
                                        "object",
                                        {
                                          "driver": "string",
                                          "fsType": "string",
                                          "options": [
                                            "map",
                                            "string"
                                          ],
                                          "readOnly": "bool",
                                          "secretRef": [
                                            "object",
                                            {
                                              "name": "string"
                                            }
                                          ]
                                        }
                                      ],
                                      "flocker": [
                                        "object",
                                        {
                                          "datasetName": "string",
                                          "datasetUUID": "string"
                                        }
                                      ],
                                      "gcePersistentDisk": [
                                        "object",
                                        {
                                          "fsType": "string",
                                          "partition": "number",
                                          "pdName": "string",
                                          "readOnly": "bool"
                                        }
                                      ],
                                      "gitRepo": [
                                        "object",
                                        {
                                          "directory": "string",
                                          "repository": "string",
                                          "revision": "string"
                                        }
                                      ],
                                      "glusterfs": [
                                        "object",
                                        {
                                          "endpoints": "string",
                                          "path": "string",
                                          "readOnly": "bool"
                                        }
                                      ],
                                      "hostPath": [
                                        "object",
                                        {
                                          "path": "string",
                                          "type": "string"
                                        }
                                      ],
                                      "image": [
                                        "object",
                                        {
                                          "pullPolicy": "string",
                                          "reference": "string"
                                        }
                                      ],
                                      "iscsi": [
                                        "object",
                                        {
                                          "chapAuthDiscovery": "bool",
                                          "chapAuthSession": "bool",
                                          "fsType": "string",
                                          "initiatorName": "string",
                                          "iqn": "string",
                                          "iscsiInterface": "string",
                                          "lun": "number",
                                          "portals": [
                                            "list",
                                            "string"
                                          ],
                                          "readOnly": "bool",
                                          "secretRef": [
                                            "object",
                                            {
                                              "name": "string"
                                            }
                                          ],
                                          "targetPortal": "string"
                                        }
                                      ],
                                      "name": "string",
                                      "nfs": [
                                        "object",
                                        {
                                          "path": "string",
                                          "readOnly": "bool",
                                          "server": "string"
                                        }
                                      ],
                                      "persistentVolumeClaim": [
                                        "object",
                                        {
                                          "claimName": "string",
                                          "readOnly": "bool"
                                        }
                                      ],
                                      "photonPersistentDisk": [
                                        "object",
                                        {
                                          "fsType": "string",
                                          "pdID": "string"
                                        }
                                      ],
                                      "portworxVolume": [
                                        "object",
                                        {
                                          "fsType": "string",
                                          "readOnly": "bool",
                                          "volumeID": "string"
                                        }
                                      ],
                                      "projected": [
                                        "object",
                                        {
                                          "defaultMode": "number",
                                          "sources": [
                                            "list",
                                            [
                                              "object",
                                              {
                                                "clusterTrustBundle": [
                                                  "object",
                                                  {
                                                    "labelSelector": [
                                                      "object",
                                                      {
                                                        "matchExpressions": [
                                                          "list",
                                                          [
                                                            "object",
                                                            {
                                                              "key": "string",
                                                              "operator": "string",
                                                              "values": [
                                                                "list",
                                                                "string"
                                                              ]
                                                            }
                                                          ]
                                                        ],
                                                        "matchLabels": [
                                                          "map",
                                                          "string"
                                                        ]
                                                      }
                                                    ],
                                                    "name": "string",
                                                    "optional": "bool",
                                                    "path": "string",
                                                    "signerName": "string"
                                                  }
                                                ],
                                                "configMap": [
                                                  "object",
                                                  {
                                                    "items": [
                                                      "list",
                                                      [
                                                        "object",
                                                        {
                                                          "key": "string",
                                                          "mode": "number",
                                                          "path": "string"
                                                        }
                                                      ]
                                                    ],
                                                    "name": "string",
                                                    "optional": "bool"
                                                  }
                                                ],
                                                "downwardAPI": [
                                                  "object",
                                                  {
                                                    "items": [
                                                      "list",
                                                      [
                                                        "object",
                                                        {
                                                          "fieldRef": [
                                                            "object",
                                                            {
                                                              "apiVersion": "string",
                                                              "fieldPath": "string"
                                                            }
                                                          ],
                                                          "mode": "number",
                                                          "path": "string",
                                                          "resourceFieldRef": [
                                                            "object",
                                                            {
                                                              "containerName": "string",
                                                              "divisor": "string",
                                                              "resource": "string"
                                                            }
                                                          ]
                                                        }
                                                      ]
                                                    ]
                                                  }
                                                ],
                                                "podCertificate": [
                                                  "object",
                                                  {
                                                    "certificateChainPath": "string",
                                                    "credentialBundlePath": "string",
                                                    "keyPath": "string",
                                                    "keyType": "string",
                                                    "maxExpirationSeconds": "number",
                                                    "signerName": "string",
                                                    "userAnnotations": [
                                                      "map",
                                                      "string"
                                                    ]
                                                  }
                                                ],
                                                "secret": [
                                                  "object",
                                                  {
                                                    "items": [
                                                      "list",
                                                      [
                                                        "object",
                                                        {
                                                          "key": "string",
                                                          "mode": "number",
                                                          "path": "string"
                                                        }
                                                      ]
                                                    ],
                                                    "name": "string",
                                                    "optional": "bool"
                                                  }
                                                ],
                                                "serviceAccountToken": [
                                                  "object",
                                                  {
                                                    "audience": "string",
                                                    "expirationSeconds": "number",
                                                    "path": "string"
                                                  }
                                                ]
                                              }
                                            ]
                                          ]
                                        }
                                      ],
                                      "quobyte": [
                                        "object",
                                        {
                                          "group": "string",
                                          "readOnly": "bool",
                                          "registry": "string",
                                          "tenant": "string",
                                          "user": "string",
                                          "volume": "string"
                                        }
                                      ],
                                      "rbd": [
                                        "object",
                                        {
                                          "fsType": "string",
                                          "image": "string",
                                          "keyring": "string",
                                          "monitors": [
                                            "list",
                                            "string"
                                          ],
                                          "pool": "string",
                                          "readOnly": "bool",
                                          "secretRef": [
                                            "object",
                                            {
                                              "name": "string"
                                            }
                                          ],
                                          "user": "string"
                                        }
                                      ],
                                      "scaleIO": [
                                        "object",
                                        {
                                          "fsType": "string",
                                          "gateway": "string",
                                          "protectionDomain": "string",
                                          "readOnly": "bool",
                                          "secretRef": [
                                            "object",
                                            {
                                              "name": "string"
                                            }
                                          ],
                                          "sslEnabled": "bool",
                                          "storageMode": "string",
                                          "storagePool": "string",
                                          "system": "string",
                                          "volumeName": "string"
                                        }
                                      ],
                                      "secret": [
                                        "object",
                                        {
                                          "defaultMode": "number",
                                          "items": [
                                            "list",
                                            [
                                              "object",
                                              {
                                                "key": "string",
                                                "mode": "number",
                                                "path": "string"
                                              }
                                            ]
                                          ],
                                          "optional": "bool",
                                          "secretName": "string"
                                        }
                                      ],
                                      "storageos": [
                                        "object",
                                        {
                                          "fsType": "string",
                                          "readOnly": "bool",
                                          "secretRef": [
                                            "object",
                                            {
                                              "name": "string"
                                            }
                                          ],
                                          "volumeName": "string",
                                          "volumeNamespace": "string"
                                        }
                                      ],
                                      "vsphereVolume": [
                                        "object",
                                        {
                                          "fsType": "string",
                                          "storagePolicyID": "string",
                                          "storagePolicyName": "string",
                                          "volumePath": "string"
                                        }
                                      ]
                                    }
                                  ],
                                  [
                                    "object",
                                    {
                                      "awsElasticBlockStore": [
                                        "object",
                                        {
                                          "fsType": "string",
                                          "partition": "number",
                                          "readOnly": "bool",
                                          "volumeID": "string"
                                        }
                                      ],
                                      "azureDisk": [
                                        "object",
                                        {
                                          "cachingMode": "string",
                                          "diskName": "string",
                                          "diskURI": "string",
                                          "fsType": "string",
                                          "kind": "string",
                                          "readOnly": "bool"
                                        }
                                      ],
                                      "azureFile": [
                                        "object",
                                        {
                                          "readOnly": "bool",
                                          "secretName": "string",
                                          "shareName": "string"
                                        }
                                      ],
                                      "cephfs": [
                                        "object",
                                        {
                                          "monitors": [
                                            "list",
                                            "string"
                                          ],
                                          "path": "string",
                                          "readOnly": "bool",
                                          "secretFile": "string",
                                          "secretRef": [
                                            "object",
                                            {
                                              "name": "string"
                                            }
                                          ],
                                          "user": "string"
                                        }
                                      ],
                                      "cinder": [
                                        "object",
                                        {
                                          "fsType": "string",
                                          "readOnly": "bool",
                                          "secretRef": [
                                            "object",
                                            {
                                              "name": "string"
                                            }
                                          ],
                                          "volumeID": "string"
                                        }
                                      ],
                                      "configMap": [
                                        "object",
                                        {
                                          "defaultMode": "number",
                                          "items": [
                                            "list",
                                            [
                                              "object",
                                              {
                                                "key": "string",
                                                "mode": "number",
                                                "path": "string"
                                              }
                                            ]
                                          ],
                                          "name": "string",
                                          "optional": "bool"
                                        }
                                      ],
                                      "csi": [
                                        "object",
                                        {
                                          "driver": "string",
                                          "fsType": "string",
                                          "nodePublishSecretRef": [
                                            "object",
                                            {
                                              "name": "string"
                                            }
                                          ],
                                          "readOnly": "bool",
                                          "volumeAttributes": [
                                            "map",
                                            "string"
                                          ]
                                        }
                                      ],
                                      "downwardAPI": [
                                        "object",
                                        {
                                          "defaultMode": "number",
                                          "items": [
                                            "list",
                                            [
                                              "object",
                                              {
                                                "fieldRef": [
                                                  "object",
                                                  {
                                                    "apiVersion": "string",
                                                    "fieldPath": "string"
                                                  }
                                                ],
                                                "mode": "number",
                                                "path": "string",
                                                "resourceFieldRef": [
                                                  "object",
                                                  {
                                                    "containerName": "string",
                                                    "divisor": "string",
                                                    "resource": "string"
                                                  }
                                                ]
                                              }
                                            ]
                                          ]
                                        }
                                      ],
                                      "emptyDir": [
                                        "object",
                                        {
                                          "medium": "string",
                                          "sizeLimit": "string"
                                        }
                                      ],
                                      "ephemeral": [
                                        "object",
                                        {
                                          "volumeClaimTemplate": [
                                            "object",
                                            {
                                              "metadata": [
                                                "object",
                                                {
                                                  "annotations": [
                                                    "map",
                                                    "string"
                                                  ],
                                                  "creationTimestamp": "string",
                                                  "deletionGracePeriodSeconds": "number",
                                                  "deletionTimestamp": "string",
                                                  "finalizers": [
                                                    "list",
                                                    "string"
                                                  ],
                                                  "generateName": "string",
                                                  "generation": "number",
                                                  "labels": [
                                                    "map",
                                                    "string"
                                                  ],
                                                  "managedFields": [
                                                    "tuple",
                                                    [
                                                      [
                                                        "object",
                                                        {
                                                          "apiVersion": "string",
                                                          "fieldsType": "string",
                                                          "fieldsV1": "dynamic",
                                                          "manager": "string",
                                                          "operation": "string",
                                                          "subresource": "string",
                                                          "time": "string"
                                                        }
                                                      ]
                                                    ]
                                                  ],
                                                  "name": "string",
                                                  "namespace": "string",
                                                  "ownerReferences": [
                                                    "list",
                                                    [
                                                      "object",
                                                      {
                                                        "apiVersion": "string",
                                                        "blockOwnerDeletion": "bool",
                                                        "controller": "bool",
                                                        "kind": "string",
                                                        "name": "string",
                                                        "uid": "string"
                                                      }
                                                    ]
                                                  ],
                                                  "resourceVersion": "string",
                                                  "selfLink": "string",
                                                  "uid": "string"
                                                }
                                              ],
                                              "spec": [
                                                "object",
                                                {
                                                  "accessModes": [
                                                    "list",
                                                    "string"
                                                  ],
                                                  "dataSource": [
                                                    "object",
                                                    {
                                                      "apiGroup": "string",
                                                      "kind": "string",
                                                      "name": "string"
                                                    }
                                                  ],
                                                  "dataSourceRef": [
                                                    "object",
                                                    {
                                                      "apiGroup": "string",
                                                      "kind": "string",
                                                      "name": "string",
                                                      "namespace": "string"
                                                    }
                                                  ],
                                                  "resources": [
                                                    "object",
                                                    {
                                                      "limits": [
                                                        "map",
                                                        "string"
                                                      ],
                                                      "requests": [
                                                        "map",
                                                        "string"
                                                      ]
                                                    }
                                                  ],
                                                  "selector": [
                                                    "object",
                                                    {
                                                      "matchExpressions": [
                                                        "list",
                                                        [
                                                          "object",
                                                          {
                                                            "key": "string",
                                                            "operator": "string",
                                                            "values": [
                                                              "list",
                                                              "string"
                                                            ]
                                                          }
                                                        ]
                                                      ],
                                                      "matchLabels": [
                                                        "map",
                                                        "string"
                                                      ]
                                                    }
                                                  ],
                                                  "storageClassName": "string",
                                                  "volumeAttributesClassName": "string",
                                                  "volumeMode": "string",
                                                  "volumeName": "string"
                                                }
                                              ]
                                            }
                                          ]
                                        }
                                      ],
                                      "fc": [
                                        "object",
                                        {
                                          "fsType": "string",
                                          "lun": "number",
                                          "readOnly": "bool",
                                          "targetWWNs": [
                                            "list",
                                            "string"
                                          ],
                                          "wwids": [
                                            "list",
                                            "string"
                                          ]
                                        }
                                      ],
                                      "flexVolume": [
                                        "object",
                                        {
                                          "driver": "string",
                                          "fsType": "string",
                                          "options": [
                                            "map",
                                            "string"
                                          ],
                                          "readOnly": "bool",
                                          "secretRef": [
                                            "object",
                                            {
                                              "name": "string"
                                            }
                                          ]
                                        }
                                      ],
                                      "flocker": [
                                        "object",
                                        {
                                          "datasetName": "string",
                                          "datasetUUID": "string"
                                        }
                                      ],
                                      "gcePersistentDisk": [
                                        "object",
                                        {
                                          "fsType": "string",
                                          "partition": "number",
                                          "pdName": "string",
                                          "readOnly": "bool"
                                        }
                                      ],
                                      "gitRepo": [
                                        "object",
                                        {
                                          "directory": "string",
                                          "repository": "string",
                                          "revision": "string"
                                        }
                                      ],
                                      "glusterfs": [
                                        "object",
                                        {
                                          "endpoints": "string",
                                          "path": "string",
                                          "readOnly": "bool"
                                        }
                                      ],
                                      "hostPath": [
                                        "object",
                                        {
                                          "path": "string",
                                          "type": "string"
                                        }
                                      ],
                                      "image": [
                                        "object",
                                        {
                                          "pullPolicy": "string",
                                          "reference": "string"
                                        }
                                      ],
                                      "iscsi": [
                                        "object",
                                        {
                                          "chapAuthDiscovery": "bool",
                                          "chapAuthSession": "bool",
                                          "fsType": "string",
                                          "initiatorName": "string",
                                          "iqn": "string",
                                          "iscsiInterface": "string",
                                          "lun": "number",
                                          "portals": [
                                            "list",
                                            "string"
                                          ],
                                          "readOnly": "bool",
                                          "secretRef": [
                                            "object",
                                            {
                                              "name": "string"
                                            }
                                          ],
                                          "targetPortal": "string"
                                        }
                                      ],
                                      "name": "string",
                                      "nfs": [
                                        "object",
                                        {
                                          "path": "string",
                                          "readOnly": "bool",
                                          "server": "string"
                                        }
                                      ],
                                      "persistentVolumeClaim": [
                                        "object",
                                        {
                                          "claimName": "string",
                                          "readOnly": "bool"
                                        }
                                      ],
                                      "photonPersistentDisk": [
                                        "object",
                                        {
                                          "fsType": "string",
                                          "pdID": "string"
                                        }
                                      ],
                                      "portworxVolume": [
                                        "object",
                                        {
                                          "fsType": "string",
                                          "readOnly": "bool",
                                          "volumeID": "string"
                                        }
                                      ],
                                      "projected": [
                                        "object",
                                        {
                                          "defaultMode": "number",
                                          "sources": [
                                            "list",
                                            [
                                              "object",
                                              {
                                                "clusterTrustBundle": [
                                                  "object",
                                                  {
                                                    "labelSelector": [
                                                      "object",
                                                      {
                                                        "matchExpressions": [
                                                          "list",
                                                          [
                                                            "object",
                                                            {
                                                              "key": "string",
                                                              "operator": "string",
                                                              "values": [
                                                                "list",
                                                                "string"
                                                              ]
                                                            }
                                                          ]
                                                        ],
                                                        "matchLabels": [
                                                          "map",
                                                          "string"
                                                        ]
                                                      }
                                                    ],
                                                    "name": "string",
                                                    "optional": "bool",
                                                    "path": "string",
                                                    "signerName": "string"
                                                  }
                                                ],
                                                "configMap": [
                                                  "object",
                                                  {
                                                    "items": [
                                                      "list",
                                                      [
                                                        "object",
                                                        {
                                                          "key": "string",
                                                          "mode": "number",
                                                          "path": "string"
                                                        }
                                                      ]
                                                    ],
                                                    "name": "string",
                                                    "optional": "bool"
                                                  }
                                                ],
                                                "downwardAPI": [
                                                  "object",
                                                  {
                                                    "items": [
                                                      "list",
                                                      [
                                                        "object",
                                                        {
                                                          "fieldRef": [
                                                            "object",
                                                            {
                                                              "apiVersion": "string",
                                                              "fieldPath": "string"
                                                            }
                                                          ],
                                                          "mode": "number",
                                                          "path": "string",
                                                          "resourceFieldRef": [
                                                            "object",
                                                            {
                                                              "containerName": "string",
                                                              "divisor": "string",
                                                              "resource": "string"
                                                            }
                                                          ]
                                                        }
                                                      ]
                                                    ]
                                                  }
                                                ],
                                                "podCertificate": [
                                                  "object",
                                                  {
                                                    "certificateChainPath": "string",
                                                    "credentialBundlePath": "string",
                                                    "keyPath": "string",
                                                    "keyType": "string",
                                                    "maxExpirationSeconds": "number",
                                                    "signerName": "string",
                                                    "userAnnotations": [
                                                      "map",
                                                      "string"
                                                    ]
                                                  }
                                                ],
                                                "secret": [
                                                  "object",
                                                  {
                                                    "items": [
                                                      "list",
                                                      [
                                                        "object",
                                                        {
                                                          "key": "string",
                                                          "mode": "number",
                                                          "path": "string"
                                                        }
                                                      ]
                                                    ],
                                                    "name": "string",
                                                    "optional": "bool"
                                                  }
                                                ],
                                                "serviceAccountToken": [
                                                  "object",
                                                  {
                                                    "audience": "string",
                                                    "expirationSeconds": "number",
                                                    "path": "string"
                                                  }
                                                ]
                                              }
                                            ]
                                          ]
                                        }
                                      ],
                                      "quobyte": [
                                        "object",
                                        {
                                          "group": "string",
                                          "readOnly": "bool",
                                          "registry": "string",
                                          "tenant": "string",
                                          "user": "string",
                                          "volume": "string"
                                        }
                                      ],
                                      "rbd": [
                                        "object",
                                        {
                                          "fsType": "string",
                                          "image": "string",
                                          "keyring": "string",
                                          "monitors": [
                                            "list",
                                            "string"
                                          ],
                                          "pool": "string",
                                          "readOnly": "bool",
                                          "secretRef": [
                                            "object",
                                            {
                                              "name": "string"
                                            }
                                          ],
                                          "user": "string"
                                        }
                                      ],
                                      "scaleIO": [
                                        "object",
                                        {
                                          "fsType": "string",
                                          "gateway": "string",
                                          "protectionDomain": "string",
                                          "readOnly": "bool",
                                          "secretRef": [
                                            "object",
                                            {
                                              "name": "string"
                                            }
                                          ],
                                          "sslEnabled": "bool",
                                          "storageMode": "string",
                                          "storagePool": "string",
                                          "system": "string",
                                          "volumeName": "string"
                                        }
                                      ],
                                      "secret": [
                                        "object",
                                        {
                                          "defaultMode": "number",
                                          "items": [
                                            "list",
                                            [
                                              "object",
                                              {
                                                "key": "string",
                                                "mode": "number",
                                                "path": "string"
                                              }
                                            ]
                                          ],
                                          "optional": "bool",
                                          "secretName": "string"
                                        }
                                      ],
                                      "storageos": [
                                        "object",
                                        {
                                          "fsType": "string",
                                          "readOnly": "bool",
                                          "secretRef": [
                                            "object",
                                            {
                                              "name": "string"
                                            }
                                          ],
                                          "volumeName": "string",
                                          "volumeNamespace": "string"
                                        }
                                      ],
                                      "vsphereVolume": [
                                        "object",
                                        {
                                          "fsType": "string",
                                          "storagePolicyID": "string",
                                          "storagePolicyName": "string",
                                          "volumePath": "string"
                                        }
                                      ]
                                    }
                                  ],
                                  [
                                    "object",
                                    {
                                      "awsElasticBlockStore": [
                                        "object",
                                        {
                                          "fsType": "string",
                                          "partition": "number",
                                          "readOnly": "bool",
                                          "volumeID": "string"
                                        }
                                      ],
                                      "azureDisk": [
                                        "object",
                                        {
                                          "cachingMode": "string",
                                          "diskName": "string",
                                          "diskURI": "string",
                                          "fsType": "string",
                                          "kind": "string",
                                          "readOnly": "bool"
                                        }
                                      ],
                                      "azureFile": [
                                        "object",
                                        {
                                          "readOnly": "bool",
                                          "secretName": "string",
                                          "shareName": "string"
                                        }
                                      ],
                                      "cephfs": [
                                        "object",
                                        {
                                          "monitors": [
                                            "list",
                                            "string"
                                          ],
                                          "path": "string",
                                          "readOnly": "bool",
                                          "secretFile": "string",
                                          "secretRef": [
                                            "object",
                                            {
                                              "name": "string"
                                            }
                                          ],
                                          "user": "string"
                                        }
                                      ],
                                      "cinder": [
                                        "object",
                                        {
                                          "fsType": "string",
                                          "readOnly": "bool",
                                          "secretRef": [
                                            "object",
                                            {
                                              "name": "string"
                                            }
                                          ],
                                          "volumeID": "string"
                                        }
                                      ],
                                      "configMap": [
                                        "object",
                                        {
                                          "defaultMode": "number",
                                          "items": [
                                            "list",
                                            [
                                              "object",
                                              {
                                                "key": "string",
                                                "mode": "number",
                                                "path": "string"
                                              }
                                            ]
                                          ],
                                          "name": "string",
                                          "optional": "bool"
                                        }
                                      ],
                                      "csi": [
                                        "object",
                                        {
                                          "driver": "string",
                                          "fsType": "string",
                                          "nodePublishSecretRef": [
                                            "object",
                                            {
                                              "name": "string"
                                            }
                                          ],
                                          "readOnly": "bool",
                                          "volumeAttributes": [
                                            "map",
                                            "string"
                                          ]
                                        }
                                      ],
                                      "downwardAPI": [
                                        "object",
                                        {
                                          "defaultMode": "number",
                                          "items": [
                                            "list",
                                            [
                                              "object",
                                              {
                                                "fieldRef": [
                                                  "object",
                                                  {
                                                    "apiVersion": "string",
                                                    "fieldPath": "string"
                                                  }
                                                ],
                                                "mode": "number",
                                                "path": "string",
                                                "resourceFieldRef": [
                                                  "object",
                                                  {
                                                    "containerName": "string",
                                                    "divisor": "string",
                                                    "resource": "string"
                                                  }
                                                ]
                                              }
                                            ]
                                          ]
                                        }
                                      ],
                                      "emptyDir": [
                                        "object",
                                        {
                                          "medium": "string",
                                          "sizeLimit": "string"
                                        }
                                      ],
                                      "ephemeral": [
                                        "object",
                                        {
                                          "volumeClaimTemplate": [
                                            "object",
                                            {
                                              "metadata": [
                                                "object",
                                                {
                                                  "annotations": [
                                                    "map",
                                                    "string"
                                                  ],
                                                  "creationTimestamp": "string",
                                                  "deletionGracePeriodSeconds": "number",
                                                  "deletionTimestamp": "string",
                                                  "finalizers": [
                                                    "list",
                                                    "string"
                                                  ],
                                                  "generateName": "string",
                                                  "generation": "number",
                                                  "labels": [
                                                    "map",
                                                    "string"
                                                  ],
                                                  "managedFields": [
                                                    "tuple",
                                                    [
                                                      [
                                                        "object",
                                                        {
                                                          "apiVersion": "string",
                                                          "fieldsType": "string",
                                                          "fieldsV1": "dynamic",
                                                          "manager": "string",
                                                          "operation": "string",
                                                          "subresource": "string",
                                                          "time": "string"
                                                        }
                                                      ]
                                                    ]
                                                  ],
                                                  "name": "string",
                                                  "namespace": "string",
                                                  "ownerReferences": [
                                                    "list",
                                                    [
                                                      "object",
                                                      {
                                                        "apiVersion": "string",
                                                        "blockOwnerDeletion": "bool",
                                                        "controller": "bool",
                                                        "kind": "string",
                                                        "name": "string",
                                                        "uid": "string"
                                                      }
                                                    ]
                                                  ],
                                                  "resourceVersion": "string",
                                                  "selfLink": "string",
                                                  "uid": "string"
                                                }
                                              ],
                                              "spec": [
                                                "object",
                                                {
                                                  "accessModes": [
                                                    "list",
                                                    "string"
                                                  ],
                                                  "dataSource": [
                                                    "object",
                                                    {
                                                      "apiGroup": "string",
                                                      "kind": "string",
                                                      "name": "string"
                                                    }
                                                  ],
                                                  "dataSourceRef": [
                                                    "object",
                                                    {
                                                      "apiGroup": "string",
                                                      "kind": "string",
                                                      "name": "string",
                                                      "namespace": "string"
                                                    }
                                                  ],
                                                  "resources": [
                                                    "object",
                                                    {
                                                      "limits": [
                                                        "map",
                                                        "string"
                                                      ],
                                                      "requests": [
                                                        "map",
                                                        "string"
                                                      ]
                                                    }
                                                  ],
                                                  "selector": [
                                                    "object",
                                                    {
                                                      "matchExpressions": [
                                                        "list",
                                                        [
                                                          "object",
                                                          {
                                                            "key": "string",
                                                            "operator": "string",
                                                            "values": [
                                                              "list",
                                                              "string"
                                                            ]
                                                          }
                                                        ]
                                                      ],
                                                      "matchLabels": [
                                                        "map",
                                                        "string"
                                                      ]
                                                    }
                                                  ],
                                                  "storageClassName": "string",
                                                  "volumeAttributesClassName": "string",
                                                  "volumeMode": "string",
                                                  "volumeName": "string"
                                                }
                                              ]
                                            }
                                          ]
                                        }
                                      ],
                                      "fc": [
                                        "object",
                                        {
                                          "fsType": "string",
                                          "lun": "number",
                                          "readOnly": "bool",
                                          "targetWWNs": [
                                            "list",
                                            "string"
                                          ],
                                          "wwids": [
                                            "list",
                                            "string"
                                          ]
                                        }
                                      ],
                                      "flexVolume": [
                                        "object",
                                        {
                                          "driver": "string",
                                          "fsType": "string",
                                          "options": [
                                            "map",
                                            "string"
                                          ],
                                          "readOnly": "bool",
                                          "secretRef": [
                                            "object",
                                            {
                                              "name": "string"
                                            }
                                          ]
                                        }
                                      ],
                                      "flocker": [
                                        "object",
                                        {
                                          "datasetName": "string",
                                          "datasetUUID": "string"
                                        }
                                      ],
                                      "gcePersistentDisk": [
                                        "object",
                                        {
                                          "fsType": "string",
                                          "partition": "number",
                                          "pdName": "string",
                                          "readOnly": "bool"
                                        }
                                      ],
                                      "gitRepo": [
                                        "object",
                                        {
                                          "directory": "string",
                                          "repository": "string",
                                          "revision": "string"
                                        }
                                      ],
                                      "glusterfs": [
                                        "object",
                                        {
                                          "endpoints": "string",
                                          "path": "string",
                                          "readOnly": "bool"
                                        }
                                      ],
                                      "hostPath": [
                                        "object",
                                        {
                                          "path": "string",
                                          "type": "string"
                                        }
                                      ],
                                      "image": [
                                        "object",
                                        {
                                          "pullPolicy": "string",
                                          "reference": "string"
                                        }
                                      ],
                                      "iscsi": [
                                        "object",
                                        {
                                          "chapAuthDiscovery": "bool",
                                          "chapAuthSession": "bool",
                                          "fsType": "string",
                                          "initiatorName": "string",
                                          "iqn": "string",
                                          "iscsiInterface": "string",
                                          "lun": "number",
                                          "portals": [
                                            "list",
                                            "string"
                                          ],
                                          "readOnly": "bool",
                                          "secretRef": [
                                            "object",
                                            {
                                              "name": "string"
                                            }
                                          ],
                                          "targetPortal": "string"
                                        }
                                      ],
                                      "name": "string",
                                      "nfs": [
                                        "object",
                                        {
                                          "path": "string",
                                          "readOnly": "bool",
                                          "server": "string"
                                        }
                                      ],
                                      "persistentVolumeClaim": [
                                        "object",
                                        {
                                          "claimName": "string",
                                          "readOnly": "bool"
                                        }
                                      ],
                                      "photonPersistentDisk": [
                                        "object",
                                        {
                                          "fsType": "string",
                                          "pdID": "string"
                                        }
                                      ],
                                      "portworxVolume": [
                                        "object",
                                        {
                                          "fsType": "string",
                                          "readOnly": "bool",
                                          "volumeID": "string"
                                        }
                                      ],
                                      "projected": [
                                        "object",
                                        {
                                          "defaultMode": "number",
                                          "sources": [
                                            "list",
                                            [
                                              "object",
                                              {
                                                "clusterTrustBundle": [
                                                  "object",
                                                  {
                                                    "labelSelector": [
                                                      "object",
                                                      {
                                                        "matchExpressions": [
                                                          "list",
                                                          [
                                                            "object",
                                                            {
                                                              "key": "string",
                                                              "operator": "string",
                                                              "values": [
                                                                "list",
                                                                "string"
                                                              ]
                                                            }
                                                          ]
                                                        ],
                                                        "matchLabels": [
                                                          "map",
                                                          "string"
                                                        ]
                                                      }
                                                    ],
                                                    "name": "string",
                                                    "optional": "bool",
                                                    "path": "string",
                                                    "signerName": "string"
                                                  }
                                                ],
                                                "configMap": [
                                                  "object",
                                                  {
                                                    "items": [
                                                      "list",
                                                      [
                                                        "object",
                                                        {
                                                          "key": "string",
                                                          "mode": "number",
                                                          "path": "string"
                                                        }
                                                      ]
                                                    ],
                                                    "name": "string",
                                                    "optional": "bool"
                                                  }
                                                ],
                                                "downwardAPI": [
                                                  "object",
                                                  {
                                                    "items": [
                                                      "list",
                                                      [
                                                        "object",
                                                        {
                                                          "fieldRef": [
                                                            "object",
                                                            {
                                                              "apiVersion": "string",
                                                              "fieldPath": "string"
                                                            }
                                                          ],
                                                          "mode": "number",
                                                          "path": "string",
                                                          "resourceFieldRef": [
                                                            "object",
                                                            {
                                                              "containerName": "string",
                                                              "divisor": "string",
                                                              "resource": "string"
                                                            }
                                                          ]
                                                        }
                                                      ]
                                                    ]
                                                  }
                                                ],
                                                "podCertificate": [
                                                  "object",
                                                  {
                                                    "certificateChainPath": "string",
                                                    "credentialBundlePath": "string",
                                                    "keyPath": "string",
                                                    "keyType": "string",
                                                    "maxExpirationSeconds": "number",
                                                    "signerName": "string",
                                                    "userAnnotations": [
                                                      "map",
                                                      "string"
                                                    ]
                                                  }
                                                ],
                                                "secret": [
                                                  "object",
                                                  {
                                                    "items": [
                                                      "list",
                                                      [
                                                        "object",
                                                        {
                                                          "key": "string",
                                                          "mode": "number",
                                                          "path": "string"
                                                        }
                                                      ]
                                                    ],
                                                    "name": "string",
                                                    "optional": "bool"
                                                  }
                                                ],
                                                "serviceAccountToken": [
                                                  "object",
                                                  {
                                                    "audience": "string",
                                                    "expirationSeconds": "number",
                                                    "path": "string"
                                                  }
                                                ]
                                              }
                                            ]
                                          ]
                                        }
                                      ],
                                      "quobyte": [
                                        "object",
                                        {
                                          "group": "string",
                                          "readOnly": "bool",
                                          "registry": "string",
                                          "tenant": "string",
                                          "user": "string",
                                          "volume": "string"
                                        }
                                      ],
                                      "rbd": [
                                        "object",
                                        {
                                          "fsType": "string",
                                          "image": "string",
                                          "keyring": "string",
                                          "monitors": [
                                            "list",
                                            "string"
                                          ],
                                          "pool": "string",
                                          "readOnly": "bool",
                                          "secretRef": [
                                            "object",
                                            {
                                              "name": "string"
                                            }
                                          ],
                                          "user": "string"
                                        }
                                      ],
                                      "scaleIO": [
                                        "object",
                                        {
                                          "fsType": "string",
                                          "gateway": "string",
                                          "protectionDomain": "string",
                                          "readOnly": "bool",
                                          "secretRef": [
                                            "object",
                                            {
                                              "name": "string"
                                            }
                                          ],
                                          "sslEnabled": "bool",
                                          "storageMode": "string",
                                          "storagePool": "string",
                                          "system": "string",
                                          "volumeName": "string"
                                        }
                                      ],
                                      "secret": [
                                        "object",
                                        {
                                          "defaultMode": "number",
                                          "items": [
                                            "list",
                                            [
                                              "object",
                                              {
                                                "key": "string",
                                                "mode": "number",
                                                "path": "string"
                                              }
                                            ]
                                          ],
                                          "optional": "bool",
                                          "secretName": "string"
                                        }
                                      ],
                                      "storageos": [
                                        "object",
                                        {
                                          "fsType": "string",
                                          "readOnly": "bool",
                                          "secretRef": [
                                            "object",
                                            {
                                              "name": "string"
                                            }
                                          ],
                                          "volumeName": "string",
                                          "volumeNamespace": "string"
                                        }
                                      ],
                                      "vsphereVolume": [
                                        "object",
                                        {
                                          "fsType": "string",
                                          "storagePolicyID": "string",
                                          "storagePolicyName": "string",
                                          "volumePath": "string"
                                        }
                                      ]
                                    }
                                  ],
                                  [
                                    "object",
                                    {
                                      "awsElasticBlockStore": [
                                        "object",
                                        {
                                          "fsType": "string",
                                          "partition": "number",
                                          "readOnly": "bool",
                                          "volumeID": "string"
                                        }
                                      ],
                                      "azureDisk": [
                                        "object",
                                        {
                                          "cachingMode": "string",
                                          "diskName": "string",
                                          "diskURI": "string",
                                          "fsType": "string",
                                          "kind": "string",
                                          "readOnly": "bool"
                                        }
                                      ],
                                      "azureFile": [
                                        "object",
                                        {
                                          "readOnly": "bool",
                                          "secretName": "string",
                                          "shareName": "string"
                                        }
                                      ],
                                      "cephfs": [
                                        "object",
                                        {
                                          "monitors": [
                                            "list",
                                            "string"
                                          ],
                                          "path": "string",
                                          "readOnly": "bool",
                                          "secretFile": "string",
                                          "secretRef": [
                                            "object",
                                            {
                                              "name": "string"
                                            }
                                          ],
                                          "user": "string"
                                        }
                                      ],
                                      "cinder": [
                                        "object",
                                        {
                                          "fsType": "string",
                                          "readOnly": "bool",
                                          "secretRef": [
                                            "object",
                                            {
                                              "name": "string"
                                            }
                                          ],
                                          "volumeID": "string"
                                        }
                                      ],
                                      "configMap": [
                                        "object",
                                        {
                                          "defaultMode": "number",
                                          "items": [
                                            "list",
                                            [
                                              "object",
                                              {
                                                "key": "string",
                                                "mode": "number",
                                                "path": "string"
                                              }
                                            ]
                                          ],
                                          "name": "string",
                                          "optional": "bool"
                                        }
                                      ],
                                      "csi": [
                                        "object",
                                        {
                                          "driver": "string",
                                          "fsType": "string",
                                          "nodePublishSecretRef": [
                                            "object",
                                            {
                                              "name": "string"
                                            }
                                          ],
                                          "readOnly": "bool",
                                          "volumeAttributes": [
                                            "map",
                                            "string"
                                          ]
                                        }
                                      ],
                                      "downwardAPI": [
                                        "object",
                                        {
                                          "defaultMode": "number",
                                          "items": [
                                            "list",
                                            [
                                              "object",
                                              {
                                                "fieldRef": [
                                                  "object",
                                                  {
                                                    "apiVersion": "string",
                                                    "fieldPath": "string"
                                                  }
                                                ],
                                                "mode": "number",
                                                "path": "string",
                                                "resourceFieldRef": [
                                                  "object",
                                                  {
                                                    "containerName": "string",
                                                    "divisor": "string",
                                                    "resource": "string"
                                                  }
                                                ]
                                              }
                                            ]
                                          ]
                                        }
                                      ],
                                      "emptyDir": [
                                        "object",
                                        {
                                          "medium": "string",
                                          "sizeLimit": "string"
                                        }
                                      ],
                                      "ephemeral": [
                                        "object",
                                        {
                                          "volumeClaimTemplate": [
                                            "object",
                                            {
                                              "metadata": [
                                                "object",
                                                {
                                                  "annotations": [
                                                    "map",
                                                    "string"
                                                  ],
                                                  "creationTimestamp": "string",
                                                  "deletionGracePeriodSeconds": "number",
                                                  "deletionTimestamp": "string",
                                                  "finalizers": [
                                                    "list",
                                                    "string"
                                                  ],
                                                  "generateName": "string",
                                                  "generation": "number",
                                                  "labels": [
                                                    "map",
                                                    "string"
                                                  ],
                                                  "managedFields": [
                                                    "tuple",
                                                    [
                                                      [
                                                        "object",
                                                        {
                                                          "apiVersion": "string",
                                                          "fieldsType": "string",
                                                          "fieldsV1": "dynamic",
                                                          "manager": "string",
                                                          "operation": "string",
                                                          "subresource": "string",
                                                          "time": "string"
                                                        }
                                                      ]
                                                    ]
                                                  ],
                                                  "name": "string",
                                                  "namespace": "string",
                                                  "ownerReferences": [
                                                    "list",
                                                    [
                                                      "object",
                                                      {
                                                        "apiVersion": "string",
                                                        "blockOwnerDeletion": "bool",
                                                        "controller": "bool",
                                                        "kind": "string",
                                                        "name": "string",
                                                        "uid": "string"
                                                      }
                                                    ]
                                                  ],
                                                  "resourceVersion": "string",
                                                  "selfLink": "string",
                                                  "uid": "string"
                                                }
                                              ],
                                              "spec": [
                                                "object",
                                                {
                                                  "accessModes": [
                                                    "list",
                                                    "string"
                                                  ],
                                                  "dataSource": [
                                                    "object",
                                                    {
                                                      "apiGroup": "string",
                                                      "kind": "string",
                                                      "name": "string"
                                                    }
                                                  ],
                                                  "dataSourceRef": [
                                                    "object",
                                                    {
                                                      "apiGroup": "string",
                                                      "kind": "string",
                                                      "name": "string",
                                                      "namespace": "string"
                                                    }
                                                  ],
                                                  "resources": [
                                                    "object",
                                                    {
                                                      "limits": [
                                                        "map",
                                                        "string"
                                                      ],
                                                      "requests": [
                                                        "map",
                                                        "string"
                                                      ]
                                                    }
                                                  ],
                                                  "selector": [
                                                    "object",
                                                    {
                                                      "matchExpressions": [
                                                        "list",
                                                        [
                                                          "object",
                                                          {
                                                            "key": "string",
                                                            "operator": "string",
                                                            "values": [
                                                              "list",
                                                              "string"
                                                            ]
                                                          }
                                                        ]
                                                      ],
                                                      "matchLabels": [
                                                        "map",
                                                        "string"
                                                      ]
                                                    }
                                                  ],
                                                  "storageClassName": "string",
                                                  "volumeAttributesClassName": "string",
                                                  "volumeMode": "string",
                                                  "volumeName": "string"
                                                }
                                              ]
                                            }
                                          ]
                                        }
                                      ],
                                      "fc": [
                                        "object",
                                        {
                                          "fsType": "string",
                                          "lun": "number",
                                          "readOnly": "bool",
                                          "targetWWNs": [
                                            "list",
                                            "string"
                                          ],
                                          "wwids": [
                                            "list",
                                            "string"
                                          ]
                                        }
                                      ],
                                      "flexVolume": [
                                        "object",
                                        {
                                          "driver": "string",
                                          "fsType": "string",
                                          "options": [
                                            "map",
                                            "string"
                                          ],
                                          "readOnly": "bool",
                                          "secretRef": [
                                            "object",
                                            {
                                              "name": "string"
                                            }
                                          ]
                                        }
                                      ],
                                      "flocker": [
                                        "object",
                                        {
                                          "datasetName": "string",
                                          "datasetUUID": "string"
                                        }
                                      ],
                                      "gcePersistentDisk": [
                                        "object",
                                        {
                                          "fsType": "string",
                                          "partition": "number",
                                          "pdName": "string",
                                          "readOnly": "bool"
                                        }
                                      ],
                                      "gitRepo": [
                                        "object",
                                        {
                                          "directory": "string",
                                          "repository": "string",
                                          "revision": "string"
                                        }
                                      ],
                                      "glusterfs": [
                                        "object",
                                        {
                                          "endpoints": "string",
                                          "path": "string",
                                          "readOnly": "bool"
                                        }
                                      ],
                                      "hostPath": [
                                        "object",
                                        {
                                          "path": "string",
                                          "type": "string"
                                        }
                                      ],
                                      "image": [
                                        "object",
                                        {
                                          "pullPolicy": "string",
                                          "reference": "string"
                                        }
                                      ],
                                      "iscsi": [
                                        "object",
                                        {
                                          "chapAuthDiscovery": "bool",
                                          "chapAuthSession": "bool",
                                          "fsType": "string",
                                          "initiatorName": "string",
                                          "iqn": "string",
                                          "iscsiInterface": "string",
                                          "lun": "number",
                                          "portals": [
                                            "list",
                                            "string"
                                          ],
                                          "readOnly": "bool",
                                          "secretRef": [
                                            "object",
                                            {
                                              "name": "string"
                                            }
                                          ],
                                          "targetPortal": "string"
                                        }
                                      ],
                                      "name": "string",
                                      "nfs": [
                                        "object",
                                        {
                                          "path": "string",
                                          "readOnly": "bool",
                                          "server": "string"
                                        }
                                      ],
                                      "persistentVolumeClaim": [
                                        "object",
                                        {
                                          "claimName": "string",
                                          "readOnly": "bool"
                                        }
                                      ],
                                      "photonPersistentDisk": [
                                        "object",
                                        {
                                          "fsType": "string",
                                          "pdID": "string"
                                        }
                                      ],
                                      "portworxVolume": [
                                        "object",
                                        {
                                          "fsType": "string",
                                          "readOnly": "bool",
                                          "volumeID": "string"
                                        }
                                      ],
                                      "projected": [
                                        "object",
                                        {
                                          "defaultMode": "number",
                                          "sources": [
                                            "list",
                                            [
                                              "object",
                                              {
                                                "clusterTrustBundle": [
                                                  "object",
                                                  {
                                                    "labelSelector": [
                                                      "object",
                                                      {
                                                        "matchExpressions": [
                                                          "list",
                                                          [
                                                            "object",
                                                            {
                                                              "key": "string",
                                                              "operator": "string",
                                                              "values": [
                                                                "list",
                                                                "string"
                                                              ]
                                                            }
                                                          ]
                                                        ],
                                                        "matchLabels": [
                                                          "map",
                                                          "string"
                                                        ]
                                                      }
                                                    ],
                                                    "name": "string",
                                                    "optional": "bool",
                                                    "path": "string",
                                                    "signerName": "string"
                                                  }
                                                ],
                                                "configMap": [
                                                  "object",
                                                  {
                                                    "items": [
                                                      "list",
                                                      [
                                                        "object",
                                                        {
                                                          "key": "string",
                                                          "mode": "number",
                                                          "path": "string"
                                                        }
                                                      ]
                                                    ],
                                                    "name": "string",
                                                    "optional": "bool"
                                                  }
                                                ],
                                                "downwardAPI": [
                                                  "object",
                                                  {
                                                    "items": [
                                                      "list",
                                                      [
                                                        "object",
                                                        {
                                                          "fieldRef": [
                                                            "object",
                                                            {
                                                              "apiVersion": "string",
                                                              "fieldPath": "string"
                                                            }
                                                          ],
                                                          "mode": "number",
                                                          "path": "string",
                                                          "resourceFieldRef": [
                                                            "object",
                                                            {
                                                              "containerName": "string",
                                                              "divisor": "string",
                                                              "resource": "string"
                                                            }
                                                          ]
                                                        }
                                                      ]
                                                    ]
                                                  }
                                                ],
                                                "podCertificate": [
                                                  "object",
                                                  {
                                                    "certificateChainPath": "string",
                                                    "credentialBundlePath": "string",
                                                    "keyPath": "string",
                                                    "keyType": "string",
                                                    "maxExpirationSeconds": "number",
                                                    "signerName": "string",
                                                    "userAnnotations": [
                                                      "map",
                                                      "string"
                                                    ]
                                                  }
                                                ],
                                                "secret": [
                                                  "object",
                                                  {
                                                    "items": [
                                                      "list",
                                                      [
                                                        "object",
                                                        {
                                                          "key": "string",
                                                          "mode": "number",
                                                          "path": "string"
                                                        }
                                                      ]
                                                    ],
                                                    "name": "string",
                                                    "optional": "bool"
                                                  }
                                                ],
                                                "serviceAccountToken": [
                                                  "object",
                                                  {
                                                    "audience": "string",
                                                    "expirationSeconds": "number",
                                                    "path": "string"
                                                  }
                                                ]
                                              }
                                            ]
                                          ]
                                        }
                                      ],
                                      "quobyte": [
                                        "object",
                                        {
                                          "group": "string",
                                          "readOnly": "bool",
                                          "registry": "string",
                                          "tenant": "string",
                                          "user": "string",
                                          "volume": "string"
                                        }
                                      ],
                                      "rbd": [
                                        "object",
                                        {
                                          "fsType": "string",
                                          "image": "string",
                                          "keyring": "string",
                                          "monitors": [
                                            "list",
                                            "string"
                                          ],
                                          "pool": "string",
                                          "readOnly": "bool",
                                          "secretRef": [
                                            "object",
                                            {
                                              "name": "string"
                                            }
                                          ],
                                          "user": "string"
                                        }
                                      ],
                                      "scaleIO": [
                                        "object",
                                        {
                                          "fsType": "string",
                                          "gateway": "string",
                                          "protectionDomain": "string",
                                          "readOnly": "bool",
                                          "secretRef": [
                                            "object",
                                            {
                                              "name": "string"
                                            }
                                          ],
                                          "sslEnabled": "bool",
                                          "storageMode": "string",
                                          "storagePool": "string",
                                          "system": "string",
                                          "volumeName": "string"
                                        }
                                      ],
                                      "secret": [
                                        "object",
                                        {
                                          "defaultMode": "number",
                                          "items": [
                                            "list",
                                            [
                                              "object",
                                              {
                                                "key": "string",
                                                "mode": "number",
                                                "path": "string"
                                              }
                                            ]
                                          ],
                                          "optional": "bool",
                                          "secretName": "string"
                                        }
                                      ],
                                      "storageos": [
                                        "object",
                                        {
                                          "fsType": "string",
                                          "readOnly": "bool",
                                          "secretRef": [
                                            "object",
                                            {
                                              "name": "string"
                                            }
                                          ],
                                          "volumeName": "string",
                                          "volumeNamespace": "string"
                                        }
                                      ],
                                      "vsphereVolume": [
                                        "object",
                                        {
                                          "fsType": "string",
                                          "storagePolicyID": "string",
                                          "storagePolicyName": "string",
                                          "volumePath": "string"
                                        }
                                      ]
                                    }
                                  ],
                                  [
                                    "object",
                                    {
                                      "awsElasticBlockStore": [
                                        "object",
                                        {
                                          "fsType": "string",
                                          "partition": "number",
                                          "readOnly": "bool",
                                          "volumeID": "string"
                                        }
                                      ],
                                      "azureDisk": [
                                        "object",
                                        {
                                          "cachingMode": "string",
                                          "diskName": "string",
                                          "diskURI": "string",
                                          "fsType": "string",
                                          "kind": "string",
                                          "readOnly": "bool"
                                        }
                                      ],
                                      "azureFile": [
                                        "object",
                                        {
                                          "readOnly": "bool",
                                          "secretName": "string",
                                          "shareName": "string"
                                        }
                                      ],
                                      "cephfs": [
                                        "object",
                                        {
                                          "monitors": [
                                            "list",
                                            "string"
                                          ],
                                          "path": "string",
                                          "readOnly": "bool",
                                          "secretFile": "string",
                                          "secretRef": [
                                            "object",
                                            {
                                              "name": "string"
                                            }
                                          ],
                                          "user": "string"
                                        }
                                      ],
                                      "cinder": [
                                        "object",
                                        {
                                          "fsType": "string",
                                          "readOnly": "bool",
                                          "secretRef": [
                                            "object",
                                            {
                                              "name": "string"
                                            }
                                          ],
                                          "volumeID": "string"
                                        }
                                      ],
                                      "configMap": [
                                        "object",
                                        {
                                          "defaultMode": "number",
                                          "items": [
                                            "list",
                                            [
                                              "object",
                                              {
                                                "key": "string",
                                                "mode": "number",
                                                "path": "string"
                                              }
                                            ]
                                          ],
                                          "name": "string",
                                          "optional": "bool"
                                        }
                                      ],
                                      "csi": [
                                        "object",
                                        {
                                          "driver": "string",
                                          "fsType": "string",
                                          "nodePublishSecretRef": [
                                            "object",
                                            {
                                              "name": "string"
                                            }
                                          ],
                                          "readOnly": "bool",
                                          "volumeAttributes": [
                                            "map",
                                            "string"
                                          ]
                                        }
                                      ],
                                      "downwardAPI": [
                                        "object",
                                        {
                                          "defaultMode": "number",
                                          "items": [
                                            "list",
                                            [
                                              "object",
                                              {
                                                "fieldRef": [
                                                  "object",
                                                  {
                                                    "apiVersion": "string",
                                                    "fieldPath": "string"
                                                  }
                                                ],
                                                "mode": "number",
                                                "path": "string",
                                                "resourceFieldRef": [
                                                  "object",
                                                  {
                                                    "containerName": "string",
                                                    "divisor": "string",
                                                    "resource": "string"
                                                  }
                                                ]
                                              }
                                            ]
                                          ]
                                        }
                                      ],
                                      "emptyDir": [
                                        "object",
                                        {
                                          "medium": "string",
                                          "sizeLimit": "string"
                                        }
                                      ],
                                      "ephemeral": [
                                        "object",
                                        {
                                          "volumeClaimTemplate": [
                                            "object",
                                            {
                                              "metadata": [
                                                "object",
                                                {
                                                  "annotations": [
                                                    "map",
                                                    "string"
                                                  ],
                                                  "creationTimestamp": "string",
                                                  "deletionGracePeriodSeconds": "number",
                                                  "deletionTimestamp": "string",
                                                  "finalizers": [
                                                    "list",
                                                    "string"
                                                  ],
                                                  "generateName": "string",
                                                  "generation": "number",
                                                  "labels": [
                                                    "map",
                                                    "string"
                                                  ],
                                                  "managedFields": [
                                                    "tuple",
                                                    [
                                                      [
                                                        "object",
                                                        {
                                                          "apiVersion": "string",
                                                          "fieldsType": "string",
                                                          "fieldsV1": "dynamic",
                                                          "manager": "string",
                                                          "operation": "string",
                                                          "subresource": "string",
                                                          "time": "string"
                                                        }
                                                      ]
                                                    ]
                                                  ],
                                                  "name": "string",
                                                  "namespace": "string",
                                                  "ownerReferences": [
                                                    "list",
                                                    [
                                                      "object",
                                                      {
                                                        "apiVersion": "string",
                                                        "blockOwnerDeletion": "bool",
                                                        "controller": "bool",
                                                        "kind": "string",
                                                        "name": "string",
                                                        "uid": "string"
                                                      }
                                                    ]
                                                  ],
                                                  "resourceVersion": "string",
                                                  "selfLink": "string",
                                                  "uid": "string"
                                                }
                                              ],
                                              "spec": [
                                                "object",
                                                {
                                                  "accessModes": [
                                                    "list",
                                                    "string"
                                                  ],
                                                  "dataSource": [
                                                    "object",
                                                    {
                                                      "apiGroup": "string",
                                                      "kind": "string",
                                                      "name": "string"
                                                    }
                                                  ],
                                                  "dataSourceRef": [
                                                    "object",
                                                    {
                                                      "apiGroup": "string",
                                                      "kind": "string",
                                                      "name": "string",
                                                      "namespace": "string"
                                                    }
                                                  ],
                                                  "resources": [
                                                    "object",
                                                    {
                                                      "limits": [
                                                        "map",
                                                        "string"
                                                      ],
                                                      "requests": [
                                                        "map",
                                                        "string"
                                                      ]
                                                    }
                                                  ],
                                                  "selector": [
                                                    "object",
                                                    {
                                                      "matchExpressions": [
                                                        "list",
                                                        [
                                                          "object",
                                                          {
                                                            "key": "string",
                                                            "operator": "string",
                                                            "values": [
                                                              "list",
                                                              "string"
                                                            ]
                                                          }
                                                        ]
                                                      ],
                                                      "matchLabels": [
                                                        "map",
                                                        "string"
                                                      ]
                                                    }
                                                  ],
                                                  "storageClassName": "string",
                                                  "volumeAttributesClassName": "string",
                                                  "volumeMode": "string",
                                                  "volumeName": "string"
                                                }
                                              ]
                                            }
                                          ]
                                        }
                                      ],
                                      "fc": [
                                        "object",
                                        {
                                          "fsType": "string",
                                          "lun": "number",
                                          "readOnly": "bool",
                                          "targetWWNs": [
                                            "list",
                                            "string"
                                          ],
                                          "wwids": [
                                            "list",
                                            "string"
                                          ]
                                        }
                                      ],
                                      "flexVolume": [
                                        "object",
                                        {
                                          "driver": "string",
                                          "fsType": "string",
                                          "options": [
                                            "map",
                                            "string"
                                          ],
                                          "readOnly": "bool",
                                          "secretRef": [
                                            "object",
                                            {
                                              "name": "string"
                                            }
                                          ]
                                        }
                                      ],
                                      "flocker": [
                                        "object",
                                        {
                                          "datasetName": "string",
                                          "datasetUUID": "string"
                                        }
                                      ],
                                      "gcePersistentDisk": [
                                        "object",
                                        {
                                          "fsType": "string",
                                          "partition": "number",
                                          "pdName": "string",
                                          "readOnly": "bool"
                                        }
                                      ],
                                      "gitRepo": [
                                        "object",
                                        {
                                          "directory": "string",
                                          "repository": "string",
                                          "revision": "string"
                                        }
                                      ],
                                      "glusterfs": [
                                        "object",
                                        {
                                          "endpoints": "string",
                                          "path": "string",
                                          "readOnly": "bool"
                                        }
                                      ],
                                      "hostPath": [
                                        "object",
                                        {
                                          "path": "string",
                                          "type": "string"
                                        }
                                      ],
                                      "image": [
                                        "object",
                                        {
                                          "pullPolicy": "string",
                                          "reference": "string"
                                        }
                                      ],
                                      "iscsi": [
                                        "object",
                                        {
                                          "chapAuthDiscovery": "bool",
                                          "chapAuthSession": "bool",
                                          "fsType": "string",
                                          "initiatorName": "string",
                                          "iqn": "string",
                                          "iscsiInterface": "string",
                                          "lun": "number",
                                          "portals": [
                                            "list",
                                            "string"
                                          ],
                                          "readOnly": "bool",
                                          "secretRef": [
                                            "object",
                                            {
                                              "name": "string"
                                            }
                                          ],
                                          "targetPortal": "string"
                                        }
                                      ],
                                      "name": "string",
                                      "nfs": [
                                        "object",
                                        {
                                          "path": "string",
                                          "readOnly": "bool",
                                          "server": "string"
                                        }
                                      ],
                                      "persistentVolumeClaim": [
                                        "object",
                                        {
                                          "claimName": "string",
                                          "readOnly": "bool"
                                        }
                                      ],
                                      "photonPersistentDisk": [
                                        "object",
                                        {
                                          "fsType": "string",
                                          "pdID": "string"
                                        }
                                      ],
                                      "portworxVolume": [
                                        "object",
                                        {
                                          "fsType": "string",
                                          "readOnly": "bool",
                                          "volumeID": "string"
                                        }
                                      ],
                                      "projected": [
                                        "object",
                                        {
                                          "defaultMode": "number",
                                          "sources": [
                                            "list",
                                            [
                                              "object",
                                              {
                                                "clusterTrustBundle": [
                                                  "object",
                                                  {
                                                    "labelSelector": [
                                                      "object",
                                                      {
                                                        "matchExpressions": [
                                                          "list",
                                                          [
                                                            "object",
                                                            {
                                                              "key": "string",
                                                              "operator": "string",
                                                              "values": [
                                                                "list",
                                                                "string"
                                                              ]
                                                            }
                                                          ]
                                                        ],
                                                        "matchLabels": [
                                                          "map",
                                                          "string"
                                                        ]
                                                      }
                                                    ],
                                                    "name": "string",
                                                    "optional": "bool",
                                                    "path": "string",
                                                    "signerName": "string"
                                                  }
                                                ],
                                                "configMap": [
                                                  "object",
                                                  {
                                                    "items": [
                                                      "list",
                                                      [
                                                        "object",
                                                        {
                                                          "key": "string",
                                                          "mode": "number",
                                                          "path": "string"
                                                        }
                                                      ]
                                                    ],
                                                    "name": "string",
                                                    "optional": "bool"
                                                  }
                                                ],
                                                "downwardAPI": [
                                                  "object",
                                                  {
                                                    "items": [
                                                      "list",
                                                      [
                                                        "object",
                                                        {
                                                          "fieldRef": [
                                                            "object",
                                                            {
                                                              "apiVersion": "string",
                                                              "fieldPath": "string"
                                                            }
                                                          ],
                                                          "mode": "number",
                                                          "path": "string",
                                                          "resourceFieldRef": [
                                                            "object",
                                                            {
                                                              "containerName": "string",
                                                              "divisor": "string",
                                                              "resource": "string"
                                                            }
                                                          ]
                                                        }
                                                      ]
                                                    ]
                                                  }
                                                ],
                                                "podCertificate": [
                                                  "object",
                                                  {
                                                    "certificateChainPath": "string",
                                                    "credentialBundlePath": "string",
                                                    "keyPath": "string",
                                                    "keyType": "string",
                                                    "maxExpirationSeconds": "number",
                                                    "signerName": "string",
                                                    "userAnnotations": [
                                                      "map",
                                                      "string"
                                                    ]
                                                  }
                                                ],
                                                "secret": [
                                                  "object",
                                                  {
                                                    "items": [
                                                      "list",
                                                      [
                                                        "object",
                                                        {
                                                          "key": "string",
                                                          "mode": "number",
                                                          "path": "string"
                                                        }
                                                      ]
                                                    ],
                                                    "name": "string",
                                                    "optional": "bool"
                                                  }
                                                ],
                                                "serviceAccountToken": [
                                                  "object",
                                                  {
                                                    "audience": "string",
                                                    "expirationSeconds": "number",
                                                    "path": "string"
                                                  }
                                                ]
                                              }
                                            ]
                                          ]
                                        }
                                      ],
                                      "quobyte": [
                                        "object",
                                        {
                                          "group": "string",
                                          "readOnly": "bool",
                                          "registry": "string",
                                          "tenant": "string",
                                          "user": "string",
                                          "volume": "string"
                                        }
                                      ],
                                      "rbd": [
                                        "object",
                                        {
                                          "fsType": "string",
                                          "image": "string",
                                          "keyring": "string",
                                          "monitors": [
                                            "list",
                                            "string"
                                          ],
                                          "pool": "string",
                                          "readOnly": "bool",
                                          "secretRef": [
                                            "object",
                                            {
                                              "name": "string"
                                            }
                                          ],
                                          "user": "string"
                                        }
                                      ],
                                      "scaleIO": [
                                        "object",
                                        {
                                          "fsType": "string",
                                          "gateway": "string",
                                          "protectionDomain": "string",
                                          "readOnly": "bool",
                                          "secretRef": [
                                            "object",
                                            {
                                              "name": "string"
                                            }
                                          ],
                                          "sslEnabled": "bool",
                                          "storageMode": "string",
                                          "storagePool": "string",
                                          "system": "string",
                                          "volumeName": "string"
                                        }
                                      ],
                                      "secret": [
                                        "object",
                                        {
                                          "defaultMode": "number",
                                          "items": [
                                            "list",
                                            [
                                              "object",
                                              {
                                                "key": "string",
                                                "mode": "number",
                                                "path": "string"
                                              }
                                            ]
                                          ],
                                          "optional": "bool",
                                          "secretName": "string"
                                        }
                                      ],
                                      "storageos": [
                                        "object",
                                        {
                                          "fsType": "string",
                                          "readOnly": "bool",
                                          "secretRef": [
                                            "object",
                                            {
                                              "name": "string"
                                            }
                                          ],
                                          "volumeName": "string",
                                          "volumeNamespace": "string"
                                        }
                                      ],
                                      "vsphereVolume": [
                                        "object",
                                        {
                                          "fsType": "string",
                                          "storagePolicyID": "string",
                                          "storagePolicyName": "string",
                                          "volumePath": "string"
                                        }
                                      ]
                                    }
                                  ]
                                ]
                              ],
                              "workloadRef": [
                                "object",
                                {
                                  "name": "string",
                                  "podGroup": "string",
                                  "podGroupReplicaKey": "string"
                                }
                              ]
                            }
                          ]
                        }
                      ]
                    }
                  ]
                }
              ]
            },
            "timeouts": [],
            "wait": [],
            "wait_for": null
          },
          "sensitive_attributes": [],
          "identity_schema_version": 1,
          "identity": {
            "api_version": "apps/v1",
            "kind": "Deployment",
            "name": "kubevirt-manager",
            "namespace": "kubevirt-manager"
          },
          "dependencies": [
            "module.kubevirt_manager.kubernetes_namespace.kubevirt_manager"
          ]
        },
        {
          "index_key": "PriorityClass-vm-preemptible",
          "schema_version": 1,
          "attributes": {
            "computed_fields": null,
            "field_manager": [],
            "manifest": {
              "value": {
                "apiVersion": "scheduling.k8s.io/v1",
                "description": "Priority class for VMs which are allowed to be preemtited.",
                "kind": "PriorityClass",
                "metadata": {
                  "labels": {
                    "app": "kubevirt-manager",
                    "kubevirt-manager.io/managed": "true",
                    "kubevirt-manager.io/version": "nightly"
                  },
                  "name": "vm-preemptible"
                },
                "preemptionPolicy": "PreemptLowerPriority",
                "value": 1000000
              },
              "type": [
                "object",
                {
                  "apiVersion": "string",
                  "description": "string",
                  "kind": "string",
                  "metadata": [
                    "object",
                    {
                      "labels": [
                        "object",
                        {
                          "app": "string",
                          "kubevirt-manager.io/managed": "string",
                          "kubevirt-manager.io/version": "string"
                        }
                      ],
                      "name": "string"
                    }
                  ],
                  "preemptionPolicy": "string",
                  "value": "number"
                }
              ]
            },
            "object": {
              "value": {
                "apiVersion": "scheduling.k8s.io/v1",
                "description": "Priority class for VMs which are allowed to be preemtited.",
                "globalDefault": null,
                "kind": "PriorityClass",
                "metadata": {
                  "annotations": null,
                  "creationTimestamp": null,
                  "deletionGracePeriodSeconds": null,
                  "deletionTimestamp": null,
                  "finalizers": null,
                  "generateName": null,
                  "generation": null,
                  "labels": {
                    "app": "kubevirt-manager",
                    "kubevirt-manager.io/managed": "true",
                    "kubevirt-manager.io/version": "nightly"
                  },
                  "managedFields": null,
                  "name": "vm-preemptible",
                  "namespace": null,
                  "ownerReferences": null,
                  "resourceVersion": null,
                  "selfLink": null,
                  "uid": null
                },
                "preemptionPolicy": "PreemptLowerPriority",
                "value": 1000000
              },
              "type": [
                "object",
                {
                  "apiVersion": "string",
                  "description": "string",
                  "globalDefault": "bool",
                  "kind": "string",
                  "metadata": [
                    "object",
                    {
                      "annotations": [
                        "map",
                        "string"
                      ],
                      "creationTimestamp": "string",
                      "deletionGracePeriodSeconds": "number",
                      "deletionTimestamp": "string",
                      "finalizers": [
                        "list",
                        "string"
                      ],
                      "generateName": "string",
                      "generation": "number",
                      "labels": [
                        "map",
                        "string"
                      ],
                      "managedFields": [
                        "tuple",
                        [
                          [
                            "object",
                            {
                              "apiVersion": "string",
                              "fieldsType": "string",
                              "fieldsV1": "dynamic",
                              "manager": "string",
                              "operation": "string",
                              "subresource": "string",
                              "time": "string"
                            }
                          ]
                        ]
                      ],
                      "name": "string",
                      "namespace": "string",
                      "ownerReferences": [
                        "list",
                        [
                          "object",
                          {
                            "apiVersion": "string",
                            "blockOwnerDeletion": "bool",
                            "controller": "bool",
                            "kind": "string",
                            "name": "string",
                            "uid": "string"
                          }
                        ]
                      ],
                      "resourceVersion": "string",
                      "selfLink": "string",
                      "uid": "string"
                    }
                  ],
                  "preemptionPolicy": "string",
                  "value": "number"
                }
              ]
            },
            "timeouts": [],
            "wait": [],
            "wait_for": null
          },
          "sensitive_attributes": [],
          "identity_schema_version": 1,
          "identity": {
            "api_version": "scheduling.k8s.io/v1",
            "kind": "PriorityClass",
            "name": "vm-preemptible",
            "namespace": ""
          },
          "dependencies": [
            "module.kubevirt_manager.kubernetes_namespace.kubevirt_manager"
          ]
        },
        {
          "index_key": "PriorityClass-vm-standard",
          "schema_version": 1,
          "attributes": {
            "computed_fields": null,
            "field_manager": [],
            "manifest": {
              "value": {
                "apiVersion": "scheduling.k8s.io/v1",
                "description": "Priority class for VMs which should not be preemtited.",
                "kind": "PriorityClass",
                "metadata": {
                  "labels": {
                    "app": "kubevirt-manager",
                    "kubevirt-manager.io/managed": "true",
                    "kubevirt-manager.io/version": "nightly"
                  },
                  "name": "vm-standard"
                },
                "preemptionPolicy": "Never",
                "value": 999999999
              },
              "type": [
                "object",
                {
                  "apiVersion": "string",
                  "description": "string",
                  "kind": "string",
                  "metadata": [
                    "object",
                    {
                      "labels": [
                        "object",
                        {
                          "app": "string",
                          "kubevirt-manager.io/managed": "string",
                          "kubevirt-manager.io/version": "string"
                        }
                      ],
                      "name": "string"
                    }
                  ],
                  "preemptionPolicy": "string",
                  "value": "number"
                }
              ]
            },
            "object": {
              "value": {
                "apiVersion": "scheduling.k8s.io/v1",
                "description": "Priority class for VMs which should not be preemtited.",
                "globalDefault": null,
                "kind": "PriorityClass",
                "metadata": {
                  "annotations": null,
                  "creationTimestamp": null,
                  "deletionGracePeriodSeconds": null,
                  "deletionTimestamp": null,
                  "finalizers": null,
                  "generateName": null,
                  "generation": null,
                  "labels": {
                    "app": "kubevirt-manager",
                    "kubevirt-manager.io/managed": "true",
                    "kubevirt-manager.io/version": "nightly"
                  },
                  "managedFields": null,
                  "name": "vm-standard",
                  "namespace": null,
                  "ownerReferences": null,
                  "resourceVersion": null,
                  "selfLink": null,
                  "uid": null
                },
                "preemptionPolicy": "Never",
                "value": 999999999
              },
              "type": [
                "object",
                {
                  "apiVersion": "string",
                  "description": "string",
                  "globalDefault": "bool",
                  "kind": "string",
                  "metadata": [
                    "object",
                    {
                      "annotations": [
                        "map",
                        "string"
                      ],
                      "creationTimestamp": "string",
                      "deletionGracePeriodSeconds": "number",
                      "deletionTimestamp": "string",
                      "finalizers": [
                        "list",
                        "string"
                      ],
                      "generateName": "string",
                      "generation": "number",
                      "labels": [
                        "map",
                        "string"
                      ],
                      "managedFields": [
                        "tuple",
                        [
                          [
                            "object",
                            {
                              "apiVersion": "string",
                              "fieldsType": "string",
                              "fieldsV1": "dynamic",
                              "manager": "string",
                              "operation": "string",
                              "subresource": "string",
                              "time": "string"
                            }
                          ]
                        ]
                      ],
                      "name": "string",
                      "namespace": "string",
                      "ownerReferences": [
                        "list",
                        [
                          "object",
                          {
                            "apiVersion": "string",
                            "blockOwnerDeletion": "bool",
                            "controller": "bool",
                            "kind": "string",
                            "name": "string",
                            "uid": "string"
                          }
                        ]
                      ],
                      "resourceVersion": "string",
                      "selfLink": "string",
                      "uid": "string"
                    }
                  ],
                  "preemptionPolicy": "string",
                  "value": "number"
                }
              ]
            },
            "timeouts": [],
            "wait": [],
            "wait_for": null
          },
          "sensitive_attributes": [],
          "identity_schema_version": 1,
          "identity": {
            "api_version": "scheduling.k8s.io/v1",
            "kind": "PriorityClass",
            "name": "vm-standard",
            "namespace": ""
          },
          "dependencies": [
            "module.kubevirt_manager.kubernetes_namespace.kubevirt_manager"
          ]
        },
        {
          "index_key": "Service-kubevirt-manager",
          "schema_version": 1,
          "attributes": {
            "computed_fields": null,
            "field_manager": [],
            "manifest": {
              "value": null,
              "type": [
                "object",
                {}
              ]
            },
            "object": {
              "value": {
                "apiVersion": "v1",
                "kind": "Service",
                "metadata": {
                  "annotations": null,
                  "creationTimestamp": null,
                  "deletionGracePeriodSeconds": null,
                  "deletionTimestamp": null,
                  "finalizers": null,
                  "generateName": null,
                  "generation": null,
                  "labels": {
                    "app": "kubevirt-manager",
                    "kubevirt-manager.io/version": "nightly"
                  },
                  "managedFields": null,
                  "name": "kubevirt-manager",
                  "namespace": "kubevirt-manager",
                  "ownerReferences": null,
                  "resourceVersion": null,
                  "selfLink": null,
                  "uid": null
                },
                "spec": {
                  "allocateLoadBalancerNodePorts": null,
                  "clusterIP": "10.43.197.31",
                  "clusterIPs": [
                    "10.43.197.31"
                  ],
                  "externalIPs": null,
                  "externalName": null,
                  "externalTrafficPolicy": null,
                  "healthCheckNodePort": null,
                  "internalTrafficPolicy": "Cluster",
                  "ipFamilies": [
                    "IPv4"
                  ],
                  "ipFamilyPolicy": "SingleStack",
                  "loadBalancerClass": null,
                  "loadBalancerIP": null,
                  "loadBalancerSourceRanges": null,
                  "ports": [
                    {
                      "appProtocol": null,
                      "name": null,
                      "nodePort": null,
                      "port": 8080,
                      "protocol": "TCP",
                      "targetPort": "8080"
                    }
                  ],
                  "publishNotReadyAddresses": null,
                  "selector": {
                    "app": "kubevirt-manager"
                  },
                  "sessionAffinity": "None",
                  "sessionAffinityConfig": {
                    "clientIP": {
                      "timeoutSeconds": null
                    }
                  },
                  "trafficDistribution": null,
                  "type": "ClusterIP"
                }
              },
              "type": [
                "object",
                {
                  "apiVersion": "string",
                  "kind": "string",
                  "metadata": [
                    "object",
                    {
                      "annotations": [
                        "map",
                        "string"
                      ],
                      "creationTimestamp": "string",
                      "deletionGracePeriodSeconds": "number",
                      "deletionTimestamp": "string",
                      "finalizers": [
                        "list",
                        "string"
                      ],
                      "generateName": "string",
                      "generation": "number",
                      "labels": [
                        "map",
                        "string"
                      ],
                      "managedFields": [
                        "tuple",
                        [
                          [
                            "object",
                            {
                              "apiVersion": "string",
                              "fieldsType": "string",
                              "fieldsV1": "dynamic",
                              "manager": "string",
                              "operation": "string",
                              "subresource": "string",
                              "time": "string"
                            }
                          ]
                        ]
                      ],
                      "name": "string",
                      "namespace": "string",
                      "ownerReferences": [
                        "list",
                        [
                          "object",
                          {
                            "apiVersion": "string",
                            "blockOwnerDeletion": "bool",
                            "controller": "bool",
                            "kind": "string",
                            "name": "string",
                            "uid": "string"
                          }
                        ]
                      ],
                      "resourceVersion": "string",
                      "selfLink": "string",
                      "uid": "string"
                    }
                  ],
                  "spec": [
                    "object",
                    {
                      "allocateLoadBalancerNodePorts": "bool",
                      "clusterIP": "string",
                      "clusterIPs": [
                        "list",
                        "string"
                      ],
                      "externalIPs": [
                        "list",
                        "string"
                      ],
                      "externalName": "string",
                      "externalTrafficPolicy": "string",
                      "healthCheckNodePort": "number",
                      "internalTrafficPolicy": "string",
                      "ipFamilies": [
                        "list",
                        "string"
                      ],
                      "ipFamilyPolicy": "string",
                      "loadBalancerClass": "string",
                      "loadBalancerIP": "string",
                      "loadBalancerSourceRanges": [
                        "list",
                        "string"
                      ],
                      "ports": [
                        "list",
                        [
                          "object",
                          {
                            "appProtocol": "string",
                            "name": "string",
                            "nodePort": "number",
                            "port": "number",
                            "protocol": "string",
                            "targetPort": "string"
                          }
                        ]
                      ],
                      "publishNotReadyAddresses": "bool",
                      "selector": [
                        "map",
                        "string"
                      ],
                      "sessionAffinity": "string",
                      "sessionAffinityConfig": [
                        "object",
                        {
                          "clientIP": [
                            "object",
                            {
                              "timeoutSeconds": "number"
                            }
                          ]
                        }
                      ],
                      "trafficDistribution": "string",
                      "type": "string"
                    }
                  ]
                }
              ]
            },
            "timeouts": [],
            "wait": [],
            "wait_for": null
          },
          "sensitive_attributes": [],
          "identity_schema_version": 1,
          "identity": {
            "api_version": "v1",
            "kind": "Service",
            "name": "kubevirt-manager",
            "namespace": "kubevirt-manager"
          },
          "private": "gapJc0ltcG9ydGVkww=="
        },
        {
          "index_key": "ServiceAccount-kubevirt-manager",
          "schema_version": 1,
          "attributes": {
            "computed_fields": null,
            "field_manager": [],
            "manifest": {
              "value": {
                "apiVersion": "v1",
                "kind": "ServiceAccount",
                "metadata": {
                  "labels": {
                    "app": "kubevirt-manager",
                    "kubevirt-manager.io/version": "nightly"
                  },
                  "name": "kubevirt-manager",
                  "namespace": "kubevirt-manager"
                }
              },
              "type": [
                "object",
                {
                  "apiVersion": "string",
                  "kind": "string",
                  "metadata": [
                    "object",
                    {
                      "labels": [
                        "object",
                        {
                          "app": "string",
                          "kubevirt-manager.io/version": "string"
                        }
                      ],
                      "name": "string",
                      "namespace": "string"
                    }
                  ]
                }
              ]
            },
            "object": {
              "value": {
                "apiVersion": "v1",
                "automountServiceAccountToken": null,
                "imagePullSecrets": null,
                "kind": "ServiceAccount",
                "metadata": {
                  "annotations": null,
                  "creationTimestamp": null,
                  "deletionGracePeriodSeconds": null,
                  "deletionTimestamp": null,
                  "finalizers": null,
                  "generateName": null,
                  "generation": null,
                  "labels": {
                    "app": "kubevirt-manager",
                    "kubevirt-manager.io/version": "nightly"
                  },
                  "managedFields": null,
                  "name": "kubevirt-manager",
                  "namespace": "kubevirt-manager",
                  "ownerReferences": null,
                  "resourceVersion": null,
                  "selfLink": null,
                  "uid": null
                },
                "secrets": null
              },
              "type": [
                "object",
                {
                  "apiVersion": "string",
                  "automountServiceAccountToken": "bool",
                  "imagePullSecrets": [
                    "list",
                    [
                      "object",
                      {
                        "name": "string"
                      }
                    ]
                  ],
                  "kind": "string",
                  "metadata": [
                    "object",
                    {
                      "annotations": [
                        "map",
                        "string"
                      ],
                      "creationTimestamp": "string",
                      "deletionGracePeriodSeconds": "number",
                      "deletionTimestamp": "string",
                      "finalizers": [
                        "list",
                        "string"
                      ],
                      "generateName": "string",
                      "generation": "number",
                      "labels": [
                        "map",
                        "string"
                      ],
                      "managedFields": [
                        "tuple",
                        [
                          [
                            "object",
                            {
                              "apiVersion": "string",
                              "fieldsType": "string",
                              "fieldsV1": "dynamic",
                              "manager": "string",
                              "operation": "string",
                              "subresource": "string",
                              "time": "string"
                            }
                          ]
                        ]
                      ],
                      "name": "string",
                      "namespace": "string",
                      "ownerReferences": [
                        "list",
                        [
                          "object",
                          {
                            "apiVersion": "string",
                            "blockOwnerDeletion": "bool",
                            "controller": "bool",
                            "kind": "string",
                            "name": "string",
                            "uid": "string"
                          }
                        ]
                      ],
                      "resourceVersion": "string",
                      "selfLink": "string",
                      "uid": "string"
                    }
                  ],
                  "secrets": [
                    "list",
                    [
                      "object",
                      {
                        "apiVersion": "string",
                        "fieldPath": "string",
                        "kind": "string",
                        "name": "string",
                        "namespace": "string",
                        "resourceVersion": "string",
                        "uid": "string"
                      }
                    ]
                  ]
                }
              ]
            },
            "timeouts": [],
            "wait": [],
            "wait_for": null
          },
          "sensitive_attributes": [],
          "identity_schema_version": 1,
          "identity": {
            "api_version": "v1",
            "kind": "ServiceAccount",
            "name": "kubevirt-manager",
            "namespace": "kubevirt-manager"
          },
          "dependencies": [
            "module.kubevirt_manager.kubernetes_namespace.kubevirt_manager"
          ]
        }
      ]
    },
    {
      "module": "module.kubevirt_manager",
      "mode": "managed",
      "type": "kubernetes_namespace",
      "name": "kubevirt_manager",
      "provider": "provider[\"registry.terraform.io/hashicorp/kubernetes\"]",
      "instances": [
        {
          "schema_version": 0,
          "attributes": {
            "id": "kubevirt-manager",
            "metadata": [
              {
                "annotations": {
                  "cattle.io/status": "{\"Conditions\":[{\"Type\":\"ResourceQuotaInit\",\"Status\":\"True\",\"Message\":\"\",\"LastUpdateTime\":\"2026-08-02T08:54:36Z\"}]}",
                  "lifecycle.cattle.io/create.namespace-auth": "true"
                },
                "generate_name": "",
                "generation": 0,
                "labels": {},
                "name": "kubevirt-manager",
                "resource_version": "12281096",
                "uid": "81d5ccd1-c7c7-42d2-b1c7-c9fc2293cc9a"
              }
            ],
            "timeouts": null,
            "wait_for_default_service_account": false
          },
          "sensitive_attributes": [],
          "identity_schema_version": 1,
          "identity": {
            "api_version": "v1",
            "kind": "Namespace",
            "name": "kubevirt-manager"
          },
          "private": "eyJlMmJmYjczMC1lY2FhLTExZTYtOGY4OC0zNDM2M2JjN2M0YzAiOnsiZGVsZXRlIjozMDAwMDAwMDAwMDB9fQ=="
        }
      ]
    }
  ],
  "check_results": null
}
