{
  "version": 4,
  "terraform_version": "1.14.8",
  "serial": 52,
  "lineage": "acccfb74-40b4-1c27-fc04-f8886d2360a2",
  "outputs": {
    "argocd_helm_name": {
      "value": "argocd",
      "type": "string"
    },
    "argocd_namespace": {
      "value": "argocd",
      "type": "string"
    },
    "namespace_name": {
      "value": "terraform-demo",
      "type": "string"
    },
    "nginx_deployment_name": {
      "value": "nginx-deployment",
      "type": "string"
    }
  },
  "resources": [
    {
      "module": "module.argocd",
      "mode": "managed",
      "type": "helm_release",
      "name": "argocd",
      "provider": "provider[\"registry.terraform.io/hashicorp/helm\"]",
      "instances": [
        {
          "schema_version": 2,
          "attributes": {
            "atomic": false,
            "chart": "argo-cd",
            "cleanup_on_fail": false,
            "create_namespace": false,
            "dependency_update": false,
            "description": null,
            "devel": null,
            "disable_crd_hooks": false,
            "disable_openapi_validation": false,
            "disable_webhooks": false,
            "force_update": false,
            "id": "argocd",
            "keyring": null,
            "lint": false,
            "manifest": null,
            "max_history": 0,
            "metadata": {
              "app_version": "v3.1.1",
              "chart": "argo-cd",
              "first_deployed": 1784436865,
              "last_deployed": 1784436865,
              "name": "argocd",
              "namespace": "argocd",
              "notes": "\nIn order to access the server UI you have the following options:\n\n1. kubectl port-forward service/argocd-server -n argocd 8080:443\n\n    and then open the browser on http://localhost:8080 and accept the certificate\n\n2. enable ingress in the values file `server.ingress.enabled` and either\n      - Add the annotation for ssl passthrough: https://argo-cd.readthedocs.io/en/stable/operator-manual/ingress/#option-1-ssl-passthrough\n      - Set the `configs.params.\"server.insecure\"` in the values file and terminate SSL at your ingress: https://argo-cd.readthedocs.io/en/stable/operator-manual/ingress/#option-2-multiple-ingress-objects-and-hosts\n\n\nAfter reaching the UI the first time you can login with username: admin and the random password generated during the installation. You can find the password by running:\n\nkubectl -n argocd get secret argocd-initial-admin-secret -o jsonpath=\"{.data.password}\" | base64 -d\n\n(You should delete the initial secret afterwards as suggested by the Getting Started Guide: https://argo-cd.readthedocs.io/en/stable/getting_started/#4-login-using-the-cli)\n",
              "revision": 1,
              "values": "{\"server\":{\"service\":{\"nodePort\":30080,\"type\":\"NodePort\"}}}",
              "version": "8.3.1"
            },
            "name": "argocd",
            "namespace": "argocd",
            "pass_credentials": false,
            "postrender": null,
            "recreate_pods": false,
            "render_subchart_notes": true,
            "replace": false,
            "repository": "https://argoproj.github.io/argo-helm",
            "repository_ca_file": null,
            "repository_cert_file": null,
            "repository_key_file": null,
            "repository_password": null,
            "repository_username": null,
            "reset_values": false,
            "reuse_values": false,
            "set": null,
            "set_list": null,
            "set_sensitive": null,
            "set_wo": null,
            "set_wo_revision": null,
            "skip_crds": false,
            "status": "deployed",
            "timeout": 300,
            "values": [
              "\"server\":\n  \"service\":\n    \"nodePort\": 30080\n    \"type\": \"NodePort\"\n"
            ],
            "verify": false,
            "version": "8.3.1",
            "wait": true,
            "wait_for_jobs": false
          },
          "sensitive_attributes": [
            [
              {
                "type": "get_attr",
                "value": "repository_password"
              }
            ]
          ],
          "identity_schema_version": 0,
          "identity": {
            "namespace": "argocd",
            "release_name": "argocd"
          },
          "dependencies": [
            "module.argocd.kubernetes_namespace.argocd"
          ]
        }
      ]
    },
    {
      "module": "module.argocd",
      "mode": "managed",
      "type": "kubernetes_namespace",
      "name": "argocd",
      "provider": "provider[\"registry.terraform.io/hashicorp/kubernetes\"]",
      "instances": [
        {
          "schema_version": 0,
          "attributes": {
            "id": "argocd",
            "metadata": [
              {
                "annotations": {
                  "cattle.io/status": "{\"Conditions\":[{\"Type\":\"ResourceQuotaInit\",\"Status\":\"True\",\"Message\":\"\",\"LastUpdateTime\":\"2026-07-19T06:03:53Z\"}]}"
                },
                "generate_name": "",
                "generation": 0,
                "labels": {},
                "name": "argocd",
                "resource_version": "808672",
                "uid": "e58c2125-f890-4b2e-9264-07e66a70c2a0"
              }
            ],
            "timeouts": null,
            "wait_for_default_service_account": false
          },
          "sensitive_attributes": [],
          "identity_schema_version": 1,
          "identity": {
            "api_version": "v1",
            "kind": "Namespace",
            "name": "argocd"
          },
          "private": "eyJlMmJmYjczMC1lY2FhLTExZTYtOGY4OC0zNDM2M2JjN2M0YzAiOnsiZGVsZXRlIjozMDAwMDAwMDAwMDB9fQ=="
        }
      ]
    },
    {
      "module": "module.infra",
      "mode": "managed",
      "type": "kubernetes_deployment",
      "name": "nginx",
      "provider": "provider[\"registry.terraform.io/hashicorp/kubernetes\"]",
      "instances": [
        {
          "schema_version": 1,
          "attributes": {
            "id": "terraform-demo/nginx-deployment",
            "metadata": [
              {
                "annotations": {},
                "generate_name": "",
                "generation": 1,
                "labels": {
                  "app": "nginx"
                },
                "name": "nginx-deployment",
                "namespace": "terraform-demo",
                "resource_version": "771616",
                "uid": "bcc9009d-6532-41d7-b7da-aa2cdfaea2ad"
              }
            ],
            "spec": [
              {
                "min_ready_seconds": 0,
                "paused": false,
                "progress_deadline_seconds": 600,
                "replicas": "2",
                "revision_history_limit": 10,
                "selector": [
                  {
                    "match_expressions": [],
                    "match_labels": {
                      "app": "nginx"
                    }
                  }
                ],
                "strategy": [
                  {
                    "rolling_update": [
                      {
                        "max_surge": "25%",
                        "max_unavailable": "25%"
                      }
                    ],
                    "type": "RollingUpdate"
                  }
                ],
                "template": [
                  {
                    "metadata": [
                      {
                        "annotations": {},
                        "generate_name": "",
                        "generation": 0,
                        "labels": {
                          "app": "nginx"
                        },
                        "name": "",
                        "namespace": "",
                        "resource_version": "",
                        "uid": ""
                      }
                    ],
                    "spec": [
                      {
                        "active_deadline_seconds": 0,
                        "affinity": [],
                        "automount_service_account_token": true,
                        "container": [
                          {
                            "args": [],
                            "command": [],
                            "env": [],
                            "env_from": [],
                            "image": "nginx:1.25",
                            "image_pull_policy": "IfNotPresent",
                            "lifecycle": [],
                            "liveness_probe": [],
                            "name": "nginx",
                            "port": [
                              {
                                "container_port": 80,
                                "host_ip": "",
                                "host_port": 0,
                                "name": "",
                                "protocol": "TCP"
                              }
                            ],
                            "readiness_probe": [],
                            "resources": [
                              {
                                "limits": {},
                                "requests": {}
                              }
                            ],
                            "security_context": [],
                            "startup_probe": [],
                            "stdin": false,
                            "stdin_once": false,
                            "termination_message_path": "/dev/termination-log",
                            "termination_message_policy": "File",
                            "tty": false,
                            "volume_device": [],
                            "volume_mount": [],
                            "working_dir": ""
                          }
                        ],
                        "dns_config": [],
                        "dns_policy": "ClusterFirst",
                        "enable_service_links": true,
                        "host_aliases": [],
                        "host_ipc": false,
                        "host_network": false,
                        "host_pid": false,
                        "hostname": "",
                        "image_pull_secrets": [],
                        "init_container": [],
                        "node_name": "",
                        "node_selector": {},
                        "os": [],
                        "priority_class_name": "",
                        "readiness_gate": [],
                        "restart_policy": "Always",
                        "runtime_class_name": "",
                        "scheduler_name": "default-scheduler",
                        "security_context": [],
                        "service_account_name": "",
                        "share_process_namespace": false,
                        "subdomain": "",
                        "termination_grace_period_seconds": 30,
                        "toleration": [],
                        "topology_spread_constraint": [],
                        "volume": []
                      }
                    ]
                  }
                ]
              }
            ],
            "timeouts": null,
            "wait_for_rollout": true
          },
          "sensitive_attributes": [],
          "identity_schema_version": 1,
          "identity": {
            "api_version": "apps/v1",
            "kind": "Deployment",
            "name": "nginx-deployment",
            "namespace": "terraform-demo"
          },
          "private": "eyJlMmJmYjczMC1lY2FhLTExZTYtOGY4OC0zNDM2M2JjN2M0YzAiOnsiY3JlYXRlIjo2MDAwMDAwMDAwMDAsImRlbGV0ZSI6NjAwMDAwMDAwMDAwLCJ1cGRhdGUiOjYwMDAwMDAwMDAwMH0sInNjaGVtYV92ZXJzaW9uIjoiMSJ9",
          "dependencies": [
            "module.infra.kubernetes_namespace.example"
          ]
        }
      ]
    },
    {
      "module": "module.infra",
      "mode": "managed",
      "type": "kubernetes_namespace",
      "name": "example",
      "provider": "provider[\"registry.terraform.io/hashicorp/kubernetes\"]",
      "instances": [
        {
          "schema_version": 0,
          "attributes": {
            "id": "terraform-demo",
            "metadata": [
              {
                "annotations": {
                  "cattle.io/status": "{\"Conditions\":[{\"Type\":\"ResourceQuotaInit\",\"Status\":\"True\",\"Message\":\"\",\"LastUpdateTime\":\"2026-07-19T06:03:53Z\"}]}"
                },
                "generate_name": "",
                "generation": 0,
                "labels": {},
                "name": "terraform-demo",
                "resource_version": "808671",
                "uid": "7fb79506-dc9c-4407-8086-02d95fd81a81"
              }
            ],
            "timeouts": null,
            "wait_for_default_service_account": false
          },
          "sensitive_attributes": [],
          "identity_schema_version": 1,
          "identity": {
            "api_version": "v1",
            "kind": "Namespace",
            "name": "terraform-demo"
          },
          "private": "eyJlMmJmYjczMC1lY2FhLTExZTYtOGY4OC0zNDM2M2JjN2M0YzAiOnsiZGVsZXRlIjozMDAwMDAwMDAwMDB9fQ=="
        }
      ]
    },
    {
      "module": "module.jellyfin",
      "mode": "managed",
      "type": "kubernetes_deployment_v1",
      "name": "jellyfin",
      "provider": "provider[\"registry.terraform.io/hashicorp/kubernetes\"]",
      "instances": [
        {
          "schema_version": 1,
          "attributes": {
            "id": "jellyfin/jellyfin",
            "metadata": [
              {
                "annotations": null,
                "generate_name": "",
                "generation": 1,
                "labels": {
                  "app": "jellyfin"
                },
                "name": "jellyfin",
                "namespace": "jellyfin",
                "resource_version": "809340",
                "uid": "9b326c4b-d04d-410b-b63c-a5e288631240"
              }
            ],
            "spec": [
              {
                "min_ready_seconds": 0,
                "paused": false,
                "progress_deadline_seconds": 600,
                "replicas": "1",
                "revision_history_limit": 10,
                "selector": [
                  {
                    "match_expressions": [],
                    "match_labels": {
                      "app": "jellyfin"
                    }
                  }
                ],
                "strategy": [
                  {
                    "rolling_update": [
                      {
                        "max_surge": "25%",
                        "max_unavailable": "25%"
                      }
                    ],
                    "type": "RollingUpdate"
                  }
                ],
                "template": [
                  {
                    "metadata": [
                      {
                        "annotations": null,
                        "generate_name": "",
                        "generation": 0,
                        "labels": {
                          "app": "jellyfin"
                        },
                        "name": "",
                        "namespace": "",
                        "resource_version": "",
                        "uid": ""
                      }
                    ],
                    "spec": [
                      {
                        "active_deadline_seconds": 0,
                        "affinity": [],
                        "automount_service_account_token": true,
                        "container": [
                          {
                            "args": null,
                            "command": null,
                            "env": [
                              {
                                "name": "JELLYFIN_PublishedServerUrl",
                                "value": "http://localhost:8096",
                                "value_from": []
                              }
                            ],
                            "env_from": [],
                            "image": "jellyfin/jellyfin:latest",
                            "image_pull_policy": "IfNotPresent",
                            "lifecycle": [],
                            "liveness_probe": [],
                            "name": "jellyfin",
                            "port": [
                              {
                                "container_port": 8096,
                                "host_ip": "",
                                "host_port": 0,
                                "name": "http",
                                "protocol": "TCP"
                              }
                            ],
                            "readiness_probe": [],
                            "resources": [
                              {
                                "limits": {
                                  "cpu": "4",
                                  "memory": "4Gi"
                                },
                                "requests": {
                                  "cpu": "250m",
                                  "memory": "512Mi"
                                }
                              }
                            ],
                            "security_context": [],
                            "startup_probe": [],
                            "stdin": false,
                            "stdin_once": false,
                            "termination_message_path": "/dev/termination-log",
                            "termination_message_policy": "File",
                            "tty": false,
                            "volume_device": [],
                            "volume_mount": [
                              {
                                "mount_path": "/config",
                                "mount_propagation": "None",
                                "name": "jellyfin-data",
                                "read_only": false,
                                "sub_path": "config",
                                "sub_path_expr": ""
                              },
                              {
                                "mount_path": "/media",
                                "mount_propagation": "None",
                                "name": "jellyfin-data",
                                "read_only": true,
                                "sub_path": "media",
                                "sub_path_expr": ""
                              }
                            ],
                            "working_dir": ""
                          }
                        ],
                        "dns_config": [],
                        "dns_policy": "ClusterFirst",
                        "enable_service_links": true,
                        "host_aliases": [],
                        "host_ipc": false,
                        "host_network": false,
                        "host_pid": false,
                        "hostname": "",
                        "image_pull_secrets": [],
                        "init_container": [],
                        "node_name": "",
                        "node_selector": null,
                        "os": [],
                        "priority_class_name": "",
                        "readiness_gate": [],
                        "restart_policy": "Always",
                        "runtime_class_name": "",
                        "scheduler_name": "default-scheduler",
                        "security_context": [
                          {
                            "fs_group": "1000",
                            "fs_group_change_policy": "",
                            "run_as_group": "",
                            "run_as_non_root": false,
                            "run_as_user": "",
                            "se_linux_options": [],
                            "seccomp_profile": [],
                            "supplemental_groups": null,
                            "sysctl": [],
                            "windows_options": []
                          }
                        ],
                        "service_account_name": "",
                        "share_process_namespace": false,
                        "subdomain": "",
                        "termination_grace_period_seconds": 30,
                        "toleration": [],
                        "topology_spread_constraint": [],
                        "volume": [
                          {
                            "aws_elastic_block_store": [],
                            "azure_disk": [],
                            "azure_file": [],
                            "ceph_fs": [],
                            "cinder": [],
                            "config_map": [],
                            "csi": [],
                            "downward_api": [],
                            "empty_dir": [],
                            "ephemeral": [],
                            "fc": [],
                            "flex_volume": [],
                            "flocker": [],
                            "gce_persistent_disk": [],
                            "git_repo": [],
                            "glusterfs": [],
                            "host_path": [],
                            "iscsi": [],
                            "local": [],
                            "name": "jellyfin-data",
                            "nfs": [],
                            "persistent_volume_claim": [
                              {
                                "claim_name": "jellyfin-data",
                                "read_only": false
                              }
                            ],
                            "photon_persistent_disk": [],
                            "projected": [],
                            "quobyte": [],
                            "rbd": [],
                            "secret": [],
                            "vsphere_volume": []
                          }
                        ]
                      }
                    ]
                  }
                ]
              }
            ],
            "timeouts": null,
            "wait_for_rollout": true
          },
          "sensitive_attributes": [],
          "identity_schema_version": 1,
          "identity": {
            "api_version": "apps/v1",
            "kind": "Deployment",
            "name": "jellyfin",
            "namespace": "jellyfin"
          },
          "private": "eyJlMmJmYjczMC1lY2FhLTExZTYtOGY4OC0zNDM2M2JjN2M0YzAiOnsiY3JlYXRlIjo2MDAwMDAwMDAwMDAsImRlbGV0ZSI6NjAwMDAwMDAwMDAwLCJ1cGRhdGUiOjYwMDAwMDAwMDAwMH0sInNjaGVtYV92ZXJzaW9uIjoiMSJ9",
          "dependencies": [
            "module.jellyfin.kubernetes_namespace_v1.jellyfin",
            "module.jellyfin.kubernetes_persistent_volume_claim_v1.jellyfin",
            "module.jellyfin.kubernetes_persistent_volume_v1.jellyfin",
            "module.jellyfin.kubernetes_storage_class_v1.jellyfin_nfs"
          ]
        }
      ]
    },
    {
      "module": "module.jellyfin",
      "mode": "managed",
      "type": "kubernetes_namespace_v1",
      "name": "jellyfin",
      "provider": "provider[\"registry.terraform.io/hashicorp/kubernetes\"]",
      "instances": [
        {
          "schema_version": 0,
          "attributes": {
            "id": "jellyfin",
            "metadata": [
              {
                "annotations": {
                  "cattle.io/status": "{\"Conditions\":[{\"Type\":\"ResourceQuotaInit\",\"Status\":\"True\",\"Message\":\"\",\"LastUpdateTime\":\"2026-07-19T06:03:53Z\"}]}",
                  "lifecycle.cattle.io/create.namespace-auth": "true"
                },
                "generate_name": "",
                "generation": 0,
                "labels": null,
                "name": "jellyfin",
                "resource_version": "808676",
                "uid": "677f1003-c232-4ed1-a40c-61f55920b0c8"
              }
            ],
            "timeouts": null,
            "wait_for_default_service_account": false
          },
          "sensitive_attributes": [],
          "identity_schema_version": 1,
          "identity": {
            "api_version": "v1",
            "kind": "Namespace",
            "name": "jellyfin"
          },
          "private": "eyJlMmJmYjczMC1lY2FhLTExZTYtOGY4OC0zNDM2M2JjN2M0YzAiOnsiZGVsZXRlIjozMDAwMDAwMDAwMDB9fQ=="
        }
      ]
    },
    {
      "module": "module.jellyfin",
      "mode": "managed",
      "type": "kubernetes_persistent_volume_claim_v1",
      "name": "jellyfin",
      "provider": "provider[\"registry.terraform.io/hashicorp/kubernetes\"]",
      "instances": [
        {
          "schema_version": 0,
          "attributes": {
            "id": "jellyfin/jellyfin-data",
            "metadata": [
              {
                "annotations": null,
                "generate_name": "",
                "generation": 0,
                "labels": null,
                "name": "jellyfin-data",
                "namespace": "jellyfin",
                "resource_version": "808763",
                "uid": "495f5300-cbd4-44e7-95c4-d27eba723c05"
              }
            ],
            "spec": [
              {
                "access_modes": [
                  "ReadWriteMany"
                ],
                "resources": [
                  {
                    "limits": null,
                    "requests": {
                      "storage": "1Ti"
                    }
                  }
                ],
                "selector": [],
                "storage_class_name": "jellyfin-nfs",
                "volume_mode": "Filesystem",
                "volume_name": "jellyfin-data-pv"
              }
            ],
            "timeouts": null,
            "wait_until_bound": true
          },
          "sensitive_attributes": [],
          "identity_schema_version": 0,
          "private": "eyJlMmJmYjczMC1lY2FhLTExZTYtOGY4OC0zNDM2M2JjN2M0YzAiOnsiY3JlYXRlIjozMDAwMDAwMDAwMDB9fQ==",
          "dependencies": [
            "module.jellyfin.kubernetes_namespace_v1.jellyfin",
            "module.jellyfin.kubernetes_persistent_volume_v1.jellyfin",
            "module.jellyfin.kubernetes_storage_class_v1.jellyfin_nfs"
          ]
        }
      ]
    },
    {
      "module": "module.jellyfin",
      "mode": "managed",
      "type": "kubernetes_persistent_volume_v1",
      "name": "jellyfin",
      "provider": "provider[\"registry.terraform.io/hashicorp/kubernetes\"]",
      "instances": [
        {
          "schema_version": 0,
          "attributes": {
            "id": "jellyfin-data-pv",
            "metadata": [
              {
                "annotations": null,
                "generation": 0,
                "labels": null,
                "name": "jellyfin-data-pv",
                "resource_version": "808683",
                "uid": "5dcf412b-dc8e-4daf-b6f1-3ba4f84529d1"
              }
            ],
            "spec": [
              {
                "access_modes": [
                  "ReadWriteMany"
                ],
                "capacity": {
                  "storage": "1Ti"
                },
                "claim_ref": [],
                "mount_options": [
                  "hard",
                  "nfsvers=4.1"
                ],
                "node_affinity": [],
                "persistent_volume_reclaim_policy": "Retain",
                "persistent_volume_source": [
                  {
                    "aws_elastic_block_store": [],
                    "azure_disk": [],
                    "azure_file": [],
                    "ceph_fs": [],
                    "cinder": [],
                    "csi": [
                      {
                        "controller_expand_secret_ref": [],
                        "controller_publish_secret_ref": [],
                        "driver": "nfs.csi.k8s.io",
                        "fs_type": "",
                        "node_publish_secret_ref": [],
                        "node_stage_secret_ref": [],
                        "read_only": false,
                        "volume_attributes": {
                          "server": "10.0.0.9",
                          "share": "/Volume2/Labdata/jellyfin"
                        },
                        "volume_handle": "jellyfin-data"
                      }
                    ],
                    "fc": [],
                    "flex_volume": [],
                    "flocker": [],
                    "gce_persistent_disk": [],
                    "glusterfs": [],
                    "host_path": [],
                    "iscsi": [],
                    "local": [],
                    "nfs": [],
                    "photon_persistent_disk": [],
                    "quobyte": [],
                    "rbd": [],
                    "vsphere_volume": []
                  }
                ],
                "storage_class_name": "jellyfin-nfs",
                "volume_mode": "Filesystem"
              }
            ],
            "timeouts": null
          },
          "sensitive_attributes": [],
          "identity_schema_version": 0,
          "private": "eyJlMmJmYjczMC1lY2FhLTExZTYtOGY4OC0zNDM2M2JjN2M0YzAiOnsiY3JlYXRlIjozMDAwMDAwMDAwMDB9fQ==",
          "dependencies": [
            "module.jellyfin.kubernetes_storage_class_v1.jellyfin_nfs"
          ]
        }
      ]
    },
    {
      "module": "module.jellyfin",
      "mode": "managed",
      "type": "kubernetes_service_v1",
      "name": "jellyfin",
      "provider": "provider[\"registry.terraform.io/hashicorp/kubernetes\"]",
      "instances": [
        {
          "schema_version": 1,
          "attributes": {
            "id": "jellyfin/jellyfin",
            "metadata": [
              {
                "annotations": {
                  "field.cattle.io/publicEndpoints": "[{\"port\":30096,\"protocol\":\"TCP\",\"serviceName\":\"jellyfin:jellyfin\",\"allNodes\":true}]"
                },
                "generate_name": "",
                "generation": 0,
                "labels": null,
                "name": "jellyfin",
                "namespace": "jellyfin",
                "resource_version": "809436",
                "uid": "699294ef-512a-4e29-a81b-85041145f2b1"
              }
            ],
            "spec": [
              {
                "allocate_load_balancer_node_ports": true,
                "cluster_ip": "10.43.152.195",
                "cluster_ips": [
                  "10.43.152.195"
                ],
                "external_ips": null,
                "external_name": "",
                "external_traffic_policy": "Cluster",
                "health_check_node_port": 0,
                "internal_traffic_policy": "Cluster",
                "ip_families": [
                  "IPv4"
                ],
                "ip_family_policy": "SingleStack",
                "load_balancer_class": "",
                "load_balancer_ip": "",
                "load_balancer_source_ranges": null,
                "port": [
                  {
                    "app_protocol": "",
                    "name": "http",
                    "node_port": 30096,
                    "port": 8096,
                    "protocol": "TCP",
                    "target_port": "8096"
                  }
                ],
                "publish_not_ready_addresses": false,
                "selector": {
                  "app": "jellyfin"
                },
                "session_affinity": "None",
                "session_affinity_config": [],
                "type": "NodePort"
              }
            ],
            "status": [
              {
                "load_balancer": [
                  {
                    "ingress": []
                  }
                ]
              }
            ],
            "timeouts": null,
            "wait_for_load_balancer": true
          },
          "sensitive_attributes": [],
          "identity_schema_version": 1,
          "identity": {
            "api_version": "v1",
            "kind": "Service",
            "name": "jellyfin",
            "namespace": "jellyfin"
          },
          "private": "eyJlMmJmYjczMC1lY2FhLTExZTYtOGY4OC0zNDM2M2JjN2M0YzAiOnsiY3JlYXRlIjo2MDAwMDAwMDAwMDB9LCJzY2hlbWFfdmVyc2lvbiI6IjEifQ==",
          "dependencies": [
            "module.jellyfin.kubernetes_deployment_v1.jellyfin",
            "module.jellyfin.kubernetes_namespace_v1.jellyfin",
            "module.jellyfin.kubernetes_persistent_volume_claim_v1.jellyfin",
            "module.jellyfin.kubernetes_persistent_volume_v1.jellyfin",
            "module.jellyfin.kubernetes_storage_class_v1.jellyfin_nfs"
          ]
        }
      ]
    },
    {
      "module": "module.jellyfin",
      "mode": "managed",
      "type": "kubernetes_storage_class_v1",
      "name": "jellyfin_nfs",
      "provider": "provider[\"registry.terraform.io/hashicorp/kubernetes\"]",
      "instances": [
        {
          "schema_version": 0,
          "attributes": {
            "allow_volume_expansion": true,
            "allowed_topologies": [],
            "id": "jellyfin-nfs",
            "metadata": [
              {
                "annotations": null,
                "generate_name": "",
                "generation": 0,
                "labels": null,
                "name": "jellyfin-nfs",
                "resource_version": "808667",
                "uid": "c5a141c7-c36f-4b50-a9c4-09148915b289"
              }
            ],
            "mount_options": [
              "hard",
              "nfsvers=4.1"
            ],
            "parameters": {
              "server": "10.0.0.9",
              "share": "/Volume2/Labdata/jellyfin"
            },
            "reclaim_policy": "Retain",
            "storage_provisioner": "nfs.csi.k8s.io",
            "volume_binding_mode": "Immediate"
          },
          "sensitive_attributes": [],
          "identity_schema_version": 0,
          "private": "bnVsbA=="
        }
      ]
    }
  ],
  "check_results": null
}
