{
  "version": 4,
  "terraform_version": "1.14.8",
  "serial": 176,
  "lineage": "acccfb74-40b4-1c27-fc04-f8886d2360a2",
  "outputs": {
    "argocd_helm_name": {
      "value": "argocd",
      "type": "string"
    },
    "argocd_namespace": {
      "value": "argocd",
      "type": "string"
    },
    "namespace_name": {
      "value": "terraform-demo",
      "type": "string"
    },
    "nginx_deployment_name": {
      "value": "nginx-deployment",
      "type": "string"
    }
  },
  "resources": [
    {
      "module": "module.argocd",
      "mode": "managed",
      "type": "helm_release",
      "name": "argocd",
      "provider": "provider[\"registry.terraform.io/hashicorp/helm\"]",
      "instances": [
        {
          "schema_version": 2,
          "attributes": {
            "atomic": false,
            "chart": "argo-cd",
            "cleanup_on_fail": false,
            "create_namespace": false,
            "dependency_update": false,
            "description": null,
            "devel": null,
            "disable_crd_hooks": false,
            "disable_openapi_validation": false,
            "disable_webhooks": false,
            "force_update": false,
            "id": "argocd",
            "keyring": null,
            "lint": false,
            "manifest": null,
            "max_history": 0,
            "metadata": {
              "app_version": "v3.1.1",
              "chart": "argo-cd",
              "first_deployed": 1784436865,
              "last_deployed": 1784436865,
              "name": "argocd",
              "namespace": "argocd",
              "notes": "\nIn order to access the server UI you have the following options:\n\n1. kubectl port-forward service/argocd-server -n argocd 8080:443\n\n    and then open the browser on http://localhost:8080 and accept the certificate\n\n2. enable ingress in the values file `server.ingress.enabled` and either\n      - Add the annotation for ssl passthrough: https://argo-cd.readthedocs.io/en/stable/operator-manual/ingress/#option-1-ssl-passthrough\n      - Set the `configs.params.\"server.insecure\"` in the values file and terminate SSL at your ingress: https://argo-cd.readthedocs.io/en/stable/operator-manual/ingress/#option-2-multiple-ingress-objects-and-hosts\n\n\nAfter reaching the UI the first time you can login with username: admin and the random password generated during the installation. You can find the password by running:\n\nkubectl -n argocd get secret argocd-initial-admin-secret -o jsonpath=\"{.data.password}\" | base64 -d\n\n(You should delete the initial secret afterwards as suggested by the Getting Started Guide: https://argo-cd.readthedocs.io/en/stable/getting_started/#4-login-using-the-cli)\n",
              "revision": 1,
              "values": "{\"server\":{\"service\":{\"nodePort\":30080,\"type\":\"NodePort\"}}}",
              "version": "8.3.1"
            },
            "name": "argocd",
            "namespace": "argocd",
            "pass_credentials": false,
            "postrender": null,
            "recreate_pods": false,
            "render_subchart_notes": true,
            "replace": false,
            "repository": "https://argoproj.github.io/argo-helm",
            "repository_ca_file": null,
            "repository_cert_file": null,
            "repository_key_file": null,
            "repository_password": null,
            "repository_username": null,
            "reset_values": false,
            "reuse_values": false,
            "set": null,
            "set_list": null,
            "set_sensitive": null,
            "set_wo": null,
            "set_wo_revision": null,
            "skip_crds": false,
            "status": "deployed",
            "timeout": 300,
            "values": [
              "\"server\":\n  \"service\":\n    \"nodePort\": 30080\n    \"type\": \"NodePort\"\n"
            ],
            "verify": false,
            "version": "8.3.1",
            "wait": true,
            "wait_for_jobs": false
          },
          "sensitive_attributes": [
            [
              {
                "type": "get_attr",
                "value": "repository_password"
              }
            ]
          ],
          "identity_schema_version": 0,
          "identity": {
            "namespace": "argocd",
            "release_name": "argocd"
          },
          "dependencies": [
            "module.argocd.kubernetes_namespace.argocd"
          ]
        }
      ]
    },
    {
      "module": "module.argocd",
      "mode": "managed",
      "type": "kubernetes_namespace",
      "name": "argocd",
      "provider": "provider[\"registry.terraform.io/hashicorp/kubernetes\"]",
      "instances": [
        {
          "schema_version": 0,
          "attributes": {
            "id": "argocd",
            "metadata": [
              {
                "annotations": {
                  "cattle.io/status": "{\"Conditions\":[{\"Type\":\"ResourceQuotaInit\",\"Status\":\"True\",\"Message\":\"\",\"LastUpdateTime\":\"2026-08-02T07:14:39Z\"}]}",
                  "lifecycle.cattle.io/create.namespace-auth": "true"
                },
                "generate_name": "",
                "generation": 0,
                "labels": {},
                "name": "argocd",
                "resource_version": "12213787",
                "uid": "e58c2125-f890-4b2e-9264-07e66a70c2a0"
              }
            ],
            "timeouts": null,
            "wait_for_default_service_account": false
          },
          "sensitive_attributes": [],
          "identity_schema_version": 1,
          "identity": {
            "api_version": "v1",
            "kind": "Namespace",
            "name": "argocd"
          },
          "private": "eyJlMmJmYjczMC1lY2FhLTExZTYtOGY4OC0zNDM2M2JjN2M0YzAiOnsiZGVsZXRlIjozMDAwMDAwMDAwMDB9fQ=="
        }
      ]
    },
    {
      "module": "module.goldpinger",
      "mode": "managed",
      "type": "kubernetes_cluster_role_binding_v1",
      "name": "goldpinger",
      "provider": "provider[\"registry.terraform.io/hashicorp/kubernetes\"]",
      "instances": [
        {
          "schema_version": 0,
          "attributes": {
            "id": "goldpinger",
            "metadata": [
              {
                "annotations": {},
                "generate_name": "",
                "generation": 0,
                "labels": {},
                "name": "goldpinger",
                "resource_version": "12083819",
                "uid": "37e6cf0f-c6b4-4602-8f6e-88a5bc7c5961"
              }
            ],
            "role_ref": [
              {
                "api_group": "rbac.authorization.k8s.io",
                "kind": "ClusterRole",
                "name": "goldpinger"
              }
            ],
            "subject": [
              {
                "api_group": "",
                "kind": "ServiceAccount",
                "name": "goldpinger",
                "namespace": "goldpinger"
              }
            ]
          },
          "sensitive_attributes": [],
          "identity_schema_version": 1,
          "identity": {
            "api_version": "rbac.authorization.k8s.io/v1",
            "kind": "ClusterRoleBinding",
            "name": "goldpinger"
          },
          "private": "bnVsbA==",
          "dependencies": [
            "module.goldpinger.kubernetes_cluster_role_v1.goldpinger",
            "module.goldpinger.kubernetes_namespace_v1.goldpinger",
            "module.goldpinger.kubernetes_service_account_v1.goldpinger"
          ]
        }
      ]
    },
    {
      "module": "module.goldpinger",
      "mode": "managed",
      "type": "kubernetes_cluster_role_v1",
      "name": "goldpinger",
      "provider": "provider[\"registry.terraform.io/hashicorp/kubernetes\"]",
      "instances": [
        {
          "schema_version": 0,
          "attributes": {
            "aggregation_rule": [],
            "id": "goldpinger",
            "metadata": [
              {
                "annotations": {},
                "generate_name": "",
                "generation": 0,
                "labels": {},
                "name": "goldpinger",
                "resource_version": "12083801",
                "uid": "feb6ca24-f50f-4c71-a2ea-d3b94e8be92d"
              }
            ],
            "rule": [
              {
                "api_groups": [
                  ""
                ],
                "non_resource_urls": [],
                "resource_names": [],
                "resources": [
                  "pods",
                  "nodes",
                  "services",
                  "endpoints"
                ],
                "verbs": [
                  "get",
                  "list",
                  "watch"
                ]
              }
            ]
          },
          "sensitive_attributes": [],
          "identity_schema_version": 1,
          "identity": {
            "api_version": "rbac.authorization.k8s.io/v1",
            "kind": "ClusterRole",
            "name": "goldpinger"
          },
          "private": "bnVsbA=="
        }
      ]
    },
    {
      "module": "module.goldpinger",
      "mode": "managed",
      "type": "kubernetes_daemon_set_v1",
      "name": "goldpinger",
      "provider": "provider[\"registry.terraform.io/hashicorp/kubernetes\"]",
      "instances": [
        {
          "schema_version": 1,
          "attributes": {
            "id": "goldpinger/goldpinger",
            "metadata": [
              {
                "annotations": {
                  "field.cattle.io/publicEndpoints": "[{\"addresses\":[\"2601:840:4001:c780:be24:11ff:fe51:e202\"],\"port\":31078,\"protocol\":\"TCP\",\"serviceName\":\"goldpinger:goldpinger\",\"allNodes\":true}]"
                },
                "generate_name": "",
                "generation": 1,
                "labels": {
                  "app": "goldpinger"
                },
                "name": "goldpinger",
                "namespace": "goldpinger",
                "resource_version": "12213866",
                "uid": "3fdee5e3-fbc1-46a9-a8b3-e068ae015f34"
              }
            ],
            "spec": [
              {
                "min_ready_seconds": 0,
                "revision_history_limit": 10,
                "selector": [
                  {
                    "match_expressions": [],
                    "match_labels": {
                      "app": "goldpinger"
                    }
                  }
                ],
                "strategy": [
                  {
                    "rolling_update": [
                      {
                        "max_surge": "0",
                        "max_unavailable": "1"
                      }
                    ],
                    "type": "RollingUpdate"
                  }
                ],
                "template": [
                  {
                    "metadata": [
                      {
                        "annotations": {},
                        "generate_name": "",
                        "generation": 0,
                        "labels": {
                          "app": "goldpinger"
                        },
                        "name": "",
                        "namespace": "",
                        "resource_version": "",
                        "uid": ""
                      }
                    ],
                    "spec": [
                      {
                        "active_deadline_seconds": 0,
                        "affinity": [],
                        "automount_service_account_token": true,
                        "container": [
                          {
                            "args": [
                              "--host=0.0.0.0",
                              "--port=8080"
                            ],
                            "command": [],
                            "env": [
                              {
                                "name": "POD_IP",
                                "value": "",
                                "value_from": [
                                  {
                                    "config_map_key_ref": [],
                                    "field_ref": [
                                      {
                                        "api_version": "v1",
                                        "field_path": "status.podIP"
                                      }
                                    ],
                                    "resource_field_ref": [],
                                    "secret_key_ref": []
                                  }
                                ]
                              },
                              {
                                "name": "POD_NAME",
                                "value": "",
                                "value_from": [
                                  {
                                    "config_map_key_ref": [],
                                    "field_ref": [
                                      {
                                        "api_version": "v1",
                                        "field_path": "metadata.name"
                                      }
                                    ],
                                    "resource_field_ref": [],
                                    "secret_key_ref": []
                                  }
                                ]
                              }
                            ],
                            "env_from": [],
                            "image": "bloomberg/goldpinger:3.11.2",
                            "image_pull_policy": "IfNotPresent",
                            "lifecycle": [],
                            "liveness_probe": [
                              {
                                "exec": [],
                                "failure_threshold": 3,
                                "grpc": [],
                                "http_get": [
                                  {
                                    "host": "",
                                    "http_header": [],
                                    "path": "/healthz",
                                    "port": "8080",
                                    "scheme": "HTTP"
                                  }
                                ],
                                "initial_delay_seconds": 15,
                                "period_seconds": 20,
                                "success_threshold": 1,
                                "tcp_socket": [],
                                "timeout_seconds": 1
                              }
                            ],
                            "name": "goldpinger",
                            "port": [
                              {
                                "container_port": 8080,
                                "host_ip": "",
                                "host_port": 0,
                                "name": "http",
                                "protocol": "TCP"
                              }
                            ],
                            "readiness_probe": [
                              {
                                "exec": [],
                                "failure_threshold": 3,
                                "grpc": [],
                                "http_get": [
                                  {
                                    "host": "",
                                    "http_header": [],
                                    "path": "/healthz",
                                    "port": "8080",
                                    "scheme": "HTTP"
                                  }
                                ],
                                "initial_delay_seconds": 5,
                                "period_seconds": 10,
                                "success_threshold": 1,
                                "tcp_socket": [],
                                "timeout_seconds": 1
                              }
                            ],
                            "resources": [
                              {
                                "limits": {
                                  "cpu": "250m",
                                  "memory": "256Mi"
                                },
                                "requests": {
                                  "cpu": "50m",
                                  "memory": "64Mi"
                                }
                              }
                            ],
                            "security_context": [],
                            "startup_probe": [],
                            "stdin": false,
                            "stdin_once": false,
                            "termination_message_path": "/dev/termination-log",
                            "termination_message_policy": "File",
                            "tty": false,
                            "volume_device": [],
                            "volume_mount": [],
                            "working_dir": ""
                          }
                        ],
                        "dns_config": [],
                        "dns_policy": "ClusterFirst",
                        "enable_service_links": true,
                        "host_aliases": [],
                        "host_ipc": false,
                        "host_network": false,
                        "host_pid": false,
                        "hostname": "",
                        "image_pull_secrets": [],
                        "init_container": [],
                        "node_name": "",
                        "node_selector": {},
                        "os": [],
                        "priority_class_name": "",
                        "readiness_gate": [],
                        "restart_policy": "Always",
                        "runtime_class_name": "",
                        "scheduler_name": "default-scheduler",
                        "security_context": [],
                        "service_account_name": "goldpinger",
                        "share_process_namespace": false,
                        "subdomain": "",
                        "termination_grace_period_seconds": 30,
                        "toleration": [
                          {
                            "effect": "NoSchedule",
                            "key": "node-role.kubernetes.io/control-plane",
                            "operator": "Equal",
                            "toleration_seconds": "",
                            "value": ""
                          },
                          {
                            "effect": "NoSchedule",
                            "key": "node-role.kubernetes.io/master",
                            "operator": "Equal",
                            "toleration_seconds": "",
                            "value": ""
                          }
                        ],
                        "topology_spread_constraint": [],
                        "volume": []
                      }
                    ]
                  }
                ]
              }
            ],
            "timeouts": null,
            "wait_for_rollout": true
          },
          "sensitive_attributes": [],
          "identity_schema_version": 1,
          "identity": {
            "api_version": "apps/v1",
            "kind": "DaemonSet",
            "name": "goldpinger",
            "namespace": "goldpinger"
          },
          "private": "eyJlMmJmYjczMC1lY2FhLTExZTYtOGY4OC0zNDM2M2JjN2M0YzAiOnsiY3JlYXRlIjo2MDAwMDAwMDAwMDAsImRlbGV0ZSI6NjAwMDAwMDAwMDAwLCJ1cGRhdGUiOjYwMDAwMDAwMDAwMH0sInNjaGVtYV92ZXJzaW9uIjoiMSJ9",
          "dependencies": [
            "module.goldpinger.kubernetes_cluster_role_binding_v1.goldpinger",
            "module.goldpinger.kubernetes_cluster_role_v1.goldpinger",
            "module.goldpinger.kubernetes_namespace_v1.goldpinger",
            "module.goldpinger.kubernetes_service_account_v1.goldpinger"
          ]
        }
      ]
    },
    {
      "module": "module.goldpinger",
      "mode": "managed",
      "type": "kubernetes_manifest",
      "name": "goldpinger_service_monitor",
      "provider": "provider[\"registry.terraform.io/hashicorp/kubernetes\"]",
      "instances": [
        {
          "schema_version": 1,
          "attributes": {
            "computed_fields": null,
            "field_manager": [],
            "manifest": {
              "value": {
                "apiVersion": "monitoring.coreos.com/v1",
                "kind": "ServiceMonitor",
                "metadata": {
                  "labels": {
                    "release": "rancher-monitoring"
                  },
                  "name": "goldpinger",
                  "namespace": "goldpinger"
                },
                "spec": {
                  "endpoints": [
                    {
                      "interval": "30s",
                      "path": "/metrics",
                      "port": "http"
                    }
                  ],
                  "namespaceSelector": {
                    "matchNames": [
                      "goldpinger"
                    ]
                  },
                  "selector": {
                    "matchLabels": {
                      "app": "goldpinger"
                    }
                  }
                }
              },
              "type": [
                "object",
                {
                  "apiVersion": "string",
                  "kind": "string",
                  "metadata": [
                    "object",
                    {
                      "labels": [
                        "object",
                        {
                          "release": "string"
                        }
                      ],
                      "name": "string",
                      "namespace": "string"
                    }
                  ],
                  "spec": [
                    "object",
                    {
                      "endpoints": [
                        "tuple",
                        [
                          [
                            "object",
                            {
                              "interval": "string",
                              "path": "string",
                              "port": "string"
                            }
                          ]
                        ]
                      ],
                      "namespaceSelector": [
                        "object",
                        {
                          "matchNames": [
                            "tuple",
                            [
                              "string"
                            ]
                          ]
                        }
                      ],
                      "selector": [
                        "object",
                        {
                          "matchLabels": [
                            "object",
                            {
                              "app": "string"
                            }
                          ]
                        }
                      ]
                    }
                  ]
                }
              ]
            },
            "object": {
              "value": {
                "apiVersion": "monitoring.coreos.com/v1",
                "kind": "ServiceMonitor",
                "metadata": {
                  "annotations": null,
                  "creationTimestamp": null,
                  "deletionGracePeriodSeconds": null,
                  "deletionTimestamp": null,
                  "finalizers": null,
                  "generateName": null,
                  "generation": null,
                  "labels": {
                    "release": "rancher-monitoring"
                  },
                  "managedFields": null,
                  "name": "goldpinger",
                  "namespace": "goldpinger",
                  "ownerReferences": null,
                  "resourceVersion": null,
                  "selfLink": null,
                  "uid": null
                },
                "spec": {
                  "attachMetadata": {
                    "node": null
                  },
                  "bodySizeLimit": null,
                  "convertClassicHistogramsToNHCB": null,
                  "endpoints": [
                    {
                      "authorization": {
                        "credentials": {
                          "key": null,
                          "name": null,
                          "optional": null
                        },
                        "type": null
                      },
                      "basicAuth": {
                        "password": {
                          "key": null,
                          "name": null,
                          "optional": null
                        },
                        "username": {
                          "key": null,
                          "name": null,
                          "optional": null
                        }
                      },
                      "bearerTokenFile": null,
                      "bearerTokenSecret": {
                        "key": null,
                        "name": null,
                        "optional": null
                      },
                      "enableHttp2": null,
                      "filterRunning": null,
                      "followRedirects": null,
                      "honorLabels": null,
                      "honorTimestamps": null,
                      "interval": "30s",
                      "metricRelabelings": null,
                      "noProxy": null,
                      "oauth2": {
                        "clientId": {
                          "configMap": {
                            "key": null,
                            "name": null,
                            "optional": null
                          },
                          "secret": {
                            "key": null,
                            "name": null,
                            "optional": null
                          }
                        },
                        "clientSecret": {
                          "key": null,
                          "name": null,
                          "optional": null
                        },
                        "endpointParams": null,
                        "noProxy": null,
                        "proxyConnectHeader": null,
                        "proxyFromEnvironment": null,
                        "proxyUrl": null,
                        "scopes": null,
                        "tlsConfig": {
                          "ca": {
                            "configMap": {
                              "key": null,
                              "name": null,
                              "optional": null
                            },
                            "secret": {
                              "key": null,
                              "name": null,
                              "optional": null
                            }
                          },
                          "cert": {
                            "configMap": {
                              "key": null,
                              "name": null,
                              "optional": null
                            },
                            "secret": {
                              "key": null,
                              "name": null,
                              "optional": null
                            }
                          },
                          "insecureSkipVerify": null,
                          "keySecret": {
                            "key": null,
                            "name": null,
                            "optional": null
                          },
                          "maxVersion": null,
                          "minVersion": null,
                          "serverName": null
                        },
                        "tokenUrl": null
                      },
                      "params": null,
                      "path": "/metrics",
                      "port": "http",
                      "proxyConnectHeader": null,
                      "proxyFromEnvironment": null,
                      "proxyUrl": null,
                      "relabelings": null,
                      "scheme": null,
                      "scrapeTimeout": null,
                      "targetPort": null,
                      "tlsConfig": {
                        "ca": {
                          "configMap": {
                            "key": null,
                            "name": null,
                            "optional": null
                          },
                          "secret": {
                            "key": null,
                            "name": null,
                            "optional": null
                          }
                        },
                        "caFile": null,
                        "cert": {
                          "configMap": {
                            "key": null,
                            "name": null,
                            "optional": null
                          },
                          "secret": {
                            "key": null,
                            "name": null,
                            "optional": null
                          }
                        },
                        "certFile": null,
                        "insecureSkipVerify": null,
                        "keyFile": null,
                        "keySecret": {
                          "key": null,
                          "name": null,
                          "optional": null
                        },
                        "maxVersion": null,
                        "minVersion": null,
                        "serverName": null
                      },
                      "trackTimestampsStaleness": null
                    }
                  ],
                  "fallbackScrapeProtocol": null,
                  "jobLabel": null,
                  "keepDroppedTargets": null,
                  "labelLimit": null,
                  "labelNameLengthLimit": null,
                  "labelValueLengthLimit": null,
                  "namespaceSelector": {
                    "any": null,
                    "matchNames": [
                      "goldpinger"
                    ]
                  },
                  "nativeHistogramBucketLimit": null,
                  "nativeHistogramMinBucketFactor": null,
                  "podTargetLabels": null,
                  "sampleLimit": null,
                  "scrapeClass": null,
                  "scrapeClassicHistograms": null,
                  "scrapeProtocols": null,
                  "selector": {
                    "matchExpressions": null,
                    "matchLabels": {
                      "app": "goldpinger"
                    }
                  },
                  "selectorMechanism": null,
                  "serviceDiscoveryRole": null,
                  "targetLabels": null,
                  "targetLimit": null
                }
              },
              "type": [
                "object",
                {
                  "apiVersion": "string",
                  "kind": "string",
                  "metadata": [
                    "object",
                    {
                      "annotations": [
                        "map",
                        "string"
                      ],
                      "creationTimestamp": "string",
                      "deletionGracePeriodSeconds": "number",
                      "deletionTimestamp": "string",
                      "finalizers": [
                        "list",
                        "string"
                      ],
                      "generateName": "string",
                      "generation": "number",
                      "labels": [
                        "map",
                        "string"
                      ],
                      "managedFields": [
                        "tuple",
                        [
                          [
                            "object",
                            {
                              "apiVersion": "string",
                              "fieldsType": "string",
                              "fieldsV1": "dynamic",
                              "manager": "string",
                              "operation": "string",
                              "subresource": "string",
                              "time": "string"
                            }
                          ]
                        ]
                      ],
                      "name": "string",
                      "namespace": "string",
                      "ownerReferences": [
                        "list",
                        [
                          "object",
                          {
                            "apiVersion": "string",
                            "blockOwnerDeletion": "bool",
                            "controller": "bool",
                            "kind": "string",
                            "name": "string",
                            "uid": "string"
                          }
                        ]
                      ],
                      "resourceVersion": "string",
                      "selfLink": "string",
                      "uid": "string"
                    }
                  ],
                  "spec": [
                    "object",
                    {
                      "attachMetadata": [
                        "object",
                        {
                          "node": "bool"
                        }
                      ],
                      "bodySizeLimit": "string",
                      "convertClassicHistogramsToNHCB": "bool",
                      "endpoints": [
                        "list",
                        [
                          "object",
                          {
                            "authorization": [
                              "object",
                              {
                                "credentials": [
                                  "object",
                                  {
                                    "key": "string",
                                    "name": "string",
                                    "optional": "bool"
                                  }
                                ],
                                "type": "string"
                              }
                            ],
                            "basicAuth": [
                              "object",
                              {
                                "password": [
                                  "object",
                                  {
                                    "key": "string",
                                    "name": "string",
                                    "optional": "bool"
                                  }
                                ],
                                "username": [
                                  "object",
                                  {
                                    "key": "string",
                                    "name": "string",
                                    "optional": "bool"
                                  }
                                ]
                              }
                            ],
                            "bearerTokenFile": "string",
                            "bearerTokenSecret": [
                              "object",
                              {
                                "key": "string",
                                "name": "string",
                                "optional": "bool"
                              }
                            ],
                            "enableHttp2": "bool",
                            "filterRunning": "bool",
                            "followRedirects": "bool",
                            "honorLabels": "bool",
                            "honorTimestamps": "bool",
                            "interval": "string",
                            "metricRelabelings": [
                              "list",
                              [
                                "object",
                                {
                                  "action": "string",
                                  "modulus": "number",
                                  "regex": "string",
                                  "replacement": "string",
                                  "separator": "string",
                                  "sourceLabels": [
                                    "list",
                                    "string"
                                  ],
                                  "targetLabel": "string"
                                }
                              ]
                            ],
                            "noProxy": "string",
                            "oauth2": [
                              "object",
                              {
                                "clientId": [
                                  "object",
                                  {
                                    "configMap": [
                                      "object",
                                      {
                                        "key": "string",
                                        "name": "string",
                                        "optional": "bool"
                                      }
                                    ],
                                    "secret": [
                                      "object",
                                      {
                                        "key": "string",
                                        "name": "string",
                                        "optional": "bool"
                                      }
                                    ]
                                  }
                                ],
                                "clientSecret": [
                                  "object",
                                  {
                                    "key": "string",
                                    "name": "string",
                                    "optional": "bool"
                                  }
                                ],
                                "endpointParams": [
                                  "map",
                                  "string"
                                ],
                                "noProxy": "string",
                                "proxyConnectHeader": [
                                  "map",
                                  [
                                    "list",
                                    [
                                      "object",
                                      {
                                        "key": "string",
                                        "name": "string",
                                        "optional": "bool"
                                      }
                                    ]
                                  ]
                                ],
                                "proxyFromEnvironment": "bool",
                                "proxyUrl": "string",
                                "scopes": [
                                  "list",
                                  "string"
                                ],
                                "tlsConfig": [
                                  "object",
                                  {
                                    "ca": [
                                      "object",
                                      {
                                        "configMap": [
                                          "object",
                                          {
                                            "key": "string",
                                            "name": "string",
                                            "optional": "bool"
                                          }
                                        ],
                                        "secret": [
                                          "object",
                                          {
                                            "key": "string",
                                            "name": "string",
                                            "optional": "bool"
                                          }
                                        ]
                                      }
                                    ],
                                    "cert": [
                                      "object",
                                      {
                                        "configMap": [
                                          "object",
                                          {
                                            "key": "string",
                                            "name": "string",
                                            "optional": "bool"
                                          }
                                        ],
                                        "secret": [
                                          "object",
                                          {
                                            "key": "string",
                                            "name": "string",
                                            "optional": "bool"
                                          }
                                        ]
                                      }
                                    ],
                                    "insecureSkipVerify": "bool",
                                    "keySecret": [
                                      "object",
                                      {
                                        "key": "string",
                                        "name": "string",
                                        "optional": "bool"
                                      }
                                    ],
                                    "maxVersion": "string",
                                    "minVersion": "string",
                                    "serverName": "string"
                                  }
                                ],
                                "tokenUrl": "string"
                              }
                            ],
                            "params": [
                              "map",
                              [
                                "list",
                                "string"
                              ]
                            ],
                            "path": "string",
                            "port": "string",
                            "proxyConnectHeader": [
                              "map",
                              [
                                "list",
                                [
                                  "object",
                                  {
                                    "key": "string",
                                    "name": "string",
                                    "optional": "bool"
                                  }
                                ]
                              ]
                            ],
                            "proxyFromEnvironment": "bool",
                            "proxyUrl": "string",
                            "relabelings": [
                              "list",
                              [
                                "object",
                                {
                                  "action": "string",
                                  "modulus": "number",
                                  "regex": "string",
                                  "replacement": "string",
                                  "separator": "string",
                                  "sourceLabels": [
                                    "list",
                                    "string"
                                  ],
                                  "targetLabel": "string"
                                }
                              ]
                            ],
                            "scheme": "string",
                            "scrapeTimeout": "string",
                            "targetPort": "string",
                            "tlsConfig": [
                              "object",
                              {
                                "ca": [
                                  "object",
                                  {
                                    "configMap": [
                                      "object",
                                      {
                                        "key": "string",
                                        "name": "string",
                                        "optional": "bool"
                                      }
                                    ],
                                    "secret": [
                                      "object",
                                      {
                                        "key": "string",
                                        "name": "string",
                                        "optional": "bool"
                                      }
                                    ]
                                  }
                                ],
                                "caFile": "string",
                                "cert": [
                                  "object",
                                  {
                                    "configMap": [
                                      "object",
                                      {
                                        "key": "string",
                                        "name": "string",
                                        "optional": "bool"
                                      }
                                    ],
                                    "secret": [
                                      "object",
                                      {
                                        "key": "string",
                                        "name": "string",
                                        "optional": "bool"
                                      }
                                    ]
                                  }
                                ],
                                "certFile": "string",
                                "insecureSkipVerify": "bool",
                                "keyFile": "string",
                                "keySecret": [
                                  "object",
                                  {
                                    "key": "string",
                                    "name": "string",
                                    "optional": "bool"
                                  }
                                ],
                                "maxVersion": "string",
                                "minVersion": "string",
                                "serverName": "string"
                              }
                            ],
                            "trackTimestampsStaleness": "bool"
                          }
                        ]
                      ],
                      "fallbackScrapeProtocol": "string",
                      "jobLabel": "string",
                      "keepDroppedTargets": "number",
                      "labelLimit": "number",
                      "labelNameLengthLimit": "number",
                      "labelValueLengthLimit": "number",
                      "namespaceSelector": [
                        "object",
                        {
                          "any": "bool",
                          "matchNames": [
                            "list",
                            "string"
                          ]
                        }
                      ],
                      "nativeHistogramBucketLimit": "number",
                      "nativeHistogramMinBucketFactor": "string",
                      "podTargetLabels": [
                        "list",
                        "string"
                      ],
                      "sampleLimit": "number",
                      "scrapeClass": "string",
                      "scrapeClassicHistograms": "bool",
                      "scrapeProtocols": [
                        "list",
                        "string"
                      ],
                      "selector": [
                        "object",
                        {
                          "matchExpressions": [
                            "list",
                            [
                              "object",
                              {
                                "key": "string",
                                "operator": "string",
                                "values": [
                                  "list",
                                  "string"
                                ]
                              }
                            ]
                          ],
                          "matchLabels": [
                            "map",
                            "string"
                          ]
                        }
                      ],
                      "selectorMechanism": "string",
                      "serviceDiscoveryRole": "string",
                      "targetLabels": [
                        "list",
                        "string"
                      ],
                      "targetLimit": "number"
                    }
                  ]
                }
              ]
            },
            "timeouts": [],
            "wait": [],
            "wait_for": null
          },
          "sensitive_attributes": [],
          "identity_schema_version": 1,
          "identity": {
            "api_version": "monitoring.coreos.com/v1",
            "kind": "ServiceMonitor",
            "name": "goldpinger",
            "namespace": "goldpinger"
          },
          "dependencies": [
            "module.goldpinger.kubernetes_cluster_role_binding_v1.goldpinger",
            "module.goldpinger.kubernetes_cluster_role_v1.goldpinger",
            "module.goldpinger.kubernetes_daemon_set_v1.goldpinger",
            "module.goldpinger.kubernetes_namespace_v1.goldpinger",
            "module.goldpinger.kubernetes_service_account_v1.goldpinger",
            "module.goldpinger.kubernetes_service_v1.goldpinger"
          ]
        }
      ]
    },
    {
      "module": "module.goldpinger",
      "mode": "managed",
      "type": "kubernetes_namespace_v1",
      "name": "goldpinger",
      "provider": "provider[\"registry.terraform.io/hashicorp/kubernetes\"]",
      "instances": [
        {
          "schema_version": 0,
          "attributes": {
            "id": "goldpinger",
            "metadata": [
              {
                "annotations": {
                  "cattle.io/status": "{\"Conditions\":[{\"Type\":\"ResourceQuotaInit\",\"Status\":\"True\",\"Message\":\"\",\"LastUpdateTime\":\"2026-08-02T07:14:39Z\"}]}",
                  "lifecycle.cattle.io/create.namespace-auth": "true"
                },
                "generate_name": "",
                "generation": 0,
                "labels": {},
                "name": "goldpinger",
                "resource_version": "12213790",
                "uid": "804de374-3439-42a4-b91d-97da513930a0"
              }
            ],
            "timeouts": null,
            "wait_for_default_service_account": false
          },
          "sensitive_attributes": [],
          "identity_schema_version": 1,
          "identity": {
            "api_version": "v1",
            "kind": "Namespace",
            "name": "goldpinger"
          },
          "private": "eyJlMmJmYjczMC1lY2FhLTExZTYtOGY4OC0zNDM2M2JjN2M0YzAiOnsiZGVsZXRlIjozMDAwMDAwMDAwMDB9fQ=="
        }
      ]
    },
    {
      "module": "module.goldpinger",
      "mode": "managed",
      "type": "kubernetes_service_account_v1",
      "name": "goldpinger",
      "provider": "provider[\"registry.terraform.io/hashicorp/kubernetes\"]",
      "instances": [
        {
          "schema_version": 0,
          "attributes": {
            "automount_service_account_token": true,
            "default_secret_name": "",
            "id": "goldpinger/goldpinger",
            "image_pull_secret": [],
            "metadata": [
              {
                "annotations": {},
                "generate_name": "",
                "generation": 0,
                "labels": {},
                "name": "goldpinger",
                "namespace": "goldpinger",
                "resource_version": "12083818",
                "uid": "d279393c-fbdf-4a70-bc37-dd25c7fd81ec"
              }
            ],
            "secret": [],
            "timeouts": null
          },
          "sensitive_attributes": [],
          "identity_schema_version": 1,
          "identity": {
            "api_version": "v1",
            "kind": "ServiceAccount",
            "name": "goldpinger",
            "namespace": "goldpinger"
          },
          "private": "eyJlMmJmYjczMC1lY2FhLTExZTYtOGY4OC0zNDM2M2JjN2M0YzAiOnsiY3JlYXRlIjozMDAwMDAwMDAwMH19",
          "dependencies": [
            "module.goldpinger.kubernetes_namespace_v1.goldpinger"
          ]
        }
      ]
    },
    {
      "module": "module.goldpinger",
      "mode": "managed",
      "type": "kubernetes_service_v1",
      "name": "goldpinger",
      "provider": "provider[\"registry.terraform.io/hashicorp/kubernetes\"]",
      "instances": [
        {
          "schema_version": 1,
          "attributes": {
            "id": "goldpinger/goldpinger",
            "metadata": [
              {
                "annotations": {
                  "field.cattle.io/publicEndpoints": "[{\"addresses\":[\"2601:840:4001:c780:be24:11ff:fe51:e202\"],\"port\":31078,\"protocol\":\"TCP\",\"serviceName\":\"goldpinger:goldpinger\",\"allNodes\":true}]"
                },
                "generate_name": "",
                "generation": 0,
                "labels": {
                  "app": "goldpinger"
                },
                "name": "goldpinger",
                "namespace": "goldpinger",
                "resource_version": "12213870",
                "uid": "02945012-2c22-420f-81af-442e64c710be"
              }
            ],
            "spec": [
              {
                "allocate_load_balancer_node_ports": true,
                "cluster_ip": "10.43.249.24",
                "cluster_ips": [
                  "10.43.249.24"
                ],
                "external_ips": [],
                "external_name": "",
                "external_traffic_policy": "Cluster",
                "health_check_node_port": 0,
                "internal_traffic_policy": "Cluster",
                "ip_families": [
                  "IPv4"
                ],
                "ip_family_policy": "SingleStack",
                "load_balancer_class": "",
                "load_balancer_ip": "",
                "load_balancer_source_ranges": [],
                "port": [
                  {
                    "app_protocol": "",
                    "name": "http",
                    "node_port": 31078,
                    "port": 80,
                    "protocol": "TCP",
                    "target_port": "8080"
                  }
                ],
                "publish_not_ready_addresses": false,
                "selector": {
                  "app": "goldpinger"
                },
                "session_affinity": "None",
                "session_affinity_config": [],
                "type": "NodePort"
              }
            ],
            "status": [
              {
                "load_balancer": [
                  {
                    "ingress": []
                  }
                ]
              }
            ],
            "timeouts": null,
            "wait_for_load_balancer": true
          },
          "sensitive_attributes": [],
          "identity_schema_version": 1,
          "identity": {
            "api_version": "v1",
            "kind": "Service",
            "name": "goldpinger",
            "namespace": "goldpinger"
          },
          "private": "eyJlMmJmYjczMC1lY2FhLTExZTYtOGY4OC0zNDM2M2JjN2M0YzAiOnsiY3JlYXRlIjo2MDAwMDAwMDAwMDB9LCJzY2hlbWFfdmVyc2lvbiI6IjEifQ==",
          "dependencies": [
            "module.goldpinger.kubernetes_cluster_role_binding_v1.goldpinger",
            "module.goldpinger.kubernetes_cluster_role_v1.goldpinger",
            "module.goldpinger.kubernetes_daemon_set_v1.goldpinger",
            "module.goldpinger.kubernetes_namespace_v1.goldpinger",
            "module.goldpinger.kubernetes_service_account_v1.goldpinger"
          ]
        }
      ]
    },
    {
      "module": "module.homepage",
      "mode": "managed",
      "type": "helm_release",
      "name": "homepage",
      "provider": "provider[\"registry.terraform.io/hashicorp/helm\"]",
      "instances": [
        {
          "schema_version": 2,
          "attributes": {
            "atomic": false,
            "chart": "homepage",
            "cleanup_on_fail": false,
            "create_namespace": true,
            "dependency_update": false,
            "description": null,
            "devel": null,
            "disable_crd_hooks": false,
            "disable_openapi_validation": false,
            "disable_webhooks": false,
            "force_update": false,
            "id": "homepage",
            "keyring": null,
            "lint": false,
            "manifest": null,
            "max_history": 0,
            "metadata": {
              "app_version": "v1.2.0",
              "chart": "homepage",
              "first_deployed": 1785654880,
              "last_deployed": 1785654880,
              "name": "homepage",
              "namespace": "homepage",
              "notes": "",
              "revision": 1,
              "values": "{}",
              "version": "2.1.0"
            },
            "name": "homepage",
            "namespace": "homepage",
            "pass_credentials": false,
            "postrender": null,
            "recreate_pods": false,
            "render_subchart_notes": true,
            "replace": false,
            "repository": "https://jameswynn.github.io/helm-charts",
            "repository_ca_file": null,
            "repository_cert_file": null,
            "repository_key_file": null,
            "repository_password": null,
            "repository_username": null,
            "reset_values": false,
            "reuse_values": false,
            "set": null,
            "set_list": null,
            "set_sensitive": null,
            "set_wo": null,
            "set_wo_revision": null,
            "skip_crds": false,
            "status": "deployed",
            "timeout": 600,
            "values": null,
            "verify": false,
            "version": "2.1.0",
            "wait": true,
            "wait_for_jobs": false
          },
          "sensitive_attributes": [
            [
              {
                "type": "get_attr",
                "value": "repository_password"
              }
            ]
          ],
          "identity_schema_version": 0,
          "identity": {
            "namespace": "homepage",
            "release_name": "homepage"
          }
        }
      ]
    },
    {
      "module": "module.infra",
      "mode": "managed",
      "type": "kubernetes_deployment",
      "name": "nginx",
      "provider": "provider[\"registry.terraform.io/hashicorp/kubernetes\"]",
      "instances": [
        {
          "schema_version": 1,
          "attributes": {
            "id": "terraform-demo/nginx-deployment",
            "metadata": [
              {
                "annotations": {},
                "generate_name": "",
                "generation": 1,
                "labels": {
                  "app": "nginx"
                },
                "name": "nginx-deployment",
                "namespace": "terraform-demo",
                "resource_version": "9311561",
                "uid": "bcc9009d-6532-41d7-b7da-aa2cdfaea2ad"
              }
            ],
            "spec": [
              {
                "min_ready_seconds": 0,
                "paused": false,
                "progress_deadline_seconds": 600,
                "replicas": "2",
                "revision_history_limit": 10,
                "selector": [
                  {
                    "match_expressions": [],
                    "match_labels": {
                      "app": "nginx"
                    }
                  }
                ],
                "strategy": [
                  {
                    "rolling_update": [
                      {
                        "max_surge": "25%",
                        "max_unavailable": "25%"
                      }
                    ],
                    "type": "RollingUpdate"
                  }
                ],
                "template": [
                  {
                    "metadata": [
                      {
                        "annotations": {},
                        "generate_name": "",
                        "generation": 0,
                        "labels": {
                          "app": "nginx"
                        },
                        "name": "",
                        "namespace": "",
                        "resource_version": "",
                        "uid": ""
                      }
                    ],
                    "spec": [
                      {
                        "active_deadline_seconds": 0,
                        "affinity": [],
                        "automount_service_account_token": true,
                        "container": [
                          {
                            "args": [],
                            "command": [],
                            "env": [],
                            "env_from": [],
                            "image": "nginx:1.25",
                            "image_pull_policy": "IfNotPresent",
                            "lifecycle": [],
                            "liveness_probe": [],
                            "name": "nginx",
                            "port": [
                              {
                                "container_port": 80,
                                "host_ip": "",
                                "host_port": 0,
                                "name": "",
                                "protocol": "TCP"
                              }
                            ],
                            "readiness_probe": [],
                            "resources": [
                              {
                                "limits": {},
                                "requests": {}
                              }
                            ],
                            "security_context": [],
                            "startup_probe": [],
                            "stdin": false,
                            "stdin_once": false,
                            "termination_message_path": "/dev/termination-log",
                            "termination_message_policy": "File",
                            "tty": false,
                            "volume_device": [],
                            "volume_mount": [],
                            "working_dir": ""
                          }
                        ],
                        "dns_config": [],
                        "dns_policy": "ClusterFirst",
                        "enable_service_links": true,
                        "host_aliases": [],
                        "host_ipc": false,
                        "host_network": false,
                        "host_pid": false,
                        "hostname": "",
                        "image_pull_secrets": [],
                        "init_container": [],
                        "node_name": "",
                        "node_selector": {},
                        "os": [],
                        "priority_class_name": "",
                        "readiness_gate": [],
                        "restart_policy": "Always",
                        "runtime_class_name": "",
                        "scheduler_name": "default-scheduler",
                        "security_context": [],
                        "service_account_name": "",
                        "share_process_namespace": false,
                        "subdomain": "",
                        "termination_grace_period_seconds": 30,
                        "toleration": [],
                        "topology_spread_constraint": [],
                        "volume": []
                      }
                    ]
                  }
                ]
              }
            ],
            "timeouts": null,
            "wait_for_rollout": true
          },
          "sensitive_attributes": [],
          "identity_schema_version": 1,
          "identity": {
            "api_version": "apps/v1",
            "kind": "Deployment",
            "name": "nginx-deployment",
            "namespace": "terraform-demo"
          },
          "private": "eyJlMmJmYjczMC1lY2FhLTExZTYtOGY4OC0zNDM2M2JjN2M0YzAiOnsiY3JlYXRlIjo2MDAwMDAwMDAwMDAsImRlbGV0ZSI6NjAwMDAwMDAwMDAwLCJ1cGRhdGUiOjYwMDAwMDAwMDAwMH0sInNjaGVtYV92ZXJzaW9uIjoiMSJ9",
          "dependencies": [
            "module.infra.kubernetes_namespace.example"
          ]
        }
      ]
    },
    {
      "module": "module.infra",
      "mode": "managed",
      "type": "kubernetes_namespace",
      "name": "example",
      "provider": "provider[\"registry.terraform.io/hashicorp/kubernetes\"]",
      "instances": [
        {
          "schema_version": 0,
          "attributes": {
            "id": "terraform-demo",
            "metadata": [
              {
                "annotations": {
                  "cattle.io/status": "{\"Conditions\":[{\"Type\":\"ResourceQuotaInit\",\"Status\":\"True\",\"Message\":\"\",\"LastUpdateTime\":\"2026-08-02T07:14:39Z\"}]}",
                  "lifecycle.cattle.io/create.namespace-auth": "true"
                },
                "generate_name": "",
                "generation": 0,
                "labels": {},
                "name": "terraform-demo",
                "resource_version": "12213789",
                "uid": "7fb79506-dc9c-4407-8086-02d95fd81a81"
              }
            ],
            "timeouts": null,
            "wait_for_default_service_account": false
          },
          "sensitive_attributes": [],
          "identity_schema_version": 1,
          "identity": {
            "api_version": "v1",
            "kind": "Namespace",
            "name": "terraform-demo"
          },
          "private": "eyJlMmJmYjczMC1lY2FhLTExZTYtOGY4OC0zNDM2M2JjN2M0YzAiOnsiZGVsZXRlIjozMDAwMDAwMDAwMDB9fQ=="
        }
      ]
    },
    {
      "module": "module.jellyfin",
      "mode": "managed",
      "type": "kubernetes_deployment_v1",
      "name": "jellyfin",
      "provider": "provider[\"registry.terraform.io/hashicorp/kubernetes\"]",
      "instances": [
        {
          "schema_version": 1,
          "attributes": {
            "id": "jellyfin/jellyfin",
            "metadata": [
              {
                "annotations": {},
                "generate_name": "",
                "generation": 30,
                "labels": {
                  "app": "jellyfin"
                },
                "name": "jellyfin",
                "namespace": "jellyfin",
                "resource_version": "12213862",
                "uid": "9b326c4b-d04d-410b-b63c-a5e288631240"
              }
            ],
            "spec": [
              {
                "min_ready_seconds": 0,
                "paused": false,
                "progress_deadline_seconds": 600,
                "replicas": "1",
                "revision_history_limit": 10,
                "selector": [
                  {
                    "match_expressions": [],
                    "match_labels": {
                      "app": "jellyfin"
                    }
                  }
                ],
                "strategy": [
                  {
                    "rolling_update": [
                      {
                        "max_surge": "25%",
                        "max_unavailable": "25%"
                      }
                    ],
                    "type": "RollingUpdate"
                  }
                ],
                "template": [
                  {
                    "metadata": [
                      {
                        "annotations": {},
                        "generate_name": "",
                        "generation": 0,
                        "labels": {
                          "app": "jellyfin"
                        },
                        "name": "",
                        "namespace": "",
                        "resource_version": "",
                        "uid": ""
                      }
                    ],
                    "spec": [
                      {
                        "active_deadline_seconds": 0,
                        "affinity": [],
                        "automount_service_account_token": true,
                        "container": [
                          {
                            "args": [],
                            "command": [],
                            "env": [
                              {
                                "name": "JELLYFIN_PublishedServerUrl",
                                "value": "http://localhost:8096",
                                "value_from": []
                              }
                            ],
                            "env_from": [],
                            "image": "jellyfin/jellyfin:latest",
                            "image_pull_policy": "IfNotPresent",
                            "lifecycle": [],
                            "liveness_probe": [],
                            "name": "jellyfin",
                            "port": [
                              {
                                "container_port": 8096,
                                "host_ip": "",
                                "host_port": 0,
                                "name": "http",
                                "protocol": "TCP"
                              }
                            ],
                            "readiness_probe": [],
                            "resources": [
                              {
                                "limits": {
                                  "cpu": "4",
                                  "memory": "16Gi",
                                  "nvidia.com/gpu": "1"
                                },
                                "requests": {
                                  "cpu": "250m",
                                  "memory": "512Mi",
                                  "nvidia.com/gpu": "1"
                                }
                              }
                            ],
                            "security_context": [],
                            "startup_probe": [],
                            "stdin": false,
                            "stdin_once": false,
                            "termination_message_path": "/dev/termination-log",
                            "termination_message_policy": "File",
                            "tty": false,
                            "volume_device": [],
                            "volume_mount": [
                              {
                                "mount_path": "/config",
                                "mount_propagation": "None",
                                "name": "jellyfin-data",
                                "read_only": false,
                                "sub_path": "config",
                                "sub_path_expr": ""
                              },
                              {
                                "mount_path": "/media",
                                "mount_propagation": "None",
                                "name": "jellyfin-data",
                                "read_only": true,
                                "sub_path": "media",
                                "sub_path_expr": ""
                              }
                            ],
                            "working_dir": ""
                          }
                        ],
                        "dns_config": [],
                        "dns_policy": "ClusterFirst",
                        "enable_service_links": true,
                        "host_aliases": [],
                        "host_ipc": false,
                        "host_network": false,
                        "host_pid": false,
                        "hostname": "",
                        "image_pull_secrets": [],
                        "init_container": [],
                        "node_name": "",
                        "node_selector": {
                          "kubernetes.io/hostname": "rancher-gpu1"
                        },
                        "os": [],
                        "priority_class_name": "",
                        "readiness_gate": [],
                        "restart_policy": "Always",
                        "runtime_class_name": "",
                        "scheduler_name": "default-scheduler",
                        "security_context": [
                          {
                            "fs_group": "1000",
                            "fs_group_change_policy": "",
                            "run_as_group": "",
                            "run_as_non_root": false,
                            "run_as_user": "",
                            "se_linux_options": [],
                            "seccomp_profile": [],
                            "supplemental_groups": [],
                            "sysctl": [],
                            "windows_options": []
                          }
                        ],
                        "service_account_name": "",
                        "share_process_namespace": false,
                        "subdomain": "",
                        "termination_grace_period_seconds": 30,
                        "toleration": [],
                        "topology_spread_constraint": [],
                        "volume": [
                          {
                            "aws_elastic_block_store": [],
                            "azure_disk": [],
                            "azure_file": [],
                            "ceph_fs": [],
                            "cinder": [],
                            "config_map": [],
                            "csi": [],
                            "downward_api": [],
                            "empty_dir": [],
                            "ephemeral": [],
                            "fc": [],
                            "flex_volume": [],
                            "flocker": [],
                            "gce_persistent_disk": [],
                            "git_repo": [],
                            "glusterfs": [],
                            "host_path": [],
                            "iscsi": [],
                            "local": [],
                            "name": "jellyfin-data",
                            "nfs": [],
                            "persistent_volume_claim": [
                              {
                                "claim_name": "jellyfin-data",
                                "read_only": false
                              }
                            ],
                            "photon_persistent_disk": [],
                            "projected": [],
                            "quobyte": [],
                            "rbd": [],
                            "secret": [],
                            "vsphere_volume": []
                          }
                        ]
                      }
                    ]
                  }
                ]
              }
            ],
            "timeouts": null,
            "wait_for_rollout": true
          },
          "sensitive_attributes": [],
          "identity_schema_version": 1,
          "identity": {
            "api_version": "apps/v1",
            "kind": "Deployment",
            "name": "jellyfin",
            "namespace": "jellyfin"
          },
          "private": "eyJlMmJmYjczMC1lY2FhLTExZTYtOGY4OC0zNDM2M2JjN2M0YzAiOnsiY3JlYXRlIjo2MDAwMDAwMDAwMDAsImRlbGV0ZSI6NjAwMDAwMDAwMDAwLCJ1cGRhdGUiOjYwMDAwMDAwMDAwMH0sInNjaGVtYV92ZXJzaW9uIjoiMSJ9",
          "dependencies": [
            "module.jellyfin.kubernetes_namespace_v1.jellyfin",
            "module.jellyfin.kubernetes_persistent_volume_claim_v1.jellyfin",
            "module.jellyfin.kubernetes_persistent_volume_v1.jellyfin",
            "module.jellyfin.kubernetes_storage_class_v1.jellyfin_nfs"
          ]
        }
      ]
    },
    {
      "module": "module.jellyfin",
      "mode": "managed",
      "type": "kubernetes_namespace_v1",
      "name": "jellyfin",
      "provider": "provider[\"registry.terraform.io/hashicorp/kubernetes\"]",
      "instances": [
        {
          "schema_version": 0,
          "attributes": {
            "id": "jellyfin",
            "metadata": [
              {
                "annotations": {
                  "cattle.io/status": "{\"Conditions\":[{\"Type\":\"ResourceQuotaInit\",\"Status\":\"True\",\"Message\":\"\",\"LastUpdateTime\":\"2026-08-02T07:14:39Z\"}]}",
                  "lifecycle.cattle.io/create.namespace-auth": "true"
                },
                "generate_name": "",
                "generation": 0,
                "labels": {},
                "name": "jellyfin",
                "resource_version": "12213788",
                "uid": "677f1003-c232-4ed1-a40c-61f55920b0c8"
              }
            ],
            "timeouts": null,
            "wait_for_default_service_account": false
          },
          "sensitive_attributes": [],
          "identity_schema_version": 1,
          "identity": {
            "api_version": "v1",
            "kind": "Namespace",
            "name": "jellyfin"
          },
          "private": "eyJlMmJmYjczMC1lY2FhLTExZTYtOGY4OC0zNDM2M2JjN2M0YzAiOnsiZGVsZXRlIjozMDAwMDAwMDAwMDB9fQ=="
        }
      ]
    },
    {
      "module": "module.jellyfin",
      "mode": "managed",
      "type": "kubernetes_persistent_volume_claim_v1",
      "name": "jellyfin",
      "provider": "provider[\"registry.terraform.io/hashicorp/kubernetes\"]",
      "instances": [
        {
          "schema_version": 0,
          "attributes": {
            "id": "jellyfin/jellyfin-data",
            "metadata": [
              {
                "annotations": {},
                "generate_name": "",
                "generation": 0,
                "labels": {},
                "name": "jellyfin-data",
                "namespace": "jellyfin",
                "resource_version": "808763",
                "uid": "495f5300-cbd4-44e7-95c4-d27eba723c05"
              }
            ],
            "spec": [
              {
                "access_modes": [
                  "ReadWriteMany"
                ],
                "resources": [
                  {
                    "limits": {},
                    "requests": {
                      "storage": "1Ti"
                    }
                  }
                ],
                "selector": [],
                "storage_class_name": "jellyfin-nfs",
                "volume_mode": "Filesystem",
                "volume_name": "jellyfin-data-pv"
              }
            ],
            "timeouts": null,
            "wait_until_bound": true
          },
          "sensitive_attributes": [],
          "identity_schema_version": 0,
          "private": "eyJlMmJmYjczMC1lY2FhLTExZTYtOGY4OC0zNDM2M2JjN2M0YzAiOnsiY3JlYXRlIjozMDAwMDAwMDAwMDB9fQ==",
          "dependencies": [
            "module.jellyfin.kubernetes_namespace_v1.jellyfin",
            "module.jellyfin.kubernetes_persistent_volume_v1.jellyfin",
            "module.jellyfin.kubernetes_storage_class_v1.jellyfin_nfs"
          ]
        }
      ]
    },
    {
      "module": "module.jellyfin",
      "mode": "managed",
      "type": "kubernetes_persistent_volume_v1",
      "name": "jellyfin",
      "provider": "provider[\"registry.terraform.io/hashicorp/kubernetes\"]",
      "instances": [
        {
          "schema_version": 0,
          "attributes": {
            "id": "jellyfin-data-pv",
            "metadata": [
              {
                "annotations": {},
                "generation": 0,
                "labels": {},
                "name": "jellyfin-data-pv",
                "resource_version": "808686",
                "uid": "5dcf412b-dc8e-4daf-b6f1-3ba4f84529d1"
              }
            ],
            "spec": [
              {
                "access_modes": [
                  "ReadWriteMany"
                ],
                "capacity": {
                  "storage": "1Ti"
                },
                "claim_ref": [
                  {
                    "name": "jellyfin-data",
                    "namespace": "jellyfin"
                  }
                ],
                "mount_options": [
                  "hard",
                  "nfsvers=4.1"
                ],
                "node_affinity": [],
                "persistent_volume_reclaim_policy": "Retain",
                "persistent_volume_source": [
                  {
                    "aws_elastic_block_store": [],
                    "azure_disk": [],
                    "azure_file": [],
                    "ceph_fs": [],
                    "cinder": [],
                    "csi": [
                      {
                        "controller_expand_secret_ref": [],
                        "controller_publish_secret_ref": [],
                        "driver": "nfs.csi.k8s.io",
                        "fs_type": "",
                        "node_publish_secret_ref": [],
                        "node_stage_secret_ref": [],
                        "read_only": false,
                        "volume_attributes": {
                          "server": "10.0.0.9",
                          "share": "/Volume2/Labdata/jellyfin"
                        },
                        "volume_handle": "jellyfin-data"
                      }
                    ],
                    "fc": [],
                    "flex_volume": [],
                    "flocker": [],
                    "gce_persistent_disk": [],
                    "glusterfs": [],
                    "host_path": [],
                    "iscsi": [],
                    "local": [],
                    "nfs": [],
                    "photon_persistent_disk": [],
                    "quobyte": [],
                    "rbd": [],
                    "vsphere_volume": []
                  }
                ],
                "storage_class_name": "jellyfin-nfs",
                "volume_mode": "Filesystem"
              }
            ],
            "timeouts": null
          },
          "sensitive_attributes": [],
          "identity_schema_version": 0,
          "private": "eyJlMmJmYjczMC1lY2FhLTExZTYtOGY4OC0zNDM2M2JjN2M0YzAiOnsiY3JlYXRlIjozMDAwMDAwMDAwMDB9fQ==",
          "dependencies": [
            "module.jellyfin.kubernetes_storage_class_v1.jellyfin_nfs"
          ]
        }
      ]
    },
    {
      "module": "module.jellyfin",
      "mode": "managed",
      "type": "kubernetes_service_v1",
      "name": "jellyfin",
      "provider": "provider[\"registry.terraform.io/hashicorp/kubernetes\"]",
      "instances": [
        {
          "schema_version": 1,
          "attributes": {
            "id": "jellyfin/jellyfin",
            "metadata": [
              {
                "annotations": {
                  "field.cattle.io/publicEndpoints": "[{\"addresses\":[\"2601:840:4001:c780:be24:11ff:fe51:e202\"],\"port\":30096,\"protocol\":\"TCP\",\"serviceName\":\"jellyfin:jellyfin\",\"allNodes\":true}]"
                },
                "generate_name": "",
                "generation": 0,
                "labels": {},
                "name": "jellyfin",
                "namespace": "jellyfin",
                "resource_version": "12213868",
                "uid": "699294ef-512a-4e29-a81b-85041145f2b1"
              }
            ],
            "spec": [
              {
                "allocate_load_balancer_node_ports": true,
                "cluster_ip": "10.43.152.195",
                "cluster_ips": [
                  "10.43.152.195"
                ],
                "external_ips": [],
                "external_name": "",
                "external_traffic_policy": "Cluster",
                "health_check_node_port": 0,
                "internal_traffic_policy": "Cluster",
                "ip_families": [
                  "IPv4"
                ],
                "ip_family_policy": "SingleStack",
                "load_balancer_class": "",
                "load_balancer_ip": "",
                "load_balancer_source_ranges": [],
                "port": [
                  {
                    "app_protocol": "",
                    "name": "http",
                    "node_port": 30096,
                    "port": 8096,
                    "protocol": "TCP",
                    "target_port": "8096"
                  }
                ],
                "publish_not_ready_addresses": false,
                "selector": {
                  "app": "jellyfin"
                },
                "session_affinity": "None",
                "session_affinity_config": [],
                "type": "NodePort"
              }
            ],
            "status": [
              {
                "load_balancer": [
                  {
                    "ingress": []
                  }
                ]
              }
            ],
            "timeouts": null,
            "wait_for_load_balancer": true
          },
          "sensitive_attributes": [],
          "identity_schema_version": 1,
          "identity": {
            "api_version": "v1",
            "kind": "Service",
            "name": "jellyfin",
            "namespace": "jellyfin"
          },
          "private": "eyJlMmJmYjczMC1lY2FhLTExZTYtOGY4OC0zNDM2M2JjN2M0YzAiOnsiY3JlYXRlIjo2MDAwMDAwMDAwMDB9LCJzY2hlbWFfdmVyc2lvbiI6IjEifQ==",
          "dependencies": [
            "module.jellyfin.kubernetes_deployment_v1.jellyfin",
            "module.jellyfin.kubernetes_namespace_v1.jellyfin",
            "module.jellyfin.kubernetes_persistent_volume_claim_v1.jellyfin",
            "module.jellyfin.kubernetes_persistent_volume_v1.jellyfin",
            "module.jellyfin.kubernetes_storage_class_v1.jellyfin_nfs"
          ]
        }
      ]
    },
    {
      "module": "module.jellyfin",
      "mode": "managed",
      "type": "kubernetes_storage_class_v1",
      "name": "jellyfin_nfs",
      "provider": "provider[\"registry.terraform.io/hashicorp/kubernetes\"]",
      "instances": [
        {
          "schema_version": 0,
          "attributes": {
            "allow_volume_expansion": true,
            "allowed_topologies": [],
            "id": "jellyfin-nfs",
            "metadata": [
              {
                "annotations": {},
                "generate_name": "",
                "generation": 0,
                "labels": {},
                "name": "jellyfin-nfs",
                "resource_version": "808667",
                "uid": "c5a141c7-c36f-4b50-a9c4-09148915b289"
              }
            ],
            "mount_options": [
              "hard",
              "nfsvers=4.1"
            ],
            "parameters": {
              "server": "10.0.0.9",
              "share": "/Volume2/Labdata/jellyfin"
            },
            "reclaim_policy": "Retain",
            "storage_provisioner": "nfs.csi.k8s.io",
            "volume_binding_mode": "Immediate"
          },
          "sensitive_attributes": [],
          "identity_schema_version": 0,
          "private": "bnVsbA=="
        }
      ]
    },
    {
      "module": "module.kubevirt",
      "mode": "managed",
      "type": "kubernetes_manifest",
      "name": "kubevirt_operator",
      "provider": "provider[\"registry.terraform.io/hashicorp/kubernetes\"]",
      "instances": [
        {
          "index_key": "2",
          "status": "tainted",
          "schema_version": 1,
          "attributes": {
            "computed_fields": null,
            "field_manager": [],
            "manifest": {
              "value": {
                "apiVersion": "scheduling.k8s.io/v1",
                "description": "This priority class should be used for core kubevirt components only.",
                "globalDefault": false,
                "kind": "PriorityClass",
                "metadata": {
                  "name": "kubevirt-cluster-critical"
                },
                "value": 1000000000
              },
              "type": [
                "object",
                {
                  "apiVersion": "string",
                  "description": "string",
                  "globalDefault": "bool",
                  "kind": "string",
                  "metadata": [
                    "object",
                    {
                      "name": "string"
                    }
                  ],
                  "value": "number"
                }
              ]
            },
            "object": {
              "value": {
                "apiVersion": "scheduling.k8s.io/v1",
                "description": "This priority class should be used for core kubevirt components only.",
                "globalDefault": null,
                "kind": "PriorityClass",
                "metadata": {
                  "annotations": null,
                  "creationTimestamp": null,
                  "deletionGracePeriodSeconds": null,
                  "deletionTimestamp": null,
                  "finalizers": null,
                  "generateName": null,
                  "generation": null,
                  "labels": null,
                  "managedFields": null,
                  "name": "kubevirt-cluster-critical",
                  "namespace": null,
                  "ownerReferences": null,
                  "resourceVersion": null,
                  "selfLink": null,
                  "uid": null
                },
                "preemptionPolicy": "PreemptLowerPriority",
                "value": 1000000000
              },
              "type": [
                "object",
                {
                  "apiVersion": "string",
                  "description": "string",
                  "globalDefault": "bool",
                  "kind": "string",
                  "metadata": [
                    "object",
                    {
                      "annotations": [
                        "map",
                        "string"
                      ],
                      "creationTimestamp": "string",
                      "deletionGracePeriodSeconds": "number",
                      "deletionTimestamp": "string",
                      "finalizers": [
                        "list",
                        "string"
                      ],
                      "generateName": "string",
                      "generation": "number",
                      "labels": [
                        "map",
                        "string"
                      ],
                      "managedFields": [
                        "tuple",
                        [
                          [
                            "object",
                            {
                              "apiVersion": "string",
                              "fieldsType": "string",
                              "fieldsV1": "dynamic",
                              "manager": "string",
                              "operation": "string",
                              "subresource": "string",
                              "time": "string"
                            }
                          ]
                        ]
                      ],
                      "name": "string",
                      "namespace": "string",
                      "ownerReferences": [
                        "list",
                        [
                          "object",
                          {
                            "apiVersion": "string",
                            "blockOwnerDeletion": "bool",
                            "controller": "bool",
                            "kind": "string",
                            "name": "string",
                            "uid": "string"
                          }
                        ]
                      ],
                      "resourceVersion": "string",
                      "selfLink": "string",
                      "uid": "string"
                    }
                  ],
                  "preemptionPolicy": "string",
                  "value": "number"
                }
              ]
            },
            "timeouts": [],
            "wait": [],
            "wait_for": null
          },
          "sensitive_attributes": [],
          "identity_schema_version": 1,
          "identity": {
            "api_version": "scheduling.k8s.io/v1",
            "kind": "PriorityClass",
            "name": "kubevirt-cluster-critical",
            "namespace": ""
          }
        },
        {
          "index_key": "3",
          "schema_version": 1,
          "attributes": {
            "computed_fields": null,
            "field_manager": [],
            "manifest": {
              "value": {
                "apiVersion": "rbac.authorization.k8s.io/v1",
                "kind": "ClusterRole",
                "metadata": {
                  "labels": {
                    "operator.kubevirt.io": "",
                    "rbac.authorization.k8s.io/aggregate-to-admin": "true"
                  },
                  "name": "kubevirt.io:operator"
                },
                "rules": [
                  {
                    "apiGroups": [
                      "kubevirt.io"
                    ],
                    "resources": [
                      "kubevirts"
                    ],
                    "verbs": [
                      "get",
                      "delete",
                      "create",
                      "update",
                      "patch",
                      "list",
                      "watch",
                      "deletecollection"
                    ]
                  }
                ]
              },
              "type": [
                "object",
                {
                  "apiVersion": "string",
                  "kind": "string",
                  "metadata": [
                    "object",
                    {
                      "labels": [
                        "object",
                        {
                          "operator.kubevirt.io": "string",
                          "rbac.authorization.k8s.io/aggregate-to-admin": "string"
                        }
                      ],
                      "name": "string"
                    }
                  ],
                  "rules": [
                    "tuple",
                    [
                      [
                        "object",
                        {
                          "apiGroups": [
                            "tuple",
                            [
                              "string"
                            ]
                          ],
                          "resources": [
                            "tuple",
                            [
                              "string"
                            ]
                          ],
                          "verbs": [
                            "tuple",
                            [
                              "string",
                              "string",
                              "string",
                              "string",
                              "string",
                              "string",
                              "string",
                              "string"
                            ]
                          ]
                        }
                      ]
                    ]
                  ]
                }
              ]
            },
            "object": {
              "value": {
                "aggregationRule": {
                  "clusterRoleSelectors": null
                },
                "apiVersion": "rbac.authorization.k8s.io/v1",
                "kind": "ClusterRole",
                "metadata": {
                  "annotations": null,
                  "creationTimestamp": null,
                  "deletionGracePeriodSeconds": null,
                  "deletionTimestamp": null,
                  "finalizers": null,
                  "generateName": null,
                  "generation": null,
                  "labels": {
                    "operator.kubevirt.io": "",
                    "rbac.authorization.k8s.io/aggregate-to-admin": "true"
                  },
                  "managedFields": null,
                  "name": "kubevirt.io:operator",
                  "namespace": null,
                  "ownerReferences": null,
                  "resourceVersion": null,
                  "selfLink": null,
                  "uid": null
                },
                "rules": [
                  {
                    "apiGroups": [
                      "kubevirt.io"
                    ],
                    "nonResourceURLs": null,
                    "resourceNames": null,
                    "resources": [
                      "kubevirts"
                    ],
                    "verbs": [
                      "get",
                      "delete",
                      "create",
                      "update",
                      "patch",
                      "list",
                      "watch",
                      "deletecollection"
                    ]
                  }
                ]
              },
              "type": [
                "object",
                {
                  "aggregationRule": [
                    "object",
                    {
                      "clusterRoleSelectors": [
                        "list",
                        [
                          "object",
                          {
                            "matchExpressions": [
                              "list",
                              [
                                "object",
                                {
                                  "key": "string",
                                  "operator": "string",
                                  "values": [
                                    "list",
                                    "string"
                                  ]
                                }
                              ]
                            ],
                            "matchLabels": [
                              "map",
                              "string"
                            ]
                          }
                        ]
                      ]
                    }
                  ],
                  "apiVersion": "string",
                  "kind": "string",
                  "metadata": [
                    "object",
                    {
                      "annotations": [
                        "map",
                        "string"
                      ],
                      "creationTimestamp": "string",
                      "deletionGracePeriodSeconds": "number",
                      "deletionTimestamp": "string",
                      "finalizers": [
                        "list",
                        "string"
                      ],
                      "generateName": "string",
                      "generation": "number",
                      "labels": [
                        "map",
                        "string"
                      ],
                      "managedFields": [
                        "tuple",
                        [
                          [
                            "object",
                            {
                              "apiVersion": "string",
                              "fieldsType": "string",
                              "fieldsV1": "dynamic",
                              "manager": "string",
                              "operation": "string",
                              "subresource": "string",
                              "time": "string"
                            }
                          ]
                        ]
                      ],
                      "name": "string",
                      "namespace": "string",
                      "ownerReferences": [
                        "list",
                        [
                          "object",
                          {
                            "apiVersion": "string",
                            "blockOwnerDeletion": "bool",
                            "controller": "bool",
                            "kind": "string",
                            "name": "string",
                            "uid": "string"
                          }
                        ]
                      ],
                      "resourceVersion": "string",
                      "selfLink": "string",
                      "uid": "string"
                    }
                  ],
                  "rules": [
                    "list",
                    [
                      "object",
                      {
                        "apiGroups": [
                          "list",
                          "string"
                        ],
                        "nonResourceURLs": [
                          "list",
                          "string"
                        ],
                        "resourceNames": [
                          "list",
                          "string"
                        ],
                        "resources": [
                          "list",
                          "string"
                        ],
                        "verbs": [
                          "list",
                          "string"
                        ]
                      }
                    ]
                  ]
                }
              ]
            },
            "timeouts": [],
            "wait": [],
            "wait_for": null
          },
          "sensitive_attributes": [],
          "identity_schema_version": 1,
          "identity": {
            "api_version": "rbac.authorization.k8s.io/v1",
            "kind": "ClusterRole",
            "name": "kubevirt.io:operator",
            "namespace": ""
          }
        },
        {
          "index_key": "5",
          "schema_version": 1,
          "attributes": {
            "computed_fields": null,
            "field_manager": [],
            "manifest": {
              "value": {
                "apiVersion": "rbac.authorization.k8s.io/v1",
                "kind": "Role",
                "metadata": {
                  "labels": {
                    "kubevirt.io": ""
                  },
                  "name": "kubevirt-operator",
                  "namespace": "kubevirt"
                },
                "rules": [
                  {
                    "apiGroups": [
                      ""
                    ],
                    "resourceNames": [
                      "kubevirt-ca",
                      "kubevirt-export-ca",
                      "kubevirt-virt-handler-certs",
                      "kubevirt-virt-handler-server-certs",
                      "kubevirt-operator-certs",
                      "kubevirt-virt-api-certs",
                      "kubevirt-controller-certs",
                      "kubevirt-exportproxy-certs",
                      "kubevirt-synchronization-controller-certs",
                      "kubevirt-synchronization-controller-server-certs"
                    ],
                    "resources": [
                      "secrets"
                    ],
                    "verbs": [
                      "create",
                      "get",
                      "list",
                      "watch",
                      "patch",
                      "delete"
                    ]
                  },
                  {
                    "apiGroups": [
                      ""
                    ],
                    "resources": [
                      "configmaps"
                    ],
                    "verbs": [
                      "create",
                      "get",
                      "list",
                      "watch",
                      "patch",
                      "delete"
                    ]
                  },
                  {
                    "apiGroups": [
                      "route.openshift.io"
                    ],
                    "resources": [
                      "routes"
                    ],
                    "verbs": [
                      "create",
                      "get",
                      "list",
                      "watch",
                      "patch",
                      "delete"
                    ]
                  },
                  {
                    "apiGroups": [
                      "route.openshift.io"
                    ],
                    "resources": [
                      "routes/custom-host"
                    ],
                    "verbs": [
                      "create"
                    ]
                  },
                  {
                    "apiGroups": [
                      "coordination.k8s.io"
                    ],
                    "resources": [
                      "leases"
                    ],
                    "verbs": [
                      "get",
                      "list",
                      "watch",
                      "delete",
                      "update",
                      "create",
                      "patch"
                    ]
                  },
                  {
                    "apiGroups": [
                      ""
                    ],
                    "resources": [
                      "configmaps"
                    ],
                    "verbs": [
                      "get",
                      "list",
                      "watch"
                    ]
                  },
                  {
                    "apiGroups": [
                      "route.openshift.io"
                    ],
                    "resources": [
                      "routes"
                    ],
                    "verbs": [
                      "list",
                      "get",
                      "watch"
                    ]
                  },
                  {
                    "apiGroups": [
                      ""
                    ],
                    "resources": [
                      "secrets"
                    ],
                    "verbs": [
                      "list",
                      "get",
                      "watch"
                    ]
                  },
                  {
                    "apiGroups": [
                      "networking.k8s.io"
                    ],
                    "resources": [
                      "ingresses"
                    ],
                    "verbs": [
                      "list",
                      "get",
                      "watch"
                    ]
                  },
                  {
                    "apiGroups": [
                      "coordination.k8s.io"
                    ],
                    "resources": [
                      "leases"
                    ],
                    "verbs": [
                      "get",
                      "list",
                      "watch",
                      "delete",
                      "update",
                      "create",
                      "patch"
                    ]
                  },
                  {
                    "apiGroups": [
                      ""
                    ],
                    "resources": [
                      "configmaps"
                    ],
                    "verbs": [
                      "get",
                      "list",
                      "watch"
                    ]
                  },
                  {
                    "apiGroups": [
                      ""
                    ],
                    "resourceNames": [
                      "kubevirt-export-ca"
                    ],
                    "resources": [
                      "configmaps"
                    ],
                    "verbs": [
                      "get",
                      "list",
                      "watch"
                    ]
                  },
                  {
                    "apiGroups": [
                      ""
                    ],
                    "resourceNames": [
                      "kubevirt-ca"
                    ],
                    "resources": [
                      "configmaps"
                    ],
                    "verbs": [
                      "get",
                      "list",
                      "watch"
                    ]
                  },
                  {
                    "apiGroups": [
                      "coordination.k8s.io"
                    ],
                    "resources": [
                      "leases"
                    ],
                    "verbs": [
                      "get",
                      "list",
                      "watch",
                      "delete",
                      "update",
                      "create",
                      "patch"
                    ]
                  }
                ]
              },
              "type": [
                "object",
                {
                  "apiVersion": "string",
                  "kind": "string",
                  "metadata": [
                    "object",
                    {
                      "labels": [
                        "object",
                        {
                          "kubevirt.io": "string"
                        }
                      ],
                      "name": "string",
                      "namespace": "string"
                    }
                  ],
                  "rules": [
                    "tuple",
                    [
                      [
                        "object",
                        {
                          "apiGroups": [
                            "tuple",
                            [
                              "string"
                            ]
                          ],
                          "resourceNames": [
                            "tuple",
                            [
                              "string",
                              "string",
                              "string",
                              "string",
                              "string",
                              "string",
                              "string",
                              "string",
                              "string",
                              "string"
                            ]
                          ],
                          "resources": [
                            "tuple",
                            [
                              "string"
                            ]
                          ],
                          "verbs": [
                            "tuple",
                            [
                              "string",
                              "string",
                              "string",
                              "string",
                              "string",
                              "string"
                            ]
                          ]
                        }
                      ],
                      [
                        "object",
                        {
                          "apiGroups": [
                            "tuple",
                            [
                              "string"
                            ]
                          ],
                          "resources": [
                            "tuple",
                            [
                              "string"
                            ]
                          ],
                          "verbs": [
                            "tuple",
                            [
                              "string",
                              "string",
                              "string",
                              "string",
                              "string",
                              "string"
                            ]
                          ]
                        }
                      ],
                      [
                        "object",
                        {
                          "apiGroups": [
                            "tuple",
                            [
                              "string"
                            ]
                          ],
                          "resources": [
                            "tuple",
                            [
                              "string"
                            ]
                          ],
                          "verbs": [
                            "tuple",
                            [
                              "string",
                              "string",
                              "string",
                              "string",
                              "string",
                              "string"
                            ]
                          ]
                        }
                      ],
                      [
                        "object",
                        {
                          "apiGroups": [
                            "tuple",
                            [
                              "string"
                            ]
                          ],
                          "resources": [
                            "tuple",
                            [
                              "string"
                            ]
                          ],
                          "verbs": [
                            "tuple",
                            [
                              "string"
                            ]
                          ]
                        }
                      ],
                      [
                        "object",
                        {
                          "apiGroups": [
                            "tuple",
                            [
                              "string"
                            ]
                          ],
                          "resources": [
                            "tuple",
                            [
                              "string"
                            ]
                          ],
                          "verbs": [
                            "tuple",
                            [
                              "string",
                              "string",
                              "string",
                              "string",
                              "string",
                              "string",
                              "string"
                            ]
                          ]
                        }
                      ],
                      [
                        "object",
                        {
                          "apiGroups": [
                            "tuple",
                            [
                              "string"
                            ]
                          ],
                          "resources": [
                            "tuple",
                            [
                              "string"
                            ]
                          ],
                          "verbs": [
                            "tuple",
                            [
                              "string",
                              "string",
                              "string"
                            ]
                          ]
                        }
                      ],
                      [
                        "object",
                        {
                          "apiGroups": [
                            "tuple",
                            [
                              "string"
                            ]
                          ],
                          "resources": [
                            "tuple",
                            [
                              "string"
                            ]
                          ],
                          "verbs": [
                            "tuple",
                            [
                              "string",
                              "string",
                              "string"
                            ]
                          ]
                        }
                      ],
                      [
                        "object",
                        {
                          "apiGroups": [
                            "tuple",
                            [
                              "string"
                            ]
                          ],
                          "resources": [
                            "tuple",
                            [
                              "string"
                            ]
                          ],
                          "verbs": [
                            "tuple",
                            [
                              "string",
                              "string",
                              "string"
                            ]
                          ]
                        }
                      ],
                      [
                        "object",
                        {
                          "apiGroups": [
                            "tuple",
                            [
                              "string"
                            ]
                          ],
                          "resources": [
                            "tuple",
                            [
                              "string"
                            ]
                          ],
                          "verbs": [
                            "tuple",
                            [
                              "string",
                              "string",
                              "string"
                            ]
                          ]
                        }
                      ],
                      [
                        "object",
                        {
                          "apiGroups": [
                            "tuple",
                            [
                              "string"
                            ]
                          ],
                          "resources": [
                            "tuple",
                            [
                              "string"
                            ]
                          ],
                          "verbs": [
                            "tuple",
                            [
                              "string",
                              "string",
                              "string",
                              "string",
                              "string",
                              "string",
                              "string"
                            ]
                          ]
                        }
                      ],
                      [
                        "object",
                        {
                          "apiGroups": [
                            "tuple",
                            [
                              "string"
                            ]
                          ],
                          "resources": [
                            "tuple",
                            [
                              "string"
                            ]
                          ],
                          "verbs": [
                            "tuple",
                            [
                              "string",
                              "string",
                              "string"
                            ]
                          ]
                        }
                      ],
                      [
                        "object",
                        {
                          "apiGroups": [
                            "tuple",
                            [
                              "string"
                            ]
                          ],
                          "resourceNames": [
                            "tuple",
                            [
                              "string"
                            ]
                          ],
                          "resources": [
                            "tuple",
                            [
                              "string"
                            ]
                          ],
                          "verbs": [
                            "tuple",
                            [
                              "string",
                              "string",
                              "string"
                            ]
                          ]
                        }
                      ],
                      [
                        "object",
                        {
                          "apiGroups": [
                            "tuple",
                            [
                              "string"
                            ]
                          ],
                          "resourceNames": [
                            "tuple",
                            [
                              "string"
                            ]
                          ],
                          "resources": [
                            "tuple",
                            [
                              "string"
                            ]
                          ],
                          "verbs": [
                            "tuple",
                            [
                              "string",
                              "string",
                              "string"
                            ]
                          ]
                        }
                      ],
                      [
                        "object",
                        {
                          "apiGroups": [
                            "tuple",
                            [
                              "string"
                            ]
                          ],
                          "resources": [
                            "tuple",
                            [
                              "string"
                            ]
                          ],
                          "verbs": [
                            "tuple",
                            [
                              "string",
                              "string",
                              "string",
                              "string",
                              "string",
                              "string",
                              "string"
                            ]
                          ]
                        }
                      ]
                    ]
                  ]
                }
              ]
            },
            "object": {
              "value": {
                "apiVersion": "rbac.authorization.k8s.io/v1",
                "kind": "Role",
                "metadata": {
                  "annotations": null,
                  "creationTimestamp": null,
                  "deletionGracePeriodSeconds": null,
                  "deletionTimestamp": null,
                  "finalizers": null,
                  "generateName": null,
                  "generation": null,
                  "labels": {
                    "kubevirt.io": ""
                  },
                  "managedFields": null,
                  "name": "kubevirt-operator",
                  "namespace": "kubevirt",
                  "ownerReferences": null,
                  "resourceVersion": null,
                  "selfLink": null,
                  "uid": null
                },
                "rules": [
                  {
                    "apiGroups": [
                      ""
                    ],
                    "nonResourceURLs": null,
                    "resourceNames": [
                      "kubevirt-ca",
                      "kubevirt-export-ca",
                      "kubevirt-virt-handler-certs",
                      "kubevirt-virt-handler-server-certs",
                      "kubevirt-operator-certs",
                      "kubevirt-virt-api-certs",
                      "kubevirt-controller-certs",
                      "kubevirt-exportproxy-certs",
                      "kubevirt-synchronization-controller-certs",
                      "kubevirt-synchronization-controller-server-certs"
                    ],
                    "resources": [
                      "secrets"
                    ],
                    "verbs": [
                      "create",
                      "get",
                      "list",
                      "watch",
                      "patch",
                      "delete"
                    ]
                  },
                  {
                    "apiGroups": [
                      ""
                    ],
                    "nonResourceURLs": null,
                    "resourceNames": null,
                    "resources": [
                      "configmaps"
                    ],
                    "verbs": [
                      "create",
                      "get",
                      "list",
                      "watch",
                      "patch",
                      "delete"
                    ]
                  },
                  {
                    "apiGroups": [
                      "route.openshift.io"
                    ],
                    "nonResourceURLs": null,
                    "resourceNames": null,
                    "resources": [
                      "routes"
                    ],
                    "verbs": [
                      "create",
                      "get",
                      "list",
                      "watch",
                      "patch",
                      "delete"
                    ]
                  },
                  {
                    "apiGroups": [
                      "route.openshift.io"
                    ],
                    "nonResourceURLs": null,
                    "resourceNames": null,
                    "resources": [
                      "routes/custom-host"
                    ],
                    "verbs": [
                      "create"
                    ]
                  },
                  {
                    "apiGroups": [
                      "coordination.k8s.io"
                    ],
                    "nonResourceURLs": null,
                    "resourceNames": null,
                    "resources": [
                      "leases"
                    ],
                    "verbs": [
                      "get",
                      "list",
                      "watch",
                      "delete",
                      "update",
                      "create",
                      "patch"
                    ]
                  },
                  {
                    "apiGroups": [
                      ""
                    ],
                    "nonResourceURLs": null,
                    "resourceNames": null,
                    "resources": [
                      "configmaps"
                    ],
                    "verbs": [
                      "get",
                      "list",
                      "watch"
                    ]
                  },
                  {
                    "apiGroups": [
                      "route.openshift.io"
                    ],
                    "nonResourceURLs": null,
                    "resourceNames": null,
                    "resources": [
                      "routes"
                    ],
                    "verbs": [
                      "list",
                      "get",
                      "watch"
                    ]
                  },
                  {
                    "apiGroups": [
                      ""
                    ],
                    "nonResourceURLs": null,
                    "resourceNames": null,
                    "resources": [
                      "secrets"
                    ],
                    "verbs": [
                      "list",
                      "get",
                      "watch"
                    ]
                  },
                  {
                    "apiGroups": [
                      "networking.k8s.io"
                    ],
                    "nonResourceURLs": null,
                    "resourceNames": null,
                    "resources": [
                      "ingresses"
                    ],
                    "verbs": [
                      "list",
                      "get",
                      "watch"
                    ]
                  },
                  {
                    "apiGroups": [
                      "coordination.k8s.io"
                    ],
                    "nonResourceURLs": null,
                    "resourceNames": null,
                    "resources": [
                      "leases"
                    ],
                    "verbs": [
                      "get",
                      "list",
                      "watch",
                      "delete",
                      "update",
                      "create",
                      "patch"
                    ]
                  },
                  {
                    "apiGroups": [
                      ""
                    ],
                    "nonResourceURLs": null,
                    "resourceNames": null,
                    "resources": [
                      "configmaps"
                    ],
                    "verbs": [
                      "get",
                      "list",
                      "watch"
                    ]
                  },
                  {
                    "apiGroups": [
                      ""
                    ],
                    "nonResourceURLs": null,
                    "resourceNames": [
                      "kubevirt-export-ca"
                    ],
                    "resources": [
                      "configmaps"
                    ],
                    "verbs": [
                      "get",
                      "list",
                      "watch"
                    ]
                  },
                  {
                    "apiGroups": [
                      ""
                    ],
                    "nonResourceURLs": null,
                    "resourceNames": [
                      "kubevirt-ca"
                    ],
                    "resources": [
                      "configmaps"
                    ],
                    "verbs": [
                      "get",
                      "list",
                      "watch"
                    ]
                  },
                  {
                    "apiGroups": [
                      "coordination.k8s.io"
                    ],
                    "nonResourceURLs": null,
                    "resourceNames": null,
                    "resources": [
                      "leases"
                    ],
                    "verbs": [
                      "get",
                      "list",
                      "watch",
                      "delete",
                      "update",
                      "create",
                      "patch"
                    ]
                  }
                ]
              },
              "type": [
                "object",
                {
                  "apiVersion": "string",
                  "kind": "string",
                  "metadata": [
                    "object",
                    {
                      "annotations": [
                        "map",
                        "string"
                      ],
                      "creationTimestamp": "string",
                      "deletionGracePeriodSeconds": "number",
                      "deletionTimestamp": "string",
                      "finalizers": [
                        "list",
                        "string"
                      ],
                      "generateName": "string",
                      "generation": "number",
                      "labels": [
                        "map",
                        "string"
                      ],
                      "managedFields": [
                        "tuple",
                        [
                          [
                            "object",
                            {
                              "apiVersion": "string",
                              "fieldsType": "string",
                              "fieldsV1": "dynamic",
                              "manager": "string",
                              "operation": "string",
                              "subresource": "string",
                              "time": "string"
                            }
                          ]
                        ]
                      ],
                      "name": "string",
                      "namespace": "string",
                      "ownerReferences": [
                        "list",
                        [
                          "object",
                          {
                            "apiVersion": "string",
                            "blockOwnerDeletion": "bool",
                            "controller": "bool",
                            "kind": "string",
                            "name": "string",
                            "uid": "string"
                          }
                        ]
                      ],
                      "resourceVersion": "string",
                      "selfLink": "string",
                      "uid": "string"
                    }
                  ],
                  "rules": [
                    "list",
                    [
                      "object",
                      {
                        "apiGroups": [
                          "list",
                          "string"
                        ],
                        "nonResourceURLs": [
                          "list",
                          "string"
                        ],
                        "resourceNames": [
                          "list",
                          "string"
                        ],
                        "resources": [
                          "list",
                          "string"
                        ],
                        "verbs": [
                          "list",
                          "string"
                        ]
                      }
                    ]
                  ]
                }
              ]
            },
            "timeouts": [],
            "wait": [],
            "wait_for": null
          },
          "sensitive_attributes": [],
          "identity_schema_version": 1,
          "identity": {
            "api_version": "rbac.authorization.k8s.io/v1",
            "kind": "Role",
            "name": "kubevirt-operator",
            "namespace": "kubevirt"
          }
        },
        {
          "index_key": "7",
          "schema_version": 1,
          "attributes": {
            "computed_fields": null,
            "field_manager": [],
            "manifest": {
              "value": {
                "apiVersion": "rbac.authorization.k8s.io/v1",
                "kind": "ClusterRole",
                "metadata": {
                  "labels": {
                    "kubevirt.io": ""
                  },
                  "name": "kubevirt-operator"
                },
                "rules": [
                  {
                    "apiGroups": [
                      "kubevirt.io"
                    ],
                    "resources": [
                      "kubevirts"
                    ],
                    "verbs": [
                      "get",
                      "list",
                      "watch",
                      "patch",
                      "update",
                      "patch"
                    ]
                  },
                  {
                    "apiGroups": [
                      ""
                    ],
                    "resources": [
                      "serviceaccounts",
                      "services",
                      "endpoints",
                      "pods/exec"
                    ],
                    "verbs": [
                      "get",
                      "list",
                      "watch",
                      "create",
                      "update",
                      "delete",
                      "patch"
                    ]
                  },
                  {
                    "apiGroups": [
                      ""
                    ],
                    "resources": [
                      "configmaps"
                    ],
                    "verbs": [
                      "patch",
                      "delete"
                    ]
                  },
                  {
                    "apiGroups": [
                      "batch"
                    ],
                    "resources": [
                      "jobs"
                    ],
                    "verbs": [
                      "get",
                      "list",
                      "watch",
                      "create",
                      "delete",
                      "patch"
                    ]
                  },
                  {
                    "apiGroups": [
                      "apps"
                    ],
                    "resources": [
                      "controllerrevisions"
                    ],
                    "verbs": [
                      "watch",
                      "list",
                      "create",
                      "delete",
                      "patch"
                    ]
                  },
                  {
                    "apiGroups": [
                      "apps"
                    ],
                    "resources": [
                      "deployments",
                      "daemonsets"
                    ],
                    "verbs": [
                      "get",
                      "list",
                      "watch",
                      "create",
                      "delete",
                      "patch"
                    ]
                  },
                  {
                    "apiGroups": [
                      "rbac.authorization.k8s.io"
                    ],
                    "resources": [
                      "clusterroles",
                      "clusterrolebindings",
                      "roles",
                      "rolebindings"
                    ],
                    "verbs": [
                      "get",
                      "list",
                      "watch",
                      "create",
                      "delete",
                      "patch",
                      "update"
                    ]
                  },
                  {
                    "apiGroups": [
                      "apiextensions.k8s.io"
                    ],
                    "resources": [
                      "customresourcedefinitions"
                    ],
                    "verbs": [
                      "get",
                      "list",
                      "watch",
                      "create",
                      "delete",
                      "patch"
                    ]
                  },
                  {
                    "apiGroups": [
                      "security.openshift.io"
                    ],
                    "resources": [
                      "securitycontextconstraints"
                    ],
                    "verbs": [
                      "create",
                      "get",
                      "list",
                      "watch"
                    ]
                  },
                  {
                    "apiGroups": [
                      "security.openshift.io"
                    ],
                    "resourceNames": [
                      "privileged"
                    ],
                    "resources": [
                      "securitycontextconstraints"
                    ],
                    "verbs": [
                      "get",
                      "patch",
                      "update"
                    ]
                  },
                  {
                    "apiGroups": [
                      "security.openshift.io"
                    ],
                    "resourceNames": [
                      "kubevirt-handler",
                      "kubevirt-controller"
                    ],
                    "resources": [
                      "securitycontextconstraints"
                    ],
                    "verbs": [
                      "get",
                      "list",
                      "watch",
                      "update",
                      "delete"
                    ]
                  },
                  {
                    "apiGroups": [
                      "admissionregistration.k8s.io"
                    ],
                    "resources": [
                      "validatingwebhookconfigurations",
                      "mutatingwebhookconfigurations",
                      "validatingadmissionpolicybindings",
                      "validatingadmissionpolicies"
                    ],
                    "verbs": [
                      "get",
                      "list",
                      "watch",
                      "create",
                      "delete",
                      "update",
                      "patch"
                    ]
                  },
                  {
                    "apiGroups": [
                      "apiregistration.k8s.io"
                    ],
                    "resources": [
                      "apiservices"
                    ],
                    "verbs": [
                      "get",
                      "list",
                      "watch",
                      "create",
                      "delete",
                      "update",
                      "patch"
                    ]
                  },
                  {
                    "apiGroups": [
                      "monitoring.coreos.com"
                    ],
                    "resources": [
                      "servicemonitors",
                      "prometheusrules"
                    ],
                    "verbs": [
                      "get",
                      "list",
                      "watch",
                      "create",
                      "delete",
                      "update",
                      "patch"
                    ]
                  },
                  {
                    "apiGroups": [
                      ""
                    ],
                    "resources": [
                      "namespaces"
                    ],
                    "verbs": [
                      "get",
                      "list",
                      "watch",
                      "patch"
                    ]
                  },
                  {
                    "apiGroups": [
                      ""
                    ],
                    "resources": [
                      "pods"
                    ],
                    "verbs": [
                      "get",
                      "list",
                      "delete",
                      "patch"
                    ]
                  },
                  {
                    "apiGroups": [
                      "kubevirt.io"
                    ],
                    "resources": [
                      "virtualmachines",
                      "virtualmachineinstances"
                    ],
                    "verbs": [
                      "get",
                      "list",
                      "watch",
                      "patch",
                      "update"
                    ]
                  },
                  {
                    "apiGroups": [
                      ""
                    ],
                    "resources": [
                      "persistentvolumeclaims"
                    ],
                    "verbs": [
                      "get",
                      "list"
                    ]
                  },
                  {
                    "apiGroups": [
                      "kubevirt.io"
                    ],
                    "resources": [
                      "virtualmachines/status"
                    ],
                    "verbs": [
                      "patch"
                    ]
                  },
                  {
                    "apiGroups": [
                      "kubevirt.io"
                    ],
                    "resources": [
                      "virtualmachineinstancemigrations"
                    ],
                    "verbs": [
                      "create",
                      "get",
                      "list",
                      "watch",
                      "patch"
                    ]
                  },
                  {
                    "apiGroups": [
                      "kubevirt.io"
                    ],
                    "resources": [
                      "virtualmachineinstancepresets"
                    ],
                    "verbs": [
                      "watch",
                      "list"
                    ]
                  },
                  {
                    "apiGroups": [
                      ""
                    ],
                    "resources": [
                      "configmaps"
                    ],
                    "verbs": [
                      "get",
                      "list",
                      "watch"
                    ]
                  },
                  {
                    "apiGroups": [
                      ""
                    ],
                    "resources": [
                      "limitranges"
                    ],
                    "verbs": [
                      "watch",
                      "list"
                    ]
                  },
                  {
                    "apiGroups": [
                      "apiextensions.k8s.io"
                    ],
                    "resources": [
                      "customresourcedefinitions"
                    ],
                    "verbs": [
                      "get",
                      "list",
                      "watch"
                    ]
                  },
                  {
                    "apiGroups": [
                      "kubevirt.io"
                    ],
                    "resources": [
                      "kubevirts"
                    ],
                    "verbs": [
                      "get",
                      "list",
                      "watch"
                    ]
                  },
                  {
                    "apiGroups": [
                      "snapshot.kubevirt.io"
                    ],
                    "resources": [
                      "virtualmachinesnapshots",
                      "virtualmachinerestores",
                      "virtualmachinesnapshotcontents"
                    ],
                    "verbs": [
                      "get",
                      "list",
                      "watch"
                    ]
                  },
                  {
                    "apiGroups": [
                      "cdi.kubevirt.io"
                    ],
                    "resources": [
                      "datasources",
                      "datavolumes"
                    ],
                    "verbs": [
                      "get",
                      "list",
                      "watch"
                    ]
                  },
                  {
                    "apiGroups": [
                      ""
                    ],
                    "resources": [
                      "namespaces"
                    ],
                    "verbs": [
                      "get",
                      "list",
                      "watch"
                    ]
                  },
                  {
                    "apiGroups": [
                      "instancetype.kubevirt.io"
                    ],
                    "resources": [
                      "virtualmachineinstancetypes",
                      "virtualmachineclusterinstancetypes",
                      "virtualmachinepreferences",
                      "virtualmachineclusterpreferences"
                    ],
                    "verbs": [
                      "get",
                      "list",
                      "watch"
                    ]
                  },
                  {
                    "apiGroups": [
                      "migrations.kubevirt.io"
                    ],
                    "resources": [
                      "migrationpolicies"
                    ],
                    "verbs": [
                      "get",
                      "list",
                      "watch"
                    ]
                  },
                  {
                    "apiGroups": [
                      "apps"
                    ],
                    "resources": [
                      "controllerrevisions"
                    ],
                    "verbs": [
                      "create",
                      "list",
                      "get"
                    ]
                  },
                  {
                    "apiGroups": [
                      ""
                    ],
                    "resources": [
                      "namespaces"
                    ],
                    "verbs": [
                      "get",
                      "list",
                      "watch",
                      "patch"
                    ]
                  },
                  {
                    "apiGroups": [
                      "policy"
                    ],
                    "resources": [
                      "poddisruptionbudgets"
                    ],
                    "verbs": [
                      "get",
                      "list",
                      "watch",
                      "delete",
                      "create",
                      "patch"
                    ]
                  },
                  {
                    "apiGroups": [
                      ""
                    ],
                    "resources": [
                      "pods",
                      "configmaps",
                      "endpoints",
                      "services"
                    ],
                    "verbs": [
                      "get",
                      "list",
                      "watch",
                      "delete",
                      "update",
                      "create",
                      "patch"
                    ]
                  },
                  {
                    "apiGroups": [
                      ""
                    ],
                    "resources": [
                      "events"
                    ],
                    "verbs": [
                      "update",
                      "create",
                      "patch"
                    ]
                  },
                  {
                    "apiGroups": [
                      ""
                    ],
                    "resources": [
                      "secrets"
                    ],
                    "verbs": [
                      "create"
                    ]
                  },
                  {
                    "apiGroups": [
                      ""
                    ],
                    "resources": [
                      "pods/finalizers"
                    ],
                    "verbs": [
                      "update"
                    ]
                  },
                  {
                    "apiGroups": [
                      ""
                    ],
                    "resources": [
                      "pods/eviction"
                    ],
                    "verbs": [
                      "create"
                    ]
                  },
                  {
                    "apiGroups": [
                      ""
                    ],
                    "resources": [
                      "pods/status"
                    ],
                    "verbs": [
                      "patch"
                    ]
                  },
                  {
                    "apiGroups": [
                      ""
                    ],
                    "resources": [
                      "nodes"
                    ],
                    "verbs": [
                      "get",
                      "list",
                      "watch",
                      "update",
                      "patch"
                    ]
                  },
                  {
                    "apiGroups": [
                      "apps"
                    ],
                    "resources": [
                      "daemonsets"
                    ],
                    "verbs": [
                      "list"
                    ]
                  },
                  {
                    "apiGroups": [
                      "apps"
                    ],
                    "resources": [
                      "controllerrevisions"
                    ],
                    "verbs": [
                      "watch",
                      "list",
                      "create",
                      "delete",
                      "get",
                      "update"
                    ]
                  },
                  {
                    "apiGroups": [
                      ""
                    ],
                    "resources": [
                      "persistentvolumeclaims"
                    ],
                    "verbs": [
                      "get",
                      "list",
                      "watch",
                      "create",
                      "update",
                      "delete",
                      "patch"
                    ]
                  },
                  {
                    "apiGroups": [
                      "snapshot.kubevirt.io"
                    ],
                    "resources": [
                      "virtualmachinesnapshots",
                      "virtualmachinesnapshots/status",
                      "virtualmachinesnapshots/finalizers",
                      "virtualmachinesnapshotcontents",
                      "virtualmachinesnapshotcontents/status",
                      "virtualmachinesnapshotcontents/finalizers",
                      "virtualmachinerestores",
                      "virtualmachinerestores/status"
                    ],
                    "verbs": [
                      "get",
                      "list",
                      "watch",
                      "create",
                      "update",
                      "delete",
                      "patch"
                    ]
                  },
                  {
                    "apiGroups": [
                      "export.kubevirt.io"
                    ],
                    "resources": [
                      "virtualmachineexports",
                      "virtualmachineexports/status",
                      "virtualmachineexports/finalizers"
                    ],
                    "verbs": [
                      "get",
                      "list",
                      "watch",
                      "create",
                      "update",
                      "delete",
                      "patch"
                    ]
                  },
                  {
                    "apiGroups": [
                      "pool.kubevirt.io"
                    ],
                    "resources": [
                      "virtualmachinepools",
                      "virtualmachinepools/finalizers",
                      "virtualmachinepools/status",
                      "virtualmachinepools/scale"
                    ],
                    "verbs": [
                      "watch",
                      "list",
                      "create",
                      "delete",
                      "update",
                      "patch",
                      "get"
                    ]
                  },
                  {
                    "apiGroups": [
                      "kubevirt.io"
                    ],
                    "resources": [
                      "*"
                    ],
                    "verbs": [
                      "*"
                    ]
                  },
                  {
                    "apiGroups": [
                      "kubevirt.io"
                    ],
                    "resources": [
                      "virtualmachines/finalizers",
                      "virtualmachineinstances/finalizers"
                    ],
                    "verbs": [
                      "update"
                    ]
                  },
                  {
                    "apiGroups": [
                      "subresources.kubevirt.io"
                    ],
                    "resources": [
                      "virtualmachines/stop",
                      "virtualmachineinstances/addvolume",
                      "virtualmachineinstances/removevolume",
                      "virtualmachineinstances/freeze",
                      "virtualmachineinstances/unfreeze",
                      "virtualmachineinstances/reset",
                      "virtualmachineinstances/softreboot",
                      "virtualmachineinstances/sev/setupsession",
                      "virtualmachineinstances/sev/injectlaunchsecret"
                    ],
                    "verbs": [
                      "update"
                    ]
                  },
                  {
                    "apiGroups": [
                      "cdi.kubevirt.io"
                    ],
                    "resources": [
                      "*"
                    ],
                    "verbs": [
                      "*"
                    ]
                  },
                  {
                    "apiGroups": [
                      "k8s.cni.cncf.io"
                    ],
                    "resources": [
                      "network-attachment-definitions"
                    ],
                    "verbs": [
                      "get"
                    ]
                  },
                  {
                    "apiGroups": [
                      "apiextensions.k8s.io"
                    ],
                    "resources": [
                      "customresourcedefinitions"
                    ],
                    "verbs": [
                      "get",
                      "list",
                      "watch"
                    ]
                  },
                  {
                    "apiGroups": [
                      "authorization.k8s.io"
                    ],
                    "resources": [
                      "subjectaccessreviews"
                    ],
                    "verbs": [
                      "create"
                    ]
                  },
                  {
                    "apiGroups": [
                      "snapshot.storage.k8s.io"
                    ],
                    "resources": [
                      "volumesnapshotclasses"
                    ],
                    "verbs": [
                      "get",
                      "list",
                      "watch"
                    ]
                  },
                  {
                    "apiGroups": [
                      "snapshot.storage.k8s.io"
                    ],
                    "resources": [
                      "volumesnapshots"
                    ],
                    "verbs": [
                      "get",
                      "list",
                      "watch",
                      "create",
                      "update",
                      "delete"
                    ]
                  },
                  {
                    "apiGroups": [
                      "storage.k8s.io"
                    ],
                    "resources": [
                      "storageclasses"
                    ],
                    "verbs": [
                      "get",
                      "list",
                      "watch"
                    ]
                  },
                  {
                    "apiGroups": [
                      "instancetype.kubevirt.io"
                    ],
                    "resources": [
                      "virtualmachineinstancetypes",
                      "virtualmachineclusterinstancetypes",
                      "virtualmachinepreferences",
                      "virtualmachineclusterpreferences"
                    ],
                    "verbs": [
                      "get",
                      "list",
                      "watch"
                    ]
                  },
                  {
                    "apiGroups": [
                      "migrations.kubevirt.io"
                    ],
                    "resources": [
                      "migrationpolicies"
                    ],
                    "verbs": [
                      "get",
                      "list",
                      "watch"
                    ]
                  },
                  {
                    "apiGroups": [
                      "clone.kubevirt.io"
                    ],
                    "resources": [
                      "virtualmachineclones",
                      "virtualmachineclones/status",
                      "virtualmachineclones/finalizers"
                    ],
                    "verbs": [
                      "get",
                      "list",
                      "watch",
                      "update",
                      "patch",
                      "delete"
                    ]
                  },
                  {
                    "apiGroups": [
                      ""
                    ],
                    "resources": [
                      "namespaces"
                    ],
                    "verbs": [
                      "get"
                    ]
                  },
                  {
                    "apiGroups": [
                      ""
                    ],
                    "resources": [
                      "resourcequotas"
                    ],
                    "verbs": [
                      "list",
                      "watch"
                    ]
                  },
                  {
                    "apiGroups": [
                      "batch"
                    ],
                    "resources": [
                      "jobs"
                    ],
                    "verbs": [
                      "create",
                      "get",
                      "delete"
                    ]
                  },
                  {
                    "apiGroups": [
                      "resource.k8s.io"
                    ],
                    "resources": [
                      "resourceslices",
                      "resourceclaims"
                    ],
                    "verbs": [
                      "list",
                      "watch",
                      "get"
                    ]
                  },
                  {
                    "apiGroups": [
                      "kubevirt.io"
                    ],
                    "resources": [
                      "virtualmachineinstances"
                    ],
                    "verbs": [
                      "update",
                      "list",
                      "watch"
                    ]
                  },
                  {
                    "apiGroups": [
                      ""
                    ],
                    "resources": [
                      "nodes"
                    ],
                    "verbs": [
                      "patch",
                      "list",
                      "watch",
                      "get"
                    ]
                  },
                  {
                    "apiGroups": [
                      ""
                    ],
                    "resources": [
                      "configmaps"
                    ],
                    "verbs": [
                      "get",
                      "list",
                      "watch"
                    ]
                  },
                  {
                    "apiGroups": [
                      ""
                    ],
                    "resources": [
                      "events"
                    ],
                    "verbs": [
                      "create",
                      "patch"
                    ]
                  },
                  {
                    "apiGroups": [
                      "apiextensions.k8s.io"
                    ],
                    "resources": [
                      "customresourcedefinitions"
                    ],
                    "verbs": [
                      "get",
                      "list",
                      "watch"
                    ]
                  },
                  {
                    "apiGroups": [
                      "kubevirt.io"
                    ],
                    "resources": [
                      "kubevirts"
                    ],
                    "verbs": [
                      "get",
                      "list",
                      "watch"
                    ]
                  },
                  {
                    "apiGroups": [
                      "migrations.kubevirt.io"
                    ],
                    "resources": [
                      "migrationpolicies"
                    ],
                    "verbs": [
                      "get",
                      "list",
                      "watch"
                    ]
                  },
                  {
                    "apiGroups": [
                      "export.kubevirt.io"
                    ],
                    "resources": [
                      "virtualmachineexports"
                    ],
                    "verbs": [
                      "get",
                      "list",
                      "watch"
                    ]
                  },
                  {
                    "apiGroups": [
                      "kubevirt.io"
                    ],
                    "resources": [
                      "kubevirts"
                    ],
                    "verbs": [
                      "list",
                      "watch"
                    ]
                  },
                  {
                    "apiGroups": [
                      "kubevirt.io"
                    ],
                    "resources": [
                      "virtualmachineinstances"
                    ],
                    "verbs": [
                      "get",
                      "list",
                      "watch",
                      "update",
                      "patch"
                    ]
                  },
                  {
                    "apiGroups": [
                      "kubevirt.io"
                    ],
                    "resources": [
                      "virtualmachineinstancemigrations"
                    ],
                    "verbs": [
                      "get",
                      "list",
                      "watch"
                    ]
                  },
                  {
                    "apiGroups": [
                      "kubevirt.io"
                    ],
                    "resources": [
                      "kubevirts"
                    ],
                    "verbs": [
                      "get",
                      "list",
                      "watch"
                    ]
                  },
                  {
                    "apiGroups": [
                      ""
                    ],
                    "resources": [
                      "events"
                    ],
                    "verbs": [
                      "update",
                      "create",
                      "patch"
                    ]
                  },
                  {
                    "apiGroups": [
                      "apiextensions.k8s.io"
                    ],
                    "resources": [
                      "customresourcedefinitions"
                    ],
                    "verbs": [
                      "get",
                      "list",
                      "watch"
                    ]
                  },
                  {
                    "apiGroups": [
                      "kubevirt.io"
                    ],
                    "resources": [
                      "kubevirts"
                    ],
                    "verbs": [
                      "get",
                      "list"
                    ]
                  },
                  {
                    "apiGroups": [
                      "subresources.kubevirt.io"
                    ],
                    "resources": [
                      "version",
                      "guestfs"
                    ],
                    "verbs": [
                      "get",
                      "list"
                    ]
                  },
                  {
                    "apiGroups": [
                      "subresources.kubevirt.io"
                    ],
                    "resources": [
                      "virtualmachineinstances/console",
                      "virtualmachineinstances/vnc",
                      "virtualmachineinstances/vnc/screenshot",
                      "virtualmachineinstances/portforward",
                      "virtualmachineinstances/guestosinfo",
                      "virtualmachineinstances/filesystemlist",
                      "virtualmachineinstances/userlist",
                      "virtualmachineinstances/sev/fetchcertchain",
                      "virtualmachineinstances/sev/querylaunchmeasurement",
                      "virtualmachineinstances/usbredir",
                      "virtualmachines/objectgraph",
                      "virtualmachineinstances/objectgraph"
                    ],
                    "verbs": [
                      "get"
                    ]
                  },
                  {
                    "apiGroups": [
                      "subresources.kubevirt.io"
                    ],
                    "resources": [
                      "virtualmachineinstances/pause",
                      "virtualmachineinstances/unpause",
                      "virtualmachineinstances/addvolume",
                      "virtualmachineinstances/removevolume",
                      "virtualmachineinstances/freeze",
                      "virtualmachineinstances/unfreeze",
                      "virtualmachineinstances/softreboot",
                      "virtualmachineinstances/reset",
                      "virtualmachineinstances/sev/setupsession",
                      "virtualmachineinstances/sev/injectlaunchsecret"
                    ],
                    "verbs": [
                      "update"
                    ]
                  },
                  {
                    "apiGroups": [
                      "subresources.kubevirt.io"
                    ],
                    "resources": [
                      "virtualmachines/expand-spec",
                      "virtualmachines/portforward"
                    ],
                    "verbs": [
                      "get"
                    ]
                  },
                  {
                    "apiGroups": [
                      "subresources.kubevirt.io"
                    ],
                    "resources": [
                      "virtualmachines/start",
                      "virtualmachines/stop",
                      "virtualmachines/restart",
                      "virtualmachines/addvolume",
                      "virtualmachines/removevolume",
                      "virtualmachines/memorydump"
                    ],
                    "verbs": [
                      "update"
                    ]
                  },
                  {
                    "apiGroups": [
                      "subresources.kubevirt.io"
                    ],
                    "resources": [
                      "expand-vm-spec"
                    ],
                    "verbs": [
                      "update"
                    ]
                  },
                  {
                    "apiGroups": [
                      "kubevirt.io"
                    ],
                    "resources": [
                      "virtualmachines",
                      "virtualmachineinstances",
                      "virtualmachineinstancepresets",
                      "virtualmachineinstancereplicasets"
                    ],
                    "verbs": [
                      "get",
                      "delete",
                      "create",
                      "update",
                      "patch",
                      "list",
                      "watch",
                      "deletecollection"
                    ]
                  },
                  {
                    "apiGroups": [
                      "kubevirt.io"
                    ],
                    "resources": [
                      "virtualmachineinstancemigrations"
                    ],
                    "verbs": [
                      "get",
                      "list",
                      "watch"
                    ]
                  },
                  {
                    "apiGroups": [
                      "snapshot.kubevirt.io"
                    ],
                    "resources": [
                      "virtualmachinesnapshots",
                      "virtualmachinesnapshotcontents",
                      "virtualmachinerestores"
                    ],
                    "verbs": [
                      "get",
                      "delete",
                      "create",
                      "update",
                      "patch",
                      "list",
                      "watch",
                      "deletecollection"
                    ]
                  },
                  {
                    "apiGroups": [
                      "export.kubevirt.io"
                    ],
                    "resources": [
                      "virtualmachineexports"
                    ],
                    "verbs": [
                      "get",
                      "delete",
                      "create",
                      "update",
                      "patch",
                      "list",
                      "watch",
                      "deletecollection"
                    ]
                  },
                  {
                    "apiGroups": [
                      "clone.kubevirt.io"
                    ],
                    "resources": [
                      "virtualmachineclones"
                    ],
                    "verbs": [
                      "get",
                      "delete",
                      "create",
                      "update",
                      "patch",
                      "list",
                      "watch",
                      "deletecollection"
                    ]
                  },
                  {
                    "apiGroups": [
                      "instancetype.kubevirt.io"
                    ],
                    "resources": [
                      "virtualmachineinstancetypes",
                      "virtualmachineclusterinstancetypes",
                      "virtualmachinepreferences",
                      "virtualmachineclusterpreferences"
                    ],
                    "verbs": [
                      "get",
                      "delete",
                      "create",
                      "update",
                      "patch",
                      "list",
                      "watch",
                      "deletecollection"
                    ]
                  },
                  {
                    "apiGroups": [
                      "pool.kubevirt.io"
                    ],
                    "resources": [
                      "virtualmachinepools"
                    ],
                    "verbs": [
                      "get",
                      "delete",
                      "create",
                      "update",
                      "patch",
                      "list",
                      "watch",
                      "deletecollection"
                    ]
                  },
                  {
                    "apiGroups": [
                      "migrations.kubevirt.io"
                    ],
                    "resources": [
                      "migrationpolicies"
                    ],
                    "verbs": [
                      "get",
                      "list",
                      "watch"
                    ]
                  },
                  {
                    "apiGroups": [
                      "subresources.kubevirt.io"
                    ],
                    "resources": [
                      "virtualmachineinstances/console",
                      "virtualmachineinstances/vnc",
                      "virtualmachineinstances/vnc/screenshot",
                      "virtualmachineinstances/portforward",
                      "virtualmachineinstances/guestosinfo",
                      "virtualmachineinstances/filesystemlist",
                      "virtualmachineinstances/userlist",
                      "virtualmachineinstances/sev/fetchcertchain",
                      "virtualmachineinstances/sev/querylaunchmeasurement",
                      "virtualmachineinstances/usbredir",
                      "virtualmachines/objectgraph",
                      "virtualmachineinstances/objectgraph"
                    ],
                    "verbs": [
                      "get"
                    ]
                  },
                  {
                    "apiGroups": [
                      "subresources.kubevirt.io"
                    ],
                    "resources": [
                      "virtualmachineinstances/pause",
                      "virtualmachineinstances/unpause",
                      "virtualmachineinstances/addvolume",
                      "virtualmachineinstances/removevolume",
                      "virtualmachineinstances/freeze",
                      "virtualmachineinstances/unfreeze",
                      "virtualmachineinstances/softreboot",
                      "virtualmachineinstances/reset",
                      "virtualmachineinstances/sev/setupsession",
                      "virtualmachineinstances/sev/injectlaunchsecret"
                    ],
                    "verbs": [
                      "update"
                    ]
                  },
                  {
                    "apiGroups": [
                      "subresources.kubevirt.io"
                    ],
                    "resources": [
                      "virtualmachines/expand-spec",
                      "virtualmachines/portforward"
                    ],
                    "verbs": [
                      "get"
                    ]
                  },
                  {
                    "apiGroups": [
                      "subresources.kubevirt.io"
                    ],
                    "resources": [
                      "virtualmachines/start",
                      "virtualmachines/stop",
                      "virtualmachines/restart",
                      "virtualmachines/addvolume",
                      "virtualmachines/removevolume",
                      "virtualmachines/memorydump"
                    ],
                    "verbs": [
                      "update"
                    ]
                  },
                  {
                    "apiGroups": [
                      "subresources.kubevirt.io"
                    ],
                    "resources": [
                      "expand-vm-spec"
                    ],
                    "verbs": [
                      "update"
                    ]
                  },
                  {
                    "apiGroups": [
                      "kubevirt.io"
                    ],
                    "resources": [
                      "virtualmachines",
                      "virtualmachineinstances",
                      "virtualmachineinstancepresets",
                      "virtualmachineinstancereplicasets"
                    ],
                    "verbs": [
                      "get",
                      "delete",
                      "create",
                      "update",
                      "patch",
                      "list",
                      "watch"
                    ]
                  },
                  {
                    "apiGroups": [
                      "kubevirt.io"
                    ],
                    "resources": [
                      "virtualmachineinstancemigrations"
                    ],
                    "verbs": [
                      "get",
                      "list",
                      "watch"
                    ]
                  },
                  {
                    "apiGroups": [
                      "snapshot.kubevirt.io"
                    ],
                    "resources": [
                      "virtualmachinesnapshots",
                      "virtualmachinesnapshotcontents",
                      "virtualmachinerestores"
                    ],
                    "verbs": [
                      "get",
                      "delete",
                      "create",
                      "update",
                      "patch",
                      "list",
                      "watch"
                    ]
                  },
                  {
                    "apiGroups": [
                      "export.kubevirt.io"
                    ],
                    "resources": [
                      "virtualmachineexports"
                    ],
                    "verbs": [
                      "get",
                      "delete",
                      "create",
                      "update",
                      "patch",
                      "list",
                      "watch"
                    ]
                  },
                  {
                    "apiGroups": [
                      "clone.kubevirt.io"
                    ],
                    "resources": [
                      "virtualmachineclones"
                    ],
                    "verbs": [
                      "get",
                      "delete",
                      "create",
                      "update",
                      "patch",
                      "list",
                      "watch"
                    ]
                  },
                  {
                    "apiGroups": [
                      "instancetype.kubevirt.io"
                    ],
                    "resources": [
                      "virtualmachineinstancetypes",
                      "virtualmachineclusterinstancetypes",
                      "virtualmachinepreferences",
                      "virtualmachineclusterpreferences"
                    ],
                    "verbs": [
                      "get",
                      "delete",
                      "create",
                      "update",
                      "patch",
                      "list",
                      "watch"
                    ]
                  },
                  {
                    "apiGroups": [
                      "pool.kubevirt.io"
                    ],
                    "resources": [
                      "virtualmachinepools"
                    ],
                    "verbs": [
                      "get",
                      "delete",
                      "create",
                      "update",
                      "patch",
                      "list",
                      "watch"
                    ]
                  },
                  {
                    "apiGroups": [
                      "kubevirt.io"
                    ],
                    "resources": [
                      "kubevirts"
                    ],
                    "verbs": [
                      "get",
                      "list"
                    ]
                  },
                  {
                    "apiGroups": [
                      "migrations.kubevirt.io"
                    ],
                    "resources": [
                      "migrationpolicies"
                    ],
                    "verbs": [
                      "get",
                      "list",
                      "watch"
                    ]
                  },
                  {
                    "apiGroups": [
                      "kubevirt.io"
                    ],
                    "resources": [
                      "kubevirts"
                    ],
                    "verbs": [
                      "get",
                      "list"
                    ]
                  },
                  {
                    "apiGroups": [
                      "subresources.kubevirt.io"
                    ],
                    "resources": [
                      "virtualmachines/expand-spec",
                      "virtualmachineinstances/guestosinfo",
                      "virtualmachineinstances/filesystemlist",
                      "virtualmachineinstances/userlist",
                      "virtualmachineinstances/sev/fetchcertchain",
                      "virtualmachineinstances/sev/querylaunchmeasurement",
                      "virtualmachines/objectgraph",
                      "virtualmachineinstances/objectgraph"
                    ],
                    "verbs": [
                      "get"
                    ]
                  },
                  {
                    "apiGroups": [
                      "subresources.kubevirt.io"
                    ],
                    "resources": [
                      "expand-vm-spec"
                    ],
                    "verbs": [
                      "update"
                    ]
                  },
                  {
                    "apiGroups": [
                      "kubevirt.io"
                    ],
                    "resources": [
                      "virtualmachines",
                      "virtualmachineinstances",
                      "virtualmachineinstancepresets",
                      "virtualmachineinstancereplicasets",
                      "virtualmachineinstancemigrations"
                    ],
                    "verbs": [
                      "get",
                      "list",
                      "watch"
                    ]
                  },
                  {
                    "apiGroups": [
                      "snapshot.kubevirt.io"
                    ],
                    "resources": [
                      "virtualmachinesnapshots",
                      "virtualmachinesnapshotcontents",
                      "virtualmachinerestores"
                    ],
                    "verbs": [
                      "get",
                      "list",
                      "watch"
                    ]
                  },
                  {
                    "apiGroups": [
                      "export.kubevirt.io"
                    ],
                    "resources": [
                      "virtualmachineexports"
                    ],
                    "verbs": [
                      "get",
                      "list",
                      "watch"
                    ]
                  },
                  {
                    "apiGroups": [
                      "clone.kubevirt.io"
                    ],
                    "resources": [
                      "virtualmachineclones"
                    ],
                    "verbs": [
                      "get",
                      "list",
                      "watch"
                    ]
                  },
                  {
                    "apiGroups": [
                      "instancetype.kubevirt.io"
                    ],
                    "resources": [
                      "virtualmachineinstancetypes",
                      "virtualmachineclusterinstancetypes",
                      "virtualmachinepreferences",
                      "virtualmachineclusterpreferences"
                    ],
                    "verbs": [
                      "get",
                      "list",
                      "watch"
                    ]
                  },
                  {
                    "apiGroups": [
                      "pool.kubevirt.io"
                    ],
                    "resources": [
                      "virtualmachinepools"
                    ],
                    "verbs": [
                      "get",
                      "list",
                      "watch"
                    ]
                  },
                  {
                    "apiGroups": [
                      "migrations.kubevirt.io"
                    ],
                    "resources": [
                      "migrationpolicies"
                    ],
                    "verbs": [
                      "get",
                      "list",
                      "watch"
                    ]
                  },
                  {
                    "apiGroups": [
                      "instancetype.kubevirt.io"
                    ],
                    "resources": [
                      "virtualmachineclusterinstancetypes",
                      "virtualmachineclusterpreferences"
                    ],
                    "verbs": [
                      "get",
                      "list",
                      "watch"
                    ]
                  },
                  {
                    "apiGroups": [
                      "subresources.kubevirt.io"
                    ],
                    "resources": [
                      "virtualmachines/migrate"
                    ],
                    "verbs": [
                      "update"
                    ]
                  },
                  {
                    "apiGroups": [
                      "kubevirt.io"
                    ],
                    "resources": [
                      "virtualmachineinstancemigrations"
                    ],
                    "verbs": [
                      "get",
                      "delete",
                      "create",
                      "update",
                      "patch",
                      "list",
                      "watch",
                      "deletecollection"
                    ]
                  },
                  {
                    "apiGroups": [
                      "authentication.k8s.io"
                    ],
                    "resources": [
                      "tokenreviews"
                    ],
                    "verbs": [
                      "create"
                    ]
                  },
                  {
                    "apiGroups": [
                      "authorization.k8s.io"
                    ],
                    "resources": [
                      "subjectaccessreviews"
                    ],
                    "verbs": [
                      "create"
                    ]
                  }
                ]
              },
              "type": [
                "object",
                {
                  "apiVersion": "string",
                  "kind": "string",
                  "metadata": [
                    "object",
                    {
                      "labels": [
                        "object",
                        {
                          "kubevirt.io": "string"
                        }
                      ],
                      "name": "string"
                    }
                  ],
                  "rules": [
                    "tuple",
                    [
                      [
                        "object",
                        {
                          "apiGroups": [
                            "tuple",
                            [
                              "string"
                            ]
                          ],
                          "resources": [
                            "tuple",
                            [
                              "string"
                            ]
                          ],
                          "verbs": [
                            "tuple",
                            [
                              "string",
                              "string",
                              "string",
                              "string",
                              "string",
                              "string"
                            ]
                          ]
                        }
                      ],
                      [
                        "object",
                        {
                          "apiGroups": [
                            "tuple",
                            [
                              "string"
                            ]
                          ],
                          "resources": [
                            "tuple",
                            [
                              "string",
                              "string",
                              "string",
                              "string"
                            ]
                          ],
                          "verbs": [
                            "tuple",
                            [
                              "string",
                              "string",
                              "string",
                              "string",
                              "string",
                              "string",
                              "string"
                            ]
                          ]
                        }
                      ],
                      [
                        "object",
                        {
                          "apiGroups": [
                            "tuple",
                            [
                              "string"
                            ]
                          ],
                          "resources": [
                            "tuple",
                            [
                              "string"
                            ]
                          ],
                          "verbs": [
                            "tuple",
                            [
                              "string",
                              "string"
                            ]
                          ]
                        }
                      ],
                      [
                        "object",
                        {
                          "apiGroups": [
                            "tuple",
                            [
                              "string"
                            ]
                          ],
                          "resources": [
                            "tuple",
                            [
                              "string"
                            ]
                          ],
                          "verbs": [
                            "tuple",
                            [
                              "string",
                              "string",
                              "string",
                              "string",
                              "string",
                              "string"
                            ]
                          ]
                        }
                      ],
                      [
                        "object",
                        {
                          "apiGroups": [
                            "tuple",
                            [
                              "string"
                            ]
                          ],
                          "resources": [
                            "tuple",
                            [
                              "string"
                            ]
                          ],
                          "verbs": [
                            "tuple",
                            [
                              "string",
                              "string",
                              "string",
                              "string",
                              "string"
                            ]
                          ]
                        }
                      ],
                      [
                        "object",
                        {
                          "apiGroups": [
                            "tuple",
                            [
                              "string"
                            ]
                          ],
                          "resources": [
                            "tuple",
                            [
                              "string",
                              "string"
                            ]
                          ],
                          "verbs": [
                            "tuple",
                            [
                              "string",
                              "string",
                              "string",
                              "string",
                              "string",
                              "string"
                            ]
                          ]
                        }
                      ],
                      [
                        "object",
                        {
                          "apiGroups": [
                            "tuple",
                            [
                              "string"
                            ]
                          ],
                          "resources": [
                            "tuple",
                            [
                              "string",
                              "string",
                              "string",
                              "string"
                            ]
                          ],
                          "verbs": [
                            "tuple",
                            [
                              "string",
                              "string",
                              "string",
                              "string",
                              "string",
                              "string",
                              "string"
                            ]
                          ]
                        }
                      ],
                      [
                        "object",
                        {
                          "apiGroups": [
                            "tuple",
                            [
                              "string"
                            ]
                          ],
                          "resources": [
                            "tuple",
                            [
                              "string"
                            ]
                          ],
                          "verbs": [
                            "tuple",
                            [
                              "string",
                              "string",
                              "string",
                              "string",
                              "string",
                              "string"
                            ]
                          ]
                        }
                      ],
                      [
                        "object",
                        {
                          "apiGroups": [
                            "tuple",
                            [
                              "string"
                            ]
                          ],
                          "resources": [
                            "tuple",
                            [
                              "string"
                            ]
                          ],
                          "verbs": [
                            "tuple",
                            [
                              "string",
                              "string",
                              "string",
                              "string"
                            ]
                          ]
                        }
                      ],
                      [
                        "object",
                        {
                          "apiGroups": [
                            "tuple",
                            [
                              "string"
                            ]
                          ],
                          "resourceNames": [
                            "tuple",
                            [
                              "string"
                            ]
                          ],
                          "resources": [
                            "tuple",
                            [
                              "string"
                            ]
                          ],
                          "verbs": [
                            "tuple",
                            [
                              "string",
                              "string",
                              "string"
                            ]
                          ]
                        }
                      ],
                      [
                        "object",
                        {
                          "apiGroups": [
                            "tuple",
                            [
                              "string"
                            ]
                          ],
                          "resourceNames": [
                            "tuple",
                            [
                              "string",
                              "string"
                            ]
                          ],
                          "resources": [
                            "tuple",
                            [
                              "string"
                            ]
                          ],
                          "verbs": [
                            "tuple",
                            [
                              "string",
                              "string",
                              "string",
                              "string",
                              "string"
                            ]
                          ]
                        }
                      ],
                      [
                        "object",
                        {
                          "apiGroups": [
                            "tuple",
                            [
                              "string"
                            ]
                          ],
                          "resources": [
                            "tuple",
                            [
                              "string",
                              "string",
                              "string",
                              "string"
                            ]
                          ],
                          "verbs": [
                            "tuple",
                            [
                              "string",
                              "string",
                              "string",
                              "string",
                              "string",
                              "string",
                              "string"
                            ]
                          ]
                        }
                      ],
                      [
                        "object",
                        {
                          "apiGroups": [
                            "tuple",
                            [
                              "string"
                            ]
                          ],
                          "resources": [
                            "tuple",
                            [
                              "string"
                            ]
                          ],
                          "verbs": [
                            "tuple",
                            [
                              "string",
                              "string",
                              "string",
                              "string",
                              "string",
                              "string",
                              "string"
                            ]
                          ]
                        }
                      ],
                      [
                        "object",
                        {
                          "apiGroups": [
                            "tuple",
                            [
                              "string"
                            ]
                          ],
                          "resources": [
                            "tuple",
                            [
                              "string",
                              "string"
                            ]
                          ],
                          "verbs": [
                            "tuple",
                            [
                              "string",
                              "string",
                              "string",
                              "string",
                              "string",
                              "string",
                              "string"
                            ]
                          ]
                        }
                      ],
                      [
                        "object",
                        {
                          "apiGroups": [
                            "tuple",
                            [
                              "string"
                            ]
                          ],
                          "resources": [
                            "tuple",
                            [
                              "string"
                            ]
                          ],
                          "verbs": [
                            "tuple",
                            [
                              "string",
                              "string",
                              "string",
                              "string"
                            ]
                          ]
                        }
                      ],
                      [
                        "object",
                        {
                          "apiGroups": [
                            "tuple",
                            [
                              "string"
                            ]
                          ],
                          "resources": [
                            "tuple",
                            [
                              "string"
                            ]
                          ],
                          "verbs": [
                            "tuple",
                            [
                              "string",
                              "string",
                              "string",
                              "string"
                            ]
                          ]
                        }
                      ],
                      [
                        "object",
                        {
                          "apiGroups": [
                            "tuple",
                            [
                              "string"
                            ]
                          ],
                          "resources": [
                            "tuple",
                            [
                              "string",
                              "string"
                            ]
                          ],
                          "verbs": [
                            "tuple",
                            [
                              "string",
                              "string",
                              "string",
                              "string",
                              "string"
                            ]
                          ]
                        }
                      ],
                      [
                        "object",
                        {
                          "apiGroups": [
                            "tuple",
                            [
                              "string"
                            ]
                          ],
                          "resources": [
                            "tuple",
                            [
                              "string"
                            ]
                          ],
                          "verbs": [
                            "tuple",
                            [
                              "string",
                              "string"
                            ]
                          ]
                        }
                      ],
                      [
                        "object",
                        {
                          "apiGroups": [
                            "tuple",
                            [
                              "string"
                            ]
                          ],
                          "resources": [
                            "tuple",
                            [
                              "string"
                            ]
                          ],
                          "verbs": [
                            "tuple",
                            [
                              "string"
                            ]
                          ]
                        }
                      ],
                      [
                        "object",
                        {
                          "apiGroups": [
                            "tuple",
                            [
                              "string"
                            ]
                          ],
                          "resources": [
                            "tuple",
                            [
                              "string"
                            ]
                          ],
                          "verbs": [
                            "tuple",
                            [
                              "string",
                              "string",
                              "string",
                              "string",
                              "string"
                            ]
                          ]
                        }
                      ],
                      [
                        "object",
                        {
                          "apiGroups": [
                            "tuple",
                            [
                              "string"
                            ]
                          ],
                          "resources": [
                            "tuple",
                            [
                              "string"
                            ]
                          ],
                          "verbs": [
                            "tuple",
                            [
                              "string",
                              "string"
                            ]
                          ]
                        }
                      ],
                      [
                        "object",
                        {
                          "apiGroups": [
                            "tuple",
                            [
                              "string"
                            ]
                          ],
                          "resources": [
                            "tuple",
                            [
                              "string"
                            ]
                          ],
                          "verbs": [
                            "tuple",
                            [
                              "string",
                              "string",
                              "string"
                            ]
                          ]
                        }
                      ],
                      [
                        "object",
                        {
                          "apiGroups": [
                            "tuple",
                            [
                              "string"
                            ]
                          ],
                          "resources": [
                            "tuple",
                            [
                              "string"
                            ]
                          ],
                          "verbs": [
                            "tuple",
                            [
                              "string",
                              "string"
                            ]
                          ]
                        }
                      ],
                      [
                        "object",
                        {
                          "apiGroups": [
                            "tuple",
                            [
                              "string"
                            ]
                          ],
                          "resources": [
                            "tuple",
                            [
                              "string"
                            ]
                          ],
                          "verbs": [
                            "tuple",
                            [
                              "string",
                              "string",
                              "string"
                            ]
                          ]
                        }
                      ],
                      [
                        "object",
                        {
                          "apiGroups": [
                            "tuple",
                            [
                              "string"
                            ]
                          ],
                          "resources": [
                            "tuple",
                            [
                              "string"
                            ]
                          ],
                          "verbs": [
                            "tuple",
                            [
                              "string",
                              "string",
                              "string"
                            ]
                          ]
                        }
                      ],
                      [
                        "object",
                        {
                          "apiGroups": [
                            "tuple",
                            [
                              "string"
                            ]
                          ],
                          "resources": [
                            "tuple",
                            [
                              "string",
                              "string",
                              "string"
                            ]
                          ],
                          "verbs": [
                            "tuple",
                            [
                              "string",
                              "string",
                              "string"
                            ]
                          ]
                        }
                      ],
                      [
                        "object",
                        {
                          "apiGroups": [
                            "tuple",
                            [
                              "string"
                            ]
                          ],
                          "resources": [
                            "tuple",
                            [
                              "string",
                              "string"
                            ]
                          ],
                          "verbs": [
                            "tuple",
                            [
                              "string",
                              "string",
                              "string"
                            ]
                          ]
                        }
                      ],
                      [
                        "object",
                        {
                          "apiGroups": [
                            "tuple",
                            [
                              "string"
                            ]
                          ],
                          "resources": [
                            "tuple",
                            [
                              "string"
                            ]
                          ],
                          "verbs": [
                            "tuple",
                            [
                              "string",
                              "string",
                              "string"
                            ]
                          ]
                        }
                      ],
                      [
                        "object",
                        {
                          "apiGroups": [
                            "tuple",
                            [
                              "string"
                            ]
                          ],
                          "resources": [
                            "tuple",
                            [
                              "string",
                              "string",
                              "string",
                              "string"
                            ]
                          ],
                          "verbs": [
                            "tuple",
                            [
                              "string",
                              "string",
                              "string"
                            ]
                          ]
                        }
                      ],
                      [
                        "object",
                        {
                          "apiGroups": [
                            "tuple",
                            [
                              "string"
                            ]
                          ],
                          "resources": [
                            "tuple",
                            [
                              "string"
                            ]
                          ],
                          "verbs": [
                            "tuple",
                            [
                              "string",
                              "string",
                              "string"
                            ]
                          ]
                        }
                      ],
                      [
                        "object",
                        {
                          "apiGroups": [
                            "tuple",
                            [
                              "string"
                            ]
                          ],
                          "resources": [
                            "tuple",
                            [
                              "string"
                            ]
                          ],
                          "verbs": [
                            "tuple",
                            [
                              "string",
                              "string",
                              "string"
                            ]
                          ]
                        }
                      ],
                      [
                        "object",
                        {
                          "apiGroups": [
                            "tuple",
                            [
                              "string"
                            ]
                          ],
                          "resources": [
                            "tuple",
                            [
                              "string"
                            ]
                          ],
                          "verbs": [
                            "tuple",
                            [
                              "string",
                              "string",
                              "string",
                              "string"
                            ]
                          ]
                        }
                      ],
                      [
                        "object",
                        {
                          "apiGroups": [
                            "tuple",
                            [
                              "string"
                            ]
                          ],
                          "resources": [
                            "tuple",
                            [
                              "string"
                            ]
                          ],
                          "verbs": [
                            "tuple",
                            [
                              "string",
                              "string",
                              "string",
                              "string",
                              "string",
                              "string"
                            ]
                          ]
                        }
                      ],
                      [
                        "object",
                        {
                          "apiGroups": [
                            "tuple",
                            [
                              "string"
                            ]
                          ],
                          "resources": [
                            "tuple",
                            [
                              "string",
                              "string",
                              "string",
                              "string"
                            ]
                          ],
                          "verbs": [
                            "tuple",
                            [
                              "string",
                              "string",
                              "string",
                              "string",
                              "string",
                              "string",
                              "string"
                            ]
                          ]
                        }
                      ],
                      [
                        "object",
                        {
                          "apiGroups": [
                            "tuple",
                            [
                              "string"
                            ]
                          ],
                          "resources": [
                            "tuple",
                            [
                              "string"
                            ]
                          ],
                          "verbs": [
                            "tuple",
                            [
                              "string",
                              "string",
                              "string"
                            ]
                          ]
                        }
                      ],
                      [
                        "object",
                        {
                          "apiGroups": [
                            "tuple",
                            [
                              "string"
                            ]
                          ],
                          "resources": [
                            "tuple",
                            [
                              "string"
                            ]
                          ],
                          "verbs": [
                            "tuple",
                            [
                              "string"
                            ]
                          ]
                        }
                      ],
                      [
                        "object",
                        {
                          "apiGroups": [
                            "tuple",
                            [
                              "string"
                            ]
                          ],
                          "resources": [
                            "tuple",
                            [
                              "string"
                            ]
                          ],
                          "verbs": [
                            "tuple",
                            [
                              "string"
                            ]
                          ]
                        }
                      ],
                      [
                        "object",
                        {
                          "apiGroups": [
                            "tuple",
                            [
                              "string"
                            ]
                          ],
                          "resources": [
                            "tuple",
                            [
                              "string"
                            ]
                          ],
                          "verbs": [
                            "tuple",
                            [
                              "string"
                            ]
                          ]
                        }
                      ],
                      [
                        "object",
                        {
                          "apiGroups": [
                            "tuple",
                            [
                              "string"
                            ]
                          ],
                          "resources": [
                            "tuple",
                            [
                              "string"
                            ]
                          ],
                          "verbs": [
                            "tuple",
                            [
                              "string"
                            ]
                          ]
                        }
                      ],
                      [
                        "object",
                        {
                          "apiGroups": [
                            "tuple",
                            [
                              "string"
                            ]
                          ],
                          "resources": [
                            "tuple",
                            [
                              "string"
                            ]
                          ],
                          "verbs": [
                            "tuple",
                            [
                              "string",
                              "string",
                              "string",
                              "string",
                              "string"
                            ]
                          ]
                        }
                      ],
                      [
                        "object",
                        {
                          "apiGroups": [
                            "tuple",
                            [
                              "string"
                            ]
                          ],
                          "resources": [
                            "tuple",
                            [
                              "string"
                            ]
                          ],
                          "verbs": [
                            "tuple",
                            [
                              "string"
                            ]
                          ]
                        }
                      ],
                      [
                        "object",
                        {
                          "apiGroups": [
                            "tuple",
                            [
                              "string"
                            ]
                          ],
                          "resources": [
                            "tuple",
                            [
                              "string"
                            ]
                          ],
                          "verbs": [
                            "tuple",
                            [
                              "string",
                              "string",
                              "string",
                              "string",
                              "string",
                              "string"
                            ]
                          ]
                        }
                      ],
                      [
                        "object",
                        {
                          "apiGroups": [
                            "tuple",
                            [
                              "string"
                            ]
                          ],
                          "resources": [
                            "tuple",
                            [
                              "string"
                            ]
                          ],
                          "verbs": [
                            "tuple",
                            [
                              "string",
                              "string",
                              "string",
                              "string",
                              "string",
                              "string",
                              "string"
                            ]
                          ]
                        }
                      ],
                      [
                        "object",
                        {
                          "apiGroups": [
                            "tuple",
                            [
                              "string"
                            ]
                          ],
                          "resources": [
                            "tuple",
                            [
                              "string",
                              "string",
                              "string",
                              "string",
                              "string",
                              "string",
                              "string",
                              "string"
                            ]
                          ],
                          "verbs": [
                            "tuple",
                            [
                              "string",
                              "string",
                              "string",
                              "string",
                              "string",
                              "string",
                              "string"
                            ]
                          ]
                        }
                      ],
                      [
                        "object",
                        {
                          "apiGroups": [
                            "tuple",
                            [
                              "string"
                            ]
                          ],
                          "resources": [
                            "tuple",
                            [
                              "string",
                              "string",
                              "string"
                            ]
                          ],
                          "verbs": [
                            "tuple",
                            [
                              "string",
                              "string",
                              "string",
                              "string",
                              "string",
                              "string",
                              "string"
                            ]
                          ]
                        }
                      ],
                      [
                        "object",
                        {
                          "apiGroups": [
                            "tuple",
                            [
                              "string"
                            ]
                          ],
                          "resources": [
                            "tuple",
                            [
                              "string",
                              "string",
                              "string",
                              "string"
                            ]
                          ],
                          "verbs": [
                            "tuple",
                            [
                              "string",
                              "string",
                              "string",
                              "string",
                              "string",
                              "string",
                              "string"
                            ]
                          ]
                        }
                      ],
                      [
                        "object",
                        {
                          "apiGroups": [
                            "tuple",
                            [
                              "string"
                            ]
                          ],
                          "resources": [
                            "tuple",
                            [
                              "string"
                            ]
                          ],
                          "verbs": [
                            "tuple",
                            [
                              "string"
                            ]
                          ]
                        }
                      ],
                      [
                        "object",
                        {
                          "apiGroups": [
                            "tuple",
                            [
                              "string"
                            ]
                          ],
                          "resources": [
                            "tuple",
                            [
                              "string",
                              "string"
                            ]
                          ],
                          "verbs": [
                            "tuple",
                            [
                              "string"
                            ]
                          ]
                        }
                      ],
                      [
                        "object",
                        {
                          "apiGroups": [
                            "tuple",
                            [
                              "string"
                            ]
                          ],
                          "resources": [
                            "tuple",
                            [
                              "string",
                              "string",
                              "string",
                              "string",
                              "string",
                              "string",
                              "string",
                              "string",
                              "string"
                            ]
                          ],
                          "verbs": [
                            "tuple",
                            [
                              "string"
                            ]
                          ]
                        }
                      ],
                      [
                        "object",
                        {
                          "apiGroups": [
                            "tuple",
                            [
                              "string"
                            ]
                          ],
                          "resources": [
                            "tuple",
                            [
                              "string"
                            ]
                          ],
                          "verbs": [
                            "tuple",
                            [
                              "string"
                            ]
                          ]
                        }
                      ],
                      [
                        "object",
                        {
                          "apiGroups": [
                            "tuple",
                            [
                              "string"
                            ]
                          ],
                          "resources": [
                            "tuple",
                            [
                              "string"
                            ]
                          ],
                          "verbs": [
                            "tuple",
                            [
                              "string"
                            ]
                          ]
                        }
                      ],
                      [
                        "object",
                        {
                          "apiGroups": [
                            "tuple",
                            [
                              "string"
                            ]
                          ],
                          "resources": [
                            "tuple",
                            [
                              "string"
                            ]
                          ],
                          "verbs": [
                            "tuple",
                            [
                              "string",
                              "string",
                              "string"
                            ]
                          ]
                        }
                      ],
                      [
                        "object",
                        {
                          "apiGroups": [
                            "tuple",
                            [
                              "string"
                            ]
                          ],
                          "resources": [
                            "tuple",
                            [
                              "string"
                            ]
                          ],
                          "verbs": [
                            "tuple",
                            [
                              "string"
                            ]
                          ]
                        }
                      ],
                      [
                        "object",
                        {
                          "apiGroups": [
                            "tuple",
                            [
                              "string"
                            ]
                          ],
                          "resources": [
                            "tuple",
                            [
                              "string"
                            ]
                          ],
                          "verbs": [
                            "tuple",
                            [
                              "string",
                              "string",
                              "string"
                            ]
                          ]
                        }
                      ],
                      [
                        "object",
                        {
                          "apiGroups": [
                            "tuple",
                            [
                              "string"
                            ]
                          ],
                          "resources": [
                            "tuple",
                            [
                              "string"
                            ]
                          ],
                          "verbs": [
                            "tuple",
                            [
                              "string",
                              "string",
                              "string",
                              "string",
                              "string",
                              "string"
                            ]
                          ]
                        }
                      ],
                      [
                        "object",
                        {
                          "apiGroups": [
                            "tuple",
                            [
                              "string"
                            ]
                          ],
                          "resources": [
                            "tuple",
                            [
                              "string"
                            ]
                          ],
                          "verbs": [
                            "tuple",
                            [
                              "string",
                              "string",
                              "string"
                            ]
                          ]
                        }
                      ],
                      [
                        "object",
                        {
                          "apiGroups": [
                            "tuple",
                            [
                              "string"
                            ]
                          ],
                          "resources": [
                            "tuple",
                            [
                              "string",
                              "string",
                              "string",
                              "string"
                            ]
                          ],
                          "verbs": [
                            "tuple",
                            [
                              "string",
                              "string",
                              "string"
                            ]
                          ]
                        }
                      ],
                      [
                        "object",
                        {
                          "apiGroups": [
                            "tuple",
                            [
                              "string"
                            ]
                          ],
                          "resources": [
                            "tuple",
                            [
                              "string"
                            ]
                          ],
                          "verbs": [
                            "tuple",
                            [
                              "string",
                              "string",
                              "string"
                            ]
                          ]
                        }
                      ],
                      [
                        "object",
                        {
                          "apiGroups": [
                            "tuple",
                            [
                              "string"
                            ]
                          ],
                          "resources": [
                            "tuple",
                            [
                              "string",
                              "string",
                              "string"
                            ]
                          ],
                          "verbs": [
                            "tuple",
                            [
                              "string",
                              "string",
                              "string",
                              "string",
                              "string",
                              "string"
                            ]
                          ]
                        }
                      ],
                      [
                        "object",
                        {
                          "apiGroups": [
                            "tuple",
                            [
                              "string"
                            ]
                          ],
                          "resources": [
                            "tuple",
                            [
                              "string"
                            ]
                          ],
                          "verbs": [
                            "tuple",
                            [
                              "string"
                            ]
                          ]
                        }
                      ],
                      [
                        "object",
                        {
                          "apiGroups": [
                            "tuple",
                            [
                              "string"
                            ]
                          ],
                          "resources": [
                            "tuple",
                            [
                              "string"
                            ]
                          ],
                          "verbs": [
                            "tuple",
                            [
                              "string",
                              "string"
                            ]
                          ]
                        }
                      ],
                      [
                        "object",
                        {
                          "apiGroups": [
                            "tuple",
                            [
                              "string"
                            ]
                          ],
                          "resources": [
                            "tuple",
                            [
                              "string"
                            ]
                          ],
                          "verbs": [
                            "tuple",
                            [
                              "string",
                              "string",
                              "string"
                            ]
                          ]
                        }
                      ],
                      [
                        "object",
                        {
                          "apiGroups": [
                            "tuple",
                            [
                              "string"
                            ]
                          ],
                          "resources": [
                            "tuple",
                            [
                              "string",
                              "string"
                            ]
                          ],
                          "verbs": [
                            "tuple",
                            [
                              "string",
                              "string",
                              "string"
                            ]
                          ]
                        }
                      ],
                      [
                        "object",
                        {
                          "apiGroups": [
                            "tuple",
                            [
                              "string"
                            ]
                          ],
                          "resources": [
                            "tuple",
                            [
                              "string"
                            ]
                          ],
                          "verbs": [
                            "tuple",
                            [
                              "string",
                              "string",
                              "string"
                            ]
                          ]
                        }
                      ],
                      [
                        "object",
                        {
                          "apiGroups": [
                            "tuple",
                            [
                              "string"
                            ]
                          ],
                          "resources": [
                            "tuple",
                            [
                              "string"
                            ]
                          ],
                          "verbs": [
                            "tuple",
                            [
                              "string",
                              "string",
                              "string",
                              "string"
                            ]
                          ]
                        }
                      ],
                      [
                        "object",
                        {
                          "apiGroups": [
                            "tuple",
                            [
                              "string"
                            ]
                          ],
                          "resources": [
                            "tuple",
                            [
                              "string"
                            ]
                          ],
                          "verbs": [
                            "tuple",
                            [
                              "string",
                              "string",
                              "string"
                            ]
                          ]
                        }
                      ],
                      [
                        "object",
                        {
                          "apiGroups": [
                            "tuple",
                            [
                              "string"
                            ]
                          ],
                          "resources": [
                            "tuple",
                            [
                              "string"
                            ]
                          ],
                          "verbs": [
                            "tuple",
                            [
                              "string",
                              "string"
                            ]
                          ]
                        }
                      ],
                      [
                        "object",
                        {
                          "apiGroups": [
                            "tuple",
                            [
                              "string"
                            ]
                          ],
                          "resources": [
                            "tuple",
                            [
                              "string"
                            ]
                          ],
                          "verbs": [
                            "tuple",
                            [
                              "string",
                              "string",
                              "string"
                            ]
                          ]
                        }
                      ],
                      [
                        "object",
                        {
                          "apiGroups": [
                            "tuple",
                            [
                              "string"
                            ]
                          ],
                          "resources": [
                            "tuple",
                            [
                              "string"
                            ]
                          ],
                          "verbs": [
                            "tuple",
                            [
                              "string",
                              "string",
                              "string"
                            ]
                          ]
                        }
                      ],
                      [
                        "object",
                        {
                          "apiGroups": [
                            "tuple",
                            [
                              "string"
                            ]
                          ],
                          "resources": [
                            "tuple",
                            [
                              "string"
                            ]
                          ],
                          "verbs": [
                            "tuple",
                            [
                              "string",
                              "string",
                              "string"
                            ]
                          ]
                        }
                      ],
                      [
                        "object",
                        {
                          "apiGroups": [
                            "tuple",
                            [
                              "string"
                            ]
                          ],
                          "resources": [
                            "tuple",
                            [
                              "string"
                            ]
                          ],
                          "verbs": [
                            "tuple",
                            [
                              "string",
                              "string",
                              "string"
                            ]
                          ]
                        }
                      ],
                      [
                        "object",
                        {
                          "apiGroups": [
                            "tuple",
                            [
                              "string"
                            ]
                          ],
                          "resources": [
                            "tuple",
                            [
                              "string"
                            ]
                          ],
                          "verbs": [
                            "tuple",
                            [
                              "string",
                              "string"
                            ]
                          ]
                        }
                      ],
                      [
                        "object",
                        {
                          "apiGroups": [
                            "tuple",
                            [
                              "string"
                            ]
                          ],
                          "resources": [
                            "tuple",
                            [
                              "string"
                            ]
                          ],
                          "verbs": [
                            "tuple",
                            [
                              "string",
                              "string",
                              "string",
                              "string",
                              "string"
                            ]
                          ]
                        }
                      ],
                      [
                        "object",
                        {
                          "apiGroups": [
                            "tuple",
                            [
                              "string"
                            ]
                          ],
                          "resources": [
                            "tuple",
                            [
                              "string"
                            ]
                          ],
                          "verbs": [
                            "tuple",
                            [
                              "string",
                              "string",
                              "string"
                            ]
                          ]
                        }
                      ],
                      [
                        "object",
                        {
                          "apiGroups": [
                            "tuple",
                            [
                              "string"
                            ]
                          ],
                          "resources": [
                            "tuple",
                            [
                              "string"
                            ]
                          ],
                          "verbs": [
                            "tuple",
                            [
                              "string",
                              "string",
                              "string"
                            ]
                          ]
                        }
                      ],
                      [
                        "object",
                        {
                          "apiGroups": [
                            "tuple",
                            [
                              "string"
                            ]
                          ],
                          "resources": [
                            "tuple",
                            [
                              "string"
                            ]
                          ],
                          "verbs": [
                            "tuple",
                            [
                              "string",
                              "string",
                              "string"
                            ]
                          ]
                        }
                      ],
                      [
                        "object",
                        {
                          "apiGroups": [
                            "tuple",
                            [
                              "string"
                            ]
                          ],
                          "resources": [
                            "tuple",
                            [
                              "string"
                            ]
                          ],
                          "verbs": [
                            "tuple",
                            [
                              "string",
                              "string",
                              "string"
                            ]
                          ]
                        }
                      ],
                      [
                        "object",
                        {
                          "apiGroups": [
                            "tuple",
                            [
                              "string"
                            ]
                          ],
                          "resources": [
                            "tuple",
                            [
                              "string"
                            ]
                          ],
                          "verbs": [
                            "tuple",
                            [
                              "string",
                              "string"
                            ]
                          ]
                        }
                      ],
                      [
                        "object",
                        {
                          "apiGroups": [
                            "tuple",
                            [
                              "string"
                            ]
                          ],
                          "resources": [
                            "tuple",
                            [
                              "string",
                              "string"
                            ]
                          ],
                          "verbs": [
                            "tuple",
                            [
                              "string",
                              "string"
                            ]
                          ]
                        }
                      ],
                      [
                        "object",
                        {
                          "apiGroups": [
                            "tuple",
                            [
                              "string"
                            ]
                          ],
                          "resources": [
                            "tuple",
                            [
                              "string",
                              "string",
                              "string",
                              "string",
                              "string",
                              "string",
                              "string",
                              "string",
                              "string",
                              "string",
                              "string",
                              "string"
                            ]
                          ],
                          "verbs": [
                            "tuple",
                            [
                              "string"
                            ]
                          ]
                        }
                      ],
                      [
                        "object",
                        {
                          "apiGroups": [
                            "tuple",
                            [
                              "string"
                            ]
                          ],
                          "resources": [
                            "tuple",
                            [
                              "string",
                              "string",
                              "string",
                              "string",
                              "string",
                              "string",
                              "string",
                              "string",
                              "string",
                              "string"
                            ]
                          ],
                          "verbs": [
                            "tuple",
                            [
                              "string"
                            ]
                          ]
                        }
                      ],
                      [
                        "object",
                        {
                          "apiGroups": [
                            "tuple",
                            [
                              "string"
                            ]
                          ],
                          "resources": [
                            "tuple",
                            [
                              "string",
                              "string"
                            ]
                          ],
                          "verbs": [
                            "tuple",
                            [
                              "string"
                            ]
                          ]
                        }
                      ],
                      [
                        "object",
                        {
                          "apiGroups": [
                            "tuple",
                            [
                              "string"
                            ]
                          ],
                          "resources": [
                            "tuple",
                            [
                              "string",
                              "string",
                              "string",
                              "string",
                              "string",
                              "string"
                            ]
                          ],
                          "verbs": [
                            "tuple",
                            [
                              "string"
                            ]
                          ]
                        }
                      ],
                      [
                        "object",
                        {
                          "apiGroups": [
                            "tuple",
                            [
                              "string"
                            ]
                          ],
                          "resources": [
                            "tuple",
                            [
                              "string"
                            ]
                          ],
                          "verbs": [
                            "tuple",
                            [
                              "string"
                            ]
                          ]
                        }
                      ],
                      [
                        "object",
                        {
                          "apiGroups": [
                            "tuple",
                            [
                              "string"
                            ]
                          ],
                          "resources": [
                            "tuple",
                            [
                              "string",
                              "string",
                              "string",
                              "string"
                            ]
                          ],
                          "verbs": [
                            "tuple",
                            [
                              "string",
                              "string",
                              "string",
                              "string",
                              "string",
                              "string",
                              "string",
                              "string"
                            ]
                          ]
                        }
                      ],
                      [
                        "object",
                        {
                          "apiGroups": [
                            "tuple",
                            [
                              "string"
                            ]
                          ],
                          "resources": [
                            "tuple",
                            [
                              "string"
                            ]
                          ],
                          "verbs": [
                            "tuple",
                            [
                              "string",
                              "string",
                              "string"
                            ]
                          ]
                        }
                      ],
                      [
                        "object",
                        {
                          "apiGroups": [
                            "tuple",
                            [
                              "string"
                            ]
                          ],
                          "resources": [
                            "tuple",
                            [
                              "string",
                              "string",
                              "string"
                            ]
                          ],
                          "verbs": [
                            "tuple",
                            [
                              "string",
                              "string",
                              "string",
                              "string",
                              "string",
                              "string",
                              "string",
                              "string"
                            ]
                          ]
                        }
                      ],
                      [
                        "object",
                        {
                          "apiGroups": [
                            "tuple",
                            [
                              "string"
                            ]
                          ],
                          "resources": [
                            "tuple",
                            [
                              "string"
                            ]
                          ],
                          "verbs": [
                            "tuple",
                            [
                              "string",
                              "string",
                              "string",
                              "string",
                              "string",
                              "string",
                              "string",
                              "string"
                            ]
                          ]
                        }
                      ],
                      [
                        "object",
                        {
                          "apiGroups": [
                            "tuple",
                            [
                              "string"
                            ]
                          ],
                          "resources": [
                            "tuple",
                            [
                              "string"
                            ]
                          ],
                          "verbs": [
                            "tuple",
                            [
                              "string",
                              "string",
                              "string",
                              "string",
                              "string",
                              "string",
                              "string",
                              "string"
                            ]
                          ]
                        }
                      ],
                      [
                        "object",
                        {
                          "apiGroups": [
                            "tuple",
                            [
                              "string"
                            ]
                          ],
                          "resources": [
                            "tuple",
                            [
                              "string",
                              "string",
                              "string",
                              "string"
                            ]
                          ],
                          "verbs": [
                            "tuple",
                            [
                              "string",
                              "string",
                              "string",
                              "string",
                              "string",
                              "string",
                              "string",
                              "string"
                            ]
                          ]
                        }
                      ],
                      [
                        "object",
                        {
                          "apiGroups": [
                            "tuple",
                            [
                              "string"
                            ]
                          ],
                          "resources": [
                            "tuple",
                            [
                              "string"
                            ]
                          ],
                          "verbs": [
                            "tuple",
                            [
                              "string",
                              "string",
                              "string",
                              "string",
                              "string",
                              "string",
                              "string",
                              "string"
                            ]
                          ]
                        }
                      ],
                      [
                        "object",
                        {
                          "apiGroups": [
                            "tuple",
                            [
                              "string"
                            ]
                          ],
                          "resources": [
                            "tuple",
                            [
                              "string"
                            ]
                          ],
                          "verbs": [
                            "tuple",
                            [
                              "string",
                              "string",
                              "string"
                            ]
                          ]
                        }
                      ],
                      [
                        "object",
                        {
                          "apiGroups": [
                            "tuple",
                            [
                              "string"
                            ]
                          ],
                          "resources": [
                            "tuple",
                            [
                              "string",
                              "string",
                              "string",
                              "string",
                              "string",
                              "string",
                              "string",
                              "string",
                              "string",
                              "string",
                              "string",
                              "string"
                            ]
                          ],
                          "verbs": [
                            "tuple",
                            [
                              "string"
                            ]
                          ]
                        }
                      ],
                      [
                        "object",
                        {
                          "apiGroups": [
                            "tuple",
                            [
                              "string"
                            ]
                          ],
                          "resources": [
                            "tuple",
                            [
                              "string",
                              "string",
                              "string",
                              "string",
                              "string",
                              "string",
                              "string",
                              "string",
                              "string",
                              "string"
                            ]
                          ],
                          "verbs": [
                            "tuple",
                            [
                              "string"
                            ]
                          ]
                        }
                      ],
                      [
                        "object",
                        {
                          "apiGroups": [
                            "tuple",
                            [
                              "string"
                            ]
                          ],
                          "resources": [
                            "tuple",
                            [
                              "string",
                              "string"
                            ]
                          ],
                          "verbs": [
                            "tuple",
                            [
                              "string"
                            ]
                          ]
                        }
                      ],
                      [
                        "object",
                        {
                          "apiGroups": [
                            "tuple",
                            [
                              "string"
                            ]
                          ],
                          "resources": [
                            "tuple",
                            [
                              "string",
                              "string",
                              "string",
                              "string",
                              "string",
                              "string"
                            ]
                          ],
                          "verbs": [
                            "tuple",
                            [
                              "string"
                            ]
                          ]
                        }
                      ],
                      [
                        "object",
                        {
                          "apiGroups": [
                            "tuple",
                            [
                              "string"
                            ]
                          ],
                          "resources": [
                            "tuple",
                            [
                              "string"
                            ]
                          ],
                          "verbs": [
                            "tuple",
                            [
                              "string"
                            ]
                          ]
                        }
                      ],
                      [
                        "object",
                        {
                          "apiGroups": [
                            "tuple",
                            [
                              "string"
                            ]
                          ],
                          "resources": [
                            "tuple",
                            [
                              "string",
                              "string",
                              "string",
                              "string"
                            ]
                          ],
                          "verbs": [
                            "tuple",
                            [
                              "string",
                              "string",
                              "string",
                              "string",
                              "string",
                              "string",
                              "string"
                            ]
                          ]
                        }
                      ],
                      [
                        "object",
                        {
                          "apiGroups": [
                            "tuple",
                            [
                              "string"
                            ]
                          ],
                          "resources": [
                            "tuple",
                            [
                              "string"
                            ]
                          ],
                          "verbs": [
                            "tuple",
                            [
                              "string",
                              "string",
                              "string"
                            ]
                          ]
                        }
                      ],
                      [
                        "object",
                        {
                          "apiGroups": [
                            "tuple",
                            [
                              "string"
                            ]
                          ],
                          "resources": [
                            "tuple",
                            [
                              "string",
                              "string",
                              "string"
                            ]
                          ],
                          "verbs": [
                            "tuple",
                            [
                              "string",
                              "string",
                              "string",
                              "string",
                              "string",
                              "string",
                              "string"
                            ]
                          ]
                        }
                      ],
                      [
                        "object",
                        {
                          "apiGroups": [
                            "tuple",
                            [
                              "string"
                            ]
                          ],
                          "resources": [
                            "tuple",
                            [
                              "string"
                            ]
                          ],
                          "verbs": [
                            "tuple",
                            [
                              "string",
                              "string",
                              "string",
                              "string",
                              "string",
                              "string",
                              "string"
                            ]
                          ]
                        }
                      ],
                      [
                        "object",
                        {
                          "apiGroups": [
                            "tuple",
                            [
                              "string"
                            ]
                          ],
                          "resources": [
                            "tuple",
                            [
                              "string"
                            ]
                          ],
                          "verbs": [
                            "tuple",
                            [
                              "string",
                              "string",
                              "string",
                              "string",
                              "string",
                              "string",
                              "string"
                            ]
                          ]
                        }
                      ],
                      [
                        "object",
                        {
                          "apiGroups": [
                            "tuple",
                            [
                              "string"
                            ]
                          ],
                          "resources": [
                            "tuple",
                            [
                              "string",
                              "string",
                              "string",
                              "string"
                            ]
                          ],
                          "verbs": [
                            "tuple",
                            [
                              "string",
                              "string",
                              "string",
                              "string",
                              "string",
                              "string",
                              "string"
                            ]
                          ]
                        }
                      ],
                      [
                        "object",
                        {
                          "apiGroups": [
                            "tuple",
                            [
                              "string"
                            ]
                          ],
                          "resources": [
                            "tuple",
                            [
                              "string"
                            ]
                          ],
                          "verbs": [
                            "tuple",
                            [
                              "string",
                              "string",
                              "string",
                              "string",
                              "string",
                              "string",
                              "string"
                            ]
                          ]
                        }
                      ],
                      [
                        "object",
                        {
                          "apiGroups": [
                            "tuple",
                            [
                              "string"
                            ]
                          ],
                          "resources": [
                            "tuple",
                            [
                              "string"
                            ]
                          ],
                          "verbs": [
                            "tuple",
                            [
                              "string",
                              "string"
                            ]
                          ]
                        }
                      ],
                      [
                        "object",
                        {
                          "apiGroups": [
                            "tuple",
                            [
                              "string"
                            ]
                          ],
                          "resources": [
                            "tuple",
                            [
                              "string"
                            ]
                          ],
                          "verbs": [
                            "tuple",
                            [
                              "string",
                              "string",
                              "string"
                            ]
                          ]
                        }
                      ],
                      [
                        "object",
                        {
                          "apiGroups": [
                            "tuple",
                            [
                              "string"
                            ]
                          ],
                          "resources": [
                            "tuple",
                            [
                              "string"
                            ]
                          ],
                          "verbs": [
                            "tuple",
                            [
                              "string",
                              "string"
                            ]
                          ]
                        }
                      ],
                      [
                        "object",
                        {
                          "apiGroups": [
                            "tuple",
                            [
                              "string"
                            ]
                          ],
                          "resources": [
                            "tuple",
                            [
                              "string",
                              "string",
                              "string",
                              "string",
                              "string",
                              "string",
                              "string",
                              "string"
                            ]
                          ],
                          "verbs": [
                            "tuple",
                            [
                              "string"
                            ]
                          ]
                        }
                      ],
                      [
                        "object",
                        {
                          "apiGroups": [
                            "tuple",
                            [
                              "string"
                            ]
                          ],
                          "resources": [
                            "tuple",
                            [
                              "string"
                            ]
                          ],
                          "verbs": [
                            "tuple",
                            [
                              "string"
                            ]
                          ]
                        }
                      ],
                      [
                        "object",
                        {
                          "apiGroups": [
                            "tuple",
                            [
                              "string"
                            ]
                          ],
                          "resources": [
                            "tuple",
                            [
                              "string",
                              "string",
                              "string",
                              "string",
                              "string"
                            ]
                          ],
                          "verbs": [
                            "tuple",
                            [
                              "string",
                              "string",
                              "string"
                            ]
                          ]
                        }
                      ],
                      [
                        "object",
                        {
                          "apiGroups": [
                            "tuple",
                            [
                              "string"
                            ]
                          ],
                          "resources": [
                            "tuple",
                            [
                              "string",
                              "string",
                              "string"
                            ]
                          ],
                          "verbs": [
                            "tuple",
                            [
                              "string",
                              "string",
                              "string"
                            ]
                          ]
                        }
                      ],
                      [
                        "object",
                        {
                          "apiGroups": [
                            "tuple",
                            [
                              "string"
                            ]
                          ],
                          "resources": [
                            "tuple",
                            [
                              "string"
                            ]
                          ],
                          "verbs": [
                            "tuple",
                            [
                              "string",
                              "string",
                              "string"
                            ]
                          ]
                        }
                      ],
                      [
                        "object",
                        {
                          "apiGroups": [
                            "tuple",
                            [
                              "string"
                            ]
                          ],
                          "resources": [
                            "tuple",
                            [
                              "string"
                            ]
                          ],
                          "verbs": [
                            "tuple",
                            [
                              "string",
                              "string",
                              "string"
                            ]
                          ]
                        }
                      ],
                      [
                        "object",
                        {
                          "apiGroups": [
                            "tuple",
                            [
                              "string"
                            ]
                          ],
                          "resources": [
                            "tuple",
                            [
                              "string",
                              "string",
                              "string",
                              "string"
                            ]
                          ],
                          "verbs": [
                            "tuple",
                            [
                              "string",
                              "string",
                              "string"
                            ]
                          ]
                        }
                      ],
                      [
                        "object",
                        {
                          "apiGroups": [
                            "tuple",
                            [
                              "string"
                            ]
                          ],
                          "resources": [
                            "tuple",
                            [
                              "string"
                            ]
                          ],
                          "verbs": [
                            "tuple",
                            [
                              "string",
                              "string",
                              "string"
                            ]
                          ]
                        }
                      ],
                      [
                        "object",
                        {
                          "apiGroups": [
                            "tuple",
                            [
                              "string"
                            ]
                          ],
                          "resources": [
                            "tuple",
                            [
                              "string"
                            ]
                          ],
                          "verbs": [
                            "tuple",
                            [
                              "string",
                              "string",
                              "string"
                            ]
                          ]
                        }
                      ],
                      [
                        "object",
                        {
                          "apiGroups": [
                            "tuple",
                            [
                              "string"
                            ]
                          ],
                          "resources": [
                            "tuple",
                            [
                              "string",
                              "string"
                            ]
                          ],
                          "verbs": [
                            "tuple",
                            [
                              "string",
                              "string",
                              "string"
                            ]
                          ]
                        }
                      ],
                      [
                        "object",
                        {
                          "apiGroups": [
                            "tuple",
                            [
                              "string"
                            ]
                          ],
                          "resources": [
                            "tuple",
                            [
                              "string"
                            ]
                          ],
                          "verbs": [
                            "tuple",
                            [
                              "string"
                            ]
                          ]
                        }
                      ],
                      [
                        "object",
                        {
                          "apiGroups": [
                            "tuple",
                            [
                              "string"
                            ]
                          ],
                          "resources": [
                            "tuple",
                            [
                              "string"
                            ]
                          ],
                          "verbs": [
                            "tuple",
                            [
                              "string",
                              "string",
                              "string",
                              "string",
                              "string",
                              "string",
                              "string",
                              "string"
                            ]
                          ]
                        }
                      ],
                      [
                        "object",
                        {
                          "apiGroups": [
                            "tuple",
                            [
                              "string"
                            ]
                          ],
                          "resources": [
                            "tuple",
                            [
                              "string"
                            ]
                          ],
                          "verbs": [
                            "tuple",
                            [
                              "string"
                            ]
                          ]
                        }
                      ],
                      [
                        "object",
                        {
                          "apiGroups": [
                            "tuple",
                            [
                              "string"
                            ]
                          ],
                          "resources": [
                            "tuple",
                            [
                              "string"
                            ]
                          ],
                          "verbs": [
                            "tuple",
                            [
                              "string"
                            ]
                          ]
                        }
                      ]
                    ]
                  ]
                }
              ]
            },
            "object": {
              "value": {
                "aggregationRule": {
                  "clusterRoleSelectors": null
                },
                "apiVersion": "rbac.authorization.k8s.io/v1",
                "kind": "ClusterRole",
                "metadata": {
                  "annotations": null,
                  "creationTimestamp": null,
                  "deletionGracePeriodSeconds": null,
                  "deletionTimestamp": null,
                  "finalizers": null,
                  "generateName": null,
                  "generation": null,
                  "labels": {
                    "kubevirt.io": ""
                  },
                  "managedFields": null,
                  "name": "kubevirt-operator",
                  "namespace": null,
                  "ownerReferences": null,
                  "resourceVersion": null,
                  "selfLink": null,
                  "uid": null
                },
                "rules": [
                  {
                    "apiGroups": [
                      "kubevirt.io"
                    ],
                    "nonResourceURLs": null,
                    "resourceNames": null,
                    "resources": [
                      "kubevirts"
                    ],
                    "verbs": [
                      "get",
                      "list",
                      "watch",
                      "patch",
                      "update",
                      "patch"
                    ]
                  },
                  {
                    "apiGroups": [
                      ""
                    ],
                    "nonResourceURLs": null,
                    "resourceNames": null,
                    "resources": [
                      "serviceaccounts",
                      "services",
                      "endpoints",
                      "pods/exec"
                    ],
                    "verbs": [
                      "get",
                      "list",
                      "watch",
                      "create",
                      "update",
                      "delete",
                      "patch"
                    ]
                  },
                  {
                    "apiGroups": [
                      ""
                    ],
                    "nonResourceURLs": null,
                    "resourceNames": null,
                    "resources": [
                      "configmaps"
                    ],
                    "verbs": [
                      "patch",
                      "delete"
                    ]
                  },
                  {
                    "apiGroups": [
                      "batch"
                    ],
                    "nonResourceURLs": null,
                    "resourceNames": null,
                    "resources": [
                      "jobs"
                    ],
                    "verbs": [
                      "get",
                      "list",
                      "watch",
                      "create",
                      "delete",
                      "patch"
                    ]
                  },
                  {
                    "apiGroups": [
                      "apps"
                    ],
                    "nonResourceURLs": null,
                    "resourceNames": null,
                    "resources": [
                      "controllerrevisions"
                    ],
                    "verbs": [
                      "watch",
                      "list",
                      "create",
                      "delete",
                      "patch"
                    ]
                  },
                  {
                    "apiGroups": [
                      "apps"
                    ],
                    "nonResourceURLs": null,
                    "resourceNames": null,
                    "resources": [
                      "deployments",
                      "daemonsets"
                    ],
                    "verbs": [
                      "get",
                      "list",
                      "watch",
                      "create",
                      "delete",
                      "patch"
                    ]
                  },
                  {
                    "apiGroups": [
                      "rbac.authorization.k8s.io"
                    ],
                    "nonResourceURLs": null,
                    "resourceNames": null,
                    "resources": [
                      "clusterroles",
                      "clusterrolebindings",
                      "roles",
                      "rolebindings"
                    ],
                    "verbs": [
                      "get",
                      "list",
                      "watch",
                      "create",
                      "delete",
                      "patch",
                      "update"
                    ]
                  },
                  {
                    "apiGroups": [
                      "apiextensions.k8s.io"
                    ],
                    "nonResourceURLs": null,
                    "resourceNames": null,
                    "resources": [
                      "customresourcedefinitions"
                    ],
                    "verbs": [
                      "get",
                      "list",
                      "watch",
                      "create",
                      "delete",
                      "patch"
                    ]
                  },
                  {
                    "apiGroups": [
                      "security.openshift.io"
                    ],
                    "nonResourceURLs": null,
                    "resourceNames": null,
                    "resources": [
                      "securitycontextconstraints"
                    ],
                    "verbs": [
                      "create",
                      "get",
                      "list",
                      "watch"
                    ]
                  },
                  {
                    "apiGroups": [
                      "security.openshift.io"
                    ],
                    "nonResourceURLs": null,
                    "resourceNames": [
                      "privileged"
                    ],
                    "resources": [
                      "securitycontextconstraints"
                    ],
                    "verbs": [
                      "get",
                      "patch",
                      "update"
                    ]
                  },
                  {
                    "apiGroups": [
                      "security.openshift.io"
                    ],
                    "nonResourceURLs": null,
                    "resourceNames": [
                      "kubevirt-handler",
                      "kubevirt-controller"
                    ],
                    "resources": [
                      "securitycontextconstraints"
                    ],
                    "verbs": [
                      "get",
                      "list",
                      "watch",
                      "update",
                      "delete"
                    ]
                  },
                  {
                    "apiGroups": [
                      "admissionregistration.k8s.io"
                    ],
                    "nonResourceURLs": null,
                    "resourceNames": null,
                    "resources": [
                      "validatingwebhookconfigurations",
                      "mutatingwebhookconfigurations",
                      "validatingadmissionpolicybindings",
                      "validatingadmissionpolicies"
                    ],
                    "verbs": [
                      "get",
                      "list",
                      "watch",
                      "create",
                      "delete",
                      "update",
                      "patch"
                    ]
                  },
                  {
                    "apiGroups": [
                      "apiregistration.k8s.io"
                    ],
                    "nonResourceURLs": null,
                    "resourceNames": null,
                    "resources": [
                      "apiservices"
                    ],
                    "verbs": [
                      "get",
                      "list",
                      "watch",
                      "create",
                      "delete",
                      "update",
                      "patch"
                    ]
                  },
                  {
                    "apiGroups": [
                      "monitoring.coreos.com"
                    ],
                    "nonResourceURLs": null,
                    "resourceNames": null,
                    "resources": [
                      "servicemonitors",
                      "prometheusrules"
                    ],
                    "verbs": [
                      "get",
                      "list",
                      "watch",
                      "create",
                      "delete",
                      "update",
                      "patch"
                    ]
                  },
                  {
                    "apiGroups": [
                      ""
                    ],
                    "nonResourceURLs": null,
                    "resourceNames": null,
                    "resources": [
                      "namespaces"
                    ],
                    "verbs": [
                      "get",
                      "list",
                      "watch",
                      "patch"
                    ]
                  },
                  {
                    "apiGroups": [
                      ""
                    ],
                    "nonResourceURLs": null,
                    "resourceNames": null,
                    "resources": [
                      "pods"
                    ],
                    "verbs": [
                      "get",
                      "list",
                      "delete",
                      "patch"
                    ]
                  },
                  {
                    "apiGroups": [
                      "kubevirt.io"
                    ],
                    "nonResourceURLs": null,
                    "resourceNames": null,
                    "resources": [
                      "virtualmachines",
                      "virtualmachineinstances"
                    ],
                    "verbs": [
                      "get",
                      "list",
                      "watch",
                      "patch",
                      "update"
                    ]
                  },
                  {
                    "apiGroups": [
                      ""
                    ],
                    "nonResourceURLs": null,
                    "resourceNames": null,
                    "resources": [
                      "persistentvolumeclaims"
                    ],
                    "verbs": [
                      "get",
                      "list"
                    ]
                  },
                  {
                    "apiGroups": [
                      "kubevirt.io"
                    ],
                    "nonResourceURLs": null,
                    "resourceNames": null,
                    "resources": [
                      "virtualmachines/status"
                    ],
                    "verbs": [
                      "patch"
                    ]
                  },
                  {
                    "apiGroups": [
                      "kubevirt.io"
                    ],
                    "nonResourceURLs": null,
                    "resourceNames": null,
                    "resources": [
                      "virtualmachineinstancemigrations"
                    ],
                    "verbs": [
                      "create",
                      "get",
                      "list",
                      "watch",
                      "patch"
                    ]
                  },
                  {
                    "apiGroups": [
                      "kubevirt.io"
                    ],
                    "nonResourceURLs": null,
                    "resourceNames": null,
                    "resources": [
                      "virtualmachineinstancepresets"
                    ],
                    "verbs": [
                      "watch",
                      "list"
                    ]
                  },
                  {
                    "apiGroups": [
                      ""
                    ],
                    "nonResourceURLs": null,
                    "resourceNames": null,
                    "resources": [
                      "configmaps"
                    ],
                    "verbs": [
                      "get",
                      "list",
                      "watch"
                    ]
                  },
                  {
                    "apiGroups": [
                      ""
                    ],
                    "nonResourceURLs": null,
                    "resourceNames": null,
                    "resources": [
                      "limitranges"
                    ],
                    "verbs": [
                      "watch",
                      "list"
                    ]
                  },
                  {
                    "apiGroups": [
                      "apiextensions.k8s.io"
                    ],
                    "nonResourceURLs": null,
                    "resourceNames": null,
                    "resources": [
                      "customresourcedefinitions"
                    ],
                    "verbs": [
                      "get",
                      "list",
                      "watch"
                    ]
                  },
                  {
                    "apiGroups": [
                      "kubevirt.io"
                    ],
                    "nonResourceURLs": null,
                    "resourceNames": null,
                    "resources": [
                      "kubevirts"
                    ],
                    "verbs": [
                      "get",
                      "list",
                      "watch"
                    ]
                  },
                  {
                    "apiGroups": [
                      "snapshot.kubevirt.io"
                    ],
                    "nonResourceURLs": null,
                    "resourceNames": null,
                    "resources": [
                      "virtualmachinesnapshots",
                      "virtualmachinerestores",
                      "virtualmachinesnapshotcontents"
                    ],
                    "verbs": [
                      "get",
                      "list",
                      "watch"
                    ]
                  },
                  {
                    "apiGroups": [
                      "cdi.kubevirt.io"
                    ],
                    "nonResourceURLs": null,
                    "resourceNames": null,
                    "resources": [
                      "datasources",
                      "datavolumes"
                    ],
                    "verbs": [
                      "get",
                      "list",
                      "watch"
                    ]
                  },
                  {
                    "apiGroups": [
                      ""
                    ],
                    "nonResourceURLs": null,
                    "resourceNames": null,
                    "resources": [
                      "namespaces"
                    ],
                    "verbs": [
                      "get",
                      "list",
                      "watch"
                    ]
                  },
                  {
                    "apiGroups": [
                      "instancetype.kubevirt.io"
                    ],
                    "nonResourceURLs": null,
                    "resourceNames": null,
                    "resources": [
                      "virtualmachineinstancetypes",
                      "virtualmachineclusterinstancetypes",
                      "virtualmachinepreferences",
                      "virtualmachineclusterpreferences"
                    ],
                    "verbs": [
                      "get",
                      "list",
                      "watch"
                    ]
                  },
                  {
                    "apiGroups": [
                      "migrations.kubevirt.io"
                    ],
                    "nonResourceURLs": null,
                    "resourceNames": null,
                    "resources": [
                      "migrationpolicies"
                    ],
                    "verbs": [
                      "get",
                      "list",
                      "watch"
                    ]
                  },
                  {
                    "apiGroups": [
                      "apps"
                    ],
                    "nonResourceURLs": null,
                    "resourceNames": null,
                    "resources": [
                      "controllerrevisions"
                    ],
                    "verbs": [
                      "create",
                      "list",
                      "get"
                    ]
                  },
                  {
                    "apiGroups": [
                      ""
                    ],
                    "nonResourceURLs": null,
                    "resourceNames": null,
                    "resources": [
                      "namespaces"
                    ],
                    "verbs": [
                      "get",
                      "list",
                      "watch",
                      "patch"
                    ]
                  },
                  {
                    "apiGroups": [
                      "policy"
                    ],
                    "nonResourceURLs": null,
                    "resourceNames": null,
                    "resources": [
                      "poddisruptionbudgets"
                    ],
                    "verbs": [
                      "get",
                      "list",
                      "watch",
                      "delete",
                      "create",
                      "patch"
                    ]
                  },
                  {
                    "apiGroups": [
                      ""
                    ],
                    "nonResourceURLs": null,
                    "resourceNames": null,
                    "resources": [
                      "pods",
                      "configmaps",
                      "endpoints",
                      "services"
                    ],
                    "verbs": [
                      "get",
                      "list",
                      "watch",
                      "delete",
                      "update",
                      "create",
                      "patch"
                    ]
                  },
                  {
                    "apiGroups": [
                      ""
                    ],
                    "nonResourceURLs": null,
                    "resourceNames": null,
                    "resources": [
                      "events"
                    ],
                    "verbs": [
                      "update",
                      "create",
                      "patch"
                    ]
                  },
                  {
                    "apiGroups": [
                      ""
                    ],
                    "nonResourceURLs": null,
                    "resourceNames": null,
                    "resources": [
                      "secrets"
                    ],
                    "verbs": [
                      "create"
                    ]
                  },
                  {
                    "apiGroups": [
                      ""
                    ],
                    "nonResourceURLs": null,
                    "resourceNames": null,
                    "resources": [
                      "pods/finalizers"
                    ],
                    "verbs": [
                      "update"
                    ]
                  },
                  {
                    "apiGroups": [
                      ""
                    ],
                    "nonResourceURLs": null,
                    "resourceNames": null,
                    "resources": [
                      "pods/eviction"
                    ],
                    "verbs": [
                      "create"
                    ]
                  },
                  {
                    "apiGroups": [
                      ""
                    ],
                    "nonResourceURLs": null,
                    "resourceNames": null,
                    "resources": [
                      "pods/status"
                    ],
                    "verbs": [
                      "patch"
                    ]
                  },
                  {
                    "apiGroups": [
                      ""
                    ],
                    "nonResourceURLs": null,
                    "resourceNames": null,
                    "resources": [
                      "nodes"
                    ],
                    "verbs": [
                      "get",
                      "list",
                      "watch",
                      "update",
                      "patch"
                    ]
                  },
                  {
                    "apiGroups": [
                      "apps"
                    ],
                    "nonResourceURLs": null,
                    "resourceNames": null,
                    "resources": [
                      "daemonsets"
                    ],
                    "verbs": [
                      "list"
                    ]
                  },
                  {
                    "apiGroups": [
                      "apps"
                    ],
                    "nonResourceURLs": null,
                    "resourceNames": null,
                    "resources": [
                      "controllerrevisions"
                    ],
                    "verbs": [
                      "watch",
                      "list",
                      "create",
                      "delete",
                      "get",
                      "update"
                    ]
                  },
                  {
                    "apiGroups": [
                      ""
                    ],
                    "nonResourceURLs": null,
                    "resourceNames": null,
                    "resources": [
                      "persistentvolumeclaims"
                    ],
                    "verbs": [
                      "get",
                      "list",
                      "watch",
                      "create",
                      "update",
                      "delete",
                      "patch"
                    ]
                  },
                  {
                    "apiGroups": [
                      "snapshot.kubevirt.io"
                    ],
                    "nonResourceURLs": null,
                    "resourceNames": null,
                    "resources": [
                      "virtualmachinesnapshots",
                      "virtualmachinesnapshots/status",
                      "virtualmachinesnapshots/finalizers",
                      "virtualmachinesnapshotcontents",
                      "virtualmachinesnapshotcontents/status",
                      "virtualmachinesnapshotcontents/finalizers",
                      "virtualmachinerestores",
                      "virtualmachinerestores/status"
                    ],
                    "verbs": [
                      "get",
                      "list",
                      "watch",
                      "create",
                      "update",
                      "delete",
                      "patch"
                    ]
                  },
                  {
                    "apiGroups": [
                      "export.kubevirt.io"
                    ],
                    "nonResourceURLs": null,
                    "resourceNames": null,
                    "resources": [
                      "virtualmachineexports",
                      "virtualmachineexports/status",
                      "virtualmachineexports/finalizers"
                    ],
                    "verbs": [
                      "get",
                      "list",
                      "watch",
                      "create",
                      "update",
                      "delete",
                      "patch"
                    ]
                  },
                  {
                    "apiGroups": [
                      "pool.kubevirt.io"
                    ],
                    "nonResourceURLs": null,
                    "resourceNames": null,
                    "resources": [
                      "virtualmachinepools",
                      "virtualmachinepools/finalizers",
                      "virtualmachinepools/status",
                      "virtualmachinepools/scale"
                    ],
                    "verbs": [
                      "watch",
                      "list",
                      "create",
                      "delete",
                      "update",
                      "patch",
                      "get"
                    ]
                  },
                  {
                    "apiGroups": [
                      "kubevirt.io"
                    ],
                    "nonResourceURLs": null,
                    "resourceNames": null,
                    "resources": [
                      "*"
                    ],
                    "verbs": [
                      "*"
                    ]
                  },
                  {
                    "apiGroups": [
                      "kubevirt.io"
                    ],
                    "nonResourceURLs": null,
                    "resourceNames": null,
                    "resources": [
                      "virtualmachines/finalizers",
                      "virtualmachineinstances/finalizers"
                    ],
                    "verbs": [
                      "update"
                    ]
                  },
                  {
                    "apiGroups": [
                      "subresources.kubevirt.io"
                    ],
                    "nonResourceURLs": null,
                    "resourceNames": null,
                    "resources": [
                      "virtualmachines/stop",
                      "virtualmachineinstances/addvolume",
                      "virtualmachineinstances/removevolume",
                      "virtualmachineinstances/freeze",
                      "virtualmachineinstances/unfreeze",
                      "virtualmachineinstances/reset",
                      "virtualmachineinstances/softreboot",
                      "virtualmachineinstances/sev/setupsession",
                      "virtualmachineinstances/sev/injectlaunchsecret"
                    ],
                    "verbs": [
                      "update"
                    ]
                  },
                  {
                    "apiGroups": [
                      "cdi.kubevirt.io"
                    ],
                    "nonResourceURLs": null,
                    "resourceNames": null,
                    "resources": [
                      "*"
                    ],
                    "verbs": [
                      "*"
                    ]
                  },
                  {
                    "apiGroups": [
                      "k8s.cni.cncf.io"
                    ],
                    "nonResourceURLs": null,
                    "resourceNames": null,
                    "resources": [
                      "network-attachment-definitions"
                    ],
                    "verbs": [
                      "get"
                    ]
                  },
                  {
                    "apiGroups": [
                      "apiextensions.k8s.io"
                    ],
                    "nonResourceURLs": null,
                    "resourceNames": null,
                    "resources": [
                      "customresourcedefinitions"
                    ],
                    "verbs": [
                      "get",
                      "list",
                      "watch"
                    ]
                  },
                  {
                    "apiGroups": [
                      "authorization.k8s.io"
                    ],
                    "nonResourceURLs": null,
                    "resourceNames": null,
                    "resources": [
                      "subjectaccessreviews"
                    ],
                    "verbs": [
                      "create"
                    ]
                  },
                  {
                    "apiGroups": [
                      "snapshot.storage.k8s.io"
                    ],
                    "nonResourceURLs": null,
                    "resourceNames": null,
                    "resources": [
                      "volumesnapshotclasses"
                    ],
                    "verbs": [
                      "get",
                      "list",
                      "watch"
                    ]
                  },
                  {
                    "apiGroups": [
                      "snapshot.storage.k8s.io"
                    ],
                    "nonResourceURLs": null,
                    "resourceNames": null,
                    "resources": [
                      "volumesnapshots"
                    ],
                    "verbs": [
                      "get",
                      "list",
                      "watch",
                      "create",
                      "update",
                      "delete"
                    ]
                  },
                  {
                    "apiGroups": [
                      "storage.k8s.io"
                    ],
                    "nonResourceURLs": null,
                    "resourceNames": null,
                    "resources": [
                      "storageclasses"
                    ],
                    "verbs": [
                      "get",
                      "list",
                      "watch"
                    ]
                  },
                  {
                    "apiGroups": [
                      "instancetype.kubevirt.io"
                    ],
                    "nonResourceURLs": null,
                    "resourceNames": null,
                    "resources": [
                      "virtualmachineinstancetypes",
                      "virtualmachineclusterinstancetypes",
                      "virtualmachinepreferences",
                      "virtualmachineclusterpreferences"
                    ],
                    "verbs": [
                      "get",
                      "list",
                      "watch"
                    ]
                  },
                  {
                    "apiGroups": [
                      "migrations.kubevirt.io"
                    ],
                    "nonResourceURLs": null,
                    "resourceNames": null,
                    "resources": [
                      "migrationpolicies"
                    ],
                    "verbs": [
                      "get",
                      "list",
                      "watch"
                    ]
                  },
                  {
                    "apiGroups": [
                      "clone.kubevirt.io"
                    ],
                    "nonResourceURLs": null,
                    "resourceNames": null,
                    "resources": [
                      "virtualmachineclones",
                      "virtualmachineclones/status",
                      "virtualmachineclones/finalizers"
                    ],
                    "verbs": [
                      "get",
                      "list",
                      "watch",
                      "update",
                      "patch",
                      "delete"
                    ]
                  },
                  {
                    "apiGroups": [
                      ""
                    ],
                    "nonResourceURLs": null,
                    "resourceNames": null,
                    "resources": [
                      "namespaces"
                    ],
                    "verbs": [
                      "get"
                    ]
                  },
                  {
                    "apiGroups": [
                      ""
                    ],
                    "nonResourceURLs": null,
                    "resourceNames": null,
                    "resources": [
                      "resourcequotas"
                    ],
                    "verbs": [
                      "list",
                      "watch"
                    ]
                  },
                  {
                    "apiGroups": [
                      "batch"
                    ],
                    "nonResourceURLs": null,
                    "resourceNames": null,
                    "resources": [
                      "jobs"
                    ],
                    "verbs": [
                      "create",
                      "get",
                      "delete"
                    ]
                  },
                  {
                    "apiGroups": [
                      "resource.k8s.io"
                    ],
                    "nonResourceURLs": null,
                    "resourceNames": null,
                    "resources": [
                      "resourceslices",
                      "resourceclaims"
                    ],
                    "verbs": [
                      "list",
                      "watch",
                      "get"
                    ]
                  },
                  {
                    "apiGroups": [
                      "kubevirt.io"
                    ],
                    "nonResourceURLs": null,
                    "resourceNames": null,
                    "resources": [
                      "virtualmachineinstances"
                    ],
                    "verbs": [
                      "update",
                      "list",
                      "watch"
                    ]
                  },
                  {
                    "apiGroups": [
                      ""
                    ],
                    "nonResourceURLs": null,
                    "resourceNames": null,
                    "resources": [
                      "nodes"
                    ],
                    "verbs": [
                      "patch",
                      "list",
                      "watch",
                      "get"
                    ]
                  },
                  {
                    "apiGroups": [
                      ""
                    ],
                    "nonResourceURLs": null,
                    "resourceNames": null,
                    "resources": [
                      "configmaps"
                    ],
                    "verbs": [
                      "get",
                      "list",
                      "watch"
                    ]
                  },
                  {
                    "apiGroups": [
                      ""
                    ],
                    "nonResourceURLs": null,
                    "resourceNames": null,
                    "resources": [
                      "events"
                    ],
                    "verbs": [
                      "create",
                      "patch"
                    ]
                  },
                  {
                    "apiGroups": [
                      "apiextensions.k8s.io"
                    ],
                    "nonResourceURLs": null,
                    "resourceNames": null,
                    "resources": [
                      "customresourcedefinitions"
                    ],
                    "verbs": [
                      "get",
                      "list",
                      "watch"
                    ]
                  },
                  {
                    "apiGroups": [
                      "kubevirt.io"
                    ],
                    "nonResourceURLs": null,
                    "resourceNames": null,
                    "resources": [
                      "kubevirts"
                    ],
                    "verbs": [
                      "get",
                      "list",
                      "watch"
                    ]
                  },
                  {
                    "apiGroups": [
                      "migrations.kubevirt.io"
                    ],
                    "nonResourceURLs": null,
                    "resourceNames": null,
                    "resources": [
                      "migrationpolicies"
                    ],
                    "verbs": [
                      "get",
                      "list",
                      "watch"
                    ]
                  },
                  {
                    "apiGroups": [
                      "export.kubevirt.io"
                    ],
                    "nonResourceURLs": null,
                    "resourceNames": null,
                    "resources": [
                      "virtualmachineexports"
                    ],
                    "verbs": [
                      "get",
                      "list",
                      "watch"
                    ]
                  },
                  {
                    "apiGroups": [
                      "kubevirt.io"
                    ],
                    "nonResourceURLs": null,
                    "resourceNames": null,
                    "resources": [
                      "kubevirts"
                    ],
                    "verbs": [
                      "list",
                      "watch"
                    ]
                  },
                  {
                    "apiGroups": [
                      "kubevirt.io"
                    ],
                    "nonResourceURLs": null,
                    "resourceNames": null,
                    "resources": [
                      "virtualmachineinstances"
                    ],
                    "verbs": [
                      "get",
                      "list",
                      "watch",
                      "update",
                      "patch"
                    ]
                  },
                  {
                    "apiGroups": [
                      "kubevirt.io"
                    ],
                    "nonResourceURLs": null,
                    "resourceNames": null,
                    "resources": [
                      "virtualmachineinstancemigrations"
                    ],
                    "verbs": [
                      "get",
                      "list",
                      "watch"
                    ]
                  },
                  {
                    "apiGroups": [
                      "kubevirt.io"
                    ],
                    "nonResourceURLs": null,
                    "resourceNames": null,
                    "resources": [
                      "kubevirts"
                    ],
                    "verbs": [
                      "get",
                      "list",
                      "watch"
                    ]
                  },
                  {
                    "apiGroups": [
                      ""
                    ],
                    "nonResourceURLs": null,
                    "resourceNames": null,
                    "resources": [
                      "events"
                    ],
                    "verbs": [
                      "update",
                      "create",
                      "patch"
                    ]
                  },
                  {
                    "apiGroups": [
                      "apiextensions.k8s.io"
                    ],
                    "nonResourceURLs": null,
                    "resourceNames": null,
                    "resources": [
                      "customresourcedefinitions"
                    ],
                    "verbs": [
                      "get",
                      "list",
                      "watch"
                    ]
                  },
                  {
                    "apiGroups": [
                      "kubevirt.io"
                    ],
                    "nonResourceURLs": null,
                    "resourceNames": null,
                    "resources": [
                      "kubevirts"
                    ],
                    "verbs": [
                      "get",
                      "list"
                    ]
                  },
                  {
                    "apiGroups": [
                      "subresources.kubevirt.io"
                    ],
                    "nonResourceURLs": null,
                    "resourceNames": null,
                    "resources": [
                      "version",
                      "guestfs"
                    ],
                    "verbs": [
                      "get",
                      "list"
                    ]
                  },
                  {
                    "apiGroups": [
                      "subresources.kubevirt.io"
                    ],
                    "nonResourceURLs": null,
                    "resourceNames": null,
                    "resources": [
                      "virtualmachineinstances/console",
                      "virtualmachineinstances/vnc",
                      "virtualmachineinstances/vnc/screenshot",
                      "virtualmachineinstances/portforward",
                      "virtualmachineinstances/guestosinfo",
                      "virtualmachineinstances/filesystemlist",
                      "virtualmachineinstances/userlist",
                      "virtualmachineinstances/sev/fetchcertchain",
                      "virtualmachineinstances/sev/querylaunchmeasurement",
                      "virtualmachineinstances/usbredir",
                      "virtualmachines/objectgraph",
                      "virtualmachineinstances/objectgraph"
                    ],
                    "verbs": [
                      "get"
                    ]
                  },
                  {
                    "apiGroups": [
                      "subresources.kubevirt.io"
                    ],
                    "nonResourceURLs": null,
                    "resourceNames": null,
                    "resources": [
                      "virtualmachineinstances/pause",
                      "virtualmachineinstances/unpause",
                      "virtualmachineinstances/addvolume",
                      "virtualmachineinstances/removevolume",
                      "virtualmachineinstances/freeze",
                      "virtualmachineinstances/unfreeze",
                      "virtualmachineinstances/softreboot",
                      "virtualmachineinstances/reset",
                      "virtualmachineinstances/sev/setupsession",
                      "virtualmachineinstances/sev/injectlaunchsecret"
                    ],
                    "verbs": [
                      "update"
                    ]
                  },
                  {
                    "apiGroups": [
                      "subresources.kubevirt.io"
                    ],
                    "nonResourceURLs": null,
                    "resourceNames": null,
                    "resources": [
                      "virtualmachines/expand-spec",
                      "virtualmachines/portforward"
                    ],
                    "verbs": [
                      "get"
                    ]
                  },
                  {
                    "apiGroups": [
                      "subresources.kubevirt.io"
                    ],
                    "nonResourceURLs": null,
                    "resourceNames": null,
                    "resources": [
                      "virtualmachines/start",
                      "virtualmachines/stop",
                      "virtualmachines/restart",
                      "virtualmachines/addvolume",
                      "virtualmachines/removevolume",
                      "virtualmachines/memorydump"
                    ],
                    "verbs": [
                      "update"
                    ]
                  },
                  {
                    "apiGroups": [
                      "subresources.kubevirt.io"
                    ],
                    "nonResourceURLs": null,
                    "resourceNames": null,
                    "resources": [
                      "expand-vm-spec"
                    ],
                    "verbs": [
                      "update"
                    ]
                  },
                  {
                    "apiGroups": [
                      "kubevirt.io"
                    ],
                    "nonResourceURLs": null,
                    "resourceNames": null,
                    "resources": [
                      "virtualmachines",
                      "virtualmachineinstances",
                      "virtualmachineinstancepresets",
                      "virtualmachineinstancereplicasets"
                    ],
                    "verbs": [
                      "get",
                      "delete",
                      "create",
                      "update",
                      "patch",
                      "list",
                      "watch",
                      "deletecollection"
                    ]
                  },
                  {
                    "apiGroups": [
                      "kubevirt.io"
                    ],
                    "nonResourceURLs": null,
                    "resourceNames": null,
                    "resources": [
                      "virtualmachineinstancemigrations"
                    ],
                    "verbs": [
                      "get",
                      "list",
                      "watch"
                    ]
                  },
                  {
                    "apiGroups": [
                      "snapshot.kubevirt.io"
                    ],
                    "nonResourceURLs": null,
                    "resourceNames": null,
                    "resources": [
                      "virtualmachinesnapshots",
                      "virtualmachinesnapshotcontents",
                      "virtualmachinerestores"
                    ],
                    "verbs": [
                      "get",
                      "delete",
                      "create",
                      "update",
                      "patch",
                      "list",
                      "watch",
                      "deletecollection"
                    ]
                  },
                  {
                    "apiGroups": [
                      "export.kubevirt.io"
                    ],
                    "nonResourceURLs": null,
                    "resourceNames": null,
                    "resources": [
                      "virtualmachineexports"
                    ],
                    "verbs": [
                      "get",
                      "delete",
                      "create",
                      "update",
                      "patch",
                      "list",
                      "watch",
                      "deletecollection"
                    ]
                  },
                  {
                    "apiGroups": [
                      "clone.kubevirt.io"
                    ],
                    "nonResourceURLs": null,
                    "resourceNames": null,
                    "resources": [
                      "virtualmachineclones"
                    ],
                    "verbs": [
                      "get",
                      "delete",
                      "create",
                      "update",
                      "patch",
                      "list",
                      "watch",
                      "deletecollection"
                    ]
                  },
                  {
                    "apiGroups": [
                      "instancetype.kubevirt.io"
                    ],
                    "nonResourceURLs": null,
                    "resourceNames": null,
                    "resources": [
                      "virtualmachineinstancetypes",
                      "virtualmachineclusterinstancetypes",
                      "virtualmachinepreferences",
                      "virtualmachineclusterpreferences"
                    ],
                    "verbs": [
                      "get",
                      "delete",
                      "create",
                      "update",
                      "patch",
                      "list",
                      "watch",
                      "deletecollection"
                    ]
                  },
                  {
                    "apiGroups": [
                      "pool.kubevirt.io"
                    ],
                    "nonResourceURLs": null,
                    "resourceNames": null,
                    "resources": [
                      "virtualmachinepools"
                    ],
                    "verbs": [
                      "get",
                      "delete",
                      "create",
                      "update",
                      "patch",
                      "list",
                      "watch",
                      "deletecollection"
                    ]
                  },
                  {
                    "apiGroups": [
                      "migrations.kubevirt.io"
                    ],
                    "nonResourceURLs": null,
                    "resourceNames": null,
                    "resources": [
                      "migrationpolicies"
                    ],
                    "verbs": [
                      "get",
                      "list",
                      "watch"
                    ]
                  },
                  {
                    "apiGroups": [
                      "subresources.kubevirt.io"
                    ],
                    "nonResourceURLs": null,
                    "resourceNames": null,
                    "resources": [
                      "virtualmachineinstances/console",
                      "virtualmachineinstances/vnc",
                      "virtualmachineinstances/vnc/screenshot",
                      "virtualmachineinstances/portforward",
                      "virtualmachineinstances/guestosinfo",
                      "virtualmachineinstances/filesystemlist",
                      "virtualmachineinstances/userlist",
                      "virtualmachineinstances/sev/fetchcertchain",
                      "virtualmachineinstances/sev/querylaunchmeasurement",
                      "virtualmachineinstances/usbredir",
                      "virtualmachines/objectgraph",
                      "virtualmachineinstances/objectgraph"
                    ],
                    "verbs": [
                      "get"
                    ]
                  },
                  {
                    "apiGroups": [
                      "subresources.kubevirt.io"
                    ],
                    "nonResourceURLs": null,
                    "resourceNames": null,
                    "resources": [
                      "virtualmachineinstances/pause",
                      "virtualmachineinstances/unpause",
                      "virtualmachineinstances/addvolume",
                      "virtualmachineinstances/removevolume",
                      "virtualmachineinstances/freeze",
                      "virtualmachineinstances/unfreeze",
                      "virtualmachineinstances/softreboot",
                      "virtualmachineinstances/reset",
                      "virtualmachineinstances/sev/setupsession",
                      "virtualmachineinstances/sev/injectlaunchsecret"
                    ],
                    "verbs": [
                      "update"
                    ]
                  },
                  {
                    "apiGroups": [
                      "subresources.kubevirt.io"
                    ],
                    "nonResourceURLs": null,
                    "resourceNames": null,
                    "resources": [
                      "virtualmachines/expand-spec",
                      "virtualmachines/portforward"
                    ],
                    "verbs": [
                      "get"
                    ]
                  },
                  {
                    "apiGroups": [
                      "subresources.kubevirt.io"
                    ],
                    "nonResourceURLs": null,
                    "resourceNames": null,
                    "resources": [
                      "virtualmachines/start",
                      "virtualmachines/stop",
                      "virtualmachines/restart",
                      "virtualmachines/addvolume",
                      "virtualmachines/removevolume",
                      "virtualmachines/memorydump"
                    ],
                    "verbs": [
                      "update"
                    ]
                  },
                  {
                    "apiGroups": [
                      "subresources.kubevirt.io"
                    ],
                    "nonResourceURLs": null,
                    "resourceNames": null,
                    "resources": [
                      "expand-vm-spec"
                    ],
                    "verbs": [
                      "update"
                    ]
                  },
                  {
                    "apiGroups": [
                      "kubevirt.io"
                    ],
                    "nonResourceURLs": null,
                    "resourceNames": null,
                    "resources": [
                      "virtualmachines",
                      "virtualmachineinstances",
                      "virtualmachineinstancepresets",
                      "virtualmachineinstancereplicasets"
                    ],
                    "verbs": [
                      "get",
                      "delete",
                      "create",
                      "update",
                      "patch",
                      "list",
                      "watch"
                    ]
                  },
                  {
                    "apiGroups": [
                      "kubevirt.io"
                    ],
                    "nonResourceURLs": null,
                    "resourceNames": null,
                    "resources": [
                      "virtualmachineinstancemigrations"
                    ],
                    "verbs": [
                      "get",
                      "list",
                      "watch"
                    ]
                  },
                  {
                    "apiGroups": [
                      "snapshot.kubevirt.io"
                    ],
                    "nonResourceURLs": null,
                    "resourceNames": null,
                    "resources": [
                      "virtualmachinesnapshots",
                      "virtualmachinesnapshotcontents",
                      "virtualmachinerestores"
                    ],
                    "verbs": [
                      "get",
                      "delete",
                      "create",
                      "update",
                      "patch",
                      "list",
                      "watch"
                    ]
                  },
                  {
                    "apiGroups": [
                      "export.kubevirt.io"
                    ],
                    "nonResourceURLs": null,
                    "resourceNames": null,
                    "resources": [
                      "virtualmachineexports"
                    ],
                    "verbs": [
                      "get",
                      "delete",
                      "create",
                      "update",
                      "patch",
                      "list",
                      "watch"
                    ]
                  },
                  {
                    "apiGroups": [
                      "clone.kubevirt.io"
                    ],
                    "nonResourceURLs": null,
                    "resourceNames": null,
                    "resources": [
                      "virtualmachineclones"
                    ],
                    "verbs": [
                      "get",
                      "delete",
                      "create",
                      "update",
                      "patch",
                      "list",
                      "watch"
                    ]
                  },
                  {
                    "apiGroups": [
                      "instancetype.kubevirt.io"
                    ],
                    "nonResourceURLs": null,
                    "resourceNames": null,
                    "resources": [
                      "virtualmachineinstancetypes",
                      "virtualmachineclusterinstancetypes",
                      "virtualmachinepreferences",
                      "virtualmachineclusterpreferences"
                    ],
                    "verbs": [
                      "get",
                      "delete",
                      "create",
                      "update",
                      "patch",
                      "list",
                      "watch"
                    ]
                  },
                  {
                    "apiGroups": [
                      "pool.kubevirt.io"
                    ],
                    "nonResourceURLs": null,
                    "resourceNames": null,
                    "resources": [
                      "virtualmachinepools"
                    ],
                    "verbs": [
                      "get",
                      "delete",
                      "create",
                      "update",
                      "patch",
                      "list",
                      "watch"
                    ]
                  },
                  {
                    "apiGroups": [
                      "kubevirt.io"
                    ],
                    "nonResourceURLs": null,
                    "resourceNames": null,
                    "resources": [
                      "kubevirts"
                    ],
                    "verbs": [
                      "get",
                      "list"
                    ]
                  },
                  {
                    "apiGroups": [
                      "migrations.kubevirt.io"
                    ],
                    "nonResourceURLs": null,
                    "resourceNames": null,
                    "resources": [
                      "migrationpolicies"
                    ],
                    "verbs": [
                      "get",
                      "list",
                      "watch"
                    ]
                  },
                  {
                    "apiGroups": [
                      "kubevirt.io"
                    ],
                    "nonResourceURLs": null,
                    "resourceNames": null,
                    "resources": [
                      "kubevirts"
                    ],
                    "verbs": [
                      "get",
                      "list"
                    ]
                  },
                  {
                    "apiGroups": [
                      "subresources.kubevirt.io"
                    ],
                    "nonResourceURLs": null,
                    "resourceNames": null,
                    "resources": [
                      "virtualmachines/expand-spec",
                      "virtualmachineinstances/guestosinfo",
                      "virtualmachineinstances/filesystemlist",
                      "virtualmachineinstances/userlist",
                      "virtualmachineinstances/sev/fetchcertchain",
                      "virtualmachineinstances/sev/querylaunchmeasurement",
                      "virtualmachines/objectgraph",
                      "virtualmachineinstances/objectgraph"
                    ],
                    "verbs": [
                      "get"
                    ]
                  },
                  {
                    "apiGroups": [
                      "subresources.kubevirt.io"
                    ],
                    "nonResourceURLs": null,
                    "resourceNames": null,
                    "resources": [
                      "expand-vm-spec"
                    ],
                    "verbs": [
                      "update"
                    ]
                  },
                  {
                    "apiGroups": [
                      "kubevirt.io"
                    ],
                    "nonResourceURLs": null,
                    "resourceNames": null,
                    "resources": [
                      "virtualmachines",
                      "virtualmachineinstances",
                      "virtualmachineinstancepresets",
                      "virtualmachineinstancereplicasets",
                      "virtualmachineinstancemigrations"
                    ],
                    "verbs": [
                      "get",
                      "list",
                      "watch"
                    ]
                  },
                  {
                    "apiGroups": [
                      "snapshot.kubevirt.io"
                    ],
                    "nonResourceURLs": null,
                    "resourceNames": null,
                    "resources": [
                      "virtualmachinesnapshots",
                      "virtualmachinesnapshotcontents",
                      "virtualmachinerestores"
                    ],
                    "verbs": [
                      "get",
                      "list",
                      "watch"
                    ]
                  },
                  {
                    "apiGroups": [
                      "export.kubevirt.io"
                    ],
                    "nonResourceURLs": null,
                    "resourceNames": null,
                    "resources": [
                      "virtualmachineexports"
                    ],
                    "verbs": [
                      "get",
                      "list",
                      "watch"
                    ]
                  },
                  {
                    "apiGroups": [
                      "clone.kubevirt.io"
                    ],
                    "nonResourceURLs": null,
                    "resourceNames": null,
                    "resources": [
                      "virtualmachineclones"
                    ],
                    "verbs": [
                      "get",
                      "list",
                      "watch"
                    ]
                  },
                  {
                    "apiGroups": [
                      "instancetype.kubevirt.io"
                    ],
                    "nonResourceURLs": null,
                    "resourceNames": null,
                    "resources": [
                      "virtualmachineinstancetypes",
                      "virtualmachineclusterinstancetypes",
                      "virtualmachinepreferences",
                      "virtualmachineclusterpreferences"
                    ],
                    "verbs": [
                      "get",
                      "list",
                      "watch"
                    ]
                  },
                  {
                    "apiGroups": [
                      "pool.kubevirt.io"
                    ],
                    "nonResourceURLs": null,
                    "resourceNames": null,
                    "resources": [
                      "virtualmachinepools"
                    ],
                    "verbs": [
                      "get",
                      "list",
                      "watch"
                    ]
                  },
                  {
                    "apiGroups": [
                      "migrations.kubevirt.io"
                    ],
                    "nonResourceURLs": null,
                    "resourceNames": null,
                    "resources": [
                      "migrationpolicies"
                    ],
                    "verbs": [
                      "get",
                      "list",
                      "watch"
                    ]
                  },
                  {
                    "apiGroups": [
                      "instancetype.kubevirt.io"
                    ],
                    "nonResourceURLs": null,
                    "resourceNames": null,
                    "resources": [
                      "virtualmachineclusterinstancetypes",
                      "virtualmachineclusterpreferences"
                    ],
                    "verbs": [
                      "get",
                      "list",
                      "watch"
                    ]
                  },
                  {
                    "apiGroups": [
                      "subresources.kubevirt.io"
                    ],
                    "nonResourceURLs": null,
                    "resourceNames": null,
                    "resources": [
                      "virtualmachines/migrate"
                    ],
                    "verbs": [
                      "update"
                    ]
                  },
                  {
                    "apiGroups": [
                      "kubevirt.io"
                    ],
                    "nonResourceURLs": null,
                    "resourceNames": null,
                    "resources": [
                      "virtualmachineinstancemigrations"
                    ],
                    "verbs": [
                      "get",
                      "delete",
                      "create",
                      "update",
                      "patch",
                      "list",
                      "watch",
                      "deletecollection"
                    ]
                  },
                  {
                    "apiGroups": [
                      "authentication.k8s.io"
                    ],
                    "nonResourceURLs": null,
                    "resourceNames": null,
                    "resources": [
                      "tokenreviews"
                    ],
                    "verbs": [
                      "create"
                    ]
                  },
                  {
                    "apiGroups": [
                      "authorization.k8s.io"
                    ],
                    "nonResourceURLs": null,
                    "resourceNames": null,
                    "resources": [
                      "subjectaccessreviews"
                    ],
                    "verbs": [
                      "create"
                    ]
                  }
                ]
              },
              "type": [
                "object",
                {
                  "aggregationRule": [
                    "object",
                    {
                      "clusterRoleSelectors": [
                        "list",
                        [
                          "object",
                          {
                            "matchExpressions": [
                              "list",
                              [
                                "object",
                                {
                                  "key": "string",
                                  "operator": "string",
                                  "values": [
                                    "list",
                                    "string"
                                  ]
                                }
                              ]
                            ],
                            "matchLabels": [
                              "map",
                              "string"
                            ]
                          }
                        ]
                      ]
                    }
                  ],
                  "apiVersion": "string",
                  "kind": "string",
                  "metadata": [
                    "object",
                    {
                      "annotations": [
                        "map",
                        "string"
                      ],
                      "creationTimestamp": "string",
                      "deletionGracePeriodSeconds": "number",
                      "deletionTimestamp": "string",
                      "finalizers": [
                        "list",
                        "string"
                      ],
                      "generateName": "string",
                      "generation": "number",
                      "labels": [
                        "map",
                        "string"
                      ],
                      "managedFields": [
                        "tuple",
                        [
                          [
                            "object",
                            {
                              "apiVersion": "string",
                              "fieldsType": "string",
                              "fieldsV1": "dynamic",
                              "manager": "string",
                              "operation": "string",
                              "subresource": "string",
                              "time": "string"
                            }
                          ]
                        ]
                      ],
                      "name": "string",
                      "namespace": "string",
                      "ownerReferences": [
                        "list",
                        [
                          "object",
                          {
                            "apiVersion": "string",
                            "blockOwnerDeletion": "bool",
                            "controller": "bool",
                            "kind": "string",
                            "name": "string",
                            "uid": "string"
                          }
                        ]
                      ],
                      "resourceVersion": "string",
                      "selfLink": "string",
                      "uid": "string"
                    }
                  ],
                  "rules": [
                    "list",
                    [
                      "object",
                      {
                        "apiGroups": [
                          "list",
                          "string"
                        ],
                        "nonResourceURLs": [
                          "list",
                          "string"
                        ],
                        "resourceNames": [
                          "list",
                          "string"
                        ],
                        "resources": [
                          "list",
                          "string"
                        ],
                        "verbs": [
                          "list",
                          "string"
                        ]
                      }
                    ]
                  ]
                }
              ]
            },
            "timeouts": [],
            "wait": [],
            "wait_for": null
          },
          "sensitive_attributes": [],
          "identity_schema_version": 1,
          "identity": {
            "api_version": "rbac.authorization.k8s.io/v1",
            "kind": "ClusterRole",
            "name": "kubevirt-operator",
            "namespace": ""
          }
        },
        {
          "index_key": "8",
          "schema_version": 1,
          "attributes": {
            "computed_fields": null,
            "field_manager": [],
            "manifest": {
              "value": {
                "apiVersion": "rbac.authorization.k8s.io/v1",
                "kind": "ClusterRoleBinding",
                "metadata": {
                  "labels": {
                    "kubevirt.io": ""
                  },
                  "name": "kubevirt-operator"
                },
                "roleRef": {
                  "apiGroup": "rbac.authorization.k8s.io",
                  "kind": "ClusterRole",
                  "name": "kubevirt-operator"
                },
                "subjects": [
                  {
                    "kind": "ServiceAccount",
                    "name": "kubevirt-operator",
                    "namespace": "kubevirt"
                  }
                ]
              },
              "type": [
                "object",
                {
                  "apiVersion": "string",
                  "kind": "string",
                  "metadata": [
                    "object",
                    {
                      "labels": [
                        "object",
                        {
                          "kubevirt.io": "string"
                        }
                      ],
                      "name": "string"
                    }
                  ],
                  "roleRef": [
                    "object",
                    {
                      "apiGroup": "string",
                      "kind": "string",
                      "name": "string"
                    }
                  ],
                  "subjects": [
                    "tuple",
                    [
                      [
                        "object",
                        {
                          "kind": "string",
                          "name": "string",
                          "namespace": "string"
                        }
                      ]
                    ]
                  ]
                }
              ]
            },
            "object": {
              "value": {
                "apiVersion": "rbac.authorization.k8s.io/v1",
                "kind": "ClusterRoleBinding",
                "metadata": {
                  "annotations": null,
                  "creationTimestamp": null,
                  "deletionGracePeriodSeconds": null,
                  "deletionTimestamp": null,
                  "finalizers": null,
                  "generateName": null,
                  "generation": null,
                  "labels": {
                    "kubevirt.io": ""
                  },
                  "managedFields": null,
                  "name": "kubevirt-operator",
                  "namespace": null,
                  "ownerReferences": null,
                  "resourceVersion": null,
                  "selfLink": null,
                  "uid": null
                },
                "roleRef": {
                  "apiGroup": "rbac.authorization.k8s.io",
                  "kind": "ClusterRole",
                  "name": "kubevirt-operator"
                },
                "subjects": [
                  {
                    "apiGroup": null,
                    "kind": "ServiceAccount",
                    "name": "kubevirt-operator",
                    "namespace": "kubevirt"
                  }
                ]
              },
              "type": [
                "object",
                {
                  "apiVersion": "string",
                  "kind": "string",
                  "metadata": [
                    "object",
                    {
                      "annotations": [
                        "map",
                        "string"
                      ],
                      "creationTimestamp": "string",
                      "deletionGracePeriodSeconds": "number",
                      "deletionTimestamp": "string",
                      "finalizers": [
                        "list",
                        "string"
                      ],
                      "generateName": "string",
                      "generation": "number",
                      "labels": [
                        "map",
                        "string"
                      ],
                      "managedFields": [
                        "tuple",
                        [
                          [
                            "object",
                            {
                              "apiVersion": "string",
                              "fieldsType": "string",
                              "fieldsV1": "dynamic",
                              "manager": "string",
                              "operation": "string",
                              "subresource": "string",
                              "time": "string"
                            }
                          ]
                        ]
                      ],
                      "name": "string",
                      "namespace": "string",
                      "ownerReferences": [
                        "list",
                        [
                          "object",
                          {
                            "apiVersion": "string",
                            "blockOwnerDeletion": "bool",
                            "controller": "bool",
                            "kind": "string",
                            "name": "string",
                            "uid": "string"
                          }
                        ]
                      ],
                      "resourceVersion": "string",
                      "selfLink": "string",
                      "uid": "string"
                    }
                  ],
                  "roleRef": [
                    "object",
                    {
                      "apiGroup": "string",
                      "kind": "string",
                      "name": "string"
                    }
                  ],
                  "subjects": [
                    "list",
                    [
                      "object",
                      {
                        "apiGroup": "string",
                        "kind": "string",
                        "name": "string",
                        "namespace": "string"
                      }
                    ]
                  ]
                }
              ]
            },
            "timeouts": [],
            "wait": [],
            "wait_for": null
          },
          "sensitive_attributes": [],
          "identity_schema_version": 1,
          "identity": {
            "api_version": "rbac.authorization.k8s.io/v1",
            "kind": "ClusterRoleBinding",
            "name": "kubevirt-operator",
            "namespace": ""
          }
        },
        {
          "index_key": "9",
          "schema_version": 1,
          "attributes": {
            "computed_fields": null,
            "field_manager": [],
            "manifest": {
              "value": {
                "apiVersion": "apps/v1",
                "kind": "Deployment",
                "metadata": {
                  "labels": {
                    "kubevirt.io": "virt-operator"
                  },
                  "name": "virt-operator",
                  "namespace": "kubevirt"
                },
                "spec": {
                  "replicas": 2,
                  "selector": {
                    "matchLabels": {
                      "kubevirt.io": "virt-operator"
                    }
                  },
                  "strategy": {
                    "type": "RollingUpdate"
                  },
                  "template": {
                    "metadata": {
                      "annotations": {
                        "openshift.io/required-scc": "restricted-v2"
                      },
                      "labels": {
                        "kubevirt.io": "virt-operator",
                        "name": "virt-operator",
                        "prometheus.kubevirt.io": "true"
                      },
                      "name": "virt-operator"
                    },
                    "spec": {
                      "affinity": {
                        "podAntiAffinity": {
                          "preferredDuringSchedulingIgnoredDuringExecution": [
                            {
                              "podAffinityTerm": {
                                "labelSelector": {
                                  "matchExpressions": [
                                    {
                                      "key": "kubevirt.io",
                                      "operator": "In",
                                      "values": [
                                        "virt-operator"
                                      ]
                                    }
                                  ]
                                },
                                "topologyKey": "kubernetes.io/hostname"
                              },
                              "weight": 1
                            }
                          ]
                        }
                      },
                      "containers": [
                        {
                          "args": [
                            "--port",
                            "8443",
                            "-v",
                            "2"
                          ],
                          "command": [
                            "virt-operator"
                          ],
                          "env": [
                            {
                              "name": "VIRT_OPERATOR_IMAGE",
                              "value": "quay.io/kubevirt/virt-operator:v1.6.0"
                            },
                            {
                              "name": "WATCH_NAMESPACE",
                              "valueFrom": {
                                "fieldRef": {
                                  "fieldPath": "metadata.annotations['olm.targetNamespaces']"
                                }
                              }
                            },
                            {
                              "name": "KUBEVIRT_VERSION",
                              "value": "v1.6.0"
                            }
                          ],
                          "image": "quay.io/kubevirt/virt-operator:v1.6.0",
                          "imagePullPolicy": "IfNotPresent",
                          "livenessProbe": {
                            "httpGet": {
                              "path": "/metrics",
                              "port": 8443,
                              "scheme": "HTTPS"
                            },
                            "initialDelaySeconds": 5,
                            "timeoutSeconds": 10
                          },
                          "name": "virt-operator",
                          "ports": [
                            {
                              "containerPort": 8443,
                              "name": "metrics",
                              "protocol": "TCP"
                            },
                            {
                              "containerPort": 8444,
                              "name": "webhooks",
                              "protocol": "TCP"
                            }
                          ],
                          "readinessProbe": {
                            "httpGet": {
                              "path": "/metrics",
                              "port": 8443,
                              "scheme": "HTTPS"
                            },
                            "initialDelaySeconds": 5,
                            "timeoutSeconds": 10
                          },
                          "resources": {
                            "requests": {
                              "cpu": "10m",
                              "memory": "450Mi"
                            }
                          },
                          "securityContext": {
                            "allowPrivilegeEscalation": false,
                            "capabilities": {
                              "drop": [
                                "ALL"
                              ]
                            },
                            "seccompProfile": {
                              "type": "RuntimeDefault"
                            }
                          },
                          "terminationMessagePolicy": "FallbackToLogsOnError",
                          "volumeMounts": [
                            {
                              "mountPath": "/etc/virt-operator/certificates",
                              "name": "kubevirt-operator-certs",
                              "readOnly": true
                            },
                            {
                              "mountPath": "/profile-data",
                              "name": "profile-data"
                            }
                          ]
                        }
                      ],
                      "nodeSelector": {
                        "kubernetes.io/os": "linux"
                      },
                      "priorityClassName": "kubevirt-cluster-critical",
                      "securityContext": {
                        "runAsNonRoot": true,
                        "seccompProfile": {
                          "type": "RuntimeDefault"
                        }
                      },
                      "serviceAccountName": "kubevirt-operator",
                      "tolerations": [
                        {
                          "key": "CriticalAddonsOnly",
                          "operator": "Exists"
                        }
                      ],
                      "volumes": [
                        {
                          "name": "kubevirt-operator-certs",
                          "secret": {
                            "optional": true,
                            "secretName": "kubevirt-operator-certs"
                          }
                        },
                        {
                          "emptyDir": {},
                          "name": "profile-data"
                        }
                      ]
                    }
                  }
                }
              },
              "type": [
                "object",
                {
                  "apiVersion": "string",
                  "kind": "string",
                  "metadata": [
                    "object",
                    {
                      "labels": [
                        "object",
                        {
                          "kubevirt.io": "string"
                        }
                      ],
                      "name": "string",
                      "namespace": "string"
                    }
                  ],
                  "spec": [
                    "object",
                    {
                      "replicas": "number",
                      "selector": [
                        "object",
                        {
                          "matchLabels": [
                            "object",
                            {
                              "kubevirt.io": "string"
                            }
                          ]
                        }
                      ],
                      "strategy": [
                        "object",
                        {
                          "type": "string"
                        }
                      ],
                      "template": [
                        "object",
                        {
                          "metadata": [
                            "object",
                            {
                              "annotations": [
                                "object",
                                {
                                  "openshift.io/required-scc": "string"
                                }
                              ],
                              "labels": [
                                "object",
                                {
                                  "kubevirt.io": "string",
                                  "name": "string",
                                  "prometheus.kubevirt.io": "string"
                                }
                              ],
                              "name": "string"
                            }
                          ],
                          "spec": [
                            "object",
                            {
                              "affinity": [
                                "object",
                                {
                                  "podAntiAffinity": [
                                    "object",
                                    {
                                      "preferredDuringSchedulingIgnoredDuringExecution": [
                                        "tuple",
                                        [
                                          [
                                            "object",
                                            {
                                              "podAffinityTerm": [
                                                "object",
                                                {
                                                  "labelSelector": [
                                                    "object",
                                                    {
                                                      "matchExpressions": [
                                                        "tuple",
                                                        [
                                                          [
                                                            "object",
                                                            {
                                                              "key": "string",
                                                              "operator": "string",
                                                              "values": [
                                                                "tuple",
                                                                [
                                                                  "string"
                                                                ]
                                                              ]
                                                            }
                                                          ]
                                                        ]
                                                      ]
                                                    }
                                                  ],
                                                  "topologyKey": "string"
                                                }
                                              ],
                                              "weight": "number"
                                            }
                                          ]
                                        ]
                                      ]
                                    }
                                  ]
                                }
                              ],
                              "containers": [
                                "tuple",
                                [
                                  [
                                    "object",
                                    {
                                      "args": [
                                        "tuple",
                                        [
                                          "string",
                                          "string",
                                          "string",
                                          "string"
                                        ]
                                      ],
                                      "command": [
                                        "tuple",
                                        [
                                          "string"
                                        ]
                                      ],
                                      "env": [
                                        "tuple",
                                        [
                                          [
                                            "object",
                                            {
                                              "name": "string",
                                              "value": "string"
                                            }
                                          ],
                                          [
                                            "object",
                                            {
                                              "name": "string",
                                              "valueFrom": [
                                                "object",
                                                {
                                                  "fieldRef": [
                                                    "object",
                                                    {
                                                      "fieldPath": "string"
                                                    }
                                                  ]
                                                }
                                              ]
                                            }
                                          ],
                                          [
                                            "object",
                                            {
                                              "name": "string",
                                              "value": "string"
                                            }
                                          ]
                                        ]
                                      ],
                                      "image": "string",
                                      "imagePullPolicy": "string",
                                      "livenessProbe": [
                                        "object",
                                        {
                                          "httpGet": [
                                            "object",
                                            {
                                              "path": "string",
                                              "port": "number",
                                              "scheme": "string"
                                            }
                                          ],
                                          "initialDelaySeconds": "number",
                                          "timeoutSeconds": "number"
                                        }
                                      ],
                                      "name": "string",
                                      "ports": [
                                        "tuple",
                                        [
                                          [
                                            "object",
                                            {
                                              "containerPort": "number",
                                              "name": "string",
                                              "protocol": "string"
                                            }
                                          ],
                                          [
                                            "object",
                                            {
                                              "containerPort": "number",
                                              "name": "string",
                                              "protocol": "string"
                                            }
                                          ]
                                        ]
                                      ],
                                      "readinessProbe": [
                                        "object",
                                        {
                                          "httpGet": [
                                            "object",
                                            {
                                              "path": "string",
                                              "port": "number",
                                              "scheme": "string"
                                            }
                                          ],
                                          "initialDelaySeconds": "number",
                                          "timeoutSeconds": "number"
                                        }
                                      ],
                                      "resources": [
                                        "object",
                                        {
                                          "requests": [
                                            "object",
                                            {
                                              "cpu": "string",
                                              "memory": "string"
                                            }
                                          ]
                                        }
                                      ],
                                      "securityContext": [
                                        "object",
                                        {
                                          "allowPrivilegeEscalation": "bool",
                                          "capabilities": [
                                            "object",
                                            {
                                              "drop": [
                                                "tuple",
                                                [
                                                  "string"
                                                ]
                                              ]
                                            }
                                          ],
                                          "seccompProfile": [
                                            "object",
                                            {
                                              "type": "string"
                                            }
                                          ]
                                        }
                                      ],
                                      "terminationMessagePolicy": "string",
                                      "volumeMounts": [
                                        "tuple",
                                        [
                                          [
                                            "object",
                                            {
                                              "mountPath": "string",
                                              "name": "string",
                                              "readOnly": "bool"
                                            }
                                          ],
                                          [
                                            "object",
                                            {
                                              "mountPath": "string",
                                              "name": "string"
                                            }
                                          ]
                                        ]
                                      ]
                                    }
                                  ]
                                ]
                              ],
                              "nodeSelector": [
                                "object",
                                {
                                  "kubernetes.io/os": "string"
                                }
                              ],
                              "priorityClassName": "string",
                              "securityContext": [
                                "object",
                                {
                                  "runAsNonRoot": "bool",
                                  "seccompProfile": [
                                    "object",
                                    {
                                      "type": "string"
                                    }
                                  ]
                                }
                              ],
                              "serviceAccountName": "string",
                              "tolerations": [
                                "tuple",
                                [
                                  [
                                    "object",
                                    {
                                      "key": "string",
                                      "operator": "string"
                                    }
                                  ]
                                ]
                              ],
                              "volumes": [
                                "tuple",
                                [
                                  [
                                    "object",
                                    {
                                      "name": "string",
                                      "secret": [
                                        "object",
                                        {
                                          "optional": "bool",
                                          "secretName": "string"
                                        }
                                      ]
                                    }
                                  ],
                                  [
                                    "object",
                                    {
                                      "emptyDir": [
                                        "object",
                                        {}
                                      ],
                                      "name": "string"
                                    }
                                  ]
                                ]
                              ]
                            }
                          ]
                        }
                      ]
                    }
                  ]
                }
              ]
            },
            "object": {
              "value": {
                "apiVersion": "apps/v1",
                "kind": "Deployment",
                "metadata": {
                  "annotations": null,
                  "creationTimestamp": null,
                  "deletionGracePeriodSeconds": null,
                  "deletionTimestamp": null,
                  "finalizers": null,
                  "generateName": null,
                  "generation": null,
                  "labels": {
                    "kubevirt.io": "virt-operator"
                  },
                  "managedFields": null,
                  "name": "virt-operator",
                  "namespace": "kubevirt",
                  "ownerReferences": null,
                  "resourceVersion": null,
                  "selfLink": null,
                  "uid": null
                },
                "spec": {
                  "minReadySeconds": null,
                  "paused": null,
                  "progressDeadlineSeconds": 600,
                  "replicas": 2,
                  "revisionHistoryLimit": 10,
                  "selector": {
                    "matchExpressions": null,
                    "matchLabels": {
                      "kubevirt.io": "virt-operator"
                    }
                  },
                  "strategy": {
                    "rollingUpdate": {
                      "maxSurge": "25%",
                      "maxUnavailable": "25%"
                    },
                    "type": "RollingUpdate"
                  },
                  "template": {
                    "metadata": {
                      "annotations": {
                        "openshift.io/required-scc": "restricted-v2"
                      },
                      "creationTimestamp": null,
                      "deletionGracePeriodSeconds": null,
                      "deletionTimestamp": null,
                      "finalizers": null,
                      "generateName": null,
                      "generation": null,
                      "labels": {
                        "kubevirt.io": "virt-operator",
                        "name": "virt-operator",
                        "prometheus.kubevirt.io": "true"
                      },
                      "managedFields": null,
                      "name": "virt-operator",
                      "namespace": null,
                      "ownerReferences": null,
                      "resourceVersion": null,
                      "selfLink": null,
                      "uid": null
                    },
                    "spec": {
                      "activeDeadlineSeconds": null,
                      "affinity": {
                        "nodeAffinity": {
                          "preferredDuringSchedulingIgnoredDuringExecution": null,
                          "requiredDuringSchedulingIgnoredDuringExecution": {
                            "nodeSelectorTerms": null
                          }
                        },
                        "podAffinity": {
                          "preferredDuringSchedulingIgnoredDuringExecution": null,
                          "requiredDuringSchedulingIgnoredDuringExecution": null
                        },
                        "podAntiAffinity": {
                          "preferredDuringSchedulingIgnoredDuringExecution": [
                            {
                              "podAffinityTerm": {
                                "labelSelector": {
                                  "matchExpressions": [
                                    {
                                      "key": "kubevirt.io",
                                      "operator": "In",
                                      "values": [
                                        "virt-operator"
                                      ]
                                    }
                                  ],
                                  "matchLabels": null
                                },
                                "matchLabelKeys": null,
                                "mismatchLabelKeys": null,
                                "namespaceSelector": {
                                  "matchExpressions": null,
                                  "matchLabels": null
                                },
                                "namespaces": null,
                                "topologyKey": "kubernetes.io/hostname"
                              },
                              "weight": 1
                            }
                          ],
                          "requiredDuringSchedulingIgnoredDuringExecution": null
                        }
                      },
                      "automountServiceAccountToken": null,
                      "containers": [
                        {
                          "args": [
                            "--port",
                            "8443",
                            "-v",
                            "2"
                          ],
                          "command": [
                            "virt-operator"
                          ],
                          "env": [
                            {
                              "name": "VIRT_OPERATOR_IMAGE",
                              "value": "quay.io/kubevirt/virt-operator:v1.6.0",
                              "valueFrom": {
                                "configMapKeyRef": {
                                  "key": null,
                                  "name": null,
                                  "optional": null
                                },
                                "fieldRef": {
                                  "apiVersion": null,
                                  "fieldPath": null
                                },
                                "fileKeyRef": {
                                  "key": null,
                                  "optional": null,
                                  "path": null,
                                  "volumeName": null
                                },
                                "resourceFieldRef": {
                                  "containerName": null,
                                  "divisor": null,
                                  "resource": null
                                },
                                "secretKeyRef": {
                                  "key": null,
                                  "name": null,
                                  "optional": null
                                }
                              }
                            },
                            {
                              "name": "WATCH_NAMESPACE",
                              "value": null,
                              "valueFrom": {
                                "configMapKeyRef": {
                                  "key": null,
                                  "name": null,
                                  "optional": null
                                },
                                "fieldRef": {
                                  "apiVersion": "v1",
                                  "fieldPath": "metadata.annotations['olm.targetNamespaces']"
                                },
                                "fileKeyRef": {
                                  "key": null,
                                  "optional": null,
                                  "path": null,
                                  "volumeName": null
                                },
                                "resourceFieldRef": {
                                  "containerName": null,
                                  "divisor": null,
                                  "resource": null
                                },
                                "secretKeyRef": {
                                  "key": null,
                                  "name": null,
                                  "optional": null
                                }
                              }
                            },
                            {
                              "name": "KUBEVIRT_VERSION",
                              "value": "v1.6.0",
                              "valueFrom": {
                                "configMapKeyRef": {
                                  "key": null,
                                  "name": null,
                                  "optional": null
                                },
                                "fieldRef": {
                                  "apiVersion": null,
                                  "fieldPath": null
                                },
                                "fileKeyRef": {
                                  "key": null,
                                  "optional": null,
                                  "path": null,
                                  "volumeName": null
                                },
                                "resourceFieldRef": {
                                  "containerName": null,
                                  "divisor": null,
                                  "resource": null
                                },
                                "secretKeyRef": {
                                  "key": null,
                                  "name": null,
                                  "optional": null
                                }
                              }
                            }
                          ],
                          "envFrom": null,
                          "image": "quay.io/kubevirt/virt-operator:v1.6.0",
                          "imagePullPolicy": "IfNotPresent",
                          "lifecycle": {
                            "postStart": {
                              "exec": {
                                "command": null
                              },
                              "httpGet": {
                                "host": null,
                                "httpHeaders": null,
                                "path": null,
                                "port": null,
                                "scheme": null
                              },
                              "sleep": {
                                "seconds": null
                              },
                              "tcpSocket": {
                                "host": null,
                                "port": null
                              }
                            },
                            "preStop": {
                              "exec": {
                                "command": null
                              },
                              "httpGet": {
                                "host": null,
                                "httpHeaders": null,
                                "path": null,
                                "port": null,
                                "scheme": null
                              },
                              "sleep": {
                                "seconds": null
                              },
                              "tcpSocket": {
                                "host": null,
                                "port": null
                              }
                            },
                            "stopSignal": null
                          },
                          "livenessProbe": {
                            "exec": {
                              "command": null
                            },
                            "failureThreshold": 3,
                            "grpc": {
                              "port": null,
                              "service": null
                            },
                            "httpGet": {
                              "host": null,
                              "httpHeaders": null,
                              "path": "/metrics",
                              "port": "8443",
                              "scheme": "HTTPS"
                            },
                            "initialDelaySeconds": 5,
                            "periodSeconds": 10,
                            "successThreshold": 1,
                            "tcpSocket": {
                              "host": null,
                              "port": null
                            },
                            "terminationGracePeriodSeconds": null,
                            "timeoutSeconds": 10
                          },
                          "name": "virt-operator",
                          "ports": [
                            {
                              "containerPort": 8443,
                              "hostIP": null,
                              "hostPort": null,
                              "name": "metrics",
                              "protocol": "TCP"
                            },
                            {
                              "containerPort": 8444,
                              "hostIP": null,
                              "hostPort": null,
                              "name": "webhooks",
                              "protocol": "TCP"
                            }
                          ],
                          "readinessProbe": {
                            "exec": {
                              "command": null
                            },
                            "failureThreshold": 3,
                            "grpc": {
                              "port": null,
                              "service": null
                            },
                            "httpGet": {
                              "host": null,
                              "httpHeaders": null,
                              "path": "/metrics",
                              "port": "8443",
                              "scheme": "HTTPS"
                            },
                            "initialDelaySeconds": 5,
                            "periodSeconds": 10,
                            "successThreshold": 1,
                            "tcpSocket": {
                              "host": null,
                              "port": null
                            },
                            "terminationGracePeriodSeconds": null,
                            "timeoutSeconds": 10
                          },
                          "resizePolicy": null,
                          "resources": {
                            "claims": null,
                            "limits": null,
                            "requests": {
                              "cpu": "10m",
                              "memory": "450Mi"
                            }
                          },
                          "restartPolicy": null,
                          "restartPolicyRules": null,
                          "securityContext": {
                            "allowPrivilegeEscalation": false,
                            "appArmorProfile": {
                              "localhostProfile": null,
                              "type": null
                            },
                            "capabilities": {
                              "add": null,
                              "drop": [
                                "ALL"
                              ]
                            },
                            "privileged": null,
                            "procMount": null,
                            "readOnlyRootFilesystem": null,
                            "runAsGroup": null,
                            "runAsNonRoot": null,
                            "runAsUser": null,
                            "seLinuxOptions": {
                              "level": null,
                              "role": null,
                              "type": null,
                              "user": null
                            },
                            "seccompProfile": {
                              "localhostProfile": null,
                              "type": "RuntimeDefault"
                            },
                            "windowsOptions": {
                              "gmsaCredentialSpec": null,
                              "gmsaCredentialSpecName": null,
                              "hostProcess": null,
                              "runAsUserName": null
                            }
                          },
                          "startupProbe": {
                            "exec": {
                              "command": null
                            },
                            "failureThreshold": null,
                            "grpc": {
                              "port": null,
                              "service": null
                            },
                            "httpGet": {
                              "host": null,
                              "httpHeaders": null,
                              "path": null,
                              "port": null,
                              "scheme": null
                            },
                            "initialDelaySeconds": null,
                            "periodSeconds": null,
                            "successThreshold": null,
                            "tcpSocket": {
                              "host": null,
                              "port": null
                            },
                            "terminationGracePeriodSeconds": null,
                            "timeoutSeconds": null
                          },
                          "stdin": null,
                          "stdinOnce": null,
                          "terminationMessagePath": "/dev/termination-log",
                          "terminationMessagePolicy": "FallbackToLogsOnError",
                          "tty": null,
                          "volumeDevices": null,
                          "volumeMounts": [
                            {
                              "mountPath": "/etc/virt-operator/certificates",
                              "mountPropagation": null,
                              "name": "kubevirt-operator-certs",
                              "readOnly": true,
                              "recursiveReadOnly": null,
                              "subPath": null,
                              "subPathExpr": null
                            },
                            {
                              "mountPath": "/profile-data",
                              "mountPropagation": null,
                              "name": "profile-data",
                              "readOnly": null,
                              "recursiveReadOnly": null,
                              "subPath": null,
                              "subPathExpr": null
                            }
                          ],
                          "workingDir": null
                        }
                      ],
                      "dnsConfig": {
                        "nameservers": null,
                        "options": null,
                        "searches": null
                      },
                      "dnsPolicy": "ClusterFirst",
                      "enableServiceLinks": null,
                      "ephemeralContainers": null,
                      "hostAliases": null,
                      "hostIPC": null,
                      "hostNetwork": null,
                      "hostPID": null,
                      "hostUsers": null,
                      "hostname": null,
                      "hostnameOverride": null,
                      "imagePullSecrets": null,
                      "initContainers": null,
                      "nodeName": null,
                      "nodeSelector": {
                        "kubernetes.io/os": "linux"
                      },
                      "os": {
                        "name": null
                      },
                      "overhead": null,
                      "preemptionPolicy": null,
                      "priority": null,
                      "priorityClassName": "kubevirt-cluster-critical",
                      "readinessGates": null,
                      "resourceClaims": null,
                      "resources": {
                        "claims": null,
                        "limits": null,
                        "requests": null
                      },
                      "restartPolicy": "Always",
                      "runtimeClassName": null,
                      "schedulerName": "default-scheduler",
                      "schedulingGates": null,
                      "securityContext": {
                        "appArmorProfile": {
                          "localhostProfile": null,
                          "type": null
                        },
                        "fsGroup": null,
                        "fsGroupChangePolicy": null,
                        "runAsGroup": null,
                        "runAsNonRoot": true,
                        "runAsUser": null,
                        "seLinuxChangePolicy": null,
                        "seLinuxOptions": {
                          "level": null,
                          "role": null,
                          "type": null,
                          "user": null
                        },
                        "seccompProfile": {
                          "localhostProfile": null,
                          "type": "RuntimeDefault"
                        },
                        "supplementalGroups": null,
                        "supplementalGroupsPolicy": null,
                        "sysctls": null,
                        "windowsOptions": {
                          "gmsaCredentialSpec": null,
                          "gmsaCredentialSpecName": null,
                          "hostProcess": null,
                          "runAsUserName": null
                        }
                      },
                      "serviceAccount": "kubevirt-operator",
                      "serviceAccountName": "kubevirt-operator",
                      "setHostnameAsFQDN": null,
                      "shareProcessNamespace": null,
                      "subdomain": null,
                      "terminationGracePeriodSeconds": 30,
                      "tolerations": [
                        {
                          "effect": null,
                          "key": "CriticalAddonsOnly",
                          "operator": "Exists",
                          "tolerationSeconds": null,
                          "value": null
                        }
                      ],
                      "topologySpreadConstraints": null,
                      "volumes": [
                        {
                          "awsElasticBlockStore": {
                            "fsType": null,
                            "partition": null,
                            "readOnly": null,
                            "volumeID": null
                          },
                          "azureDisk": {
                            "cachingMode": null,
                            "diskName": null,
                            "diskURI": null,
                            "fsType": null,
                            "kind": null,
                            "readOnly": null
                          },
                          "azureFile": {
                            "readOnly": null,
                            "secretName": null,
                            "shareName": null
                          },
                          "cephfs": {
                            "monitors": null,
                            "path": null,
                            "readOnly": null,
                            "secretFile": null,
                            "secretRef": {
                              "name": null
                            },
                            "user": null
                          },
                          "cinder": {
                            "fsType": null,
                            "readOnly": null,
                            "secretRef": {
                              "name": null
                            },
                            "volumeID": null
                          },
                          "configMap": {
                            "defaultMode": null,
                            "items": null,
                            "name": null,
                            "optional": null
                          },
                          "csi": {
                            "driver": null,
                            "fsType": null,
                            "nodePublishSecretRef": {
                              "name": null
                            },
                            "readOnly": null,
                            "volumeAttributes": null
                          },
                          "downwardAPI": {
                            "defaultMode": null,
                            "items": null
                          },
                          "emptyDir": {
                            "medium": null,
                            "sizeLimit": null
                          },
                          "ephemeral": {
                            "volumeClaimTemplate": {
                              "metadata": {
                                "annotations": null,
                                "creationTimestamp": null,
                                "deletionGracePeriodSeconds": null,
                                "deletionTimestamp": null,
                                "finalizers": null,
                                "generateName": null,
                                "generation": null,
                                "labels": null,
                                "managedFields": null,
                                "name": null,
                                "namespace": null,
                                "ownerReferences": null,
                                "resourceVersion": null,
                                "selfLink": null,
                                "uid": null
                              },
                              "spec": {
                                "accessModes": null,
                                "dataSource": {
                                  "apiGroup": null,
                                  "kind": null,
                                  "name": null
                                },
                                "dataSourceRef": {
                                  "apiGroup": null,
                                  "kind": null,
                                  "name": null,
                                  "namespace": null
                                },
                                "resources": {
                                  "limits": null,
                                  "requests": null
                                },
                                "selector": {
                                  "matchExpressions": null,
                                  "matchLabels": null
                                },
                                "storageClassName": null,
                                "volumeAttributesClassName": null,
                                "volumeMode": null,
                                "volumeName": null
                              }
                            }
                          },
                          "fc": {
                            "fsType": null,
                            "lun": null,
                            "readOnly": null,
                            "targetWWNs": null,
                            "wwids": null
                          },
                          "flexVolume": {
                            "driver": null,
                            "fsType": null,
                            "options": null,
                            "readOnly": null,
                            "secretRef": {
                              "name": null
                            }
                          },
                          "flocker": {
                            "datasetName": null,
                            "datasetUUID": null
                          },
                          "gcePersistentDisk": {
                            "fsType": null,
                            "partition": null,
                            "pdName": null,
                            "readOnly": null
                          },
                          "gitRepo": {
                            "directory": null,
                            "repository": null,
                            "revision": null
                          },
                          "glusterfs": {
                            "endpoints": null,
                            "path": null,
                            "readOnly": null
                          },
                          "hostPath": {
                            "path": null,
                            "type": null
                          },
                          "image": {
                            "pullPolicy": null,
                            "reference": null
                          },
                          "iscsi": {
                            "chapAuthDiscovery": null,
                            "chapAuthSession": null,
                            "fsType": null,
                            "initiatorName": null,
                            "iqn": null,
                            "iscsiInterface": null,
                            "lun": null,
                            "portals": null,
                            "readOnly": null,
                            "secretRef": {
                              "name": null
                            },
                            "targetPortal": null
                          },
                          "name": "kubevirt-operator-certs",
                          "nfs": {
                            "path": null,
                            "readOnly": null,
                            "server": null
                          },
                          "persistentVolumeClaim": {
                            "claimName": null,
                            "readOnly": null
                          },
                          "photonPersistentDisk": {
                            "fsType": null,
                            "pdID": null
                          },
                          "portworxVolume": {
                            "fsType": null,
                            "readOnly": null,
                            "volumeID": null
                          },
                          "projected": {
                            "defaultMode": null,
                            "sources": null
                          },
                          "quobyte": {
                            "group": null,
                            "readOnly": null,
                            "registry": null,
                            "tenant": null,
                            "user": null,
                            "volume": null
                          },
                          "rbd": {
                            "fsType": null,
                            "image": null,
                            "keyring": null,
                            "monitors": null,
                            "pool": null,
                            "readOnly": null,
                            "secretRef": {
                              "name": null
                            },
                            "user": null
                          },
                          "scaleIO": {
                            "fsType": null,
                            "gateway": null,
                            "protectionDomain": null,
                            "readOnly": null,
                            "secretRef": {
                              "name": null
                            },
                            "sslEnabled": null,
                            "storageMode": null,
                            "storagePool": null,
                            "system": null,
                            "volumeName": null
                          },
                          "secret": {
                            "defaultMode": 420,
                            "items": null,
                            "optional": true,
                            "secretName": "kubevirt-operator-certs"
                          },
                          "storageos": {
                            "fsType": null,
                            "readOnly": null,
                            "secretRef": {
                              "name": null
                            },
                            "volumeName": null,
                            "volumeNamespace": null
                          },
                          "vsphereVolume": {
                            "fsType": null,
                            "storagePolicyID": null,
                            "storagePolicyName": null,
                            "volumePath": null
                          }
                        },
                        {
                          "awsElasticBlockStore": {
                            "fsType": null,
                            "partition": null,
                            "readOnly": null,
                            "volumeID": null
                          },
                          "azureDisk": {
                            "cachingMode": null,
                            "diskName": null,
                            "diskURI": null,
                            "fsType": null,
                            "kind": null,
                            "readOnly": null
                          },
                          "azureFile": {
                            "readOnly": null,
                            "secretName": null,
                            "shareName": null
                          },
                          "cephfs": {
                            "monitors": null,
                            "path": null,
                            "readOnly": null,
                            "secretFile": null,
                            "secretRef": {
                              "name": null
                            },
                            "user": null
                          },
                          "cinder": {
                            "fsType": null,
                            "readOnly": null,
                            "secretRef": {
                              "name": null
                            },
                            "volumeID": null
                          },
                          "configMap": {
                            "defaultMode": null,
                            "items": null,
                            "name": null,
                            "optional": null
                          },
                          "csi": {
                            "driver": null,
                            "fsType": null,
                            "nodePublishSecretRef": {
                              "name": null
                            },
                            "readOnly": null,
                            "volumeAttributes": null
                          },
                          "downwardAPI": {
                            "defaultMode": null,
                            "items": null
                          },
                          "emptyDir": {
                            "medium": null,
                            "sizeLimit": null
                          },
                          "ephemeral": {
                            "volumeClaimTemplate": {
                              "metadata": {
                                "annotations": null,
                                "creationTimestamp": null,
                                "deletionGracePeriodSeconds": null,
                                "deletionTimestamp": null,
                                "finalizers": null,
                                "generateName": null,
                                "generation": null,
                                "labels": null,
                                "managedFields": null,
                                "name": null,
                                "namespace": null,
                                "ownerReferences": null,
                                "resourceVersion": null,
                                "selfLink": null,
                                "uid": null
                              },
                              "spec": {
                                "accessModes": null,
                                "dataSource": {
                                  "apiGroup": null,
                                  "kind": null,
                                  "name": null
                                },
                                "dataSourceRef": {
                                  "apiGroup": null,
                                  "kind": null,
                                  "name": null,
                                  "namespace": null
                                },
                                "resources": {
                                  "limits": null,
                                  "requests": null
                                },
                                "selector": {
                                  "matchExpressions": null,
                                  "matchLabels": null
                                },
                                "storageClassName": null,
                                "volumeAttributesClassName": null,
                                "volumeMode": null,
                                "volumeName": null
                              }
                            }
                          },
                          "fc": {
                            "fsType": null,
                            "lun": null,
                            "readOnly": null,
                            "targetWWNs": null,
                            "wwids": null
                          },
                          "flexVolume": {
                            "driver": null,
                            "fsType": null,
                            "options": null,
                            "readOnly": null,
                            "secretRef": {
                              "name": null
                            }
                          },
                          "flocker": {
                            "datasetName": null,
                            "datasetUUID": null
                          },
                          "gcePersistentDisk": {
                            "fsType": null,
                            "partition": null,
                            "pdName": null,
                            "readOnly": null
                          },
                          "gitRepo": {
                            "directory": null,
                            "repository": null,
                            "revision": null
                          },
                          "glusterfs": {
                            "endpoints": null,
                            "path": null,
                            "readOnly": null
                          },
                          "hostPath": {
                            "path": null,
                            "type": null
                          },
                          "image": {
                            "pullPolicy": null,
                            "reference": null
                          },
                          "iscsi": {
                            "chapAuthDiscovery": null,
                            "chapAuthSession": null,
                            "fsType": null,
                            "initiatorName": null,
                            "iqn": null,
                            "iscsiInterface": null,
                            "lun": null,
                            "portals": null,
                            "readOnly": null,
                            "secretRef": {
                              "name": null
                            },
                            "targetPortal": null
                          },
                          "name": "profile-data",
                          "nfs": {
                            "path": null,
                            "readOnly": null,
                            "server": null
                          },
                          "persistentVolumeClaim": {
                            "claimName": null,
                            "readOnly": null
                          },
                          "photonPersistentDisk": {
                            "fsType": null,
                            "pdID": null
                          },
                          "portworxVolume": {
                            "fsType": null,
                            "readOnly": null,
                            "volumeID": null
                          },
                          "projected": {
                            "defaultMode": null,
                            "sources": null
                          },
                          "quobyte": {
                            "group": null,
                            "readOnly": null,
                            "registry": null,
                            "tenant": null,
                            "user": null,
                            "volume": null
                          },
                          "rbd": {
                            "fsType": null,
                            "image": null,
                            "keyring": null,
                            "monitors": null,
                            "pool": null,
                            "readOnly": null,
                            "secretRef": {
                              "name": null
                            },
                            "user": null
                          },
                          "scaleIO": {
                            "fsType": null,
                            "gateway": null,
                            "protectionDomain": null,
                            "readOnly": null,
                            "secretRef": {
                              "name": null
                            },
                            "sslEnabled": null,
                            "storageMode": null,
                            "storagePool": null,
                            "system": null,
                            "volumeName": null
                          },
                          "secret": {
                            "defaultMode": null,
                            "items": null,
                            "optional": null,
                            "secretName": null
                          },
                          "storageos": {
                            "fsType": null,
                            "readOnly": null,
                            "secretRef": {
                              "name": null
                            },
                            "volumeName": null,
                            "volumeNamespace": null
                          },
                          "vsphereVolume": {
                            "fsType": null,
                            "storagePolicyID": null,
                            "storagePolicyName": null,
                            "volumePath": null
                          }
                        }
                      ],
                      "workloadRef": {
                        "name": null,
                        "podGroup": null,
                        "podGroupReplicaKey": null
                      }
                    }
                  }
                }
              },
              "type": [
                "object",
                {
                  "apiVersion": "string",
                  "kind": "string",
                  "metadata": [
                    "object",
                    {
                      "annotations": [
                        "map",
                        "string"
                      ],
                      "creationTimestamp": "string",
                      "deletionGracePeriodSeconds": "number",
                      "deletionTimestamp": "string",
                      "finalizers": [
                        "list",
                        "string"
                      ],
                      "generateName": "string",
                      "generation": "number",
                      "labels": [
                        "map",
                        "string"
                      ],
                      "managedFields": [
                        "tuple",
                        [
                          [
                            "object",
                            {
                              "apiVersion": "string",
                              "fieldsType": "string",
                              "fieldsV1": "dynamic",
                              "manager": "string",
                              "operation": "string",
                              "subresource": "string",
                              "time": "string"
                            }
                          ]
                        ]
                      ],
                      "name": "string",
                      "namespace": "string",
                      "ownerReferences": [
                        "list",
                        [
                          "object",
                          {
                            "apiVersion": "string",
                            "blockOwnerDeletion": "bool",
                            "controller": "bool",
                            "kind": "string",
                            "name": "string",
                            "uid": "string"
                          }
                        ]
                      ],
                      "resourceVersion": "string",
                      "selfLink": "string",
                      "uid": "string"
                    }
                  ],
                  "spec": [
                    "object",
                    {
                      "minReadySeconds": "number",
                      "paused": "bool",
                      "progressDeadlineSeconds": "number",
                      "replicas": "number",
                      "revisionHistoryLimit": "number",
                      "selector": [
                        "object",
                        {
                          "matchExpressions": [
                            "list",
                            [
                              "object",
                              {
                                "key": "string",
                                "operator": "string",
                                "values": [
                                  "list",
                                  "string"
                                ]
                              }
                            ]
                          ],
                          "matchLabels": [
                            "map",
                            "string"
                          ]
                        }
                      ],
                      "strategy": [
                        "object",
                        {
                          "rollingUpdate": [
                            "object",
                            {
                              "maxSurge": "string",
                              "maxUnavailable": "string"
                            }
                          ],
                          "type": "string"
                        }
                      ],
                      "template": [
                        "object",
                        {
                          "metadata": [
                            "object",
                            {
                              "annotations": [
                                "map",
                                "string"
                              ],
                              "creationTimestamp": "string",
                              "deletionGracePeriodSeconds": "number",
                              "deletionTimestamp": "string",
                              "finalizers": [
                                "list",
                                "string"
                              ],
                              "generateName": "string",
                              "generation": "number",
                              "labels": [
                                "map",
                                "string"
                              ],
                              "managedFields": [
                                "tuple",
                                [
                                  [
                                    "object",
                                    {
                                      "apiVersion": "string",
                                      "fieldsType": "string",
                                      "fieldsV1": "dynamic",
                                      "manager": "string",
                                      "operation": "string",
                                      "subresource": "string",
                                      "time": "string"
                                    }
                                  ]
                                ]
                              ],
                              "name": "string",
                              "namespace": "string",
                              "ownerReferences": [
                                "list",
                                [
                                  "object",
                                  {
                                    "apiVersion": "string",
                                    "blockOwnerDeletion": "bool",
                                    "controller": "bool",
                                    "kind": "string",
                                    "name": "string",
                                    "uid": "string"
                                  }
                                ]
                              ],
                              "resourceVersion": "string",
                              "selfLink": "string",
                              "uid": "string"
                            }
                          ],
                          "spec": [
                            "object",
                            {
                              "activeDeadlineSeconds": "number",
                              "affinity": [
                                "object",
                                {
                                  "nodeAffinity": [
                                    "object",
                                    {
                                      "preferredDuringSchedulingIgnoredDuringExecution": [
                                        "list",
                                        [
                                          "object",
                                          {
                                            "preference": [
                                              "object",
                                              {
                                                "matchExpressions": [
                                                  "list",
                                                  [
                                                    "object",
                                                    {
                                                      "key": "string",
                                                      "operator": "string",
                                                      "values": [
                                                        "list",
                                                        "string"
                                                      ]
                                                    }
                                                  ]
                                                ],
                                                "matchFields": [
                                                  "list",
                                                  [
                                                    "object",
                                                    {
                                                      "key": "string",
                                                      "operator": "string",
                                                      "values": [
                                                        "list",
                                                        "string"
                                                      ]
                                                    }
                                                  ]
                                                ]
                                              }
                                            ],
                                            "weight": "number"
                                          }
                                        ]
                                      ],
                                      "requiredDuringSchedulingIgnoredDuringExecution": [
                                        "object",
                                        {
                                          "nodeSelectorTerms": [
                                            "list",
                                            [
                                              "object",
                                              {
                                                "matchExpressions": [
                                                  "list",
                                                  [
                                                    "object",
                                                    {
                                                      "key": "string",
                                                      "operator": "string",
                                                      "values": [
                                                        "list",
                                                        "string"
                                                      ]
                                                    }
                                                  ]
                                                ],
                                                "matchFields": [
                                                  "list",
                                                  [
                                                    "object",
                                                    {
                                                      "key": "string",
                                                      "operator": "string",
                                                      "values": [
                                                        "list",
                                                        "string"
                                                      ]
                                                    }
                                                  ]
                                                ]
                                              }
                                            ]
                                          ]
                                        }
                                      ]
                                    }
                                  ],
                                  "podAffinity": [
                                    "object",
                                    {
                                      "preferredDuringSchedulingIgnoredDuringExecution": [
                                        "list",
                                        [
                                          "object",
                                          {
                                            "podAffinityTerm": [
                                              "object",
                                              {
                                                "labelSelector": [
                                                  "object",
                                                  {
                                                    "matchExpressions": [
                                                      "list",
                                                      [
                                                        "object",
                                                        {
                                                          "key": "string",
                                                          "operator": "string",
                                                          "values": [
                                                            "list",
                                                            "string"
                                                          ]
                                                        }
                                                      ]
                                                    ],
                                                    "matchLabels": [
                                                      "map",
                                                      "string"
                                                    ]
                                                  }
                                                ],
                                                "matchLabelKeys": [
                                                  "list",
                                                  "string"
                                                ],
                                                "mismatchLabelKeys": [
                                                  "list",
                                                  "string"
                                                ],
                                                "namespaceSelector": [
                                                  "object",
                                                  {
                                                    "matchExpressions": [
                                                      "list",
                                                      [
                                                        "object",
                                                        {
                                                          "key": "string",
                                                          "operator": "string",
                                                          "values": [
                                                            "list",
                                                            "string"
                                                          ]
                                                        }
                                                      ]
                                                    ],
                                                    "matchLabels": [
                                                      "map",
                                                      "string"
                                                    ]
                                                  }
                                                ],
                                                "namespaces": [
                                                  "list",
                                                  "string"
                                                ],
                                                "topologyKey": "string"
                                              }
                                            ],
                                            "weight": "number"
                                          }
                                        ]
                                      ],
                                      "requiredDuringSchedulingIgnoredDuringExecution": [
                                        "list",
                                        [
                                          "object",
                                          {
                                            "labelSelector": [
                                              "object",
                                              {
                                                "matchExpressions": [
                                                  "list",
                                                  [
                                                    "object",
                                                    {
                                                      "key": "string",
                                                      "operator": "string",
                                                      "values": [
                                                        "list",
                                                        "string"
                                                      ]
                                                    }
                                                  ]
                                                ],
                                                "matchLabels": [
                                                  "map",
                                                  "string"
                                                ]
                                              }
                                            ],
                                            "matchLabelKeys": [
                                              "list",
                                              "string"
                                            ],
                                            "mismatchLabelKeys": [
                                              "list",
                                              "string"
                                            ],
                                            "namespaceSelector": [
                                              "object",
                                              {
                                                "matchExpressions": [
                                                  "list",
                                                  [
                                                    "object",
                                                    {
                                                      "key": "string",
                                                      "operator": "string",
                                                      "values": [
                                                        "list",
                                                        "string"
                                                      ]
                                                    }
                                                  ]
                                                ],
                                                "matchLabels": [
                                                  "map",
                                                  "string"
                                                ]
                                              }
                                            ],
                                            "namespaces": [
                                              "list",
                                              "string"
                                            ],
                                            "topologyKey": "string"
                                          }
                                        ]
                                      ]
                                    }
                                  ],
                                  "podAntiAffinity": [
                                    "object",
                                    {
                                      "preferredDuringSchedulingIgnoredDuringExecution": [
                                        "list",
                                        [
                                          "object",
                                          {
                                            "podAffinityTerm": [
                                              "object",
                                              {
                                                "labelSelector": [
                                                  "object",
                                                  {
                                                    "matchExpressions": [
                                                      "list",
                                                      [
                                                        "object",
                                                        {
                                                          "key": "string",
                                                          "operator": "string",
                                                          "values": [
                                                            "list",
                                                            "string"
                                                          ]
                                                        }
                                                      ]
                                                    ],
                                                    "matchLabels": [
                                                      "map",
                                                      "string"
                                                    ]
                                                  }
                                                ],
                                                "matchLabelKeys": [
                                                  "list",
                                                  "string"
                                                ],
                                                "mismatchLabelKeys": [
                                                  "list",
                                                  "string"
                                                ],
                                                "namespaceSelector": [
                                                  "object",
                                                  {
                                                    "matchExpressions": [
                                                      "list",
                                                      [
                                                        "object",
                                                        {
                                                          "key": "string",
                                                          "operator": "string",
                                                          "values": [
                                                            "list",
                                                            "string"
                                                          ]
                                                        }
                                                      ]
                                                    ],
                                                    "matchLabels": [
                                                      "map",
                                                      "string"
                                                    ]
                                                  }
                                                ],
                                                "namespaces": [
                                                  "list",
                                                  "string"
                                                ],
                                                "topologyKey": "string"
                                              }
                                            ],
                                            "weight": "number"
                                          }
                                        ]
                                      ],
                                      "requiredDuringSchedulingIgnoredDuringExecution": [
                                        "list",
                                        [
                                          "object",
                                          {
                                            "labelSelector": [
                                              "object",
                                              {
                                                "matchExpressions": [
                                                  "list",
                                                  [
                                                    "object",
                                                    {
                                                      "key": "string",
                                                      "operator": "string",
                                                      "values": [
                                                        "list",
                                                        "string"
                                                      ]
                                                    }
                                                  ]
                                                ],
                                                "matchLabels": [
                                                  "map",
                                                  "string"
                                                ]
                                              }
                                            ],
                                            "matchLabelKeys": [
                                              "list",
                                              "string"
                                            ],
                                            "mismatchLabelKeys": [
                                              "list",
                                              "string"
                                            ],
                                            "namespaceSelector": [
                                              "object",
                                              {
                                                "matchExpressions": [
                                                  "list",
                                                  [
                                                    "object",
                                                    {
                                                      "key": "string",
                                                      "operator": "string",
                                                      "values": [
                                                        "list",
                                                        "string"
                                                      ]
                                                    }
                                                  ]
                                                ],
                                                "matchLabels": [
                                                  "map",
                                                  "string"
                                                ]
                                              }
                                            ],
                                            "namespaces": [
                                              "list",
                                              "string"
                                            ],
                                            "topologyKey": "string"
                                          }
                                        ]
                                      ]
                                    }
                                  ]
                                }
                              ],
                              "automountServiceAccountToken": "bool",
                              "containers": [
                                "list",
                                [
                                  "object",
                                  {
                                    "args": [
                                      "list",
                                      "string"
                                    ],
                                    "command": [
                                      "list",
                                      "string"
                                    ],
                                    "env": [
                                      "list",
                                      [
                                        "object",
                                        {
                                          "name": "string",
                                          "value": "string",
                                          "valueFrom": [
                                            "object",
                                            {
                                              "configMapKeyRef": [
                                                "object",
                                                {
                                                  "key": "string",
                                                  "name": "string",
                                                  "optional": "bool"
                                                }
                                              ],
                                              "fieldRef": [
                                                "object",
                                                {
                                                  "apiVersion": "string",
                                                  "fieldPath": "string"
                                                }
                                              ],
                                              "fileKeyRef": [
                                                "object",
                                                {
                                                  "key": "string",
                                                  "optional": "bool",
                                                  "path": "string",
                                                  "volumeName": "string"
                                                }
                                              ],
                                              "resourceFieldRef": [
                                                "object",
                                                {
                                                  "containerName": "string",
                                                  "divisor": "string",
                                                  "resource": "string"
                                                }
                                              ],
                                              "secretKeyRef": [
                                                "object",
                                                {
                                                  "key": "string",
                                                  "name": "string",
                                                  "optional": "bool"
                                                }
                                              ]
                                            }
                                          ]
                                        }
                                      ]
                                    ],
                                    "envFrom": [
                                      "list",
                                      [
                                        "object",
                                        {
                                          "configMapRef": [
                                            "object",
                                            {
                                              "name": "string",
                                              "optional": "bool"
                                            }
                                          ],
                                          "prefix": "string",
                                          "secretRef": [
                                            "object",
                                            {
                                              "name": "string",
                                              "optional": "bool"
                                            }
                                          ]
                                        }
                                      ]
                                    ],
                                    "image": "string",
                                    "imagePullPolicy": "string",
                                    "lifecycle": [
                                      "object",
                                      {
                                        "postStart": [
                                          "object",
                                          {
                                            "exec": [
                                              "object",
                                              {
                                                "command": [
                                                  "list",
                                                  "string"
                                                ]
                                              }
                                            ],
                                            "httpGet": [
                                              "object",
                                              {
                                                "host": "string",
                                                "httpHeaders": [
                                                  "list",
                                                  [
                                                    "object",
                                                    {
                                                      "name": "string",
                                                      "value": "string"
                                                    }
                                                  ]
                                                ],
                                                "path": "string",
                                                "port": "string",
                                                "scheme": "string"
                                              }
                                            ],
                                            "sleep": [
                                              "object",
                                              {
                                                "seconds": "number"
                                              }
                                            ],
                                            "tcpSocket": [
                                              "object",
                                              {
                                                "host": "string",
                                                "port": "string"
                                              }
                                            ]
                                          }
                                        ],
                                        "preStop": [
                                          "object",
                                          {
                                            "exec": [
                                              "object",
                                              {
                                                "command": [
                                                  "list",
                                                  "string"
                                                ]
                                              }
                                            ],
                                            "httpGet": [
                                              "object",
                                              {
                                                "host": "string",
                                                "httpHeaders": [
                                                  "list",
                                                  [
                                                    "object",
                                                    {
                                                      "name": "string",
                                                      "value": "string"
                                                    }
                                                  ]
                                                ],
                                                "path": "string",
                                                "port": "string",
                                                "scheme": "string"
                                              }
                                            ],
                                            "sleep": [
                                              "object",
                                              {
                                                "seconds": "number"
                                              }
                                            ],
                                            "tcpSocket": [
                                              "object",
                                              {
                                                "host": "string",
                                                "port": "string"
                                              }
                                            ]
                                          }
                                        ],
                                        "stopSignal": "string"
                                      }
                                    ],
                                    "livenessProbe": [
                                      "object",
                                      {
                                        "exec": [
                                          "object",
                                          {
                                            "command": [
                                              "list",
                                              "string"
                                            ]
                                          }
                                        ],
                                        "failureThreshold": "number",
                                        "grpc": [
                                          "object",
                                          {
                                            "port": "number",
                                            "service": "string"
                                          }
                                        ],
                                        "httpGet": [
                                          "object",
                                          {
                                            "host": "string",
                                            "httpHeaders": [
                                              "list",
                                              [
                                                "object",
                                                {
                                                  "name": "string",
                                                  "value": "string"
                                                }
                                              ]
                                            ],
                                            "path": "string",
                                            "port": "string",
                                            "scheme": "string"
                                          }
                                        ],
                                        "initialDelaySeconds": "number",
                                        "periodSeconds": "number",
                                        "successThreshold": "number",
                                        "tcpSocket": [
                                          "object",
                                          {
                                            "host": "string",
                                            "port": "string"
                                          }
                                        ],
                                        "terminationGracePeriodSeconds": "number",
                                        "timeoutSeconds": "number"
                                      }
                                    ],
                                    "name": "string",
                                    "ports": [
                                      "list",
                                      [
                                        "object",
                                        {
                                          "containerPort": "number",
                                          "hostIP": "string",
                                          "hostPort": "number",
                                          "name": "string",
                                          "protocol": "string"
                                        }
                                      ]
                                    ],
                                    "readinessProbe": [
                                      "object",
                                      {
                                        "exec": [
                                          "object",
                                          {
                                            "command": [
                                              "list",
                                              "string"
                                            ]
                                          }
                                        ],
                                        "failureThreshold": "number",
                                        "grpc": [
                                          "object",
                                          {
                                            "port": "number",
                                            "service": "string"
                                          }
                                        ],
                                        "httpGet": [
                                          "object",
                                          {
                                            "host": "string",
                                            "httpHeaders": [
                                              "list",
                                              [
                                                "object",
                                                {
                                                  "name": "string",
                                                  "value": "string"
                                                }
                                              ]
                                            ],
                                            "path": "string",
                                            "port": "string",
                                            "scheme": "string"
                                          }
                                        ],
                                        "initialDelaySeconds": "number",
                                        "periodSeconds": "number",
                                        "successThreshold": "number",
                                        "tcpSocket": [
                                          "object",
                                          {
                                            "host": "string",
                                            "port": "string"
                                          }
                                        ],
                                        "terminationGracePeriodSeconds": "number",
                                        "timeoutSeconds": "number"
                                      }
                                    ],
                                    "resizePolicy": [
                                      "list",
                                      [
                                        "object",
                                        {
                                          "resourceName": "string",
                                          "restartPolicy": "string"
                                        }
                                      ]
                                    ],
                                    "resources": [
                                      "object",
                                      {
                                        "claims": [
                                          "list",
                                          [
                                            "object",
                                            {
                                              "name": "string",
                                              "request": "string"
                                            }
                                          ]
                                        ],
                                        "limits": [
                                          "map",
                                          "string"
                                        ],
                                        "requests": [
                                          "map",
                                          "string"
                                        ]
                                      }
                                    ],
                                    "restartPolicy": "string",
                                    "restartPolicyRules": [
                                      "list",
                                      [
                                        "object",
                                        {
                                          "action": "string",
                                          "exitCodes": [
                                            "object",
                                            {
                                              "operator": "string",
                                              "values": [
                                                "list",
                                                "number"
                                              ]
                                            }
                                          ]
                                        }
                                      ]
                                    ],
                                    "securityContext": [
                                      "object",
                                      {
                                        "allowPrivilegeEscalation": "bool",
                                        "appArmorProfile": [
                                          "object",
                                          {
                                            "localhostProfile": "string",
                                            "type": "string"
                                          }
                                        ],
                                        "capabilities": [
                                          "object",
                                          {
                                            "add": [
                                              "list",
                                              "string"
                                            ],
                                            "drop": [
                                              "list",
                                              "string"
                                            ]
                                          }
                                        ],
                                        "privileged": "bool",
                                        "procMount": "string",
                                        "readOnlyRootFilesystem": "bool",
                                        "runAsGroup": "number",
                                        "runAsNonRoot": "bool",
                                        "runAsUser": "number",
                                        "seLinuxOptions": [
                                          "object",
                                          {
                                            "level": "string",
                                            "role": "string",
                                            "type": "string",
                                            "user": "string"
                                          }
                                        ],
                                        "seccompProfile": [
                                          "object",
                                          {
                                            "localhostProfile": "string",
                                            "type": "string"
                                          }
                                        ],
                                        "windowsOptions": [
                                          "object",
                                          {
                                            "gmsaCredentialSpec": "string",
                                            "gmsaCredentialSpecName": "string",
                                            "hostProcess": "bool",
                                            "runAsUserName": "string"
                                          }
                                        ]
                                      }
                                    ],
                                    "startupProbe": [
                                      "object",
                                      {
                                        "exec": [
                                          "object",
                                          {
                                            "command": [
                                              "list",
                                              "string"
                                            ]
                                          }
                                        ],
                                        "failureThreshold": "number",
                                        "grpc": [
                                          "object",
                                          {
                                            "port": "number",
                                            "service": "string"
                                          }
                                        ],
                                        "httpGet": [
                                          "object",
                                          {
                                            "host": "string",
                                            "httpHeaders": [
                                              "list",
                                              [
                                                "object",
                                                {
                                                  "name": "string",
                                                  "value": "string"
                                                }
                                              ]
                                            ],
                                            "path": "string",
                                            "port": "string",
                                            "scheme": "string"
                                          }
                                        ],
                                        "initialDelaySeconds": "number",
                                        "periodSeconds": "number",
                                        "successThreshold": "number",
                                        "tcpSocket": [
                                          "object",
                                          {
                                            "host": "string",
                                            "port": "string"
                                          }
                                        ],
                                        "terminationGracePeriodSeconds": "number",
                                        "timeoutSeconds": "number"
                                      }
                                    ],
                                    "stdin": "bool",
                                    "stdinOnce": "bool",
                                    "terminationMessagePath": "string",
                                    "terminationMessagePolicy": "string",
                                    "tty": "bool",
                                    "volumeDevices": [
                                      "list",
                                      [
                                        "object",
                                        {
                                          "devicePath": "string",
                                          "name": "string"
                                        }
                                      ]
                                    ],
                                    "volumeMounts": [
                                      "list",
                                      [
                                        "object",
                                        {
                                          "mountPath": "string",
                                          "mountPropagation": "string",
                                          "name": "string",
                                          "readOnly": "bool",
                                          "recursiveReadOnly": "string",
                                          "subPath": "string",
                                          "subPathExpr": "string"
                                        }
                                      ]
                                    ],
                                    "workingDir": "string"
                                  }
                                ]
                              ],
                              "dnsConfig": [
                                "object",
                                {
                                  "nameservers": [
                                    "list",
                                    "string"
                                  ],
                                  "options": [
                                    "list",
                                    [
                                      "object",
                                      {
                                        "name": "string",
                                        "value": "string"
                                      }
                                    ]
                                  ],
                                  "searches": [
                                    "list",
                                    "string"
                                  ]
                                }
                              ],
                              "dnsPolicy": "string",
                              "enableServiceLinks": "bool",
                              "ephemeralContainers": [
                                "list",
                                [
                                  "object",
                                  {
                                    "args": [
                                      "list",
                                      "string"
                                    ],
                                    "command": [
                                      "list",
                                      "string"
                                    ],
                                    "env": [
                                      "list",
                                      [
                                        "object",
                                        {
                                          "name": "string",
                                          "value": "string",
                                          "valueFrom": [
                                            "object",
                                            {
                                              "configMapKeyRef": [
                                                "object",
                                                {
                                                  "key": "string",
                                                  "name": "string",
                                                  "optional": "bool"
                                                }
                                              ],
                                              "fieldRef": [
                                                "object",
                                                {
                                                  "apiVersion": "string",
                                                  "fieldPath": "string"
                                                }
                                              ],
                                              "fileKeyRef": [
                                                "object",
                                                {
                                                  "key": "string",
                                                  "optional": "bool",
                                                  "path": "string",
                                                  "volumeName": "string"
                                                }
                                              ],
                                              "resourceFieldRef": [
                                                "object",
                                                {
                                                  "containerName": "string",
                                                  "divisor": "string",
                                                  "resource": "string"
                                                }
                                              ],
                                              "secretKeyRef": [
                                                "object",
                                                {
                                                  "key": "string",
                                                  "name": "string",
                                                  "optional": "bool"
                                                }
                                              ]
                                            }
                                          ]
                                        }
                                      ]
                                    ],
                                    "envFrom": [
                                      "list",
                                      [
                                        "object",
                                        {
                                          "configMapRef": [
                                            "object",
                                            {
                                              "name": "string",
                                              "optional": "bool"
                                            }
                                          ],
                                          "prefix": "string",
                                          "secretRef": [
                                            "object",
                                            {
                                              "name": "string",
                                              "optional": "bool"
                                            }
                                          ]
                                        }
                                      ]
                                    ],
                                    "image": "string",
                                    "imagePullPolicy": "string",
                                    "lifecycle": [
                                      "object",
                                      {
                                        "postStart": [
                                          "object",
                                          {
                                            "exec": [
                                              "object",
                                              {
                                                "command": [
                                                  "list",
                                                  "string"
                                                ]
                                              }
                                            ],
                                            "httpGet": [
                                              "object",
                                              {
                                                "host": "string",
                                                "httpHeaders": [
                                                  "list",
                                                  [
                                                    "object",
                                                    {
                                                      "name": "string",
                                                      "value": "string"
                                                    }
                                                  ]
                                                ],
                                                "path": "string",
                                                "port": "string",
                                                "scheme": "string"
                                              }
                                            ],
                                            "sleep": [
                                              "object",
                                              {
                                                "seconds": "number"
                                              }
                                            ],
                                            "tcpSocket": [
                                              "object",
                                              {
                                                "host": "string",
                                                "port": "string"
                                              }
                                            ]
                                          }
                                        ],
                                        "preStop": [
                                          "object",
                                          {
                                            "exec": [
                                              "object",
                                              {
                                                "command": [
                                                  "list",
                                                  "string"
                                                ]
                                              }
                                            ],
                                            "httpGet": [
                                              "object",
                                              {
                                                "host": "string",
                                                "httpHeaders": [
                                                  "list",
                                                  [
                                                    "object",
                                                    {
                                                      "name": "string",
                                                      "value": "string"
                                                    }
                                                  ]
                                                ],
                                                "path": "string",
                                                "port": "string",
                                                "scheme": "string"
                                              }
                                            ],
                                            "sleep": [
                                              "object",
                                              {
                                                "seconds": "number"
                                              }
                                            ],
                                            "tcpSocket": [
                                              "object",
                                              {
                                                "host": "string",
                                                "port": "string"
                                              }
                                            ]
                                          }
                                        ],
                                        "stopSignal": "string"
                                      }
                                    ],
                                    "livenessProbe": [
                                      "object",
                                      {
                                        "exec": [
                                          "object",
                                          {
                                            "command": [
                                              "list",
                                              "string"
                                            ]
                                          }
                                        ],
                                        "failureThreshold": "number",
                                        "grpc": [
                                          "object",
                                          {
                                            "port": "number",
                                            "service": "string"
                                          }
                                        ],
                                        "httpGet": [
                                          "object",
                                          {
                                            "host": "string",
                                            "httpHeaders": [
                                              "list",
                                              [
                                                "object",
                                                {
                                                  "name": "string",
                                                  "value": "string"
                                                }
                                              ]
                                            ],
                                            "path": "string",
                                            "port": "string",
                                            "scheme": "string"
                                          }
                                        ],
                                        "initialDelaySeconds": "number",
                                        "periodSeconds": "number",
                                        "successThreshold": "number",
                                        "tcpSocket": [
                                          "object",
                                          {
                                            "host": "string",
                                            "port": "string"
                                          }
                                        ],
                                        "terminationGracePeriodSeconds": "number",
                                        "timeoutSeconds": "number"
                                      }
                                    ],
                                    "name": "string",
                                    "ports": [
                                      "list",
                                      [
                                        "object",
                                        {
                                          "containerPort": "number",
                                          "hostIP": "string",
                                          "hostPort": "number",
                                          "name": "string",
                                          "protocol": "string"
                                        }
                                      ]
                                    ],
                                    "readinessProbe": [
                                      "object",
                                      {
                                        "exec": [
                                          "object",
                                          {
                                            "command": [
                                              "list",
                                              "string"
                                            ]
                                          }
                                        ],
                                        "failureThreshold": "number",
                                        "grpc": [
                                          "object",
                                          {
                                            "port": "number",
                                            "service": "string"
                                          }
                                        ],
                                        "httpGet": [
                                          "object",
                                          {
                                            "host": "string",
                                            "httpHeaders": [
                                              "list",
                                              [
                                                "object",
                                                {
                                                  "name": "string",
                                                  "value": "string"
                                                }
                                              ]
                                            ],
                                            "path": "string",
                                            "port": "string",
                                            "scheme": "string"
                                          }
                                        ],
                                        "initialDelaySeconds": "number",
                                        "periodSeconds": "number",
                                        "successThreshold": "number",
                                        "tcpSocket": [
                                          "object",
                                          {
                                            "host": "string",
                                            "port": "string"
                                          }
                                        ],
                                        "terminationGracePeriodSeconds": "number",
                                        "timeoutSeconds": "number"
                                      }
                                    ],
                                    "resizePolicy": [
                                      "list",
                                      [
                                        "object",
                                        {
                                          "resourceName": "string",
                                          "restartPolicy": "string"
                                        }
                                      ]
                                    ],
                                    "resources": [
                                      "object",
                                      {
                                        "claims": [
                                          "list",
                                          [
                                            "object",
                                            {
                                              "name": "string",
                                              "request": "string"
                                            }
                                          ]
                                        ],
                                        "limits": [
                                          "map",
                                          "string"
                                        ],
                                        "requests": [
                                          "map",
                                          "string"
                                        ]
                                      }
                                    ],
                                    "restartPolicy": "string",
                                    "restartPolicyRules": [
                                      "list",
                                      [
                                        "object",
                                        {
                                          "action": "string",
                                          "exitCodes": [
                                            "object",
                                            {
                                              "operator": "string",
                                              "values": [
                                                "list",
                                                "number"
                                              ]
                                            }
                                          ]
                                        }
                                      ]
                                    ],
                                    "securityContext": [
                                      "object",
                                      {
                                        "allowPrivilegeEscalation": "bool",
                                        "appArmorProfile": [
                                          "object",
                                          {
                                            "localhostProfile": "string",
                                            "type": "string"
                                          }
                                        ],
                                        "capabilities": [
                                          "object",
                                          {
                                            "add": [
                                              "list",
                                              "string"
                                            ],
                                            "drop": [
                                              "list",
                                              "string"
                                            ]
                                          }
                                        ],
                                        "privileged": "bool",
                                        "procMount": "string",
                                        "readOnlyRootFilesystem": "bool",
                                        "runAsGroup": "number",
                                        "runAsNonRoot": "bool",
                                        "runAsUser": "number",
                                        "seLinuxOptions": [
                                          "object",
                                          {
                                            "level": "string",
                                            "role": "string",
                                            "type": "string",
                                            "user": "string"
                                          }
                                        ],
                                        "seccompProfile": [
                                          "object",
                                          {
                                            "localhostProfile": "string",
                                            "type": "string"
                                          }
                                        ],
                                        "windowsOptions": [
                                          "object",
                                          {
                                            "gmsaCredentialSpec": "string",
                                            "gmsaCredentialSpecName": "string",
                                            "hostProcess": "bool",
                                            "runAsUserName": "string"
                                          }
                                        ]
                                      }
                                    ],
                                    "startupProbe": [
                                      "object",
                                      {
                                        "exec": [
                                          "object",
                                          {
                                            "command": [
                                              "list",
                                              "string"
                                            ]
                                          }
                                        ],
                                        "failureThreshold": "number",
                                        "grpc": [
                                          "object",
                                          {
                                            "port": "number",
                                            "service": "string"
                                          }
                                        ],
                                        "httpGet": [
                                          "object",
                                          {
                                            "host": "string",
                                            "httpHeaders": [
                                              "list",
                                              [
                                                "object",
                                                {
                                                  "name": "string",
                                                  "value": "string"
                                                }
                                              ]
                                            ],
                                            "path": "string",
                                            "port": "string",
                                            "scheme": "string"
                                          }
                                        ],
                                        "initialDelaySeconds": "number",
                                        "periodSeconds": "number",
                                        "successThreshold": "number",
                                        "tcpSocket": [
                                          "object",
                                          {
                                            "host": "string",
                                            "port": "string"
                                          }
                                        ],
                                        "terminationGracePeriodSeconds": "number",
                                        "timeoutSeconds": "number"
                                      }
                                    ],
                                    "stdin": "bool",
                                    "stdinOnce": "bool",
                                    "targetContainerName": "string",
                                    "terminationMessagePath": "string",
                                    "terminationMessagePolicy": "string",
                                    "tty": "bool",
                                    "volumeDevices": [
                                      "list",
                                      [
                                        "object",
                                        {
                                          "devicePath": "string",
                                          "name": "string"
                                        }
                                      ]
                                    ],
                                    "volumeMounts": [
                                      "list",
                                      [
                                        "object",
                                        {
                                          "mountPath": "string",
                                          "mountPropagation": "string",
                                          "name": "string",
                                          "readOnly": "bool",
                                          "recursiveReadOnly": "string",
                                          "subPath": "string",
                                          "subPathExpr": "string"
                                        }
                                      ]
                                    ],
                                    "workingDir": "string"
                                  }
                                ]
                              ],
                              "hostAliases": [
                                "list",
                                [
                                  "object",
                                  {
                                    "hostnames": [
                                      "list",
                                      "string"
                                    ],
                                    "ip": "string"
                                  }
                                ]
                              ],
                              "hostIPC": "bool",
                              "hostNetwork": "bool",
                              "hostPID": "bool",
                              "hostUsers": "bool",
                              "hostname": "string",
                              "hostnameOverride": "string",
                              "imagePullSecrets": [
                                "list",
                                [
                                  "object",
                                  {
                                    "name": "string"
                                  }
                                ]
                              ],
                              "initContainers": [
                                "list",
                                [
                                  "object",
                                  {
                                    "args": [
                                      "list",
                                      "string"
                                    ],
                                    "command": [
                                      "list",
                                      "string"
                                    ],
                                    "env": [
                                      "list",
                                      [
                                        "object",
                                        {
                                          "name": "string",
                                          "value": "string",
                                          "valueFrom": [
                                            "object",
                                            {
                                              "configMapKeyRef": [
                                                "object",
                                                {
                                                  "key": "string",
                                                  "name": "string",
                                                  "optional": "bool"
                                                }
                                              ],
                                              "fieldRef": [
                                                "object",
                                                {
                                                  "apiVersion": "string",
                                                  "fieldPath": "string"
                                                }
                                              ],
                                              "fileKeyRef": [
                                                "object",
                                                {
                                                  "key": "string",
                                                  "optional": "bool",
                                                  "path": "string",
                                                  "volumeName": "string"
                                                }
                                              ],
                                              "resourceFieldRef": [
                                                "object",
                                                {
                                                  "containerName": "string",
                                                  "divisor": "string",
                                                  "resource": "string"
                                                }
                                              ],
                                              "secretKeyRef": [
                                                "object",
                                                {
                                                  "key": "string",
                                                  "name": "string",
                                                  "optional": "bool"
                                                }
                                              ]
                                            }
                                          ]
                                        }
                                      ]
                                    ],
                                    "envFrom": [
                                      "list",
                                      [
                                        "object",
                                        {
                                          "configMapRef": [
                                            "object",
                                            {
                                              "name": "string",
                                              "optional": "bool"
                                            }
                                          ],
                                          "prefix": "string",
                                          "secretRef": [
                                            "object",
                                            {
                                              "name": "string",
                                              "optional": "bool"
                                            }
                                          ]
                                        }
                                      ]
                                    ],
                                    "image": "string",
                                    "imagePullPolicy": "string",
                                    "lifecycle": [
                                      "object",
                                      {
                                        "postStart": [
                                          "object",
                                          {
                                            "exec": [
                                              "object",
                                              {
                                                "command": [
                                                  "list",
                                                  "string"
                                                ]
                                              }
                                            ],
                                            "httpGet": [
                                              "object",
                                              {
                                                "host": "string",
                                                "httpHeaders": [
                                                  "list",
                                                  [
                                                    "object",
                                                    {
                                                      "name": "string",
                                                      "value": "string"
                                                    }
                                                  ]
                                                ],
                                                "path": "string",
                                                "port": "string",
                                                "scheme": "string"
                                              }
                                            ],
                                            "sleep": [
                                              "object",
                                              {
                                                "seconds": "number"
                                              }
                                            ],
                                            "tcpSocket": [
                                              "object",
                                              {
                                                "host": "string",
                                                "port": "string"
                                              }
                                            ]
                                          }
                                        ],
                                        "preStop": [
                                          "object",
                                          {
                                            "exec": [
                                              "object",
                                              {
                                                "command": [
                                                  "list",
                                                  "string"
                                                ]
                                              }
                                            ],
                                            "httpGet": [
                                              "object",
                                              {
                                                "host": "string",
                                                "httpHeaders": [
                                                  "list",
                                                  [
                                                    "object",
                                                    {
                                                      "name": "string",
                                                      "value": "string"
                                                    }
                                                  ]
                                                ],
                                                "path": "string",
                                                "port": "string",
                                                "scheme": "string"
                                              }
                                            ],
                                            "sleep": [
                                              "object",
                                              {
                                                "seconds": "number"
                                              }
                                            ],
                                            "tcpSocket": [
                                              "object",
                                              {
                                                "host": "string",
                                                "port": "string"
                                              }
                                            ]
                                          }
                                        ],
                                        "stopSignal": "string"
                                      }
                                    ],
                                    "livenessProbe": [
                                      "object",
                                      {
                                        "exec": [
                                          "object",
                                          {
                                            "command": [
                                              "list",
                                              "string"
                                            ]
                                          }
                                        ],
                                        "failureThreshold": "number",
                                        "grpc": [
                                          "object",
                                          {
                                            "port": "number",
                                            "service": "string"
                                          }
                                        ],
                                        "httpGet": [
                                          "object",
                                          {
                                            "host": "string",
                                            "httpHeaders": [
                                              "list",
                                              [
                                                "object",
                                                {
                                                  "name": "string",
                                                  "value": "string"
                                                }
                                              ]
                                            ],
                                            "path": "string",
                                            "port": "string",
                                            "scheme": "string"
                                          }
                                        ],
                                        "initialDelaySeconds": "number",
                                        "periodSeconds": "number",
                                        "successThreshold": "number",
                                        "tcpSocket": [
                                          "object",
                                          {
                                            "host": "string",
                                            "port": "string"
                                          }
                                        ],
                                        "terminationGracePeriodSeconds": "number",
                                        "timeoutSeconds": "number"
                                      }
                                    ],
                                    "name": "string",
                                    "ports": [
                                      "list",
                                      [
                                        "object",
                                        {
                                          "containerPort": "number",
                                          "hostIP": "string",
                                          "hostPort": "number",
                                          "name": "string",
                                          "protocol": "string"
                                        }
                                      ]
                                    ],
                                    "readinessProbe": [
                                      "object",
                                      {
                                        "exec": [
                                          "object",
                                          {
                                            "command": [
                                              "list",
                                              "string"
                                            ]
                                          }
                                        ],
                                        "failureThreshold": "number",
                                        "grpc": [
                                          "object",
                                          {
                                            "port": "number",
                                            "service": "string"
                                          }
                                        ],
                                        "httpGet": [
                                          "object",
                                          {
                                            "host": "string",
                                            "httpHeaders": [
                                              "list",
                                              [
                                                "object",
                                                {
                                                  "name": "string",
                                                  "value": "string"
                                                }
                                              ]
                                            ],
                                            "path": "string",
                                            "port": "string",
                                            "scheme": "string"
                                          }
                                        ],
                                        "initialDelaySeconds": "number",
                                        "periodSeconds": "number",
                                        "successThreshold": "number",
                                        "tcpSocket": [
                                          "object",
                                          {
                                            "host": "string",
                                            "port": "string"
                                          }
                                        ],
                                        "terminationGracePeriodSeconds": "number",
                                        "timeoutSeconds": "number"
                                      }
                                    ],
                                    "resizePolicy": [
                                      "list",
                                      [
                                        "object",
                                        {
                                          "resourceName": "string",
                                          "restartPolicy": "string"
                                        }
                                      ]
                                    ],
                                    "resources": [
                                      "object",
                                      {
                                        "claims": [
                                          "list",
                                          [
                                            "object",
                                            {
                                              "name": "string",
                                              "request": "string"
                                            }
                                          ]
                                        ],
                                        "limits": [
                                          "map",
                                          "string"
                                        ],
                                        "requests": [
                                          "map",
                                          "string"
                                        ]
                                      }
                                    ],
                                    "restartPolicy": "string",
                                    "restartPolicyRules": [
                                      "list",
                                      [
                                        "object",
                                        {
                                          "action": "string",
                                          "exitCodes": [
                                            "object",
                                            {
                                              "operator": "string",
                                              "values": [
                                                "list",
                                                "number"
                                              ]
                                            }
                                          ]
                                        }
                                      ]
                                    ],
                                    "securityContext": [
                                      "object",
                                      {
                                        "allowPrivilegeEscalation": "bool",
                                        "appArmorProfile": [
                                          "object",
                                          {
                                            "localhostProfile": "string",
                                            "type": "string"
                                          }
                                        ],
                                        "capabilities": [
                                          "object",
                                          {
                                            "add": [
                                              "list",
                                              "string"
                                            ],
                                            "drop": [
                                              "list",
                                              "string"
                                            ]
                                          }
                                        ],
                                        "privileged": "bool",
                                        "procMount": "string",
                                        "readOnlyRootFilesystem": "bool",
                                        "runAsGroup": "number",
                                        "runAsNonRoot": "bool",
                                        "runAsUser": "number",
                                        "seLinuxOptions": [
                                          "object",
                                          {
                                            "level": "string",
                                            "role": "string",
                                            "type": "string",
                                            "user": "string"
                                          }
                                        ],
                                        "seccompProfile": [
                                          "object",
                                          {
                                            "localhostProfile": "string",
                                            "type": "string"
                                          }
                                        ],
                                        "windowsOptions": [
                                          "object",
                                          {
                                            "gmsaCredentialSpec": "string",
                                            "gmsaCredentialSpecName": "string",
                                            "hostProcess": "bool",
                                            "runAsUserName": "string"
                                          }
                                        ]
                                      }
                                    ],
                                    "startupProbe": [
                                      "object",
                                      {
                                        "exec": [
                                          "object",
                                          {
                                            "command": [
                                              "list",
                                              "string"
                                            ]
                                          }
                                        ],
                                        "failureThreshold": "number",
                                        "grpc": [
                                          "object",
                                          {
                                            "port": "number",
                                            "service": "string"
                                          }
                                        ],
                                        "httpGet": [
                                          "object",
                                          {
                                            "host": "string",
                                            "httpHeaders": [
                                              "list",
                                              [
                                                "object",
                                                {
                                                  "name": "string",
                                                  "value": "string"
                                                }
                                              ]
                                            ],
                                            "path": "string",
                                            "port": "string",
                                            "scheme": "string"
                                          }
                                        ],
                                        "initialDelaySeconds": "number",
                                        "periodSeconds": "number",
                                        "successThreshold": "number",
                                        "tcpSocket": [
                                          "object",
                                          {
                                            "host": "string",
                                            "port": "string"
                                          }
                                        ],
                                        "terminationGracePeriodSeconds": "number",
                                        "timeoutSeconds": "number"
                                      }
                                    ],
                                    "stdin": "bool",
                                    "stdinOnce": "bool",
                                    "terminationMessagePath": "string",
                                    "terminationMessagePolicy": "string",
                                    "tty": "bool",
                                    "volumeDevices": [
                                      "list",
                                      [
                                        "object",
                                        {
                                          "devicePath": "string",
                                          "name": "string"
                                        }
                                      ]
                                    ],
                                    "volumeMounts": [
                                      "list",
                                      [
                                        "object",
                                        {
                                          "mountPath": "string",
                                          "mountPropagation": "string",
                                          "name": "string",
                                          "readOnly": "bool",
                                          "recursiveReadOnly": "string",
                                          "subPath": "string",
                                          "subPathExpr": "string"
                                        }
                                      ]
                                    ],
                                    "workingDir": "string"
                                  }
                                ]
                              ],
                              "nodeName": "string",
                              "nodeSelector": [
                                "map",
                                "string"
                              ],
                              "os": [
                                "object",
                                {
                                  "name": "string"
                                }
                              ],
                              "overhead": [
                                "map",
                                "string"
                              ],
                              "preemptionPolicy": "string",
                              "priority": "number",
                              "priorityClassName": "string",
                              "readinessGates": [
                                "list",
                                [
                                  "object",
                                  {
                                    "conditionType": "string"
                                  }
                                ]
                              ],
                              "resourceClaims": [
                                "list",
                                [
                                  "object",
                                  {
                                    "name": "string",
                                    "resourceClaimName": "string",
                                    "resourceClaimTemplateName": "string"
                                  }
                                ]
                              ],
                              "resources": [
                                "object",
                                {
                                  "claims": [
                                    "list",
                                    [
                                      "object",
                                      {
                                        "name": "string",
                                        "request": "string"
                                      }
                                    ]
                                  ],
                                  "limits": [
                                    "map",
                                    "string"
                                  ],
                                  "requests": [
                                    "map",
                                    "string"
                                  ]
                                }
                              ],
                              "restartPolicy": "string",
                              "runtimeClassName": "string",
                              "schedulerName": "string",
                              "schedulingGates": [
                                "list",
                                [
                                  "object",
                                  {
                                    "name": "string"
                                  }
                                ]
                              ],
                              "securityContext": [
                                "object",
                                {
                                  "appArmorProfile": [
                                    "object",
                                    {
                                      "localhostProfile": "string",
                                      "type": "string"
                                    }
                                  ],
                                  "fsGroup": "number",
                                  "fsGroupChangePolicy": "string",
                                  "runAsGroup": "number",
                                  "runAsNonRoot": "bool",
                                  "runAsUser": "number",
                                  "seLinuxChangePolicy": "string",
                                  "seLinuxOptions": [
                                    "object",
                                    {
                                      "level": "string",
                                      "role": "string",
                                      "type": "string",
                                      "user": "string"
                                    }
                                  ],
                                  "seccompProfile": [
                                    "object",
                                    {
                                      "localhostProfile": "string",
                                      "type": "string"
                                    }
                                  ],
                                  "supplementalGroups": [
                                    "list",
                                    "number"
                                  ],
                                  "supplementalGroupsPolicy": "string",
                                  "sysctls": [
                                    "list",
                                    [
                                      "object",
                                      {
                                        "name": "string",
                                        "value": "string"
                                      }
                                    ]
                                  ],
                                  "windowsOptions": [
                                    "object",
                                    {
                                      "gmsaCredentialSpec": "string",
                                      "gmsaCredentialSpecName": "string",
                                      "hostProcess": "bool",
                                      "runAsUserName": "string"
                                    }
                                  ]
                                }
                              ],
                              "serviceAccount": "string",
                              "serviceAccountName": "string",
                              "setHostnameAsFQDN": "bool",
                              "shareProcessNamespace": "bool",
                              "subdomain": "string",
                              "terminationGracePeriodSeconds": "number",
                              "tolerations": [
                                "list",
                                [
                                  "object",
                                  {
                                    "effect": "string",
                                    "key": "string",
                                    "operator": "string",
                                    "tolerationSeconds": "number",
                                    "value": "string"
                                  }
                                ]
                              ],
                              "topologySpreadConstraints": [
                                "list",
                                [
                                  "object",
                                  {
                                    "labelSelector": [
                                      "object",
                                      {
                                        "matchExpressions": [
                                          "list",
                                          [
                                            "object",
                                            {
                                              "key": "string",
                                              "operator": "string",
                                              "values": [
                                                "list",
                                                "string"
                                              ]
                                            }
                                          ]
                                        ],
                                        "matchLabels": [
                                          "map",
                                          "string"
                                        ]
                                      }
                                    ],
                                    "matchLabelKeys": [
                                      "list",
                                      "string"
                                    ],
                                    "maxSkew": "number",
                                    "minDomains": "number",
                                    "nodeAffinityPolicy": "string",
                                    "nodeTaintsPolicy": "string",
                                    "topologyKey": "string",
                                    "whenUnsatisfiable": "string"
                                  }
                                ]
                              ],
                              "volumes": [
                                "tuple",
                                [
                                  [
                                    "object",
                                    {
                                      "awsElasticBlockStore": [
                                        "object",
                                        {
                                          "fsType": "string",
                                          "partition": "number",
                                          "readOnly": "bool",
                                          "volumeID": "string"
                                        }
                                      ],
                                      "azureDisk": [
                                        "object",
                                        {
                                          "cachingMode": "string",
                                          "diskName": "string",
                                          "diskURI": "string",
                                          "fsType": "string",
                                          "kind": "string",
                                          "readOnly": "bool"
                                        }
                                      ],
                                      "azureFile": [
                                        "object",
                                        {
                                          "readOnly": "bool",
                                          "secretName": "string",
                                          "shareName": "string"
                                        }
                                      ],
                                      "cephfs": [
                                        "object",
                                        {
                                          "monitors": [
                                            "list",
                                            "string"
                                          ],
                                          "path": "string",
                                          "readOnly": "bool",
                                          "secretFile": "string",
                                          "secretRef": [
                                            "object",
                                            {
                                              "name": "string"
                                            }
                                          ],
                                          "user": "string"
                                        }
                                      ],
                                      "cinder": [
                                        "object",
                                        {
                                          "fsType": "string",
                                          "readOnly": "bool",
                                          "secretRef": [
                                            "object",
                                            {
                                              "name": "string"
                                            }
                                          ],
                                          "volumeID": "string"
                                        }
                                      ],
                                      "configMap": [
                                        "object",
                                        {
                                          "defaultMode": "number",
                                          "items": [
                                            "list",
                                            [
                                              "object",
                                              {
                                                "key": "string",
                                                "mode": "number",
                                                "path": "string"
                                              }
                                            ]
                                          ],
                                          "name": "string",
                                          "optional": "bool"
                                        }
                                      ],
                                      "csi": [
                                        "object",
                                        {
                                          "driver": "string",
                                          "fsType": "string",
                                          "nodePublishSecretRef": [
                                            "object",
                                            {
                                              "name": "string"
                                            }
                                          ],
                                          "readOnly": "bool",
                                          "volumeAttributes": [
                                            "map",
                                            "string"
                                          ]
                                        }
                                      ],
                                      "downwardAPI": [
                                        "object",
                                        {
                                          "defaultMode": "number",
                                          "items": [
                                            "list",
                                            [
                                              "object",
                                              {
                                                "fieldRef": [
                                                  "object",
                                                  {
                                                    "apiVersion": "string",
                                                    "fieldPath": "string"
                                                  }
                                                ],
                                                "mode": "number",
                                                "path": "string",
                                                "resourceFieldRef": [
                                                  "object",
                                                  {
                                                    "containerName": "string",
                                                    "divisor": "string",
                                                    "resource": "string"
                                                  }
                                                ]
                                              }
                                            ]
                                          ]
                                        }
                                      ],
                                      "emptyDir": [
                                        "object",
                                        {
                                          "medium": "string",
                                          "sizeLimit": "string"
                                        }
                                      ],
                                      "ephemeral": [
                                        "object",
                                        {
                                          "volumeClaimTemplate": [
                                            "object",
                                            {
                                              "metadata": [
                                                "object",
                                                {
                                                  "annotations": [
                                                    "map",
                                                    "string"
                                                  ],
                                                  "creationTimestamp": "string",
                                                  "deletionGracePeriodSeconds": "number",
                                                  "deletionTimestamp": "string",
                                                  "finalizers": [
                                                    "list",
                                                    "string"
                                                  ],
                                                  "generateName": "string",
                                                  "generation": "number",
                                                  "labels": [
                                                    "map",
                                                    "string"
                                                  ],
                                                  "managedFields": [
                                                    "tuple",
                                                    [
                                                      [
                                                        "object",
                                                        {
                                                          "apiVersion": "string",
                                                          "fieldsType": "string",
                                                          "fieldsV1": "dynamic",
                                                          "manager": "string",
                                                          "operation": "string",
                                                          "subresource": "string",
                                                          "time": "string"
                                                        }
                                                      ]
                                                    ]
                                                  ],
                                                  "name": "string",
                                                  "namespace": "string",
                                                  "ownerReferences": [
                                                    "list",
                                                    [
                                                      "object",
                                                      {
                                                        "apiVersion": "string",
                                                        "blockOwnerDeletion": "bool",
                                                        "controller": "bool",
                                                        "kind": "string",
                                                        "name": "string",
                                                        "uid": "string"
                                                      }
                                                    ]
                                                  ],
                                                  "resourceVersion": "string",
                                                  "selfLink": "string",
                                                  "uid": "string"
                                                }
                                              ],
                                              "spec": [
                                                "object",
                                                {
                                                  "accessModes": [
                                                    "list",
                                                    "string"
                                                  ],
                                                  "dataSource": [
                                                    "object",
                                                    {
                                                      "apiGroup": "string",
                                                      "kind": "string",
                                                      "name": "string"
                                                    }
                                                  ],
                                                  "dataSourceRef": [
                                                    "object",
                                                    {
                                                      "apiGroup": "string",
                                                      "kind": "string",
                                                      "name": "string",
                                                      "namespace": "string"
                                                    }
                                                  ],
                                                  "resources": [
                                                    "object",
                                                    {
                                                      "limits": [
                                                        "map",
                                                        "string"
                                                      ],
                                                      "requests": [
                                                        "map",
                                                        "string"
                                                      ]
                                                    }
                                                  ],
                                                  "selector": [
                                                    "object",
                                                    {
                                                      "matchExpressions": [
                                                        "list",
                                                        [
                                                          "object",
                                                          {
                                                            "key": "string",
                                                            "operator": "string",
                                                            "values": [
                                                              "list",
                                                              "string"
                                                            ]
                                                          }
                                                        ]
                                                      ],
                                                      "matchLabels": [
                                                        "map",
                                                        "string"
                                                      ]
                                                    }
                                                  ],
                                                  "storageClassName": "string",
                                                  "volumeAttributesClassName": "string",
                                                  "volumeMode": "string",
                                                  "volumeName": "string"
                                                }
                                              ]
                                            }
                                          ]
                                        }
                                      ],
                                      "fc": [
                                        "object",
                                        {
                                          "fsType": "string",
                                          "lun": "number",
                                          "readOnly": "bool",
                                          "targetWWNs": [
                                            "list",
                                            "string"
                                          ],
                                          "wwids": [
                                            "list",
                                            "string"
                                          ]
                                        }
                                      ],
                                      "flexVolume": [
                                        "object",
                                        {
                                          "driver": "string",
                                          "fsType": "string",
                                          "options": [
                                            "map",
                                            "string"
                                          ],
                                          "readOnly": "bool",
                                          "secretRef": [
                                            "object",
                                            {
                                              "name": "string"
                                            }
                                          ]
                                        }
                                      ],
                                      "flocker": [
                                        "object",
                                        {
                                          "datasetName": "string",
                                          "datasetUUID": "string"
                                        }
                                      ],
                                      "gcePersistentDisk": [
                                        "object",
                                        {
                                          "fsType": "string",
                                          "partition": "number",
                                          "pdName": "string",
                                          "readOnly": "bool"
                                        }
                                      ],
                                      "gitRepo": [
                                        "object",
                                        {
                                          "directory": "string",
                                          "repository": "string",
                                          "revision": "string"
                                        }
                                      ],
                                      "glusterfs": [
                                        "object",
                                        {
                                          "endpoints": "string",
                                          "path": "string",
                                          "readOnly": "bool"
                                        }
                                      ],
                                      "hostPath": [
                                        "object",
                                        {
                                          "path": "string",
                                          "type": "string"
                                        }
                                      ],
                                      "image": [
                                        "object",
                                        {
                                          "pullPolicy": "string",
                                          "reference": "string"
                                        }
                                      ],
                                      "iscsi": [
                                        "object",
                                        {
                                          "chapAuthDiscovery": "bool",
                                          "chapAuthSession": "bool",
                                          "fsType": "string",
                                          "initiatorName": "string",
                                          "iqn": "string",
                                          "iscsiInterface": "string",
                                          "lun": "number",
                                          "portals": [
                                            "list",
                                            "string"
                                          ],
                                          "readOnly": "bool",
                                          "secretRef": [
                                            "object",
                                            {
                                              "name": "string"
                                            }
                                          ],
                                          "targetPortal": "string"
                                        }
                                      ],
                                      "name": "string",
                                      "nfs": [
                                        "object",
                                        {
                                          "path": "string",
                                          "readOnly": "bool",
                                          "server": "string"
                                        }
                                      ],
                                      "persistentVolumeClaim": [
                                        "object",
                                        {
                                          "claimName": "string",
                                          "readOnly": "bool"
                                        }
                                      ],
                                      "photonPersistentDisk": [
                                        "object",
                                        {
                                          "fsType": "string",
                                          "pdID": "string"
                                        }
                                      ],
                                      "portworxVolume": [
                                        "object",
                                        {
                                          "fsType": "string",
                                          "readOnly": "bool",
                                          "volumeID": "string"
                                        }
                                      ],
                                      "projected": [
                                        "object",
                                        {
                                          "defaultMode": "number",
                                          "sources": [
                                            "list",
                                            [
                                              "object",
                                              {
                                                "clusterTrustBundle": [
                                                  "object",
                                                  {
                                                    "labelSelector": [
                                                      "object",
                                                      {
                                                        "matchExpressions": [
                                                          "list",
                                                          [
                                                            "object",
                                                            {
                                                              "key": "string",
                                                              "operator": "string",
                                                              "values": [
                                                                "list",
                                                                "string"
                                                              ]
                                                            }
                                                          ]
                                                        ],
                                                        "matchLabels": [
                                                          "map",
                                                          "string"
                                                        ]
                                                      }
                                                    ],
                                                    "name": "string",
                                                    "optional": "bool",
                                                    "path": "string",
                                                    "signerName": "string"
                                                  }
                                                ],
                                                "configMap": [
                                                  "object",
                                                  {
                                                    "items": [
                                                      "list",
                                                      [
                                                        "object",
                                                        {
                                                          "key": "string",
                                                          "mode": "number",
                                                          "path": "string"
                                                        }
                                                      ]
                                                    ],
                                                    "name": "string",
                                                    "optional": "bool"
                                                  }
                                                ],
                                                "downwardAPI": [
                                                  "object",
                                                  {
                                                    "items": [
                                                      "list",
                                                      [
                                                        "object",
                                                        {
                                                          "fieldRef": [
                                                            "object",
                                                            {
                                                              "apiVersion": "string",
                                                              "fieldPath": "string"
                                                            }
                                                          ],
                                                          "mode": "number",
                                                          "path": "string",
                                                          "resourceFieldRef": [
                                                            "object",
                                                            {
                                                              "containerName": "string",
                                                              "divisor": "string",
                                                              "resource": "string"
                                                            }
                                                          ]
                                                        }
                                                      ]
                                                    ]
                                                  }
                                                ],
                                                "podCertificate": [
                                                  "object",
                                                  {
                                                    "certificateChainPath": "string",
                                                    "credentialBundlePath": "string",
                                                    "keyPath": "string",
                                                    "keyType": "string",
                                                    "maxExpirationSeconds": "number",
                                                    "signerName": "string",
                                                    "userAnnotations": [
                                                      "map",
                                                      "string"
                                                    ]
                                                  }
                                                ],
                                                "secret": [
                                                  "object",
                                                  {
                                                    "items": [
                                                      "list",
                                                      [
                                                        "object",
                                                        {
                                                          "key": "string",
                                                          "mode": "number",
                                                          "path": "string"
                                                        }
                                                      ]
                                                    ],
                                                    "name": "string",
                                                    "optional": "bool"
                                                  }
                                                ],
                                                "serviceAccountToken": [
                                                  "object",
                                                  {
                                                    "audience": "string",
                                                    "expirationSeconds": "number",
                                                    "path": "string"
                                                  }
                                                ]
                                              }
                                            ]
                                          ]
                                        }
                                      ],
                                      "quobyte": [
                                        "object",
                                        {
                                          "group": "string",
                                          "readOnly": "bool",
                                          "registry": "string",
                                          "tenant": "string",
                                          "user": "string",
                                          "volume": "string"
                                        }
                                      ],
                                      "rbd": [
                                        "object",
                                        {
                                          "fsType": "string",
                                          "image": "string",
                                          "keyring": "string",
                                          "monitors": [
                                            "list",
                                            "string"
                                          ],
                                          "pool": "string",
                                          "readOnly": "bool",
                                          "secretRef": [
                                            "object",
                                            {
                                              "name": "string"
                                            }
                                          ],
                                          "user": "string"
                                        }
                                      ],
                                      "scaleIO": [
                                        "object",
                                        {
                                          "fsType": "string",
                                          "gateway": "string",
                                          "protectionDomain": "string",
                                          "readOnly": "bool",
                                          "secretRef": [
                                            "object",
                                            {
                                              "name": "string"
                                            }
                                          ],
                                          "sslEnabled": "bool",
                                          "storageMode": "string",
                                          "storagePool": "string",
                                          "system": "string",
                                          "volumeName": "string"
                                        }
                                      ],
                                      "secret": [
                                        "object",
                                        {
                                          "defaultMode": "number",
                                          "items": [
                                            "list",
                                            [
                                              "object",
                                              {
                                                "key": "string",
                                                "mode": "number",
                                                "path": "string"
                                              }
                                            ]
                                          ],
                                          "optional": "bool",
                                          "secretName": "string"
                                        }
                                      ],
                                      "storageos": [
                                        "object",
                                        {
                                          "fsType": "string",
                                          "readOnly": "bool",
                                          "secretRef": [
                                            "object",
                                            {
                                              "name": "string"
                                            }
                                          ],
                                          "volumeName": "string",
                                          "volumeNamespace": "string"
                                        }
                                      ],
                                      "vsphereVolume": [
                                        "object",
                                        {
                                          "fsType": "string",
                                          "storagePolicyID": "string",
                                          "storagePolicyName": "string",
                                          "volumePath": "string"
                                        }
                                      ]
                                    }
                                  ],
                                  [
                                    "object",
                                    {
                                      "awsElasticBlockStore": [
                                        "object",
                                        {
                                          "fsType": "string",
                                          "partition": "number",
                                          "readOnly": "bool",
                                          "volumeID": "string"
                                        }
                                      ],
                                      "azureDisk": [
                                        "object",
                                        {
                                          "cachingMode": "string",
                                          "diskName": "string",
                                          "diskURI": "string",
                                          "fsType": "string",
                                          "kind": "string",
                                          "readOnly": "bool"
                                        }
                                      ],
                                      "azureFile": [
                                        "object",
                                        {
                                          "readOnly": "bool",
                                          "secretName": "string",
                                          "shareName": "string"
                                        }
                                      ],
                                      "cephfs": [
                                        "object",
                                        {
                                          "monitors": [
                                            "list",
                                            "string"
                                          ],
                                          "path": "string",
                                          "readOnly": "bool",
                                          "secretFile": "string",
                                          "secretRef": [
                                            "object",
                                            {
                                              "name": "string"
                                            }
                                          ],
                                          "user": "string"
                                        }
                                      ],
                                      "cinder": [
                                        "object",
                                        {
                                          "fsType": "string",
                                          "readOnly": "bool",
                                          "secretRef": [
                                            "object",
                                            {
                                              "name": "string"
                                            }
                                          ],
                                          "volumeID": "string"
                                        }
                                      ],
                                      "configMap": [
                                        "object",
                                        {
                                          "defaultMode": "number",
                                          "items": [
                                            "list",
                                            [
                                              "object",
                                              {
                                                "key": "string",
                                                "mode": "number",
                                                "path": "string"
                                              }
                                            ]
                                          ],
                                          "name": "string",
                                          "optional": "bool"
                                        }
                                      ],
                                      "csi": [
                                        "object",
                                        {
                                          "driver": "string",
                                          "fsType": "string",
                                          "nodePublishSecretRef": [
                                            "object",
                                            {
                                              "name": "string"
                                            }
                                          ],
                                          "readOnly": "bool",
                                          "volumeAttributes": [
                                            "map",
                                            "string"
                                          ]
                                        }
                                      ],
                                      "downwardAPI": [
                                        "object",
                                        {
                                          "defaultMode": "number",
                                          "items": [
                                            "list",
                                            [
                                              "object",
                                              {
                                                "fieldRef": [
                                                  "object",
                                                  {
                                                    "apiVersion": "string",
                                                    "fieldPath": "string"
                                                  }
                                                ],
                                                "mode": "number",
                                                "path": "string",
                                                "resourceFieldRef": [
                                                  "object",
                                                  {
                                                    "containerName": "string",
                                                    "divisor": "string",
                                                    "resource": "string"
                                                  }
                                                ]
                                              }
                                            ]
                                          ]
                                        }
                                      ],
                                      "emptyDir": [
                                        "object",
                                        {
                                          "medium": "string",
                                          "sizeLimit": "string"
                                        }
                                      ],
                                      "ephemeral": [
                                        "object",
                                        {
                                          "volumeClaimTemplate": [
                                            "object",
                                            {
                                              "metadata": [
                                                "object",
                                                {
                                                  "annotations": [
                                                    "map",
                                                    "string"
                                                  ],
                                                  "creationTimestamp": "string",
                                                  "deletionGracePeriodSeconds": "number",
                                                  "deletionTimestamp": "string",
                                                  "finalizers": [
                                                    "list",
                                                    "string"
                                                  ],
                                                  "generateName": "string",
                                                  "generation": "number",
                                                  "labels": [
                                                    "map",
                                                    "string"
                                                  ],
                                                  "managedFields": [
                                                    "tuple",
                                                    [
                                                      [
                                                        "object",
                                                        {
                                                          "apiVersion": "string",
                                                          "fieldsType": "string",
                                                          "fieldsV1": "dynamic",
                                                          "manager": "string",
                                                          "operation": "string",
                                                          "subresource": "string",
                                                          "time": "string"
                                                        }
                                                      ]
                                                    ]
                                                  ],
                                                  "name": "string",
                                                  "namespace": "string",
                                                  "ownerReferences": [
                                                    "list",
                                                    [
                                                      "object",
                                                      {
                                                        "apiVersion": "string",
                                                        "blockOwnerDeletion": "bool",
                                                        "controller": "bool",
                                                        "kind": "string",
                                                        "name": "string",
                                                        "uid": "string"
                                                      }
                                                    ]
                                                  ],
                                                  "resourceVersion": "string",
                                                  "selfLink": "string",
                                                  "uid": "string"
                                                }
                                              ],
                                              "spec": [
                                                "object",
                                                {
                                                  "accessModes": [
                                                    "list",
                                                    "string"
                                                  ],
                                                  "dataSource": [
                                                    "object",
                                                    {
                                                      "apiGroup": "string",
                                                      "kind": "string",
                                                      "name": "string"
                                                    }
                                                  ],
                                                  "dataSourceRef": [
                                                    "object",
                                                    {
                                                      "apiGroup": "string",
                                                      "kind": "string",
                                                      "name": "string",
                                                      "namespace": "string"
                                                    }
                                                  ],
                                                  "resources": [
                                                    "object",
                                                    {
                                                      "limits": [
                                                        "map",
                                                        "string"
                                                      ],
                                                      "requests": [
                                                        "map",
                                                        "string"
                                                      ]
                                                    }
                                                  ],
                                                  "selector": [
                                                    "object",
                                                    {
                                                      "matchExpressions": [
                                                        "list",
                                                        [
                                                          "object",
                                                          {
                                                            "key": "string",
                                                            "operator": "string",
                                                            "values": [
                                                              "list",
                                                              "string"
                                                            ]
                                                          }
                                                        ]
                                                      ],
                                                      "matchLabels": [
                                                        "map",
                                                        "string"
                                                      ]
                                                    }
                                                  ],
                                                  "storageClassName": "string",
                                                  "volumeAttributesClassName": "string",
                                                  "volumeMode": "string",
                                                  "volumeName": "string"
                                                }
                                              ]
                                            }
                                          ]
                                        }
                                      ],
                                      "fc": [
                                        "object",
                                        {
                                          "fsType": "string",
                                          "lun": "number",
                                          "readOnly": "bool",
                                          "targetWWNs": [
                                            "list",
                                            "string"
                                          ],
                                          "wwids": [
                                            "list",
                                            "string"
                                          ]
                                        }
                                      ],
                                      "flexVolume": [
                                        "object",
                                        {
                                          "driver": "string",
                                          "fsType": "string",
                                          "options": [
                                            "map",
                                            "string"
                                          ],
                                          "readOnly": "bool",
                                          "secretRef": [
                                            "object",
                                            {
                                              "name": "string"
                                            }
                                          ]
                                        }
                                      ],
                                      "flocker": [
                                        "object",
                                        {
                                          "datasetName": "string",
                                          "datasetUUID": "string"
                                        }
                                      ],
                                      "gcePersistentDisk": [
                                        "object",
                                        {
                                          "fsType": "string",
                                          "partition": "number",
                                          "pdName": "string",
                                          "readOnly": "bool"
                                        }
                                      ],
                                      "gitRepo": [
                                        "object",
                                        {
                                          "directory": "string",
                                          "repository": "string",
                                          "revision": "string"
                                        }
                                      ],
                                      "glusterfs": [
                                        "object",
                                        {
                                          "endpoints": "string",
                                          "path": "string",
                                          "readOnly": "bool"
                                        }
                                      ],
                                      "hostPath": [
                                        "object",
                                        {
                                          "path": "string",
                                          "type": "string"
                                        }
                                      ],
                                      "image": [
                                        "object",
                                        {
                                          "pullPolicy": "string",
                                          "reference": "string"
                                        }
                                      ],
                                      "iscsi": [
                                        "object",
                                        {
                                          "chapAuthDiscovery": "bool",
                                          "chapAuthSession": "bool",
                                          "fsType": "string",
                                          "initiatorName": "string",
                                          "iqn": "string",
                                          "iscsiInterface": "string",
                                          "lun": "number",
                                          "portals": [
                                            "list",
                                            "string"
                                          ],
                                          "readOnly": "bool",
                                          "secretRef": [
                                            "object",
                                            {
                                              "name": "string"
                                            }
                                          ],
                                          "targetPortal": "string"
                                        }
                                      ],
                                      "name": "string",
                                      "nfs": [
                                        "object",
                                        {
                                          "path": "string",
                                          "readOnly": "bool",
                                          "server": "string"
                                        }
                                      ],
                                      "persistentVolumeClaim": [
                                        "object",
                                        {
                                          "claimName": "string",
                                          "readOnly": "bool"
                                        }
                                      ],
                                      "photonPersistentDisk": [
                                        "object",
                                        {
                                          "fsType": "string",
                                          "pdID": "string"
                                        }
                                      ],
                                      "portworxVolume": [
                                        "object",
                                        {
                                          "fsType": "string",
                                          "readOnly": "bool",
                                          "volumeID": "string"
                                        }
                                      ],
                                      "projected": [
                                        "object",
                                        {
                                          "defaultMode": "number",
                                          "sources": [
                                            "list",
                                            [
                                              "object",
                                              {
                                                "clusterTrustBundle": [
                                                  "object",
                                                  {
                                                    "labelSelector": [
                                                      "object",
                                                      {
                                                        "matchExpressions": [
                                                          "list",
                                                          [
                                                            "object",
                                                            {
                                                              "key": "string",
                                                              "operator": "string",
                                                              "values": [
                                                                "list",
                                                                "string"
                                                              ]
                                                            }
                                                          ]
                                                        ],
                                                        "matchLabels": [
                                                          "map",
                                                          "string"
                                                        ]
                                                      }
                                                    ],
                                                    "name": "string",
                                                    "optional": "bool",
                                                    "path": "string",
                                                    "signerName": "string"
                                                  }
                                                ],
                                                "configMap": [
                                                  "object",
                                                  {
                                                    "items": [
                                                      "list",
                                                      [
                                                        "object",
                                                        {
                                                          "key": "string",
                                                          "mode": "number",
                                                          "path": "string"
                                                        }
                                                      ]
                                                    ],
                                                    "name": "string",
                                                    "optional": "bool"
                                                  }
                                                ],
                                                "downwardAPI": [
                                                  "object",
                                                  {
                                                    "items": [
                                                      "list",
                                                      [
                                                        "object",
                                                        {
                                                          "fieldRef": [
                                                            "object",
                                                            {
                                                              "apiVersion": "string",
                                                              "fieldPath": "string"
                                                            }
                                                          ],
                                                          "mode": "number",
                                                          "path": "string",
                                                          "resourceFieldRef": [
                                                            "object",
                                                            {
                                                              "containerName": "string",
                                                              "divisor": "string",
                                                              "resource": "string"
                                                            }
                                                          ]
                                                        }
                                                      ]
                                                    ]
                                                  }
                                                ],
                                                "podCertificate": [
                                                  "object",
                                                  {
                                                    "certificateChainPath": "string",
                                                    "credentialBundlePath": "string",
                                                    "keyPath": "string",
                                                    "keyType": "string",
                                                    "maxExpirationSeconds": "number",
                                                    "signerName": "string",
                                                    "userAnnotations": [
                                                      "map",
                                                      "string"
                                                    ]
                                                  }
                                                ],
                                                "secret": [
                                                  "object",
                                                  {
                                                    "items": [
                                                      "list",
                                                      [
                                                        "object",
                                                        {
                                                          "key": "string",
                                                          "mode": "number",
                                                          "path": "string"
                                                        }
                                                      ]
                                                    ],
                                                    "name": "string",
                                                    "optional": "bool"
                                                  }
                                                ],
                                                "serviceAccountToken": [
                                                  "object",
                                                  {
                                                    "audience": "string",
                                                    "expirationSeconds": "number",
                                                    "path": "string"
                                                  }
                                                ]
                                              }
                                            ]
                                          ]
                                        }
                                      ],
                                      "quobyte": [
                                        "object",
                                        {
                                          "group": "string",
                                          "readOnly": "bool",
                                          "registry": "string",
                                          "tenant": "string",
                                          "user": "string",
                                          "volume": "string"
                                        }
                                      ],
                                      "rbd": [
                                        "object",
                                        {
                                          "fsType": "string",
                                          "image": "string",
                                          "keyring": "string",
                                          "monitors": [
                                            "list",
                                            "string"
                                          ],
                                          "pool": "string",
                                          "readOnly": "bool",
                                          "secretRef": [
                                            "object",
                                            {
                                              "name": "string"
                                            }
                                          ],
                                          "user": "string"
                                        }
                                      ],
                                      "scaleIO": [
                                        "object",
                                        {
                                          "fsType": "string",
                                          "gateway": "string",
                                          "protectionDomain": "string",
                                          "readOnly": "bool",
                                          "secretRef": [
                                            "object",
                                            {
                                              "name": "string"
                                            }
                                          ],
                                          "sslEnabled": "bool",
                                          "storageMode": "string",
                                          "storagePool": "string",
                                          "system": "string",
                                          "volumeName": "string"
                                        }
                                      ],
                                      "secret": [
                                        "object",
                                        {
                                          "defaultMode": "number",
                                          "items": [
                                            "list",
                                            [
                                              "object",
                                              {
                                                "key": "string",
                                                "mode": "number",
                                                "path": "string"
                                              }
                                            ]
                                          ],
                                          "optional": "bool",
                                          "secretName": "string"
                                        }
                                      ],
                                      "storageos": [
                                        "object",
                                        {
                                          "fsType": "string",
                                          "readOnly": "bool",
                                          "secretRef": [
                                            "object",
                                            {
                                              "name": "string"
                                            }
                                          ],
                                          "volumeName": "string",
                                          "volumeNamespace": "string"
                                        }
                                      ],
                                      "vsphereVolume": [
                                        "object",
                                        {
                                          "fsType": "string",
                                          "storagePolicyID": "string",
                                          "storagePolicyName": "string",
                                          "volumePath": "string"
                                        }
                                      ]
                                    }
                                  ]
                                ]
                              ],
                              "workloadRef": [
                                "object",
                                {
                                  "name": "string",
                                  "podGroup": "string",
                                  "podGroupReplicaKey": "string"
                                }
                              ]
                            }
                          ]
                        }
                      ]
                    }
                  ]
                }
              ]
            },
            "timeouts": [],
            "wait": [],
            "wait_for": null
          },
          "sensitive_attributes": [],
          "identity_schema_version": 1,
          "identity": {
            "api_version": "apps/v1",
            "kind": "Deployment",
            "name": "virt-operator",
            "namespace": "kubevirt"
          }
        }
      ]
    }
  ],
  "check_results": null
}
